{
    "version": 3,
    "terraform_version": "0.11.7",
    "serial": 2,
    "lineage": "eee5ae1e-6cb0-5e6f-6522-a896981e3eae",
    "modules": [
        {
            "path": [
                "root"
            ],
            "outputs": {
                "account01-user0": {
                    "sensitive": false,
                    "type": "string",
                    "value": "\nlogin_url = https://686770551824.signin.aws.amazon.com/console\nusername = student_workshop_user_0\npassword_cmd = echo \"[wcFMA0OgZCE4709nARAAns1GmjTTKUJyVdNTNlcIPRw9rvy+uumhMpnsMvFIBaHuYGlGvJ7aziIQDxoQBgMGiUfQmeMRDqKMCXZdbFSguCpM0Ajk7Zvi50k5GbwRydJ3X58CdWBGW0jLKb+ZmzZS+HVMtB6w5t8YQl98QxMWISmf/IdmsBCdBbE9ANYQV36jvhqNDLn19Vpz/3DSD2MfELmTiGCF8RMCCgwTiq3ooQEA8KbIQEB+AI5TP3ZJdhFj0+YGM4q/2D7cep5qOuaWCWin5OfCOdXuoubWnaGBGDODyYsJHyuzuX6/kk4EiWfFYn5NS71xrUr2Hbip98bYKwngOq82DM0Vhcz6LDYITYpQTSJDIur+0MplKmcCu5Hknk6Ih8LrczqicwxTs457QOhUHQH4GblCQKkwPqdToB8/Sfi2jnPIfack1O2JxqQqi8EGxsNbT6TkbIV72dj4igJQ0OT0AZa1Ite9YP8K0XSzOLfPuCqRF4eYv0qAet83DucuL4qiyaY1q87sZHOnRKQLdT2ugvo95+ROwg2T39mq4XVPiNh4uK3M1ABkkFvmY4Z/gl8L7UX4h/uLro+ROGVEGjsHFfDyg8g0n8FhrIqEbDyvn9KfVc379JKNC6k+OCW9MnZ+kObNlF75sDR+657QovaEEN+cUVZxeOkZws9m2ehJr2FHWyitnVtPB6zS4AHk8BTF09g1NULjqFIJ0JX6reGm5eBk4FnhZfLg1OInhM5q4DPiuA49++BU4AfgIOS59FpN3VAZxsgpOGF/HpGC4gyxnqHhd/IA]\" | sed -e 's/\\[//g' -e 's/\\]//g' | base64 --decode | keybase pgp decrypt"
                },
                "account01-user1": {
                    "sensitive": false,
                    "type": "string",
                    "value": "\nlogin_url = https://686770551824.signin.aws.amazon.com/console\nusername = student_workshop_user_1\npassword_cmd = echo \"wcFMA0OgZCE4709nARAAW+awRMEAL0hW4LRu5tP4+knXPhlyATMTkNXpBpDeMjV1EVK4egHXS/8I3J7VuJATADfG8PxDebsRfE8oTg7O7gjspynYFOMLDRToeNDCkT0u1p3+4amuUB4uY49ciGS8gXX+5+sQBU2haJ5rKLJcKv7MQWjzzh15tDztA1OGM+gxTkH7wKHfPnzGrrwHWe7t8PjhpCQHNo2qOstu69ZbeqKEwKnOzREoeWaJny0gbVotpxnIx/gzkKXYCiVBvMvD1ptHK57oevvYppMC3fnxMZ/qe7x94n5ZIjc5NclY2vFQ1qFmh7RiQGN4bOPWXeSU6aA4UXgvrhHXef9lUBeHxtDIV1Q/kGqT0LF3yGl+dMKBNZHy/nEVgaumltNmVrRyFfXFDGlBgB39YOwx1PKfc66E2zwfJZrVCIH7Lf5S5mC04QuVi2Ta8OZ0hvGE83dKkRnWTmwZB2n4DqqYETOuNa5MkX+PSsBWroUs9yx5NfjyDufmly5MZl0d6ANatOve41I6f91yU4I7/IZDrf5kGfPEOd7xuRv98TAdrZlqcu2If3t4Rqe33lYlxAUvdL83EaULrq2LNrVBFLIWEIVCLll56UVRWksLFhVU9DQsd+YzgX1aQ6YPCBd+3Oti97M/YqBfs1WY7cxcsq5apbT+zwjGPecokoP0opUrv8jD0RXS4AHkMjYVUjX6CivPRrpZ8iNIn+H7RuC64Mrhw7PgwuJzFBnW4JHiRdxr9+Cx4Pvg++TH1Y8l3Bk8YECepXro0TKM4vUVKx/hPVUA\" | sed -e 's/\\[//g' -e 's/\\]//g' | base64 --decode | keybase pgp decrypt"
                },
                "account01-user2": {
                    "sensitive": false,
                    "type": "string",
                    "value": "\nlogin_url = https://686770551824.signin.aws.amazon.com/console\nusername = student_workshop_user_2\npassword_cmd = echo \"wcFMA0OgZCE4709nARAAedPs/wsLZGbQbQYdGBPA2OYQ8zneHE7FOopeyPOgOg/R2GBQlFw4619HjhzAwDMi+qfibeRTeeS8Zaw9DOGEmRLDsCHDQPKgsFJWyP467sg86+2SXbwOEsYxYw4v+8n+q2afJ6aX5cjD/AunrVrqlTNnDJFR9SSV5Z1urlFT2aof8hwAvMDkzWUHC/VQXNygLhm9RlbFW2hWhn2v3ppSUA69uXXoPQgD8HxZXUdVVQn8I7dD2GXe99os0RxdEVO53xbYi8DgdwXPht0iKB7voYW4XUjSSthnqhw7/qIZEskTRp9hZPyunuNwUha9XIqZKf5XXHxNPB3VBzF613bvMi6MJkAqX94ewypxzs0MZGhBm/1eFDdkgMVRgFdv3Scz5IrnLFPk9X11trJ0BbJBb0jGTebrXM/as8lUVnmTfvt/vRa6IZhFLiDD/oS8vE3OQTUHkxTd90yt28DAc5cwnS5DxAKQw8/+03bmK1ev0pXeDfSUkxGl1XhoAOpvxQL53NyWkP6SAAb2y9ngzIPdCvT6iLE1xaLZ+NIvqLSCnOVLwvRahBHqPECqUoGXJWiHeL0XuxfeEFS/Vt2RnsnSXxRvbtaclXIbVkA9FlDA6MwWfLq5Z842yLYOght2ZA/7/Qk1oovicYY58K6lX3hvRid2ahgfnuTJmmgOaD6na6bS4AHkq6U5eMCj2BcOqCOrHoXlUOG9BeC64A3hgh7gL+Le9zTd4NfitCE/FOAE4BfguOTIBz4JQgeP+EiFhI3wikuN4l+rADfhTf4A\" | sed -e 's/\\[//g' -e 's/\\]//g' | base64 --decode | keybase pgp decrypt"
                },
                "account01-user3": {
                    "sensitive": false,
                    "type": "string",
                    "value": "\nlogin_url = https://686770551824.signin.aws.amazon.com/console\nusername = student_workshop_user_3\npassword_cmd = echo \"wcFMA0OgZCE4709nARAAhBZ1qXTlDGZ1SueeF9mdDZAD5/g0NSmbhjtb+XKMzIGQDQJvCmyduVflztOMl51sKpbDFuwhNaaysvjWXoiShY5groW78haaca202O9PC+oZa4yPrD6x6KzN4YiVuaQEaEQHbUZ60fbR1y5PGhWD6AyGhC0VQvMYdRu2gBHX4TnmC5j6jEYISI9eOwm6ePFYyFHpCazoc0ui7cDLDh97Bmftry9zJ+uP2LM54zCMTaFPOZFPQMIqxUbKqWBkXgfEsO+Ss8dMeNTJ+Oe0QxYtY4VP+VzCjImlIThLwgZzoLaTOalI/cBzXto/f60GF50LA/E405VJsswRlXsCMXyzP7qANAcPwZS4DI1agLkbcfVYIjjw5xJR9dJRerB1UuGiW7jWeSn/DhtVob/nUrDgsfm4gddDSJpXSUTPMAIXQhlZX0U3epsvFonCauyah0oVDmTKHKLQSfjlaxV6LqOOKfRxIpTNB9Yf0f/A3yWL1ZJ2QozVwm6iYXnkQ5DbSIuEbJrCjULbghpGjGFfygymzf0OIYajcdzOLO8OxEesVx+bUhlFjLgsIDdj2NWWOMWlFaXLaVd0ozvLcupC9dYfLWvG6QNNJHDJjjeBUbVl29HUqMxmRfqnZL+Z4c03w/bgfgiwwAA5aoLpPrH3MJ2KYlHWPjjI4ax9nsdq7y6tP1jS4AHkS0bG27DtEltDl1G9hALUNOHZ/+Cb4FDhe8/gHuIR9Gcc4DPiNFdxsuCT4CjgVOSJdQyqURk5sTwIUumckEfx4qbh0q7hvGQA\" | sed -e 's/\\[//g' -e 's/\\]//g' | base64 --decode | keybase pgp decrypt"
                },
                "account01-user4": {
                    "sensitive": false,
                    "type": "string",
                    "value": "\nlogin_url = https://686770551824.signin.aws.amazon.com/console\nusername = student_workshop_user_4\npassword_cmd = echo \"wcFMA0OgZCE4709nARAAYg3sfPuTm7BWfBCt5nV3tacpepDEIB0oad7T1JFCqPoIcfPrXUgHW5bxVTIi+ohm5d4Lo6TNRIiLuneFMGUCG74QBX4E7vVW4MK/EE9RKCxsH9eBLDffL9GSwONTs3L0RMx9F6gk7FQ2+Wz4iVjNDVDhoRAjqmnsezqHgd8Mo65Qw55RFZfOpfHS7vHO+Q+xCeizGLxaTK9mNcliJeqpo4W6QOFzXcdsc6PgRUod49j/HB8j81walIFAnHtAZEbaaXWwr6i1AWDz8IrhMEHSej3c4Xb03a2CghBDhFaZlTImHXM0wdD8hyWXPNRS2N4nTGhLLr+LhpGtgn13i13OGxSdscVrFuwLGDzfjLmaWz6BDrxTUpWfReV3h3+zBliO5cC3a4AkPmVnoTEr4BFU6peAVZG1iEbFrGnir8MoasHu+rCoBgo7V1xrHlr7TxDlURbkzbvzWWlhGHzfd/a1HtWEv9fhOWwBEtU9gbF95tghIBGyP5q7J5yG4Jk8NAaipRdnPzi3OTZaN9x/hGgjcYgeBaQTzjPp4dBxvvtI9uL7ICg1pwagd2QdIp0kUdamvsRVjtcfThlgz9twoPjFfo0OsfXUyWmgAwU7aPnXCxHfEIDPV6whwowYldVNoRtVoGEQ+leQ21w9Kggsknad5r5vEioCvuGGmle+S7jBXNXS4AHkCp3bWDuC1jcCYYfUXmd9a+EcD+CY4Hfhvh/gaOKpHXmz4NXiE+f51uCi4MbgMuRlnt7QStJhsr8pkXuGOXRz4oatfkrhQWgA\" | sed -e 's/\\[//g' -e 's/\\]//g' | base64 --decode | keybase pgp decrypt"
                },
                "account02-user0": {
                    "sensitive": false,
                    "type": "string",
                    "value": "\nlogin_url = https://570862794788.signin.aws.amazon.com/console\nusername = student_workshop_user_0\npassword_cmd = echo \"[wcFMA0OgZCE4709nARAAbTszcAYLt9atWbLEuOI1UWFv7fQ/RZnZnSne1R9bqykaXPQRymwaWYl0g9FKDutwOVm1cNCrOF8PpU0WheF8y8s/0zmAu3ZSicfHuyfaBtG+M3xuiABsdPscl1JhGEqPyjoBsRAcQq6N6domymVYxLV3jxBOtooDsn4Nwi/OWOJ9xI9m593qY5jgENbkumPCHgsYomJOnWs8jk9k8nyDGtk2jG2+YK1PIViavt48PNZrINiFsYNKaNkfEdrgN2s8hQJrH/HjAjTUr+CpAMni8uwMwSr+ANWy6Li0UpJ9+73VuyAAQHz8lgiX1dfAiefn2T3Iau7eeSnS1JHkghzkpernMlUj45PhJ6p5vtiroDgmaRIpRsOPBITZ2p2lR1eOuGzAVvNLb8PnQFo9zrkcix8DLKyhzGxiOERpKH+DGOMCbawj4PO8DRKpTrllQBfQKRi97OcZ/NNGieu3LouJ3ms9RONbyXPbkwf0GS/XUbIvjtPyqYap/Unvz2vs5SIdskmvm6r7QPALRKUFQGv7RxQgqSlt/qv8m9mgRtTP3rzS+V1Nyvhnrze8txcqP3vT4Rm0xiGwpKs1F9KzziUZcFxWzVTz6k1UbppsTyEi+w+CkpiM0X/uLWncWF3CeoMV6ZFKxBTDWRhr/RjsQg1YQhxYw3BoPqraLFGQx9jgjLrS4AHkGoWjW3ZGfxvmBu3L0zQIB+FLr+DT4HfhOt3gkeKfybLL4GjiE4UeKOAk4Jbg2ORnFDyPAt0UHVXxjFf8YBiX4qhYXVrhWuAA]\" | sed -e 's/\\[//g' -e 's/\\]//g' | base64 --decode | keybase pgp decrypt"
                },
                "account02-user1": {
                    "sensitive": false,
                    "type": "string",
                    "value": "\nlogin_url = https://570862794788.signin.aws.amazon.com/console\nusername = student_workshop_user_1\npassword_cmd = echo \"wcFMA0OgZCE4709nARAArMq8opLZBXjFaByUbfAhwzb56Pc1u/p/+ssbDBGHd6XfdXAvCzou1671yJ9RTtDTAtwqvUvw42v0I9fRdkbO7AaIVNpbjnjTTD/IoX8JnVQFR6AqedATPj51ACJ4hsr1TmYj0f3EzjePJmIzOCO1/y7n+Z4AV6wOGUNlGS2YAeLH8kIpeSD4JnoqzeOwXPEhVzSXKSD8oCG9iQOMJJgYOUjzBT4MU+9rmqs71Nj4+DaBS86v4UlujoYOWssk1UuMi2aAZKLHXBvz4gctKWVXp82nJP2VrVZV8Gd321XA9uj9mJ6/om56QwE7DQb4OneZOhdb0+bZqmkB06sSqKDnn08yIgdYp24TzTpJqQgQ+9tgTAPV3qLRR/qG2SubYKexACJMrj+M9TmmNNbAUoubgSpiNZRu5u4d2XfJEeTTGrB/EWxZx3Cxp3m0ki+HM6WAVb/T/TekMqlvEJT7eZAlV3HsPVVQEbVplcv1nPwNRgxXsqsmeJDwsdTP79KCI1GXtvBLDNk6j2VYLUyOMvGBzx7S6pZ6VICTAHuceAkGxw11xStp58grSVBqJ+ClUwg8muhQCdOy4hw+42KVJ36Lx6sL7HUWeQ9z1PGwSrb05b4AXRolE9ZJJ9cCksfihko65zplVa2SrhPiAj57A2+f5qRj2T04fD0IQ6b9Q/FrgpfS4AHkYp9n0BQiAU4o4FhLAGGzBuEW4+DP4Mrh+Gvg9OI6yzq44OPiROvTe+DO4OXgkeQRmcraaH+JAHjfyOJmhUp14q+XEcLhUt8A\" | sed -e 's/\\[//g' -e 's/\\]//g' | base64 --decode | keybase pgp decrypt"
                },
                "account02-user2": {
                    "sensitive": false,
                    "type": "string",
                    "value": "\nlogin_url = https://570862794788.signin.aws.amazon.com/console\nusername = student_workshop_user_2\npassword_cmd = echo \"wcFMA0OgZCE4709nARAAm1z+Y7V42ZevpXuGI+76of96pMeiP3GPqYn2W0appPqeZ2KMOZX5XvgkYQp4+T7Le8MYyORZLHpvNZypNm2YUGGzsjwFGG0zvPD98cMsasDibAFZfsXvYcIf7La4qUlt40kGYmC3GtzhIFo//7s4n2XEzR/SuD4l2hQrFaeAt7Abis0+VnIm7lTrHQ2JEBUMpZmYKQYzkKJx7soCTJJTej/6qbfbT5Rv75XMs6yJVv8WifUBBB3wETjYcBfsF2CwJwGzLpGcuCbeGm/LLpYL49fPhIFdtGCUuaNx6+9LOfPY1j2kgIHmE76k6INTCYqyWfnTi0F6Yk2ICTHpYmZRYRwE+34rifia7Kdqjp+szv+4ySpHuq5p7xpm/nl77W3eW0cJ28xkSSUn6d5jkUuUONVLW+WwJFbzB76b9z97kUyI/SQ+ubGcXq1LiNdn9//XQwRKComTLAas9JO24k8GOadNiiOEV90mc2kEyoLFEj7DW45OHNU9ThQAuPyY8maHkElXxI0VdiQJzDpgnuXD1DHr8MhUkQX0po6hcWwUkz4cfwMkY8QjAuMaO728adCjhKkP7/HBteRwFexclVWP0cQMP1R3UBPxgB38dnZtHUj9cAhFKdO2RXYwkaXn9wrQ4aVpp0GyDzdzyX28XKti0qaGtt+Htfy/eKG3f1UixXvS4AHk7h6mBIVjD9qzHyfa0UR/9eFaquA74JPhURPgFOIrbDLx4Primnf1ouDK4NLgbuRDfWmph6meOg5gnzm0SeX04iFQ1k3hS7QA\" | sed -e 's/\\[//g' -e 's/\\]//g' | base64 --decode | keybase pgp decrypt"
                },
                "account02-user3": {
                    "sensitive": false,
                    "type": "string",
                    "value": "\nlogin_url = https://570862794788.signin.aws.amazon.com/console\nusername = student_workshop_user_3\npassword_cmd = echo \"wcFMA0OgZCE4709nARAAn10Ax1Bpy4dawxKQJwisbra2Or2FUiqhzNW0pIyUnJqrHWYjOMuMjTkWFUjvq+/DBfdTsaBJeDuKwIkwMxU6as15Lc3G5RpLcxU7ezAFgvJ6/RVBX6u19tnf5MhWXjaQ3yM/wvwQViWXS2ORQPHit9KgsUrqW5YfOhUWz/J3hrDVFT/D9I0pXkEQt0u+fq5eNPM9XnUSh32RG8dncRgDxRB2hHjTjw+tzVeQ54zDA9vGF7QKOsmV6JjjTaXeiZpRFesgIY5lhorbgsF0GCSp4w8mmFk61bPpYnmVL0Nc3xOXLHjU8DCG9GYhfHeBoGDhkX0zA+qr3wSkQ8IBjfHtKRV+ZWAPLo8mfIh2zYQG4ghYfdK1lykEeDCAERZnQsYmPE34IT8TFOLVPWql3Y/uzxLD9RrmqaKTrHt18LA+HI09TszELYOHf3j9D46otAyxDxGlwm9QQbL2VNjreaibzc5FzhvjAAjzuvnmv0VTvYcFZWdV1JTanhGdOQUj5UA6vaP6Ws7XwIl6QddtjiKIsWwRWW3QLm2A/Pay6oE2bIZSUQLnQ6wUOoFrnurYjFDk+bLf/VkND/bKNN72e7nEx7EtTVos0jwQ9OMeOf7VXu8B5258KQpMWoR9O610e5AZQUmb9TjGUPeC8cemZ3Etz/KB+sRvGTH9ISmvuAMpfxDS4AHkZRhJUxfubyvyMI52iCKGPOEZKeD44GvhXLjgMOKzBVSa4F7idEelXuBl4NvgduRL8ncKBAJBWcrHA0Op9awF4lFJ7xDhCfkA\" | sed -e 's/\\[//g' -e 's/\\]//g' | base64 --decode | keybase pgp decrypt"
                },
                "account02-user4": {
                    "sensitive": false,
                    "type": "string",
                    "value": "\nlogin_url = https://570862794788.signin.aws.amazon.com/console\nusername = student_workshop_user_4\npassword_cmd = echo \"wcFMA0OgZCE4709nARAAP6tj7KKKKptT+O68ddsMxqbdRuWyh4rlSH0HurIP85vXQz4tVjRml/oBpomB3m4btfkyyw+HtM79rtt9g2B2VQhzPnXekSp4xlAEPetB9DqwDvguPq40ZpyX7g42Lq2YrcTURiVvPWhqQoJab3rf5fPxgOV8A4BARF3GU/GWVO+2C4myenbEHJlVKanL87sF+EeJem8+igt9dM/nlzfjsjHIE/6yX7vkkbbxEOCmAn38KK5DDY4xT9q9mV/Tt9pPX8LgRJYMmbXMwTEfBcEbbqcH1wV+oQPNQmDvQceJuZhIW1EkVYrbSssOJJBRaV4jpEpJQ9JFHItywP/rKzaJDktXrQ/pFJLmGNBuoK75aYKacVeHwlvdkBrRi2v66EhPtU550UoaLNIzR9wYjvJzUg6MSn/hnSR77uyeXr9Mt7NqF+/RC0QBLVd52FjbGZYaWWACZT0Vp4fk6jExx0KL5bagY1Xjza87fq0l862q4upX3iJ0CwrYH7tZ4LeRsgv3LiS17oxkTkRpeiJJc0xeffJF8o8oKR+FJVm2bppC5QkHHFsrPsuEKMLDO+T814ByLOrGhqI+394dC/DLFq3qXpURRZlOH6OTWEPIVgLyJ02I3L2dxUrn5bO68oAZBBwAIQzkO6rA6TfLzebJ5kmBXxpdhVp6DJD1Kd2xDxtBoePS4AHkM1/2zG/xJBeKO8hqp+cwjeFlTuBY4JrhNlzgY+Kzu5we4MLiAluiaOC34CDgdeRTlUlC+BVOp3zuQBkvPZKK4uQA/1ThOl8A\" | sed -e 's/\\[//g' -e 's/\\]//g' | base64 --decode | keybase pgp decrypt"
                },
                "account03-user0": {
                    "sensitive": false,
                    "type": "string",
                    "value": "\nlogin_url = https://081015210695.signin.aws.amazon.com/console\nusername = student_workshop_user_0\npassword_cmd = echo \"[wcFMA0OgZCE4709nARAAJL2w+Ez3gNG7HLNDzP90aW0KQm0Xnn7bK2+Wn0KRnDFc59beNS6i2HFPIhv6lj0XwJzn5dDm09b0bhy+3TwAR/YJwug6kaNTBuo1WGUSuXHptc7XHILLgqsvKrJ4priIgjVS+e4u6dDWXwbJ0rIsqCdDIeTMjvxscULYUA1VQVUiQ1YxIniBCu/i3Z8F8nCVFfKTTwgh57LuAE82YECklc9eeIKesmj1KZ0l8ZjTwc6LhorF/ICBrucauyelFK+iYnI9giCF9sT9ZmBwzsHuVvGvt7b2IXuLvs5Ph0KvPTE4qzyTzY/3NujNwBmUUqPLuhtkwaLWWWR6JJqB9/b8WkpsnTRGuxIQH+w79HFnceuJ2I6YB5Wk305cEfDulY9cf5jWkqVBSuEUBOJx+3ox6nEUksvolIcT3cs2QnLXvO1C7BzDqDu81wX3FMQznXSUyRMdPJiWTZiejpabd+bcm94gSXMTOWISUgF0DrUZvD+f8FGCU0Ahlfqb+YHZcpOsw+JeVLebxDdtBHQzciK0nrdY4wwRI7gPR0ZR0T8xW+Tqnw73+/wwrUKnsaO7bCHtVXsjRq7SM7Cdp246zjKqJkyfbyEsJFs+NNcv2pdzsZZvVSaXQlLkUIfVXkFGFpCinoaC7GhSGkU0CHwsgcLAXg3p/+xdaa+30oAlQQtn8mzS4AHkVcDYZN8qgj6R3VSZi+wN2OFLy+Dz4BfhEzzg4eLFHQVH4HXiKYsaQODZ4KXgK+R9sN1813NOas8lq4rZSBcY4kV+sUjhMGYA]\" | sed -e 's/\\[//g' -e 's/\\]//g' | base64 --decode | keybase pgp decrypt"
                },
                "account03-user1": {
                    "sensitive": false,
                    "type": "string",
                    "value": "\nlogin_url = https://081015210695.signin.aws.amazon.com/console\nusername = student_workshop_user_1\npassword_cmd = echo \"wcFMA0OgZCE4709nARAAe/gzD9dvYfItROdH4RJ/ICJ3VyI2NJmYMcXhEuKWp6Lwq8QfjsIYLqiJF/72JA9Y5kVK0DAPrEbdbm5awQEJa2EY/x3G2i7MCuQkgmuQ+ZeMbOr+rI8XLuWZv4jubMje+9qHKljNvX983Rfg4wVe2Ww891GsAoWkocKvrOX/+HPJE/yT0sUgcNscgdJQIVGI3wFMxgbZP6uN39r48zKR2OVRB3ugrFyY6Ztt0O0YdmleMCV5B+d2mi4gwd3FHuQl7Wemu4h+toZOi+XnrOueRiitf7xilQs0Ejq5n6xV0qLsYBhy/Lj11+dMwZkNr50hweiYU6mu8LJQEJH8ZwQLFVeyfW4nfF8vEpK0I68z1EHt8ok9KuivCIML70PJSUaceK+z6gvUawKdBR3wiX6XsWbzfy128dmNWxQfwXDw6bs7CoadCIA0nKvH4S8zJ0VnyKzWQRyeikVUppiQDjbZ7UIwWmzVw3m6F7nEvm/2QoYQzMlqB0U4CpR4hcpN8sd0OgeNPEdVtS1/RQQhZkBf3R/MbrrG/pEC4CyfYTNV15vZo68YjH8HyOKoS2QzBPmwi098E+Cr8NSoQB2jAXf4bQL+EyFEJ2gqY3ECrRmG/QMrjML3jM90kYxf/q2mlAtQzzIidpyV6uN6E9kQvWv12caWSw0E4Mf9ZtF8MilvCxbS4AHkYaM+RQb1IbTI45gKkY/fluF6geCt4GLhyWPgIeIlVMlW4Bvipf+DDuBw4LjgSuSjf4GQng6nCQT0nDjBnvI24mrYZ63h2U4A\" | sed -e 's/\\[//g' -e 's/\\]//g' | base64 --decode | keybase pgp decrypt"
                },
                "account03-user2": {
                    "sensitive": false,
                    "type": "string",
                    "value": "\nlogin_url = https://081015210695.signin.aws.amazon.com/console\nusername = student_workshop_user_2\npassword_cmd = echo \"wcFMA0OgZCE4709nARAALETync1ZZBRXrwQ78K+wti5XM6aDtSvoQfYsYQYZYUYtRXP2hnjowYB1DVAJwgytzfZbecJL6nywIVfKB9x9fBx3ThTuPsR0lDZvMxh7DqT3kN/HD9ujUzJBmB+AuByqy86ddMiUV54XHquvP7d43SZfBeiRpjeSHFu8vRYOMVulzpcK+Iydb0/hyll1C5AKAmqwrPTOXLj8NvgaPu2cX4GYK0vmemJ7Dc5FZTLB4yS4+xj1YLrIzdVUM71Tk0jWtSzLV4CphCEPmSUOReeDvA+rMaJ3tV8OOk+GWFgRpob7neqn1e0MB0t19ujHTF+Fj4gML8p6OwRRkqGmZODJl2XYqIWqrl5IZ/lMNXH8bZpZn77o4JQkIyP20GtbI1gst9Pp7X2Kqrx/I2INloioJjB8mb/4jxSVOzsk6bpPewXtiens08Sl2rRd5MeelOCUPY/8iJSuKxhzaNl6ZdMYFgB8Ebnb0A22PYhbCMQU+c1CLX9Zu5UQKmfmBr8gyMUnCL8CWmjdhLUY3J35WFT8IUN4wjQCGuFXdsGtUaAQ27b3myqYk6PYT8f/gAu7BktACUaOEXuiu0gQh0uCA0dyBjJcjM5fSmgWNZJL3O0I15dm/PGGiRTzEfhEIVR7kK1aYlOnaJw/8/1QspKBTYvcb/iuAgO3vmACrX3eFwLxtmrS4AHkzwe6+OZ58ygCNoh5cDdcZ+GwweBS4EThFeTgGeKfi4nx4GXiYfdkQOAO4BbgJORyEdZB6/Wh2xw3cq4DjDcY4vXa8t7hrFwA\" | sed -e 's/\\[//g' -e 's/\\]//g' | base64 --decode | keybase pgp decrypt"
                },
                "account03-user3": {
                    "sensitive": false,
                    "type": "string",
                    "value": "\nlogin_url = https://081015210695.signin.aws.amazon.com/console\nusername = student_workshop_user_3\npassword_cmd = echo \"wcFMA0OgZCE4709nARAAd7cDPvWFf2N1zHI+l6EaNr4qZOISJj3JYMadEsTBIz0WvCRBrRgrpo4p0ob7ywcVXxxQQdlvd5CqNIwoJUypuaZzK9ndmF/uO8AzzIh7NIPSnQsjfXNFD3QFwQJJP/T1GP+eVTd73HXEqLpDZo3LfliidFXOvyZ0MicmNCZzCRQBZrLy9fEudzmRBhTqejQyEhQQtIn1DkoC1AKEBeUSwNTcKiZmXFkVvtL2RwZUQ2y82SufQv8TSiVDfRuyqUgo3vPdhiLRQKjSrBtJxUnj9GgQ+Z+qAoGlSj+DOlLrtL2CgryxprTeHiWoAwHLJCEpiYOx8veNyH5XX9Nt9RX6AT1lG3HT1RMRXzo+oJYf5ZI3nXg1vqZizB8uxmIatbYZS39NTCeRoBiYYDYt4HuPNveK5OsJoToaTLV2amWfWQT8OyT1cCTizlKpdDNJ6lnUDkf6xKAjVC+CLOwO62GIduKX8iNktkNq5ieP70BH6xdJPkop2cpgJ7enLaeVqrLg5DU3trdU7GEp7JL06HnfaP20S9E/e3WZ0B8a83VvKGgFwAfj9J0KAuwTr3OnGV2TkIzHb0aCIo0rSnhjdeMMWnbf+guu1ipbTOabJysoxxgzozdEZ/Vx0mc76sLT4pXjkty94oqQn5ya6DduCOn0gIEV4eQHno7LyQKl+OT2nFXS4AHkY0MNimLXGbx3auzhrQdkRuEixeC14CXhw63gAeJHWN9N4Ani9Uo1Y+AK4IvgXuSrB10LWyZ3kzM9Un5KSEwI4v6UgPPhpj0A\" | sed -e 's/\\[//g' -e 's/\\]//g' | base64 --decode | keybase pgp decrypt"
                },
                "account03-user4": {
                    "sensitive": false,
                    "type": "string",
                    "value": "\nlogin_url = https://081015210695.signin.aws.amazon.com/console\nusername = student_workshop_user_4\npassword_cmd = echo \"wcFMA0OgZCE4709nARAAFFmFVPmIH6XR/DTYnRuaMHJHis3OPt+gp/F/F4mzaVH2QF3BpKI6rzsZocDSu4rcbbo+vkGkWo43menvxN5cDf2Yvdv7t6CROy4Zc8ZTfiMCNbnETNN9VVvIghFtpd0NFT7gvVHGhrA/xGnIjcZOwkf7TkevwvctOAvQg3fA/FFu7doCDEcXmOYFrm7Ovh0SvZBOEpnPGbRtIuGwvhV6YBHDt/r5PxwuVI8/YeE6BcFWRYUfi3t+uAI9hADakfnBQEoEh3xVnxV1IuHffZjJg+5C5jcTuSbK27CievYz0fzSv05QLvs2vHX+PhKDXPhBaBqCgwlBQkZi3bYUzmOduMmsPEWehW3Zm1jD3RnOxXJ7uCd/4GEBWRNeE54FowlBqnfAO5WX8uweucUZVxchUvslWIN4phtuJdh+BE6UnMhHnqNf8HaQbTFIQeHPHjK6pmKGgpyrqnhtgu8E5x0T7yfA2HWCRfldp1Uhq4PudNSG8RadXj3QdtmxIngXCOJK7VAzFGzS0WKpyVPspCo/7LqM7cWjyv+cYc68uMUWo3C5LZ/8+pC4m3SmRV3KSMLuTdTpWF3DNVVlDcx/mCglUxE5v0IZsrWde7qFvazZYT5ZwJtdUfejdu5hX0mxfBTX+sSqNlHnv90093Zt5ylIADvXl1/q5r2isKLudwJ8iE7S4AHk6olpGmO+LTvEuexBjTWNFeGLhuAA4DXhju/gQeKQpwp14Ofids/o6uAF4NngIOSUXVYcyEbW/i8oWCgvqymt4gZvOFThy0EA\" | sed -e 's/\\[//g' -e 's/\\]//g' | base64 --decode | keybase pgp decrypt"
                },
                "account04-user0": {
                    "sensitive": false,
                    "type": "string",
                    "value": "\nlogin_url = https://838013179944.signin.aws.amazon.com/console\nusername = student_workshop_user_0\npassword_cmd = echo \"[wcFMA0OgZCE4709nARAASmCO2a+epyp7/BsW36ZAONigHa/a5UpTVWshYoKsSQ4a8TX7kt7J8mOvBDWcVGchVJPi4F1e+8Nq4CysFnd81VQb6NhyEE2ZZNwX4vMkO4eF1811okjCg7hjqB7kLPmFUGpzfjCMMK8YQyi/Da4jQZgBJZMiTu8GmrKtS72PW2r5ObpjkN9zR+tF9yvLGr6zai5B3EC0/N6WMBIe4iYGr6CNXp7dcrCAa4Tq0HsSm4/HTcGPv+/HSmR2cJlyWZ6GTkUF1M0sXGqi4lSjlcsn9uettFpT1DYh4mGFmscJRS53+q1ClpvdWtZsQjg+3+yZUxnzT59DMs6HB86370Y7JI7mlAlJ30y8rThYlbKkkdS7kGuPA8AHrJreQ/xyZ0/4/w6ef2LfBwQwFI/OyUvL3sn2jaXSGBW9PKefQXFobr1Wl2Y7gBlCFauDzaMrRMpMJ7KnUXHRiVjVF9W3Fl0/OrCTsTZabMMDlZ4jyHhofDZVx5SAObQYl0/NG3FTuNLz+/WzUZWe2sjL24YsR5jQ04TUfinVYBfcvlS5WD9jfwlD+rWRKqGH+lr/UvAF2uV8yMNbcH5rqJBXbBl389oRjpx53VolTPicQ8h2fLOwPeMG7/bDyhyYIlJe0xzkNvSzcN69GProXOq/acTNbB51aY7/w2nqwXr0XM/DL1SNeuzS4AHkEWgYMOYea1D34eBGk+Qb6eFEvuBE4D3hD9rgqOKC06q84PbixZI2dOCx4D/g1+SdOoi54rRoC1Zev5fSanOt4u3i6//hBq0A]\" | sed -e 's/\\[//g' -e 's/\\]//g' | base64 --decode | keybase pgp decrypt"
                },
                "account04-user1": {
                    "sensitive": false,
                    "type": "string",
                    "value": "\nlogin_url = https://838013179944.signin.aws.amazon.com/console\nusername = student_workshop_user_1\npassword_cmd = echo \"wcFMA0OgZCE4709nARAAe90Ds8AF0hsljV3/VfxU5kqqWyBJkrmujO+Cdsq8v2jsAwo/2oAc6KawjhQBX7cLU95xuZN/KEJNx40y3WZprnJE+HIiXbtmQfaxWgHa2d1FdBIXAnS4aAesuwiHsIQwTlU9fGCReyI+21T4lWYYe9qt5CA0SiPwzvi558dCv6wtFPygfq2iWDWiJLxc+UIvD0IX+f7zbFv73GpeJPohbEw8GohnpH2VXL0q1hB6zZCYJs4cdyaE13d1oNrn5LAc/bG0qREe06zhCySSaPK6hbk04STpQICGg6gl92KmKZ7VUTCPwXmNBlwr7j7VJ6kQlw0Bi7q9hkjstk3wk3f/DmORfDid9weiMZNNKiSM6YUIgJjIkMH50hINFLOVU54X53c5XIh+9rMtN/9FzPhJzwjltKIXX9E59sMEJaYSDBn9+A+HV61/qXHUSMBEnlE8ORxol/FSLLw1+o7h3oGPoRn0YX2waOzBf4voVINlDoNr2BkerQZCWkBCYd0gANVhx7MowxEGE+cGOAGlnRcvrWCtTDlNBQn5Dgbv2E6IIP+LpNG0tyuEi2vYJ4twTva8hbXBwCTbjjd/TVm9Ae5j48Yr6yXyicq8ntGGoxhNxQnGkXeOmmQ5yVRPl/RLQVFUqqcRjd7dGiKognHK1YDWY1Jpk4ArudmuWvTZu9LNkMXS4AHkgM9HNYdWkMc7wS3UQEqYqeEqE+AD4FPhVMLgDOLJLGJL4Ori41q+ceD24J3gT+QcdwOB5W19lhfr0yK/m5XM4uZ3R1nhEKEA\" | sed -e 's/\\[//g' -e 's/\\]//g' | base64 --decode | keybase pgp decrypt"
                },
                "account04-user2": {
                    "sensitive": false,
                    "type": "string",
                    "value": "\nlogin_url = https://838013179944.signin.aws.amazon.com/console\nusername = student_workshop_user_2\npassword_cmd = echo \"wcFMA0OgZCE4709nARAAYSdsXz7q8IhoFGI7C+BB/pA8EG1WnRrEM2C7kba8o5osCRiTLloU2Je5llu4r0hZ2XQisLQPcBjb74Xnq/setlj9AuH+QH9EClxXEj6HanIvroKqxAUYo540io2m4HYlqwfaf7xh0wSJ+UBV9F2+0LaI7TjlK53kT76BvA4V93O686BenLgVPqiiMz824mHFcRmu+fjj/E8zcX6I9dyNtYF0YPsLjvUNORSsVq6op8uAcxxiVMHfqtVVT0Q4Tuvz3ThwhxK8M/oSSWVf54Cc+R/aciu65in2o8Fu/2YPGcXcg7YSfR+rJW/a7phkR1wcQVqR7S1TGtj3mAfntwO6Qhx3ggKuJ2K5cFK1LKeT33tA2SnqEItLIERP8NvsSGYFmQIr6b4V93LVkwvlCdu7FS31JwEAA6FVAqU/EBAepnb6JnHGJfLElPa8qv3tfDwbuOuRJkWSNcO8vzZtgCH/bdhwDjrY7y1bfziOADP+o3up27DvH9rqatltbkxgiSn1mVlWeM+88Ng6eESY+Tzj8s5DuDPL+jO3GAKReKcd73mvsDZp7fnjgbGsf2sc+fV930irmomUTpk28ZPrt60R/eCHgS2rEmgm0m8Mx9R9jtoqPRSB870iwfF6iPWndwvZehdunrQFwNaFgk9zwuB4LHguYcsBCexjdmc75wkfoRHS4AHkny6IpLLTH1pa8OuhSICM4uE0HODD4J3h5c3giuJy1M1n4MziEIqrBOAl4CbgKOQ2RfjfTm/4NTd9/tvaqvHk4tLEuPzhZjIA\" | sed -e 's/\\[//g' -e 's/\\]//g' | base64 --decode | keybase pgp decrypt"
                },
                "account04-user3": {
                    "sensitive": false,
                    "type": "string",
                    "value": "\nlogin_url = https://838013179944.signin.aws.amazon.com/console\nusername = student_workshop_user_3\npassword_cmd = echo \"wcFMA0OgZCE4709nARAAew2C0UuW1i77aMmP6+386xo/rX0BM7QLMreRV00ka9Nb2fh71ZIiTn9dDtwzJJaI8bjXJi4Y+Kg+eLdKBuGD6HleTV9p6I7myZeWwlWAnjNxKE/I2jfVdP/+msJF0H0ZH2L+5c5vgthsXryNJ+F0jYygML2/ILoDMo98giODCHtiBjY9ccXnV3oLg8AgsDl1D7LxgpuWb7itnfmNf/muDsVKIytggRzgQoNOmKdPRWXrbZNBZsYBbNgE6W9A6LtqCHQWsoIY8krbeF7FoK7sRD3uQZ3ASd2wMdKT09MJtaQzvIKlLxk6GGGZsec646RyfTS8eyMZ3AeLfCWwrRRgFjhPlqsp5FwdONBaKQsYz6AVXuG6GN43lJAwWkpYvsy1By8cQpil6IXG26dUZR7bljAyTbo6kEES/3He4CsFhF+jHvfx/D3Ot3EObxHup6bwTbOBaY1WKRon1vo6vsu05xrtLus5wmosMaF9VguI3678oHrTg2rR+T8nnhl3VauY1NZd+6+EzlKC91HsYBlwy+lNjglaJRlnuBFGk5mok+1TgZXzik4JIHC1eMf4YC6+qsBKGZFRJDl2zq0oD6fA5e0pUxWZ2Pp6s8KTSQOnCNSr7ZYZtqa0QbiqUkxHaq4MmeVIBffx1N0EiUH8yELkAQ+U62YhAS2Bv5jhsMDVZVLS4AHkUmtksy1Fr0tUVlRyS4wV9uHjpODr4ArhWjngz+I8Livj4J/i8j0n0eCo4IPguOTTYkHkcyj94fqkli8aD61u4rwmxt/hcBEA\" | sed -e 's/\\[//g' -e 's/\\]//g' | base64 --decode | keybase pgp decrypt"
                },
                "account04-user4": {
                    "sensitive": false,
                    "type": "string",
                    "value": "\nlogin_url = https://838013179944.signin.aws.amazon.com/console\nusername = student_workshop_user_4\npassword_cmd = echo \"wcFMA0OgZCE4709nARAAVk5AVKGEQe6olYamD7z/wbvfHBq83mtFVJ6gg1lg2VcAslTrZ1FjiXbpbARsKgE6r3yHJKtIa1+QxecWOW3vEgSVpYxeH0olfg86OZYXqrF1wffSlEQ1xXziVeY76ltE5035Dg1OQvxhnlFZaoQhP6hj+7BnAvDCWFCCfpRIN17Qh6Nc85VsP3OAM7q9CKGCQaar8K9zRbFnP/11s0Uy08NxACHl2Eh+zwJSCfyWji3zfDU6LfF2EzTQLffqbLQOXDkeiYMIJ5pUSkm6/BYkx5pHPXCQ4qoxyRvPFDbFq+6pZwx+SP8JHMeBcY13sLDePogEWQ6RAG7SEh2fcpkRDwoejw73lG9SyFJpGIML5tLxSL74IJs6WrX+mTa7rDYOqLbUivrh0nelFpKLng3NTaXuN5KwycKslqOcQSizkhYfvGAd65jwaA4/S8Zeiszggu4xKu1KRNQLMcWHRvCVqPKIUuKb7emdfBBACt/aVv6CYQq5wcv2CrC3F6JosaosKSNNtPagHNe0nRhixD4aUaBp12yBWqSic5Rkg76vkN72vT54ZAHgcWJuuWXRg/ND1cD027384ats13QLyAXI3/iCKFE06XjLAit1nzrQcL6R9soSsll35bJvcx/wUucEloCvQ5nBhgREOpqlzLI3fRy35HP3/5EueMDWXlscz9TS4AHk+ouPICohLVFUG2FY0JduSOEEkODb4N7hvZTg7uLZnqus4G/iUjV5z+Ai4BHgoeS6KXrDSnTz5Y5ir23P1qbX4pl32Zvhp5QA\" | sed -e 's/\\[//g' -e 's/\\]//g' | base64 --decode | keybase pgp decrypt"
                },
                "account05-user0": {
                    "sensitive": false,
                    "type": "string",
                    "value": "\nlogin_url = https://641917962829.signin.aws.amazon.com/console\nusername = student_workshop_user_0\npassword_cmd = echo \"[wcFMA0OgZCE4709nARAAEfbGpfnXI4k6QA2LM9rseo0Xi1qMMhwsXyU+1sxrBOKvIA1VKfDeQ2FmqTXSVHWWyW8IN1Z7F2rSUh580H6q7lIYOGK5HUEkgEVVwDudSBI9Q4D+TqsAzu0a+YJpS6vpqbBln5EmKrPm+DHGRRcVdro0GhexHwOdkVp7e517/ieVO55n/exBt6DjWspRX1eCYPfD1DSQUQpRMlEYEc6UXBm3xq8fPO7rCxgTNPA+IvM2mUnlt5lpa/Ygx6RlvpqOTo/ELNID2WWMDDj43bpfgP5lrGnn0GQ5RerMDOgVxtHnm7ZPT+ZCdPWXoHc8C9wIikQqC4WbB9p2j1J2ogk7H+aVatbc8lfVPY0tNybzSt+conO8zhIcK9nmOf/FKBNXAdnTGiuEcFse9Daz+Un2XU+FDZrOPrGSegGQCU7O4pUg6+FvoJRS9L/H4lOcHXkgIE7+Cc5+GHJ0tydrMErGn+/tFkGZzUo5VlIbkJ0giAUyaW25fbjMx1dea35lVQB6Mcskx6fK5vu6txAUcdcFeOnfgQzAf0HpZ9ug9dPCw1SVgUvW/MTVJXa9/9/ZEmttvLBuw07lnziVCrJukz4vwfA9vpQMKC6emqjCdIHzvd/XVVu5KMItQigrrkAhk9sPyz2UwQ99gkYETxd8X78kD+vEQISO4jxYKcu+bJyH1qXS4AHkTuHHJewx/cSXmIhCmOI8OeHyPeBi4OThqnTg9uKjS68r4N7iU29pNuBX4NLgX+THKovJEStMDGxGwNbUdrpy4kaBVu/hCf0A]\" | sed -e 's/\\[//g' -e 's/\\]//g' | base64 --decode | keybase pgp decrypt"
                },
                "account05-user1": {
                    "sensitive": false,
                    "type": "string",
                    "value": "\nlogin_url = https://641917962829.signin.aws.amazon.com/console\nusername = student_workshop_user_1\npassword_cmd = echo \"wcFMA0OgZCE4709nARAAlKyA09PFD5ZfRfwvKXVj2WxGy29aYkDeYjtIDNgHO74603mJTHdPZuyFdQGGweDWjqbISBJKtDN1QZlNtJJMJLkeqtO74P/jqVVvfUTUM7m04LxnCSTgc1pDgQSKRsBX4A2PU07Y6tserqemYuF5gUJ2RG5OrG0nYrIahJP4wYGmssUA9+zpy91mDdFrkuPQ4VZh9G6YeMH+poF7Z3B6w+AtrS5ZOnVknsfPTy3yp1gJCwhThqpwwb8zpYsdNQsCMDtCqGKMU8/J51Yp9sORyMKJPTyyYRFhTyYi+eJ7qzrSE1t/WvuVnmwZMoPm6hiZv5Y67jFP/1f13OIN7EopwQ/pns78lOCVR61ba6WVy6lpcxQHuHZlhfdMwA/NQiR9j5dIUX7FdYqx4GAd/yJgemlBt7TTyl5QyFwhBUDG/BW+yn032B+9Y5Tl1ZbL+UaSJNDuLK5OdwhYbhk/kUqgzBbHDEtESS0pcmzarx0D4EFGSv2WkgkrXDrixDjJ7OIMJAzcoFTahHAvoK4svdYAR6+Kbs/beEvnIEN12EplBixQQPAzL/mMh7XCapdfJ1Lkw774II8xhH9hLjWaGzo+u6neDCBD957TylM3qOvGh4mz4cxqVvXe9Gyig2QcC+c78qLbK5eSOTOavJvwV1XwLE25AqZZCeL+u2hzTqTJbznS4AHkbdfLbAbKfF2BaxzO6ym2L+H4/+B54LzhpMzgUuL1g3Li4NniVOU8B+A94M3gfeRfak1vxqdy995XRNVXxvvc4klfx/jhpbAA\" | sed -e 's/\\[//g' -e 's/\\]//g' | base64 --decode | keybase pgp decrypt"
                },
                "account05-user2": {
                    "sensitive": false,
                    "type": "string",
                    "value": "\nlogin_url = https://641917962829.signin.aws.amazon.com/console\nusername = student_workshop_user_2\npassword_cmd = echo \"wcFMA0OgZCE4709nARAAnUAeNfpEOE3/T2wYMIby5/FcaLKn3o2EeMHFMi7ACClK4B64Pm9iIp0348SfInUWOd9LTg/QiUYp8/4ZbvRUvPn/o6nSRW1stne4Ihtd+Gm7OjC3xBMFMBCL6mNB84XKOHW+eR4U2ECbPwRv0hJw9KJDisDjCi0z6cI5ar6o8UlvZpV5UeHCBjKN++uUqQMrI3AYXHDeBb4wotjRnHx5w/GWQON93PwlvBAHeGQUTEEIWP7lbzKiqkQnRM9GmDI1T9JkbWIWK39P7SXG4NHzgUKzK0FrpcQ1drtriJiIjZtH7xBuqLa+8zgrapiPyYu+tx7yJanit/XSHVaG1TnNaVqqu0GNTyGx3CqUazIUPeGcEeW0BBpXvHLg0zjxvAb/kA7iMIR8gfhqzeJFLaiol77YREQdLPUAKqEITBVsGMS40Ut2WSGkspS6+v4vNMdjAvLw7jrxcAEwZLfYQ9MFHyV6a6+HiZ212zIoAo9NQlYnFrp8y7sNlWK+5eNQwCnaMeQ6hhIQczm9VX6MrOc/aHuw6aYsPdjwTYFHpn+sSawGDNZ+ykA48IsAgDlPyxorujy/1J2KLxL6/hRdhjbqjbFtzJ4pU668uyGnGByALDxLI1B4kXB7glXmBOR5a+Stni9cvFDlQCSg/L5avLbjecwpxxF/dClLMg4YnhIHFazS4AHkNhKI5nWzyn5hSg/d+4oxguEC2uAt4IXhS1rgz+K0ZF6L4GXi7k4rJuCQ4LHgROTEnbM1O8kNQjtsmpqTjUnV4hJzYkjhbL0A\" | sed -e 's/\\[//g' -e 's/\\]//g' | base64 --decode | keybase pgp decrypt"
                },
                "account05-user3": {
                    "sensitive": false,
                    "type": "string",
                    "value": "\nlogin_url = https://641917962829.signin.aws.amazon.com/console\nusername = student_workshop_user_3\npassword_cmd = echo \"wcFMA0OgZCE4709nARAALmbS3YTlBasrbKfExvU6937yuXYxBmsI4xSbF3OqOsB417vrdugwzm+9kE0h+FKaU2qsEWFLtkW+eqALQK8BXwQWD0CqDmKYJepJMw1wWO/7ZXU3CGwYsHoWpYITrhPrjbp81poq+QLfI3ZuxJc1PZ8tIYBrkCSSa/KtWzPNeFT4jLOS7B8b+SAtvflIdZOgsFb9QwlSwi0497ueXG8cEjQQd4OJY7zgkFwmYwt6ay689z/1tymU57IIsID+WcJzsI+3JdirV10B4RGJg3W059eAmBCVnUsJtB5nkArmbiOKbj5vnmO/Zi6NF72FhF9awdy9LVLL5OGefEse/8XONqLncAKKjBr53nStrU3mbXNkJedCMlwTXPVPSv0YIAPRjoAKHEa6DOttCzjILGg3W9SetadP+bGOHletle00abUGCcfTgP6nX2sARNRyXrDiYH3tV4sxyj0zmPs9EQTjmXqGpTx9+aTo89ZlvcKJMV/nGCRLXRavFWRS3m8ZEtMIhZGrnjXJgzOfk6bElGHSp/+Uv/ZVnKLp/NkodEuzSqvOfvlp8KuAnqjLNF3+BNwtcNxNq9H4JGmzPOGMJDYqVpMA91UWSnaTEkS4QaCDEx3DruGeroGmoQ/OiD704ikL/QjNEIrOeuN5TzZbV+yNQI9oGywSO+6qWZhEqhatDZXS4AHkJMEGZQX2anPVf6Z4DteQn+HRVuBW4FvhDUbgJeJsRJ/b4Gni1zZ/f+Bz4BDgwuSTBfJBLOEp+On93rUWd4r/4hb7bqzhAPYA\" | sed -e 's/\\[//g' -e 's/\\]//g' | base64 --decode | keybase pgp decrypt"
                },
                "account05-user4": {
                    "sensitive": false,
                    "type": "string",
                    "value": "\nlogin_url = https://641917962829.signin.aws.amazon.com/console\nusername = student_workshop_user_4\npassword_cmd = echo \"wcFMA0OgZCE4709nARAAWcctyYxgdp2oqdiOl9JHrNW/uZbo7rZdlKi8+c9izqQHrVMWzw3sLZSbvsGxJ+Ih5Fi1t6X5ptoA0sTSkFvKvH7/wTLr+Xw9qb3mhoQ3VyzsWpSns7zfsL0LjQLjjMRZwnGyfwfkoFXNfzTMvnzXj9cOPiBRJH3ZcxauxH8IXNXpcNgGxz2zj0h9BEkvNf4wrtMQGAfjRqjtyeoFyjQBbl7DBvXCAQEQ1tMsLf0kmttMhPzs0s/2oHIPsWbHdJi1uRZVzpZn38g/PNehs9D1oRF+zqS2nqRv37IrAiqkyVZ4/yNu823OycoK2LH5UjAWVeZP5tOCg/zHIoPUyJmFiQjoYEL8B0C/j2wRqgATXqsrdrKeZ1fmxK0p86OD8PXNvZJqXWk4uqO3KTV/F0Iu9c9J+t1odTWEZ0nj3DnZ+8GmaoLMJoQXoLBD+/OJZRmKGBofEhio5A6C+Q+5FshtNgsrGKr/dh0iBm2t9wzSC6wQY/dyhenVt2jsjOlCE8RQxukZL1cCq7p2X9qG4rcS8BbUHErZZuQwJET/GlEPABVCI7AmKcwJuscgx4sIU19RTzEizk8/2dpJn/87S4w9oWaL5NcVX7Dkk11gTOOrEiFCrTX5ClhLZTMv+K6/pVNdSoo8ntQLUVfoAFiz75m8gv5iEcBGDUkHH339DJXTGFHS4AHkgYh2/wAq4NWv42EiC4LYluFSueAW4M7h207gqOLtXPrv4Fbir2n58OCx4CLgBuT8jx27cJNp/uzNTLWcs8Kg4tBpGMvhoIkA\" | sed -e 's/\\[//g' -e 's/\\]//g' | base64 --decode | keybase pgp decrypt"
                },
                "account06-user0": {
                    "sensitive": false,
                    "type": "string",
                    "value": "\nlogin_url = https://972670729025.signin.aws.amazon.com/console\nusername = student_workshop_user_0\npassword_cmd = echo \"[wcFMA0OgZCE4709nARAAuNJ9GdCphwlBgB3PMvltgE3qFG6u+uRQrT7TNyDvok9su9Egrcs6XMd+p+FdDwh7ViS/bnOF0+Ufz8/H5mdME1gvVWnN+Z1jgn4tJQow8haatcfuVFLdebE/g2sTGcO6Fi7iQaOMXgOXKrjdJvOo96EAtFXGhpIy5hNhF5psxDoDPg1Arnjt0SZAlxyX5mFgTMj8hNycLvLKki//GpzAZBUPUNFphYej3OqHOWFrCUV/Lr03A086B/ji5VHGDlR5Bh4ORyPtaRSn7CGhfikpZQis+xc9TaV/4Ba9OTKCVRel2al6T+goultay1+cLHI8w0ESU0fMyKUmtT5a8ddnrC4icMjOmsckm/tTPSsomo3CYD1/azzQ80PLSJyXogKiL3jRKVcPix0jHXpWtmBivcpNstJduWqPlWz4p2jabCXGz0zDMfz/4kcJSONtQ6KpGfdgbXslyBgiLbC7AvKQNetWIGO/5OjraceZVsIo57mWddlSKDxaQvqW+63dzUO7ENyL4YAaytVrRAZ09nVL6PyWCM43rb9O158ZtRG2TeVEt77fkknAet+6N1vISa8z/zKhWY/GNZeGcoZ3e8OWhHxN+WzvbPcwlJsyXy1WkJk32GGMIbAHLCcoxwMNXlgNbL336Aut1YzG0nDC76k31wq3NmhXEHr9mEqIsEJUTjzS4AHkLGM1TxLXue6C4bTzU6ZvCeGkR+Aa4P/hG3fgTOKKDFcA4KDiCbejPeCp4NfgF+Sp7njEfhDOaNz3vLirrAzX4pR7wgnhTBwA]\" | sed -e 's/\\[//g' -e 's/\\]//g' | base64 --decode | keybase pgp decrypt"
                },
                "account06-user1": {
                    "sensitive": false,
                    "type": "string",
                    "value": "\nlogin_url = https://972670729025.signin.aws.amazon.com/console\nusername = student_workshop_user_1\npassword_cmd = echo \"wcFMA0OgZCE4709nARAAkPeMMkPfQjs6xuvK+e4WSB29/VwtRbIjSJjgEw5T/e7mDGa+jO8+3nlboCvZAXIZDcSGjij8dwAzGCS4oCZowS/SkcG9irhboGZOmvCA4AsG2MQdoNWoFS0cL5ur7BNVrDGeInjEeX8dcGBicYxfqbJio9q1GrOTYJfcYb7tpTJ09tZe0mSgpGhTMJqKw/3mhgpBuyPq+JA6yQYatAFvv9wr0evBFMd7c0UpxtmJv8BCgIof28f91z5q9eTJORBE8AjESbIEy34pxoP9x5uyMLvKTka2WhsMkD9Dfod3liGe1V3Zy0DJ2byA8g8w2CEnjXJ/Sg4dTcnEsoPOgHzwObH7ox1KQZakhJA0hGQuelTp5zy6KfaQwwpDGpViIvTjt4R0O+mOnb15DkuCR0QPcmbkFSmEFf3cL6EMgEwb7JZMD9S6Gcwy4y+VUPXotzfWY1TMhuVFa9E+F2EA1zjY5PMe+xqH3XIDsBY7EO9K+7qG06MMeORPCqOV3Pb0P90AjI7XWw2ZFdrkbwDSs8bnoamHYICj4XNgQP77FCNbKvocfpn+/qVHg6chAp7LML19cvhdbhPcuTk5Q89pPxyv36ELtIC/DGGbVHpKdNlXLgfZYzznKPiR8/TQS0C33yhXw9TsJ+jOCizdqgb+pgvsTgQHc5a7M8javkihL/dm6VzS4AHkl/o6S79e7fEb+El52ILtBOEIuOBj4KHhnGDgWOJ99Q6C4L3iQoGOIeAp4F7g/+Qd1vz5+hUImQuI4XhGxtTv4pvQGurhBTAA\" | sed -e 's/\\[//g' -e 's/\\]//g' | base64 --decode | keybase pgp decrypt"
                },
                "account06-user2": {
                    "sensitive": false,
                    "type": "string",
                    "value": "\nlogin_url = https://972670729025.signin.aws.amazon.com/console\nusername = student_workshop_user_2\npassword_cmd = echo \"wcFMA0OgZCE4709nARAAl0LDXYslnN6NmaS09HFng7/dp/7dDguW231I1KgvFGWcxT0umAHNCcZdGy/Nd8O1XPiIQ/lM/vnE+NHc8jGWrFwpvUJaaJJ0bjVfgQwMZmGwVRtZS9ue8kx5xucDFznHxy31g10Q9TDIOBUL/r3KJzAgMnzXS7mRVgsV+6bUK2tdl7aZwcLTsDlIp9rXGXv5X5qMsf5Cp6X5UmAGaLbfZ5VRZqz7vknjf96jQl/nMwn6si5oHHmK+Tq7ch4CoCok8Hy9wh4uvkE4RtqF06nAbTwolkWALjXEPMfs6F5vdM8+30bmTh6R7BoJC7IAeMQnVFryt5r3jXetsKKxv4uR7GEKjBHAO4n5xU4k9/mPro03HRvkvrZw8sPqI77CG/RPszdOzfN0IojTekbXKZ6HQThhYg+flKxhdpOoy33Nu4NlmLkx45xUwhy03dYxx2ZYZitbwnLzRG3oH8Qmq0RLBBdmy6fTWWC5yMgTuGF+xFN9/ZFqwRnusaPDo8OQV7vX72x77sAPwZyEkJdU8vGSVZc7LypRqXYnmrjfw+uPdTTHJqIVWXEiS2CitQZxG4ft0iflokL+0Xl9yqv4MF3hCArezr9pWwpocq9XqrVii9VAW50CXjQa2qWuxG9857wrnr0wD/mAJRBquDCJozq21Jx3bXGc+Tz40W6gQavOvM7S4AHk/qBdNPs78hlSWY8GUBhTQuGNpeAa4ODhpTPg7OKVBEcn4FHi61uKWeAW4DrgaeTu/0pEy8JkBXFu9RSTI3Il4j8MLujh15UA\" | sed -e 's/\\[//g' -e 's/\\]//g' | base64 --decode | keybase pgp decrypt"
                },
                "account06-user3": {
                    "sensitive": false,
                    "type": "string",
                    "value": "\nlogin_url = https://972670729025.signin.aws.amazon.com/console\nusername = student_workshop_user_3\npassword_cmd = echo \"wcFMA0OgZCE4709nARAAbgr3ZUdSB7nHEVTaG2SdEXPOpYbTeGfekd1oDPmJfImbBiFcQA6cS0nO/bAPEFii17imjdJtRUzTrQiSQNnjf0VgFFID4VZ8zIt9hGmyh/XW1Mq63L3H7kYUD8OAWrdH+9qU0sLZO29IYvhPlcFDSvVaqjKuhL9WoNDX/Y/oTdpjXTJ18VSy99GdX2tJxhX6MISqtM5jjBOPoVE3bI9a1Z5DR0gJer2wrOHPnmcx+hofPwukSTAX2mfbR5jiYHj/OKxjLCw3Y2TfTxt6lPs8R62Ay39AtGHh7ohquMNL67sWOmFjonnAUA4Rg9Dg7PNoEXri/C2irsdD+vkCXM3GfOs8R/tsjYT23w/aiWNFNW1lsbajM6MRAgBhtfPZSvabZPVuC/IvZc+3AegLw2t7JPPBsNmxOekFow33+l/SFU3+FRGWwSFuZ5bwX4OgU+bdyBzTM8hlDPVE9iuInhGhllol8xNCR9qJzu2imSvKp+B1pTmj1Zxqg2KBNCxGCHta2ypM4/Uj3t1V+X/97JE+LuXAr7Iz+ExvYfDx8c/YFPE8rWG6nBevAj4ICqz416ExdWva3uCOOIZt7U2cRsCDHdDshbGCB7J3B6HWF7NA3kZ5GQRKorlYa77QON+LU60zSfqx1lIrQKP+eZEvl33V2EZBx23kJV0uPamcs2kFvhXS4AHkONgd4EdCOCIcweMDM6QFcuHTLeBJ4LThHYnglOJ/eqBn4FriR+mi5+B74FHgbOTvadzJHENGQpXev6EJH/bX4hCx3oLh7woA\" | sed -e 's/\\[//g' -e 's/\\]//g' | base64 --decode | keybase pgp decrypt"
                },
                "account06-user4": {
                    "sensitive": false,
                    "type": "string",
                    "value": "\nlogin_url = https://972670729025.signin.aws.amazon.com/console\nusername = student_workshop_user_4\npassword_cmd = echo \"wcFMA0OgZCE4709nARAAUtgsNyCgzaDzn6qN2zOfgMw7vBWVt5OcfRiNVvlKDQvYi1nKDzZ2cgpdMwGCsgSVW2RMf3eDdQ2f49DFnLZhjkExxQZhIrom0IPVvs4y6KWv1LgPzI/4yih6/WBbYRqFgC8mgRoUJR+UsYvBu4GdiC9DLpNOlcSqcDdpTrf2zlNjzaDl+h1RUrohMrDHARFmwsSYMrlA36dDEOnT69TUJx9qfookJgeP0R8Stjjqqj36l1rBYPAcvbo01TnZmIGmvTKRf5OHuQleJOlXowUFBj9xfj1iaH3aNt313XQJYFpgXhdqFQ63xgd3yvd8tVuERVGK9TEqZKQsIOwri0PXLn/pGH1fvcsRSW0/qoCSgfZoHF1qZ/lXrAIJmgUF0pCkWUNvN8DMwJVj0qgUqKy7GGLaSxKX1jslaVLJPJei0j4r3Q2Pgz3KxO+uaCuzEwSrdiRYdMmnoZve9uL3tPCLRv4+EhjCCRsfO9S5NXAgJuLY1EACa6DXRGkesCY1UpgRgoSmDkIkHzyl/FrPN3ypziFs7sj0L/yc/UIeHpTWmT7OreJKC8DGaztCG5NkECNq92euH1EAOsPcQRC3btW3ZJ/3zw/oxxuiJ7ON3ffkSY4wM0lBtPO2d29KCgK0RN4IgN0bWlIhcG5S+mfsRIgZloDpQM7h2uZsuCYDiL6Tw3zS4AHklmaTIg56YeM2tvAgAnNUIOH8iuCt4Jvh2xbgCOI4DKFz4BziYztfcuAC4MzgeOQT/dkDCtt7pjwRxiJflbDs4s+CqmnhZIYA\" | sed -e 's/\\[//g' -e 's/\\]//g' | base64 --decode | keybase pgp decrypt"
                },
                "account07-user0": {
                    "sensitive": false,
                    "type": "string",
                    "value": "\nlogin_url = https://664070312647.signin.aws.amazon.com/console\nusername = student_workshop_user_0\npassword_cmd = echo \"[wcFMA0OgZCE4709nARAAjxCLTV39TssEn++tTLNVaqL3ORgQn4WMjShRirsmwFqJi4b8Nc6KQK1KFi36xH6+GcoQK4qW4eWwqPaMUjnHI8In0epgMrx5AGZV+L0YLz2Zq9Zm/OmbkefnDakvNdHF+Fws/wGIX+vtApJ4m1wG3CGsSKnOI6UOk3H1k36pMj55ZRprszX9lK7SMn8DI1YBrIUl3ujwUfRXdUT7QNv3Knpudt6xX1d3qGUqCJaYdyiu9UCnab/ZpHWFqTHlMm9Qgfwgsy89jnZA/J7s1Jn3KTmLpOlDnGvCRIHjci6Jq6f5CFsOyucpc5o/3hS83zZmd1msigYAeUgLVkNdlk0oChbNeUf4z0/Yat0/4saLlZV1e0cIFX+xQL+SMKo5bfo4iEMzjKCJgScXns4LB1eT7cwy4VXYIbWS/WQWUD3N1leEQNwhI13sNyyqFe2kp9KAC6KWltlj/uesBWzc4we0YFhi9ql0jx03ss+ZKJEg8HQMzzYTqBm5U9UPzbuU115Zayv51Ngy4K7nCltDHrCTJocE2WI7FbBaarqJjtfZ+KbjBXBIMlyhuJHayJs7zjwsZVfjgDkE4fNd5K91Mi5bSVTLyVMj0uBi1Ph6mEy8CCPuOy3s0e60cH51I/TvHVzh549M/0xcr2opgE2/aFw7NtXRsa+UKRCfgJ1sHGzJyvLS4AHkkZtQevOQelMwmjfL7usameE5meAT4E3h8O7g9OKkJSDS4I3iUeSMJOB/4NjgP+ReOxDeW+yvoVs2nZg1okZB4se9Q/3hUZMA]\" | sed -e 's/\\[//g' -e 's/\\]//g' | base64 --decode | keybase pgp decrypt"
                },
                "account07-user1": {
                    "sensitive": false,
                    "type": "string",
                    "value": "\nlogin_url = https://664070312647.signin.aws.amazon.com/console\nusername = student_workshop_user_1\npassword_cmd = echo \"wcFMA0OgZCE4709nARAAlJ6B8q9DJA5L3FgGAFDmVKbyxKvFcjz+avT+j1laXWsNxAVzxPrVlDf5AtBdkd41fhIwNVFvf8bpYxmfAWJmBoL2nlXJWsRx8+S2KBGkQ+SYvv44HtxS9Sb1++dPZsPQfsDSOS0jYG0lBL/4rtvqNtR/SZ1KPxOZcfRlZQ2AaE4z4G8BLR9F4eNo9fXrppAGM1tctF6L9igyqouJHFZLcfWSacLmNoy+xauUJ9wEcUJd0KuN7X8t38oxVx4eDZltNnxc+kGFXs8m6bfL/OCfCfmT7B57nJFQ2sAhQsf1Z42EXH0x9kpbgQ8imjcnspNtv6u+d4zfYH7mcmannykpmfpiRuRvHXfVXJWHzGdppB5bXqQ5m1zznsw/Vu63KSJK611Rl3YmS80Xrergk2DMIoALCvnPKLNFLUn5pnGfIrccgn3P1pn6KxtTzRNoAw5BvS/lgj8ocs0Q+q1d7qI60oJlxDEV7qTpFYNYYw8AfHwEyyaBtBrvqrcY+wUcPtKKz+5YZ3P85sk9AGhOZ9p+QN0HyKpZv7Ingrdwokv2WuTGiNurfSJuGoLbEngyI/R6lR2wR+17AhHKuJv2V7Ipto6mjEeW26o8/q+SJMpJNQXOvqTm7SkuFWuC9F7QFHWZCt3idlHOozg5EKCc7pq7adQqKmNTTzNb1sBwYBzOsYbS4AHk9AJfbzNw79OIzApj+ssjeeE94OCp4OLhzFDgf+LWb7Kp4GXivkqZHOAC4J7gEuQ5vha8RVa04vDAMHwxfKBw4nYkI4fhCb4A\" | sed -e 's/\\[//g' -e 's/\\]//g' | base64 --decode | keybase pgp decrypt"
                },
                "account07-user2": {
                    "sensitive": false,
                    "type": "string",
                    "value": "\nlogin_url = https://664070312647.signin.aws.amazon.com/console\nusername = student_workshop_user_2\npassword_cmd = echo \"wcFMA0OgZCE4709nARAARKET+8/lb/vosPtcj2es60EnMz3t60Nf41ceFISlB82kgaqJaMK7dY4GvZlqilGT2bNgL99IfsaL2j9ypTOB2WJcJfwKIPfRTG6bmj5l0FHlpn4dwZg/+T/3CtJ1yA6TLyxY4j3EYcBhK3iY0zCP7rHZwWKmhph+s+7Zvch02ic/2RY/LjyzpOcbNjBO9KaplrElWafwaYz1tQ9EPZJfOPzc7B/WKKnxs/BHq7GKg15HWH3ISsO7mFZv2nG0hmkwoJbJRtGQeuehcXP9ozX5E4qm5cKKDtGArZ3bK9o8rHCRoK2hexAAVCreXFCK7rCyYviJL2tfbf8Imm45ugx0V6HLo84pDcRXwho8ShgsJrs6OItF9g3M9HemkFGx5T+Lk8aaupyIZF6cTFjgK3iiPnmZjc8n5yADUYwUJFLdm8gtdJgWgLwITqjflFZL/geF/aLFB5+Ix3XjSAhLsm7YQjRKij0elCbAU9AhhOF1qWW2mu5yBPPAjcitbkhVXKeuQ4Z4pQa4GndLpOHYWHw1KOlwOqJr3JcN2TTiL9W1vrCkNIZVSWlBgrfDCzUzokJNdn5M4+XsOwkxX+lxNlJ+nrzG1t2iby7SiuK3xK3uEuuWNg9Cjf+8YmjccwQslbWu4vxghWvROt+jeM6hkxYoEE1ciFmqdDakLpCgguZ2tCjS4AHksRPWw74I0MdTewFqnfo4NuF2wuA84NbhWxDg6uKYUT9T4Cri1Z4ca+Dv4NfgOuSIMuSr2iXResabe+9C1/Wt4gUF67rhFgwA\" | sed -e 's/\\[//g' -e 's/\\]//g' | base64 --decode | keybase pgp decrypt"
                },
                "account07-user3": {
                    "sensitive": false,
                    "type": "string",
                    "value": "\nlogin_url = https://664070312647.signin.aws.amazon.com/console\nusername = student_workshop_user_3\npassword_cmd = echo \"wcFMA0OgZCE4709nARAAJT+NU8FWmKbsbjAYW9/ip7PqM9sxE7IRYvXbxL+MzkFRJp8bcxaqq9+VF1Sr23a3MFpdEYWPjdnEzWQTHsaQWWFOsrAl90DrpECXOMFYH1ZXl3t/kuiUfjtYCa1YWiiC3WtG+LzAvtv3g7fEFmyfK0gOifvqnGtKeLE1EVFOSVDALzEyD/jd3VfguIwPxv2CVwJZ3mG8U8pJrnpX6CzewdXG2GfCJTHjtvqvXka7X0ueN2tBGfUaf3euvjsK2/cTUCXCT7fxcDnXbafNdpsZ0mqrQSxS0MOX9O3FOtKq39ZkGDYxYjCmiu5E9jJSUZcAVzCJvTt2/BJElM9/WApoqLL3tNTGKGOyMChj0ehHpCpjPOatgC5E4hwzrJCOAPEoApAr+KDjAUFPuSJ+lagcfWmKpU/EwxIk3HZsylg5+YaRo8nXag3fLZngH+Wujxj24zgKARTdLw2MIXMEXtC8eevC1sVzNcMM4ger2Gg/kASmg1sjcfNQvIkYoWt/8fmhwDYnxxnGhi/6hLN14FGnZWf65Ps5OUOCx5/8X1vbHUqFmXQYhqkAK6uuhovdpCtPAHxdFQrA7yRC0CDi6u5vYt6H6/Rw2nRmC3w/SzwieQru8vQJQaydQkPVWc/YEJgzMSzEvLGh0LTc0h5UGP0b1TQr2z2Ifz6RqN2aatHIsfPS4AHkpA9wu2s+EL19zFzoQB6hAeF5c+B+4JThMDrgouJEmp7a4GniLs/lXuCr4HzglOQNdNNtqb9T42RQp5LjqVQ84mgtOvfhl1sA\" | sed -e 's/\\[//g' -e 's/\\]//g' | base64 --decode | keybase pgp decrypt"
                },
                "account07-user4": {
                    "sensitive": false,
                    "type": "string",
                    "value": "\nlogin_url = https://664070312647.signin.aws.amazon.com/console\nusername = student_workshop_user_4\npassword_cmd = echo \"wcFMA0OgZCE4709nARAAWak4ppdti540EdYRz42j1KoWvJ6Urv+9XHtjcazW+tn6WAkzt+5/a/MTNKbLIQFQTOpkU9K/IVWK700j39h2Yma/oDGMFsj4DNtQNztHlOLMfygOWthzRGP5mFjuamnlvc5mc72c7ju6NwymWaBQo6Emx2Pc52niWpOpH4hSN+cr/zgJqzAxf72LLE3yIeOhFqgRrvErj9YP3BuKFAg/HbUGEkdVSRZculqzmN7m0HKjf5qgDceOnwOkGx3LuzZ7KVM+msHv8+c9AHSoNYdb5452Szr+RE8Wrc0PReXkLGn8l4mbN0TQBHuy6DyaYoFML6d4ZTRrJKLxc0YdPaNcJuJu19JulOw5xLaKkurrUjKc/3YUruOuyc/AS/Aup4ei+5cacFvcLmazr5ojF7i9son6M3hHsatO7u4+dJXJqR6L69QdAyYKZNoPUgT1DbEbpV5fqT9AW2NJr+YWjdhwDv3ro3sLgaK9cv8H6minLojCBBupsL18u5vE9QLe2TJfGwIwP6z3CWMfIgKnchcU/N86D4+smgRn2UYLTXDUdQ/bwHKWKuaYMFEVvpG8JerrEmFgwSkGbONF5VRcfpc9d1BHhk/WgzWfX7nvLlreETVTT5FAVpOtDhphcX49RP9sJWNh4Ue3WroCMcTGfRSEmDDlOrSDu8A6C6Vi/xQh/hbS4AHkXf/hKOb+8u9Ie8+1P7B2aeGn3+AR4HDhQ67gmuIcEPwM4Cji+7FJGeBY4B3gQ+RsmNOsSdT+9nRyd1mPX39o4sULBY/hX2UA\" | sed -e 's/\\[//g' -e 's/\\]//g' | base64 --decode | keybase pgp decrypt"
                },
                "account08-user0": {
                    "sensitive": false,
                    "type": "string",
                    "value": "\nlogin_url = https://837265638347.signin.aws.amazon.com/console\nusername = student_workshop_user_0\npassword_cmd = echo \"[wcFMA0OgZCE4709nARAAjYuhRk+CjSdxlDc0f/havZYlvBCFCJ6Y0TpEpXeU15Cv5yDvdDfZI5Bu6gSsOhISG8QejKoyq3QZUzOuloJMtQlSG+ceJmqAExpls4YFhLKsMocGRI4XVrGJTlQEH1QFlDrBSHN7b6Rzzcsin3foXqgS2vngTHPODCzrJgfMPCp/oAUDnPwUneqBQZ24B2fXTtPNipjW6ZskgEYqPppeTI5xGgDnhAA8Hc8AUauSCXs1BdT5JC9gF+XgKsZWCWWw/DRaFccHs5RMHTuHlPfDv656Q+qEn1BL1S8C8eiKDz2genGdeJpYPlKDxYevcB8U3U5gLq/glPu9eYTzOGwKphsBRLx8qE5HMjOpVx3FRSX3EL8PoG9Zv5tO8VGxOhGZHVpHkdRjyf7312WPvqp8w45RCWTQupEeOnG6p6+Dcn3MtaCu3JLdVvbnoLtTJn606F8ENzMJcn42taMd0fOAW2on5xPZchYSOjJOpbjJiVBV+4X+Iq4RfyJF7JoWC3a94hHjukGsnqt2uELRIRuz8rX9WEG5B8OVoPqPSdVE275S7IwiEJ+QKeazk0DSdvEdSR0kdI+YDrFNoxqVwiK2ArApUav5FGx8rNDdahTHtgOsbnSmbXn1rz7e38XRx9DXT9h2OmnT4CBP26ivNJMq0GCJWxSog+V0swD9A4LDg/DS4AHk4gzeoL2WtLCqzq6Yjq0ZnOHBA+AV4GPh8wTgaOIMQgyd4EXiBhH/mOCi4CrgB+SL/qyIVkTEZeK6fy0lfv3T4r4EpgXh0V0A]\" | sed -e 's/\\[//g' -e 's/\\]//g' | base64 --decode | keybase pgp decrypt"
                },
                "account08-user1": {
                    "sensitive": false,
                    "type": "string",
                    "value": "\nlogin_url = https://837265638347.signin.aws.amazon.com/console\nusername = student_workshop_user_1\npassword_cmd = echo \"wcFMA0OgZCE4709nARAABmY1Ok6Y8K8NTDCZ3GiMI0ROt6MpR7xQQ60k4Kts+HZ2ME7sVgh4Gb2sRq2IpzTV21mNpG7cUL2/EV2liAa2B86Aat3kR381Kx0vg+KEz98/u6c3hJuKbdvGFzzS7yJWrBzd3/tNtiliQDNit15e3HrxQOYW34ogLoyEBGeMmpC4htYSPyffikzM5Ns2iBmtvtOehI8dH/96y1kKKEHLcD/aPCAYC8DH/lD7wsH+q+QR522DTd6AzRvOteps0qaESS0aB/5WP9ls1H7EZQfWIEfun/JblS4h2lV0sjVEFwr0b48MWXGlytY9I17RDG82z6TsunIhuRUNOzP2F6mEXvaF9aAcqBaKbRxcIXLv+KucJYqj8BAd8JbSy5qKACC9c+HrIX9z2oAXV7i8Er1K8ldHYWlWp2AMyWF6Xk/3C0pXEuGhazuKXZTrs1yj/jbDHl1TwUwKfarSvp0vI+iqF+wUrOHgPxQWhYV3pBHHL8X6lzKPEqdzQ4bZMehO66KHCoLtieayH2vpGmZbJdfZDN9kNXPXeKdftCGkR1U+66cJ7eUxoFa4fkO/TToWlvg4pU20O7fIFO4VlgWgg3DSUNNRoM790/lV1zCA/2yCX0q9dx5joNEUdXGD5rO9XyO9RpGiZ74wfzyoPBenL1CwrT/PKy8p1NMRfuXecm1gEQ3S4AHkCZ/kXGyoAx11SPNlpcjgRuE8leAS4NHho2Dgf+I1YtGl4GHidjuMI+Df4E7gPeTB2j3tQwUrZqnO6MxBJHVS4lwFmN3hWEIA\" | sed -e 's/\\[//g' -e 's/\\]//g' | base64 --decode | keybase pgp decrypt"
                },
                "account08-user2": {
                    "sensitive": false,
                    "type": "string",
                    "value": "\nlogin_url = https://837265638347.signin.aws.amazon.com/console\nusername = student_workshop_user_2\npassword_cmd = echo \"wcFMA0OgZCE4709nARAAAT+I4vZqfO6TlSGTlvAnANWxT8atTFgqvQ5UK9HWLwIm01oeCXN+otiuOIosxMzoKKGbLhUwJxmHFXmKyGBmOiY7CY7+8E+pVpYZP5ltejiQd3SfJlsk3ugp84HXdDTu7kmPs+M6xtJYclIDfx1XYxowXFMhATHE+K9Tbuwj5I4v35KzigLzuUFt/R+IWM5yBRrAz3x5H9wKGvjL4xH/kC4vz19E1+Zk99feRXtjQ1Pgkj5cHXmsC69Ptbp2DMgnzv1AUtR5D+P8G0cu4zZNssrL/hNcPeivFp8UY5ACg5c21V/yIGgpCtEtX9BtoTsHhv3fW1uHMcK6VShE2/y6oQJljLZNpWqE7w4edPMxMQuXVyGMsO4ZfDGAdZXRZsNBDM6gSW36gkU/cTAx7FtiWDI7gffSjly0LxSwyUZ25s/rcyx878KlQ8hHnxlSEBuPUZv9o4NK2aiib0ojq4pukDJIKTl0AEGccTrv/4NnY7JaHFgbqlenCmLeVQnq2hh1wrkYFAQTAEHeKFXdVOC9HGpZan6e0O84U3I/+wJicl7D8BQXxf6ECBQnxwRjbpVAazkvTQ6CpF1MX//DYZiGA0KIQk8mZmQ+Br1xIgL3ngR9q0tyipVzk1RJTumV5aR6aLWYvDAbphsrnc4Ny4MyExyXQpY3sjJD/wowQABxrYjS4AHkRbnbLlsOHwDfWi2GpnWhwuGaduDy4JfhtFvgKuKQJdIl4GLij1Lpu+BL4BzgQ+Qqtrtcidqsh6WSruaKtUnZ4rQRi2/he/8A\" | sed -e 's/\\[//g' -e 's/\\]//g' | base64 --decode | keybase pgp decrypt"
                },
                "account08-user3": {
                    "sensitive": false,
                    "type": "string",
                    "value": "\nlogin_url = https://837265638347.signin.aws.amazon.com/console\nusername = student_workshop_user_3\npassword_cmd = echo \"wcFMA0OgZCE4709nARAAduKGA8QFsBrOaofyE7cueTco+7qID6oDzFEkAtM1ek30zjW483vyWzJvpXja6goQzoocfsu0zH1F65mE7JVX5jFXQ8E8vOGegNxP1SHIKXNx9nulvZsMAzmg0ngBJw8oCD3IFr6QxYdGfFONG/hH4v50W0yEki7XGKD8xZFe1uRiMKkAWkDJr2H1I4ZhmtVZurmUPk9su2DqK5otc7q8LcXSN6gmzed5VlVXNQ1LwTkM4QeSeuPR9bg8TF64H6Ody4/f/evdzEQ0oNQAaFqC5GJeZQUEDSOA1roaiFe6Zfqgmhxa3jnuA1e73w0PVS2I5ZGodrxliidwmto5MEuUe07kshp8EM9iUwA3lTEXi2i5H+iYUFXiqoVQYub/v38toS8bNK+aTE/w67UBWA+b0+q9TWrWp+uHj6+n6ZaWeqlLVpDlPR/zkMG8xytdfefm2DPNCaYTYHPp42qcJCiug+opXF8VhtCFS+EGWWvB/JKkWnazlIfamMMXyYQb3F0sGbsAxAaBtYHlf0DW2dhszgCuPZpPBjrlr8sgk+9vf4IfwrEE/RNW5bzOSHgIUoI/cAcNzLoqPId7hiXOataXbVGK8nsMPAOAW6vpEhHTd+vbi1nvnnFPrKdRgiNfxWko6eMyt6BCFFr6Aty720U0EY2vv51e6azsNUqr6VgA4wfS4AHkPVxDiOWMPKcJiQmaJRa+5uFBzeAi4HzhhavgqOKRCZ7b4FDiJ2PnEuDe4P3gZeTS9EXLCFzcckQ3yU0P6sly4iRgrnThet4A\" | sed -e 's/\\[//g' -e 's/\\]//g' | base64 --decode | keybase pgp decrypt"
                },
                "account08-user4": {
                    "sensitive": false,
                    "type": "string",
                    "value": "\nlogin_url = https://837265638347.signin.aws.amazon.com/console\nusername = student_workshop_user_4\npassword_cmd = echo \"wcFMA0OgZCE4709nARAAuS1ZblvgcbthZvmdX7tAfsenaurZSXSBlbH2PkDoM4iYOPr7W4AtxGwoesVJvjXi6amcrkFLzNOu+VqGQfjxbiTgBmCcME9NxPQAAAodpXyzbMdbyxu7cM6+PVmkl6VDtDa1DRlbLq9yizpR2HRRSNbkVQJH6P5mWJ17PA0c9BOjpSVGvUoPfCEFNxB/ViAZSnvHABAMElr2HABvR/BH8GFVKLs8U0zpHr1YHJnCM9gNbL0qoh9q+8hj8EhhIEAa/7hN2O9TdEgZj73gxpIEmy/UWJvzp7/yIzzKSVpsdtmAd0cjuJTpm8u/czXnKKME4COXiupLVCvpcf9yWJQK143KhqkZrKwEWAjl6S/l3AKQB4bJfgzruf2rDX+C5irfuc+hHpBLQDwZqgIv9CAO/utG6rSWj6nRw7JZuwblnCRod54BAVX0w7Z+GpbRaYGFk06QFFefDOT4D0/t9qhAZP2d+eNuIirdUq3me8p0i21vSebWvmKRoCldEaPYiY3CnDLvmJivNIaAsVSu5NBHneLwxPQiQGgz2Pq/px4+moQ/YFZZue2YyIjIs6WpohWWjkYZjfJHA/nFD+KNfTIl6A8lq7l/1/M4qUbuRcdoNzyGtIHjgqcwZfX4vQJAFShJyXb9h+iukMLy3+7MN2anSoZTcTFVnx4o8lgG7o+/WQXS4AHkKYKY8p818tOc+D3hWnHiwuHrDeBL4M/hG1/gpuLHqkZL4OfixOvhjuB64FbgXOT1QK2E/S9sDQbUwKuUf4oE4gMtpE7hNM8A\" | sed -e 's/\\[//g' -e 's/\\]//g' | base64 --decode | keybase pgp decrypt"
                },
                "account09-user0": {
                    "sensitive": false,
                    "type": "string",
                    "value": "\nlogin_url = https://349163553204.signin.aws.amazon.com/console\nusername = student_workshop_user_0\npassword_cmd = echo \"[wcFMA0OgZCE4709nARAAHERL1vhYbp2yAl7IeZo+vlLYGFDewyPdl46kYhLBkxlB77rgO+Lg07Rtk59K0WKJyModofX3Ns3Ohn/Ii9uuGVUrifsFQlrU6gSjZcYPUbr5Mm/Uib/yekOkPi7/jJagmdUUEWSTQf39RG9UNJU+NSnE/jnLAubDqatQFzG65r+EOrZKVHGSxgtODj4H+Dk2f3B2v6nSsko+4KEMpq6BRiXnINBoFyHbBuhZdptQpgBcMiIldzARyKOCrjYwW5ymTCgRbvZj2Fzd6KNxfSDKDSahVf7xVkt1toj3+LhyymF3IJRLfYsPGgR5+B3OF4XKWuLx38HHasF12urPXn0J0XhCoiokurGpmpdms5imC7LJ8VKepd4uW8p1huOqIItAJcs+rUowDzOeynelpdScSIdyy6oicuCV+DORdLOU7Z9Q2WfTPv+1zT4ymvmlw2JrB6ktdT/burrR8io+kQV5Tpn5GaLFnvR9Mb4BcWzYJomDa6/IoTJfdNLqveW0bklL9wjvGgYPGb0mYZijalRk4EoenxGXWgtTvt9mH4sJhBKey6ZQT0rtJb673p9jHuYNNuEPhmEf1nc+mQID5CdVdque+DKYek2GORM7dG63zYZqUMUrgNUJ6njzs50SvxxfbunetiyBLZAgtjqYxvPwgRj/qUw1M8xjpHt3qkLWgzvS4AHksAX3a7IJfp8CKRLItHUOhOFzFeB74Mrh2T7gg+JgAZI+4Kfi4h7EU+B34KXghuSH08V8SHQZT/9eCKq3eOtu4jLqUenhmAIA]\" | sed -e 's/\\[//g' -e 's/\\]//g' | base64 --decode | keybase pgp decrypt"
                },
                "account09-user1": {
                    "sensitive": false,
                    "type": "string",
                    "value": "\nlogin_url = https://349163553204.signin.aws.amazon.com/console\nusername = student_workshop_user_1\npassword_cmd = echo \"wcFMA0OgZCE4709nARAAphA3VRQ8GPdOIZk65nrWO/bduh6lbtsgDhOerW215ztQ8HxHzUFGm1XeT2L3EuKUd5uN1J9JbLQUt7iit3V488qpvOy5g/RjuEY6BzsUEJ7KGBMg9mwq/mKyxqLOG5tZWomumTJuZk6KhJqcs4lpQISTVmuJXWixA/yckuCXd22wPhrFKzuvWHLlStriGka0/rYOvsqbnmblnIm5q8lRlAhmY3PjtrxPLjbhDe/FRlsjk+FGNsR48RHqeOSZNky/Fd6c3/1npvv2a/90YjkjmQ15PEnToPVuP366p1wfSkt6MkBTG5We/R3VQZONP5721GASB4LO2ZP0uYpXKIGxX3lL/no8bQbnsvbaI+YCNxNaY40wBmlGWsKh3q2uHKeH1Eie7f56/ag/UPAzjxRZrvxmxKNHnePzC+JFi/S+s2lJVGOKBlevvClvKMMWldmKmuH5JbiU4gLjzgxo8iO5jlJhzxTFQpUTzOrAtXlnrtFKvrr0L/v6PtKnVm1Xok8AVIyR9AfAmo9GnSQV1tQdUx6VDUngIquQG745GIyyTql+AT8HSAu3RBqgkDVIDeBMOOebCRphnu/ejS3t+8hqbPxbCtTgud4/Tat6ZW0KxWclOan7QEczNnllJemUlztso83lzOJOUlvjy9phYUvIO/pzMOPJhF/evP8MV9CKmPHS4AHkyvA/i4Is1SHFRRTkH/DtIOHHkuBc4HXhjCHgIeI2aYb74CbivRnlaOCK4PHgA+QlSB7/uTFK2jhXGva+kx494i4thBjhYVcA\" | sed -e 's/\\[//g' -e 's/\\]//g' | base64 --decode | keybase pgp decrypt"
                },
                "account09-user2": {
                    "sensitive": false,
                    "type": "string",
                    "value": "\nlogin_url = https://349163553204.signin.aws.amazon.com/console\nusername = student_workshop_user_2\npassword_cmd = echo \"wcFMA0OgZCE4709nARAAJjyYnE//pDcqNL94QN/a48q6BkqitphNVI0QY3Nk6XBggIzmBQJmjmftCUbJnm25o3JBkJarB3vucrDNgH/2GlOufMgZ72HNKGTSfA6MbUFuog5CIFDLr2MnunJXNh4eiyu48odric+3p0uTpWFTFk1BUzqcZ5v4nD2DvWa9eH6a6oSEOV+uY3z3+A8JIiHNUusBlDmnrqFoXISHSHCXlmvuLIkSl8OQGMhBDMFnWIZu1auNWIEe8KBQzd7Pn4nleEb/IzRGc8dHYiTELkLy+piSj4DiwMJFelDe5wB3RQs3w+GmorSI3KZGxkKxiRocxEVwHJk/V4bCTwTiSNhhxCBmJCZQt3MPi0JGrNpaFEe8r+SnXSgt+dJHgO6q75JoMiQEuACB5RRdAafdTDCwLa4xZELAX+G/zu6t4Xn5e9JrIyiLMGBa0bTfaG1+/U4zPMZlEbM2wV9pFtSAaj+w1Ce0ntM8u4l9jd6zVsLflZkxKtyrDYBVhO/VMolay+gejhhRrE1fYBCQwNnE8EI3EM40ssF18fOQNqZAM/NlF1jD8sKfPR579izdx3GQz9ifdqyFfr6Fss6+7xzNtclgWqqtGs+v4W7dmxJkjj6BbTxtSNd8u/2MFBAdjTv69FD5B0iDP5VqwPfQk7jk7NQTo7nf5yqW/oh5in4PJVRZ9GfS4AHkGYmik6rBDf0LGif58iZIPOGYQeDr4Nrh3cHgFuIfr1hZ4PHiJzi2ROAU4IfgLuT8psuw2ai44N728gotlnIh4uM9jNzhVVQA\" | sed -e 's/\\[//g' -e 's/\\]//g' | base64 --decode | keybase pgp decrypt"
                },
                "account09-user3": {
                    "sensitive": false,
                    "type": "string",
                    "value": "\nlogin_url = https://349163553204.signin.aws.amazon.com/console\nusername = student_workshop_user_3\npassword_cmd = echo \"wcFMA0OgZCE4709nARAAtb4TAPzHwVQ0lG61QfpDJGrZM+B0Bkpn3PJpKP/N4q0qLiNyAYKQh7cwOaVTAmbr2UNWDxv7WPYTKdo+U10sy9LE4g7eAoYsEMB1H6wTGbeMMxI8mw1QZHqYgntW7Z4BvwQgea7UQatuQIPeaulSkY1RRfpjlQ+NIzKKDDDc3RP0hLHfwZBMxf3Nwwi3ZHgZw1EH8nqXbUv+zoTkmL50nIwkbq1DfIN2BLWvuH6BcLmRr/oYDCz8wrpwECnrqcNAFNc2UPTbt2J/SfdDr4g5Lgm0PgxeNg5qjhvzGdWfvO2gV5SpEhf50nfDJTmS4kQ14Rvq/B+2Zw0X+plegeGVVHSDrqiw/sxIcaCy2gh7jyXNznMezxP0kc4kiFW5qZO7urQISaLhZk50bpdM8HCU9ufXJXaWuQSPS6zI0mHppVsOq42Hucw9mGGDqYS8wec1bY8Xixbm86fr29kUkoH3J1VNPUQ0kJNCwbdhF5gLy5YKEzWEAzMKd3xC2zHzPdLF4e3fgEPHjD0iywF2IbSXReApArU9G28qMsLd1iaDafVOWbeowo6IyYOlZqcr00c09NPkKJ6zBbRW1qa+6WKCPBb6zf0lisYgn2B0gNw6JYrlxXn4T/u/PWgOAqeDgeq6In+UKFxWdQMZCA6aFv8QTZjeqmRqC0zshHw+m/KB5XPS4AHkBYRh1UR8UKPVzpyBDO9PR+EmyOAV4MThLzrg8uKJfYkg4H3iX4fgFeDP4BPgu+S1OJTfktMn/0c1RiYeYrI44iVx8i7hMGQA\" | sed -e 's/\\[//g' -e 's/\\]//g' | base64 --decode | keybase pgp decrypt"
                },
                "account09-user4": {
                    "sensitive": false,
                    "type": "string",
                    "value": "\nlogin_url = https://349163553204.signin.aws.amazon.com/console\nusername = student_workshop_user_4\npassword_cmd = echo \"wcFMA0OgZCE4709nARAAR3hzdhte70yVQF3DEgVxlCd6zfTGDJRJ6NwdpdJvV1kQc8MXwaah3k+AfmRk6Tk8843LRj7fSXruOTzg+y/nqEYGUnyE8XugdkGAZ8SRvEiE88sXewCv08DQ8dUoPEhPaDk6rGHnAXU11fksPKWNbMnXALN48U7D6lTjq/rR5LD4+ac7d39s6WauKuDe3zyA1w+oTpfdnuW7RWCfoyG5yMsAUm5we0P/tp54WcPKTO4XmTvQD6fuZuICY2+8FNM/4QMhItAa/g4W0t8EcfIZIEin7o0/ODT8TyP687crw0Jx5LrLhOC/qv9t1X9UmYuo7n/sPZsirwbuXqdVgOgq42UoW83wgl9IlcpF44MJdYGYsE2xwNiH4WqhN7fJyyEQE0qyvx6l2KBfV3KFUyRDjNAfzKXzLFyyAw64VZOERI7FNAseCFM8HD71SFF8HKdZ6XM1QeVGx8PsP2PhRqbQCWl0ord5ylURrSNTlBx8cTW7tsPPolt1tGA0lt7jA0IJzilBNgGevd6DkAe1zl6tnG/drpB2PSnhwckcXxpX1wmd8o8b4HvlxtsKnXgUDWFOJg+ZVoqMJ9ufnaCz0XT8kG20rU28tZg8HhEwSlO58SNlWCkhIi6Xxf4EvyFvljtD8vyof3PkjoCfy2XObEj8o6iXTr+ZtlCEEftX9r1hfIXS4AHktsmg5v3rg5ut58yHp1D9fuHsSODq4GXhbfLgs+IegFxL4Gri+pszEeAx4HPgvuRWg64RFzFEi+AI5nBMt2gi4sShm63hxegA\" | sed -e 's/\\[//g' -e 's/\\]//g' | base64 --decode | keybase pgp decrypt"
                },
                "account10-user0": {
                    "sensitive": false,
                    "type": "string",
                    "value": "\nlogin_url = https://563634950677.signin.aws.amazon.com/console\nusername = student_workshop_user_0\npassword_cmd = echo \"[wcFMA0OgZCE4709nARAAEt5AnZavVEo3gZSKgQ54jwVr9GYOz/ge1KFv+t1TDrPf/qpGV+Un1ndY3GGYSxWss/suzwM95QjzL2tBIz6faHucw9+pWr47wPNPKHiV4GfKS0GTbD4OeSriHGo9bHEZuSWoIrmz3Zelt4YcxqjGqhfFyujvwss7/2XAvKH5bVOwjiS6LetrUW8WCdLXKHbcH1Lm24l3IFMD7MNlf6i4/6AtDnoLPpdsYbXEphnWWYJxJLdKkGJlBHRTSpOB9HLJeogHSE9lsCBiri8p/no5E6eHt6Yqir7hOScuq4APK3RgpOzuXgEhXyPkMYt4lGeThTX+6IgLhZgNZRyR7cmcvGsyzUbtzpjgwJt6A4Ce+D+vtqJgXB9wYLNlG9RqjRxP/iBky3geAqHdXvABSSSwD8P1ryXqaI7dvRrJRnSlEqaiHCX6fdiOP7sdEIVc21rVcPE+9uJnaQZigXtf9x2ChvKjQOVh2pRB+tCB29FXZs3/04LNCuXqeAOZl1MHyk+eRE67W2V0/tPhHTESxidntevV1huyXNbc4hFGqTu18vWuR5+B/u/5gXmrfWuZ0pRW5yys6Oi5r3kcVEBmZgeEG5Las71/+oeMkMji9YCvIJziFm2Cjsn4rBFk0nFaFlqKzUWifI66+pSBbAA08WU0rntvaab2qrj99fUsJBiiavjS4AHkvihHrOPSsF4ouL/s6JhC/eFYeOCb4I/h9w/gDOIZDWGr4PPi5ZiZ2+C24HngNuRsQVjW8Eavka4GBjEvPtmm4mSd1nXhHXYA]\" | sed -e 's/\\[//g' -e 's/\\]//g' | base64 --decode | keybase pgp decrypt"
                },
                "account10-user1": {
                    "sensitive": false,
                    "type": "string",
                    "value": "\nlogin_url = https://563634950677.signin.aws.amazon.com/console\nusername = student_workshop_user_1\npassword_cmd = echo \"wcFMA0OgZCE4709nARAARfoS/lmCWech9WKQp/PwY6MGwYpsgfoegDmn1E2DnCKqW50V2zErYFw/EV7Watx8yhhd8tVtP+0LSLXrWgTWsSu2XYpHzp6oj28ZbilzPuCoesafRN6CQjLlsJV3tx0ssvL8HzkLF7rr5YxZytyOrFbkwH4u9Mm/Ph24PCSrYpVaYFeSKrXV+SiZAXp1QOeGhEk4zYXruP/hEpcIa/5XniwDgDj8tvWnPoJwbq1d+LaN/xwRWXVIdaJDtrCCuqGTlO1kUTo8QVsmVksNBH1QjsSIQSa6VYHBm7MTjV9FBgMHTRwFc9aF0S+2HKUpIpKcY3JCZIZ76hGB2jKduzWqkEz2FAoEJbvL+UOQZzdUbUVy6aBj1XmlUmZUDKS6MoMFdZBNUqhEfoSwwbADzCLUECJYdwsUwMlRAqNamvDxl5bUQAFZ20FJ/kDavEzJNjAK4JqwKphMA0v+AUkiCC2ao9nPjyHTHmRRYSkZaZn6c7kdIFqlIYgMwZbT99ExsHf3pIVjYvjQrSEd7OksYAIqmdt8bWPlZB6o6ALJNfsQnM4fMUTomAEVYNS21MrkzocqQnxUXVlrGp1vfa6Ut2eHWpvY/wFZhaZ52VviaR2fYO0k6O7oKl94sLrHS0rt2EiazaeikP9UDxn0v+HIIDhLbSSa+hcK0oyI6ewrpg+tvR7S4AHk089McCKXzEDXVEokGmaDLuEbruC94GfhzUvgi+ILFqpM4DviRuA79+Db4GfgUOROBMU0JuKw0ApH3WYLG3xK4ui/29fhw9cA\" | sed -e 's/\\[//g' -e 's/\\]//g' | base64 --decode | keybase pgp decrypt"
                },
                "account10-user2": {
                    "sensitive": false,
                    "type": "string",
                    "value": "\nlogin_url = https://563634950677.signin.aws.amazon.com/console\nusername = student_workshop_user_2\npassword_cmd = echo \"wcFMA0OgZCE4709nARAAn8yeOQwZgY3cK11jjov8trWrofZuLRkkxh5iWJUeY6jZPCsJJf8osR+qteT9ScvIlhfTThJvkOL6adR0hoM7hbvfYUWiws1vxDlAMzYSxhSTKRCcqQtC41ezhyIPMDaF2lNk40lb7z3IeppxWvxpI9XNhLtmFDjw/bPgb9syAaAmamb57c2QAGA9VToOQlgkvqYxNj3rafHCkme8mKplmTqPqxcWhwjx0CO6RrhD9pFPa0DcQmWCQg/OxwcHm9xgcIBcY1yw3R4F6GyiA941nIG1lzwyEgIVPD4xjtt1k2SqglIYOwZaej1YlxNviyCWH6qAsEHJA4n5LYUXxiJNE9kln4Qyn/2uWX+8djzypcQPTjFnjD8nCQLSX6p4jrhLA6ghRWzzoAKMoTjeFHt6yShs8JeVfGjUBF5GYi1f73y7nAR/qkFIa8F9aK/pxp6lBCVZ0xTKxyL/bx6gu/CCCucKgRFDcfi2Upmm3M43P0Ceuu2LOsg/O8CgmK8ATXMyuvHJellotdeM3kdz72mtU3gciLgF7BrXv3C3SosaFJD/IqeVjWRHeiAfSYBZCkZkzmUQSCzsQ74Q32xzALG83zpWLT3+SEhDYAbew5f7ZoA4jRny30FjD1FnV4YOplhkccYLi95I2JjJNby9w1KjR4h31VyR7GzDvB3NP0/5XEjS4AHkIzB7cbHuBFWj+O3/euE+kuGADOCb4GPhptPgiOKU/ZLG4O/iQ7xBGOBR4DbgfeRIB1JWEcoUOZWBAetBcbp/4k00bejhj00A\" | sed -e 's/\\[//g' -e 's/\\]//g' | base64 --decode | keybase pgp decrypt"
                },
                "account10-user3": {
                    "sensitive": false,
                    "type": "string",
                    "value": "\nlogin_url = https://563634950677.signin.aws.amazon.com/console\nusername = student_workshop_user_3\npassword_cmd = echo \"wcFMA0OgZCE4709nARAAOjlHDctMLZCl4o8qVbkpBZHIzfVxElCBq8sNYXn2XvfbfvEMhNMghLCYqa6XUI1Pjn9xVw+cMpL6mF16rPDu/XuUcdhM6gITm0mnDDBbUDLYwWe+89viYx7hgvlLaxNF8H0FTcnF5gZZD2wZYzbEF7scf3F6HE+gX7bQ+gRq0CKJx9oMStolKeVtlAQUGs25R5J2ikbTbCRtB9M6kg2rDwndDSZZ6n+bD/mf2fPW9m/Ii1ioyIWu3VpI7j8qbuRneHV0MBmaY6Wu14R2eL7tXt1lzArU/H8vZiepvbowVprHTmukpMB31p53ptXRcOO4LmqCnUmVj8IoZ+rDIsWaA59A1U3ysumbRvZnWYAwQzKlbXRAIVgvYV3RctufSSjMauqiGbP7B9VKBhJQawsBRLKXUlqlLgUZaU6svMKIkkF0RJNkzaTpm6tlGxCCXJftQoHhXAZKV0ZaZ3UQAU5/7mNyKZQiohVgkkRAp1gDy4LcvtQXnK/kQSSmXl65nzuH7r6ybACLKoePT0lqS6cpicdrfoOuVoyoUTrdkJbevNVu4t7zRmyqBgobqiMpJpPX0pJMT3y0deKrUkoq3HyCTGlAXd3a/WA1yu5IyGl6JLoj7GPRATNIu99zqcVLAarfSOfMi5gqqIqv7qrgVmsK8WIfZe4XODgEhUtEd1ws43TS4AHkVR/APwJ+9w0DrP2Gq78bKuGCPODS4E/hGVzgs+LYYnYc4LLiQtTnEOB74APgT+RFjQuIQxTg+3nL+CCm8BZL4rS7CwPhFycA\" | sed -e 's/\\[//g' -e 's/\\]//g' | base64 --decode | keybase pgp decrypt"
                },
                "account10-user4": {
                    "sensitive": false,
                    "type": "string",
                    "value": "\nlogin_url = https://563634950677.signin.aws.amazon.com/console\nusername = student_workshop_user_4\npassword_cmd = echo \"wcFMA0OgZCE4709nARAAVJ/Zx0F/Q3mYaCpyLQKb+R4FN33T4bUUArSMY12oW6QQHcz47Z16suSpKwzydl3lIYtcU6uaUHU9jKzTr7NLEH6zRzEJJfO2gnT44R0i1ilkoSnM5RQYJTLbava1AZV48MxMsrQzZ0n9TvQqg+fLt7w9bNoenr8YjPgAqXnX6QVbPJB3tgXF9C3jeHX7fQ2/74QwPtyCjgaOi0Yz5pPx82Lhj1Iy6YRI1m7dCwex70EUUJvJ44lTNKGwh72oXQAM6o2UXYCC0Q4TkYo60U0ZoIuxyL/SbXDzaGbuOTknDS01MjmcL+fJOJPOGQosOQnKdygStXw/C4DlU27Sht2JLGuLjQyPijX0bHnl4OSj+FMEwMdlHK1b/mDv+v+KYbkIRnlhqnuPp/HyNQuesDxD69HfIr5rdQhtNk9m4xDy1kF71JjX1zlJG0CqCtQX0sjmDaab1owaRFto0wktelR5d9xM3haHyQbEaNNTuTsHFzGELfhGypfRz6dEcfK8GvRLbZjkBsw/Cvso+qUJ4cPFqD84Ka7/HpHf8ZIkNyMj/EjiJjBy+T3hVCjG5YBtF1/lMFRSyVqyF2LVXveIW+GoXXJRy47E5deNVo+7avex+0Ny17PU2hQnBVEZwGtQ4YDlqDQi0hnPSrI0ah6YCf2cq8QcOFdfnT/0Q+gg7jEwIXvS4AHkA1JIgVrrbh5/0gBqrN+WWeFCSODP4H7hPTDgW+KaV9/64BzicqTwz+AP4MTgCeTTxtIHrz5WxoAHJeM4B8nX4kzsyWnh99oA\" | sed -e 's/\\[//g' -e 's/\\]//g' | base64 --decode | keybase pgp decrypt"
                }
            },
            "resources": {},
            "depends_on": []
        },
        {
            "path": [
                "root",
                "account01"
            ],
            "outputs": {
                "access_key_for_user_0": {
                    "sensitive": false,
                    "type": "string",
                    "value": "AKIAJWS4TYWFHPCR7DXQ"
                },
                "access_key_for_user_1": {
                    "sensitive": false,
                    "type": "string",
                    "value": "AKIAI3FKYY5BDTJLG7WQ"
                },
                "access_key_for_user_2": {
                    "sensitive": false,
                    "type": "string",
                    "value": "AKIAJMO7RNOHR5CZA7NA"
                },
                "access_key_for_user_3": {
                    "sensitive": false,
                    "type": "string",
                    "value": "AKIAJCWZGPFNPJECMNLQ"
                },
                "access_key_for_user_4": {
                    "sensitive": false,
                    "type": "string",
                    "value": "AKIAI3H65HOUZU2MGNSQ"
                },
                "password_for_user_0": {
                    "sensitive": false,
                    "type": "string",
                    "value": "[wcFMA0OgZCE4709nARAAns1GmjTTKUJyVdNTNlcIPRw9rvy+uumhMpnsMvFIBaHuYGlGvJ7aziIQDxoQBgMGiUfQmeMRDqKMCXZdbFSguCpM0Ajk7Zvi50k5GbwRydJ3X58CdWBGW0jLKb+ZmzZS+HVMtB6w5t8YQl98QxMWISmf/IdmsBCdBbE9ANYQV36jvhqNDLn19Vpz/3DSD2MfELmTiGCF8RMCCgwTiq3ooQEA8KbIQEB+AI5TP3ZJdhFj0+YGM4q/2D7cep5qOuaWCWin5OfCOdXuoubWnaGBGDODyYsJHyuzuX6/kk4EiWfFYn5NS71xrUr2Hbip98bYKwngOq82DM0Vhcz6LDYITYpQTSJDIur+0MplKmcCu5Hknk6Ih8LrczqicwxTs457QOhUHQH4GblCQKkwPqdToB8/Sfi2jnPIfack1O2JxqQqi8EGxsNbT6TkbIV72dj4igJQ0OT0AZa1Ite9YP8K0XSzOLfPuCqRF4eYv0qAet83DucuL4qiyaY1q87sZHOnRKQLdT2ugvo95+ROwg2T39mq4XVPiNh4uK3M1ABkkFvmY4Z/gl8L7UX4h/uLro+ROGVEGjsHFfDyg8g0n8FhrIqEbDyvn9KfVc379JKNC6k+OCW9MnZ+kObNlF75sDR+657QovaEEN+cUVZxeOkZws9m2ehJr2FHWyitnVtPB6zS4AHk8BTF09g1NULjqFIJ0JX6reGm5eBk4FnhZfLg1OInhM5q4DPiuA49++BU4AfgIOS59FpN3VAZxsgpOGF/HpGC4gyxnqHhd/IA]"
                },
                "password_for_user_1": {
                    "sensitive": false,
                    "type": "string",
                    "value": "wcFMA0OgZCE4709nARAAW+awRMEAL0hW4LRu5tP4+knXPhlyATMTkNXpBpDeMjV1EVK4egHXS/8I3J7VuJATADfG8PxDebsRfE8oTg7O7gjspynYFOMLDRToeNDCkT0u1p3+4amuUB4uY49ciGS8gXX+5+sQBU2haJ5rKLJcKv7MQWjzzh15tDztA1OGM+gxTkH7wKHfPnzGrrwHWe7t8PjhpCQHNo2qOstu69ZbeqKEwKnOzREoeWaJny0gbVotpxnIx/gzkKXYCiVBvMvD1ptHK57oevvYppMC3fnxMZ/qe7x94n5ZIjc5NclY2vFQ1qFmh7RiQGN4bOPWXeSU6aA4UXgvrhHXef9lUBeHxtDIV1Q/kGqT0LF3yGl+dMKBNZHy/nEVgaumltNmVrRyFfXFDGlBgB39YOwx1PKfc66E2zwfJZrVCIH7Lf5S5mC04QuVi2Ta8OZ0hvGE83dKkRnWTmwZB2n4DqqYETOuNa5MkX+PSsBWroUs9yx5NfjyDufmly5MZl0d6ANatOve41I6f91yU4I7/IZDrf5kGfPEOd7xuRv98TAdrZlqcu2If3t4Rqe33lYlxAUvdL83EaULrq2LNrVBFLIWEIVCLll56UVRWksLFhVU9DQsd+YzgX1aQ6YPCBd+3Oti97M/YqBfs1WY7cxcsq5apbT+zwjGPecokoP0opUrv8jD0RXS4AHkMjYVUjX6CivPRrpZ8iNIn+H7RuC64Mrhw7PgwuJzFBnW4JHiRdxr9+Cx4Pvg++TH1Y8l3Bk8YECepXro0TKM4vUVKx/hPVUA"
                },
                "password_for_user_2": {
                    "sensitive": false,
                    "type": "string",
                    "value": "wcFMA0OgZCE4709nARAAedPs/wsLZGbQbQYdGBPA2OYQ8zneHE7FOopeyPOgOg/R2GBQlFw4619HjhzAwDMi+qfibeRTeeS8Zaw9DOGEmRLDsCHDQPKgsFJWyP467sg86+2SXbwOEsYxYw4v+8n+q2afJ6aX5cjD/AunrVrqlTNnDJFR9SSV5Z1urlFT2aof8hwAvMDkzWUHC/VQXNygLhm9RlbFW2hWhn2v3ppSUA69uXXoPQgD8HxZXUdVVQn8I7dD2GXe99os0RxdEVO53xbYi8DgdwXPht0iKB7voYW4XUjSSthnqhw7/qIZEskTRp9hZPyunuNwUha9XIqZKf5XXHxNPB3VBzF613bvMi6MJkAqX94ewypxzs0MZGhBm/1eFDdkgMVRgFdv3Scz5IrnLFPk9X11trJ0BbJBb0jGTebrXM/as8lUVnmTfvt/vRa6IZhFLiDD/oS8vE3OQTUHkxTd90yt28DAc5cwnS5DxAKQw8/+03bmK1ev0pXeDfSUkxGl1XhoAOpvxQL53NyWkP6SAAb2y9ngzIPdCvT6iLE1xaLZ+NIvqLSCnOVLwvRahBHqPECqUoGXJWiHeL0XuxfeEFS/Vt2RnsnSXxRvbtaclXIbVkA9FlDA6MwWfLq5Z842yLYOght2ZA/7/Qk1oovicYY58K6lX3hvRid2ahgfnuTJmmgOaD6na6bS4AHkq6U5eMCj2BcOqCOrHoXlUOG9BeC64A3hgh7gL+Le9zTd4NfitCE/FOAE4BfguOTIBz4JQgeP+EiFhI3wikuN4l+rADfhTf4A"
                },
                "password_for_user_3": {
                    "sensitive": false,
                    "type": "string",
                    "value": "wcFMA0OgZCE4709nARAAhBZ1qXTlDGZ1SueeF9mdDZAD5/g0NSmbhjtb+XKMzIGQDQJvCmyduVflztOMl51sKpbDFuwhNaaysvjWXoiShY5groW78haaca202O9PC+oZa4yPrD6x6KzN4YiVuaQEaEQHbUZ60fbR1y5PGhWD6AyGhC0VQvMYdRu2gBHX4TnmC5j6jEYISI9eOwm6ePFYyFHpCazoc0ui7cDLDh97Bmftry9zJ+uP2LM54zCMTaFPOZFPQMIqxUbKqWBkXgfEsO+Ss8dMeNTJ+Oe0QxYtY4VP+VzCjImlIThLwgZzoLaTOalI/cBzXto/f60GF50LA/E405VJsswRlXsCMXyzP7qANAcPwZS4DI1agLkbcfVYIjjw5xJR9dJRerB1UuGiW7jWeSn/DhtVob/nUrDgsfm4gddDSJpXSUTPMAIXQhlZX0U3epsvFonCauyah0oVDmTKHKLQSfjlaxV6LqOOKfRxIpTNB9Yf0f/A3yWL1ZJ2QozVwm6iYXnkQ5DbSIuEbJrCjULbghpGjGFfygymzf0OIYajcdzOLO8OxEesVx+bUhlFjLgsIDdj2NWWOMWlFaXLaVd0ozvLcupC9dYfLWvG6QNNJHDJjjeBUbVl29HUqMxmRfqnZL+Z4c03w/bgfgiwwAA5aoLpPrH3MJ2KYlHWPjjI4ax9nsdq7y6tP1jS4AHkS0bG27DtEltDl1G9hALUNOHZ/+Cb4FDhe8/gHuIR9Gcc4DPiNFdxsuCT4CjgVOSJdQyqURk5sTwIUumckEfx4qbh0q7hvGQA"
                },
                "password_for_user_4": {
                    "sensitive": false,
                    "type": "string",
                    "value": "wcFMA0OgZCE4709nARAAYg3sfPuTm7BWfBCt5nV3tacpepDEIB0oad7T1JFCqPoIcfPrXUgHW5bxVTIi+ohm5d4Lo6TNRIiLuneFMGUCG74QBX4E7vVW4MK/EE9RKCxsH9eBLDffL9GSwONTs3L0RMx9F6gk7FQ2+Wz4iVjNDVDhoRAjqmnsezqHgd8Mo65Qw55RFZfOpfHS7vHO+Q+xCeizGLxaTK9mNcliJeqpo4W6QOFzXcdsc6PgRUod49j/HB8j81walIFAnHtAZEbaaXWwr6i1AWDz8IrhMEHSej3c4Xb03a2CghBDhFaZlTImHXM0wdD8hyWXPNRS2N4nTGhLLr+LhpGtgn13i13OGxSdscVrFuwLGDzfjLmaWz6BDrxTUpWfReV3h3+zBliO5cC3a4AkPmVnoTEr4BFU6peAVZG1iEbFrGnir8MoasHu+rCoBgo7V1xrHlr7TxDlURbkzbvzWWlhGHzfd/a1HtWEv9fhOWwBEtU9gbF95tghIBGyP5q7J5yG4Jk8NAaipRdnPzi3OTZaN9x/hGgjcYgeBaQTzjPp4dBxvvtI9uL7ICg1pwagd2QdIp0kUdamvsRVjtcfThlgz9twoPjFfo0OsfXUyWmgAwU7aPnXCxHfEIDPV6whwowYldVNoRtVoGEQ+leQ21w9Kggsknad5r5vEioCvuGGmle+S7jBXNXS4AHkCp3bWDuC1jcCYYfUXmd9a+EcD+CY4Hfhvh/gaOKpHXmz4NXiE+f51uCi4MbgMuRlnt7QStJhsr8pkXuGOXRz4oatfkrhQWgA"
                },
                "secret_key_for_user_0": {
                    "sensitive": false,
                    "type": "string",
                    "value": "B9JC0axMm75AmA3PxSybnafaBaOsgvutpMwK9u3j"
                },
                "secret_key_for_user_1": {
                    "sensitive": false,
                    "type": "string",
                    "value": "P/bMcMNlBw0y3t0ajxt8JpHTB2+N9R4uw8xDwMcD"
                },
                "secret_key_for_user_2": {
                    "sensitive": false,
                    "type": "string",
                    "value": "WwfZkKJkJYdv0YROmvh1UMEiTZ0kAqKKBbGUax3b"
                },
                "secret_key_for_user_3": {
                    "sensitive": false,
                    "type": "string",
                    "value": "kbOe50Yj1q4cJysH/dFcX+S80Uu5988pB5mEFmUk"
                },
                "secret_key_for_user_4": {
                    "sensitive": false,
                    "type": "string",
                    "value": "KpZjvR/TLPHr2n3KdYOsuAb6kEvGLScB67KIdWH/"
                },
                "username_for_user_0": {
                    "sensitive": false,
                    "type": "string",
                    "value": "student_workshop_user_0"
                },
                "username_for_user_1": {
                    "sensitive": false,
                    "type": "string",
                    "value": "student_workshop_user_1"
                },
                "username_for_user_2": {
                    "sensitive": false,
                    "type": "string",
                    "value": "student_workshop_user_2"
                },
                "username_for_user_3": {
                    "sensitive": false,
                    "type": "string",
                    "value": "student_workshop_user_3"
                },
                "username_for_user_4": {
                    "sensitive": false,
                    "type": "string",
                    "value": "student_workshop_user_4"
                }
            },
            "resources": {
                "aws_iam_access_key.workshop_user_keys_.0": {
                    "type": "aws_iam_access_key",
                    "depends_on": [
                        "aws_iam_user.workshop_user_.*"
                    ],
                    "primary": {
                        "id": "AKIAJWS4TYWFHPCR7DXQ",
                        "attributes": {
                            "id": "AKIAJWS4TYWFHPCR7DXQ",
                            "secret": "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",
                            "ses_smtp_password": "AjIE4URR8uaQIuysaNVyEYTzaWIA9r8AOGeDAPeVrIAv",
                            "status": "Active",
                            "user": "student_workshop_user_0"
                        },
                        "meta": {},
                        "tainted": false
                    },
                    "deposed": [],
                    "provider": "module.account01.provider.aws"
                },
                "aws_iam_access_key.workshop_user_keys_.1": {
                    "type": "aws_iam_access_key",
                    "depends_on": [
                        "aws_iam_user.workshop_user_.*"
                    ],
                    "primary": {
                        "id": "AKIAI3FKYY5BDTJLG7WQ",
                        "attributes": {
                            "id": "AKIAI3FKYY5BDTJLG7WQ",
                            "secret": "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",
                            "ses_smtp_password": "AotuWOOhdyXyRX+XqcKbNXFdFeO0U05wmWyd34W2UHzN",
                            "status": "Active",
                            "user": "student_workshop_user_1"
                        },
                        "meta": {},
                        "tainted": false
                    },
                    "deposed": [],
                    "provider": "module.account01.provider.aws"
                },
                "aws_iam_access_key.workshop_user_keys_.2": {
                    "type": "aws_iam_access_key",
                    "depends_on": [
                        "aws_iam_user.workshop_user_.*"
                    ],
                    "primary": {
                        "id": "AKIAJMO7RNOHR5CZA7NA",
                        "attributes": {
                            "id": "AKIAJMO7RNOHR5CZA7NA",
                            "secret": "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",
                            "ses_smtp_password": "Aslj9Il09wfIw78iohDCZQue8nV6w1Dtw3rnZv3eF0bP",
                            "status": "Active",
                            "user": "student_workshop_user_2"
                        },
                        "meta": {},
                        "tainted": false
                    },
                    "deposed": [],
                    "provider": "module.account01.provider.aws"
                },
                "aws_iam_access_key.workshop_user_keys_.3": {
                    "type": "aws_iam_access_key",
                    "depends_on": [
                        "aws_iam_user.workshop_user_.*"
                    ],
                    "primary": {
                        "id": "AKIAJCWZGPFNPJECMNLQ",
                        "attributes": {
                            "id": "AKIAJCWZGPFNPJECMNLQ",
                            "secret": "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",
                            "ses_smtp_password": "AuTXBwhQ8sGd3jgQNgcrZswiAh749YKyWnLd9pmADKD7",
                            "status": "Active",
                            "user": "student_workshop_user_3"
                        },
                        "meta": {},
                        "tainted": false
                    },
                    "deposed": [],
                    "provider": "module.account01.provider.aws"
                },
                "aws_iam_access_key.workshop_user_keys_.4": {
                    "type": "aws_iam_access_key",
                    "depends_on": [
                        "aws_iam_user.workshop_user_.*"
                    ],
                    "primary": {
                        "id": "AKIAI3H65HOUZU2MGNSQ",
                        "attributes": {
                            "id": "AKIAI3H65HOUZU2MGNSQ",
                            "secret": "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",
                            "ses_smtp_password": "Av974jaXgF52uY8D1tT8YiAfjRRGiexMO7v19zSvd4jf",
                            "status": "Active",
                            "user": "student_workshop_user_4"
                        },
                        "meta": {},
                        "tainted": false
                    },
                    "deposed": [],
                    "provider": "module.account01.provider.aws"
                },
                "aws_iam_user.workshop_user_.0": {
                    "type": "aws_iam_user",
                    "depends_on": [],
                    "primary": {
                        "id": "student_workshop_user_0",
                        "attributes": {
                            "arn": "arn:aws:iam::686770551824:user/student_workshop_user_0",
                            "force_destroy": "true",
                            "id": "student_workshop_user_0",
                            "name": "student_workshop_user_0",
                            "path": "/",
                            "unique_id": "AIDAJVSXVIK7YAPQ5HNKS"
                        },
                        "meta": {},
                        "tainted": false
                    },
                    "deposed": [],
                    "provider": "module.account01.provider.aws"
                },
                "aws_iam_user.workshop_user_.1": {
                    "type": "aws_iam_user",
                    "depends_on": [],
                    "primary": {
                        "id": "student_workshop_user_1",
                        "attributes": {
                            "arn": "arn:aws:iam::686770551824:user/student_workshop_user_1",
                            "force_destroy": "true",
                            "id": "student_workshop_user_1",
                            "name": "student_workshop_user_1",
                            "path": "/",
                            "unique_id": "AIDAJNN6X7PVNFP5OZWOQ"
                        },
                        "meta": {},
                        "tainted": false
                    },
                    "deposed": [],
                    "provider": "module.account01.provider.aws"
                },
                "aws_iam_user.workshop_user_.2": {
                    "type": "aws_iam_user",
                    "depends_on": [],
                    "primary": {
                        "id": "student_workshop_user_2",
                        "attributes": {
                            "arn": "arn:aws:iam::686770551824:user/student_workshop_user_2",
                            "force_destroy": "true",
                            "id": "student_workshop_user_2",
                            "name": "student_workshop_user_2",
                            "path": "/",
                            "unique_id": "AIDAIT2TRITCOGSWBBGUW"
                        },
                        "meta": {},
                        "tainted": false
                    },
                    "deposed": [],
                    "provider": "module.account01.provider.aws"
                },
                "aws_iam_user.workshop_user_.3": {
                    "type": "aws_iam_user",
                    "depends_on": [],
                    "primary": {
                        "id": "student_workshop_user_3",
                        "attributes": {
                            "arn": "arn:aws:iam::686770551824:user/student_workshop_user_3",
                            "force_destroy": "true",
                            "id": "student_workshop_user_3",
                            "name": "student_workshop_user_3",
                            "path": "/",
                            "unique_id": "AIDAIVPYDKYFN3CWQXWC2"
                        },
                        "meta": {},
                        "tainted": false
                    },
                    "deposed": [],
                    "provider": "module.account01.provider.aws"
                },
                "aws_iam_user.workshop_user_.4": {
                    "type": "aws_iam_user",
                    "depends_on": [],
                    "primary": {
                        "id": "student_workshop_user_4",
                        "attributes": {
                            "arn": "arn:aws:iam::686770551824:user/student_workshop_user_4",
                            "force_destroy": "true",
                            "id": "student_workshop_user_4",
                            "name": "student_workshop_user_4",
                            "path": "/",
                            "unique_id": "AIDAJQNDUVWD7KNO7ST3W"
                        },
                        "meta": {},
                        "tainted": false
                    },
                    "deposed": [],
                    "provider": "module.account01.provider.aws"
                },
                "aws_iam_user_login_profile.workshop_user_profile.0": {
                    "type": "aws_iam_user_login_profile",
                    "depends_on": [
                        "aws_iam_user.workshop_user_",
                        "aws_iam_user.workshop_user_.*"
                    ],
                    "primary": {
                        "id": "student_workshop_user_0",
                        "attributes": {
                            "encrypted_password": "wcFMA0OgZCE4709nARAAns1GmjTTKUJyVdNTNlcIPRw9rvy+uumhMpnsMvFIBaHuYGlGvJ7aziIQDxoQBgMGiUfQmeMRDqKMCXZdbFSguCpM0Ajk7Zvi50k5GbwRydJ3X58CdWBGW0jLKb+ZmzZS+HVMtB6w5t8YQl98QxMWISmf/IdmsBCdBbE9ANYQV36jvhqNDLn19Vpz/3DSD2MfELmTiGCF8RMCCgwTiq3ooQEA8KbIQEB+AI5TP3ZJdhFj0+YGM4q/2D7cep5qOuaWCWin5OfCOdXuoubWnaGBGDODyYsJHyuzuX6/kk4EiWfFYn5NS71xrUr2Hbip98bYKwngOq82DM0Vhcz6LDYITYpQTSJDIur+0MplKmcCu5Hknk6Ih8LrczqicwxTs457QOhUHQH4GblCQKkwPqdToB8/Sfi2jnPIfack1O2JxqQqi8EGxsNbT6TkbIV72dj4igJQ0OT0AZa1Ite9YP8K0XSzOLfPuCqRF4eYv0qAet83DucuL4qiyaY1q87sZHOnRKQLdT2ugvo95+ROwg2T39mq4XVPiNh4uK3M1ABkkFvmY4Z/gl8L7UX4h/uLro+ROGVEGjsHFfDyg8g0n8FhrIqEbDyvn9KfVc379JKNC6k+OCW9MnZ+kObNlF75sDR+657QovaEEN+cUVZxeOkZws9m2ehJr2FHWyitnVtPB6zS4AHk8BTF09g1NULjqFIJ0JX6reGm5eBk4FnhZfLg1OInhM5q4DPiuA49++BU4AfgIOS59FpN3VAZxsgpOGF/HpGC4gyxnqHhd/IA",
                            "id": "student_workshop_user_0",
                            "key_fingerprint": "48e741fcf30ed563de23c3d02517b91d9d22507e",
                            "password_length": "5",
                            "password_reset_required": "false",
                            "pgp_key": "keybase:nubbthedestroyer",
                            "user": "student_workshop_user_0"
                        },
                        "meta": {},
                        "tainted": false
                    },
                    "deposed": [],
                    "provider": "module.account01.provider.aws"
                },
                "aws_iam_user_login_profile.workshop_user_profile.1": {
                    "type": "aws_iam_user_login_profile",
                    "depends_on": [
                        "aws_iam_user.workshop_user_",
                        "aws_iam_user.workshop_user_.*"
                    ],
                    "primary": {
                        "id": "student_workshop_user_1",
                        "attributes": {
                            "encrypted_password": "wcFMA0OgZCE4709nARAAW+awRMEAL0hW4LRu5tP4+knXPhlyATMTkNXpBpDeMjV1EVK4egHXS/8I3J7VuJATADfG8PxDebsRfE8oTg7O7gjspynYFOMLDRToeNDCkT0u1p3+4amuUB4uY49ciGS8gXX+5+sQBU2haJ5rKLJcKv7MQWjzzh15tDztA1OGM+gxTkH7wKHfPnzGrrwHWe7t8PjhpCQHNo2qOstu69ZbeqKEwKnOzREoeWaJny0gbVotpxnIx/gzkKXYCiVBvMvD1ptHK57oevvYppMC3fnxMZ/qe7x94n5ZIjc5NclY2vFQ1qFmh7RiQGN4bOPWXeSU6aA4UXgvrhHXef9lUBeHxtDIV1Q/kGqT0LF3yGl+dMKBNZHy/nEVgaumltNmVrRyFfXFDGlBgB39YOwx1PKfc66E2zwfJZrVCIH7Lf5S5mC04QuVi2Ta8OZ0hvGE83dKkRnWTmwZB2n4DqqYETOuNa5MkX+PSsBWroUs9yx5NfjyDufmly5MZl0d6ANatOve41I6f91yU4I7/IZDrf5kGfPEOd7xuRv98TAdrZlqcu2If3t4Rqe33lYlxAUvdL83EaULrq2LNrVBFLIWEIVCLll56UVRWksLFhVU9DQsd+YzgX1aQ6YPCBd+3Oti97M/YqBfs1WY7cxcsq5apbT+zwjGPecokoP0opUrv8jD0RXS4AHkMjYVUjX6CivPRrpZ8iNIn+H7RuC64Mrhw7PgwuJzFBnW4JHiRdxr9+Cx4Pvg++TH1Y8l3Bk8YECepXro0TKM4vUVKx/hPVUA",
                            "id": "student_workshop_user_1",
                            "key_fingerprint": "48e741fcf30ed563de23c3d02517b91d9d22507e",
                            "password_length": "5",
                            "password_reset_required": "false",
                            "pgp_key": "keybase:nubbthedestroyer",
                            "user": "student_workshop_user_1"
                        },
                        "meta": {},
                        "tainted": false
                    },
                    "deposed": [],
                    "provider": "module.account01.provider.aws"
                },
                "aws_iam_user_login_profile.workshop_user_profile.2": {
                    "type": "aws_iam_user_login_profile",
                    "depends_on": [
                        "aws_iam_user.workshop_user_",
                        "aws_iam_user.workshop_user_.*"
                    ],
                    "primary": {
                        "id": "student_workshop_user_2",
                        "attributes": {
                            "encrypted_password": "wcFMA0OgZCE4709nARAAedPs/wsLZGbQbQYdGBPA2OYQ8zneHE7FOopeyPOgOg/R2GBQlFw4619HjhzAwDMi+qfibeRTeeS8Zaw9DOGEmRLDsCHDQPKgsFJWyP467sg86+2SXbwOEsYxYw4v+8n+q2afJ6aX5cjD/AunrVrqlTNnDJFR9SSV5Z1urlFT2aof8hwAvMDkzWUHC/VQXNygLhm9RlbFW2hWhn2v3ppSUA69uXXoPQgD8HxZXUdVVQn8I7dD2GXe99os0RxdEVO53xbYi8DgdwXPht0iKB7voYW4XUjSSthnqhw7/qIZEskTRp9hZPyunuNwUha9XIqZKf5XXHxNPB3VBzF613bvMi6MJkAqX94ewypxzs0MZGhBm/1eFDdkgMVRgFdv3Scz5IrnLFPk9X11trJ0BbJBb0jGTebrXM/as8lUVnmTfvt/vRa6IZhFLiDD/oS8vE3OQTUHkxTd90yt28DAc5cwnS5DxAKQw8/+03bmK1ev0pXeDfSUkxGl1XhoAOpvxQL53NyWkP6SAAb2y9ngzIPdCvT6iLE1xaLZ+NIvqLSCnOVLwvRahBHqPECqUoGXJWiHeL0XuxfeEFS/Vt2RnsnSXxRvbtaclXIbVkA9FlDA6MwWfLq5Z842yLYOght2ZA/7/Qk1oovicYY58K6lX3hvRid2ahgfnuTJmmgOaD6na6bS4AHkq6U5eMCj2BcOqCOrHoXlUOG9BeC64A3hgh7gL+Le9zTd4NfitCE/FOAE4BfguOTIBz4JQgeP+EiFhI3wikuN4l+rADfhTf4A",
                            "id": "student_workshop_user_2",
                            "key_fingerprint": "48e741fcf30ed563de23c3d02517b91d9d22507e",
                            "password_length": "5",
                            "password_reset_required": "false",
                            "pgp_key": "keybase:nubbthedestroyer",
                            "user": "student_workshop_user_2"
                        },
                        "meta": {},
                        "tainted": false
                    },
                    "deposed": [],
                    "provider": "module.account01.provider.aws"
                },
                "aws_iam_user_login_profile.workshop_user_profile.3": {
                    "type": "aws_iam_user_login_profile",
                    "depends_on": [
                        "aws_iam_user.workshop_user_",
                        "aws_iam_user.workshop_user_.*"
                    ],
                    "primary": {
                        "id": "student_workshop_user_3",
                        "attributes": {
                            "encrypted_password": "wcFMA0OgZCE4709nARAAhBZ1qXTlDGZ1SueeF9mdDZAD5/g0NSmbhjtb+XKMzIGQDQJvCmyduVflztOMl51sKpbDFuwhNaaysvjWXoiShY5groW78haaca202O9PC+oZa4yPrD6x6KzN4YiVuaQEaEQHbUZ60fbR1y5PGhWD6AyGhC0VQvMYdRu2gBHX4TnmC5j6jEYISI9eOwm6ePFYyFHpCazoc0ui7cDLDh97Bmftry9zJ+uP2LM54zCMTaFPOZFPQMIqxUbKqWBkXgfEsO+Ss8dMeNTJ+Oe0QxYtY4VP+VzCjImlIThLwgZzoLaTOalI/cBzXto/f60GF50LA/E405VJsswRlXsCMXyzP7qANAcPwZS4DI1agLkbcfVYIjjw5xJR9dJRerB1UuGiW7jWeSn/DhtVob/nUrDgsfm4gddDSJpXSUTPMAIXQhlZX0U3epsvFonCauyah0oVDmTKHKLQSfjlaxV6LqOOKfRxIpTNB9Yf0f/A3yWL1ZJ2QozVwm6iYXnkQ5DbSIuEbJrCjULbghpGjGFfygymzf0OIYajcdzOLO8OxEesVx+bUhlFjLgsIDdj2NWWOMWlFaXLaVd0ozvLcupC9dYfLWvG6QNNJHDJjjeBUbVl29HUqMxmRfqnZL+Z4c03w/bgfgiwwAA5aoLpPrH3MJ2KYlHWPjjI4ax9nsdq7y6tP1jS4AHkS0bG27DtEltDl1G9hALUNOHZ/+Cb4FDhe8/gHuIR9Gcc4DPiNFdxsuCT4CjgVOSJdQyqURk5sTwIUumckEfx4qbh0q7hvGQA",
                            "id": "student_workshop_user_3",
                            "key_fingerprint": "48e741fcf30ed563de23c3d02517b91d9d22507e",
                            "password_length": "5",
                            "password_reset_required": "false",
                            "pgp_key": "keybase:nubbthedestroyer",
                            "user": "student_workshop_user_3"
                        },
                        "meta": {},
                        "tainted": false
                    },
                    "deposed": [],
                    "provider": "module.account01.provider.aws"
                },
                "aws_iam_user_login_profile.workshop_user_profile.4": {
                    "type": "aws_iam_user_login_profile",
                    "depends_on": [
                        "aws_iam_user.workshop_user_",
                        "aws_iam_user.workshop_user_.*"
                    ],
                    "primary": {
                        "id": "student_workshop_user_4",
                        "attributes": {
                            "encrypted_password": "wcFMA0OgZCE4709nARAAYg3sfPuTm7BWfBCt5nV3tacpepDEIB0oad7T1JFCqPoIcfPrXUgHW5bxVTIi+ohm5d4Lo6TNRIiLuneFMGUCG74QBX4E7vVW4MK/EE9RKCxsH9eBLDffL9GSwONTs3L0RMx9F6gk7FQ2+Wz4iVjNDVDhoRAjqmnsezqHgd8Mo65Qw55RFZfOpfHS7vHO+Q+xCeizGLxaTK9mNcliJeqpo4W6QOFzXcdsc6PgRUod49j/HB8j81walIFAnHtAZEbaaXWwr6i1AWDz8IrhMEHSej3c4Xb03a2CghBDhFaZlTImHXM0wdD8hyWXPNRS2N4nTGhLLr+LhpGtgn13i13OGxSdscVrFuwLGDzfjLmaWz6BDrxTUpWfReV3h3+zBliO5cC3a4AkPmVnoTEr4BFU6peAVZG1iEbFrGnir8MoasHu+rCoBgo7V1xrHlr7TxDlURbkzbvzWWlhGHzfd/a1HtWEv9fhOWwBEtU9gbF95tghIBGyP5q7J5yG4Jk8NAaipRdnPzi3OTZaN9x/hGgjcYgeBaQTzjPp4dBxvvtI9uL7ICg1pwagd2QdIp0kUdamvsRVjtcfThlgz9twoPjFfo0OsfXUyWmgAwU7aPnXCxHfEIDPV6whwowYldVNoRtVoGEQ+leQ21w9Kggsknad5r5vEioCvuGGmle+S7jBXNXS4AHkCp3bWDuC1jcCYYfUXmd9a+EcD+CY4Hfhvh/gaOKpHXmz4NXiE+f51uCi4MbgMuRlnt7QStJhsr8pkXuGOXRz4oatfkrhQWgA",
                            "id": "student_workshop_user_4",
                            "key_fingerprint": "48e741fcf30ed563de23c3d02517b91d9d22507e",
                            "password_length": "5",
                            "password_reset_required": "false",
                            "pgp_key": "keybase:nubbthedestroyer",
                            "user": "student_workshop_user_4"
                        },
                        "meta": {},
                        "tainted": false
                    },
                    "deposed": [],
                    "provider": "module.account01.provider.aws"
                },
                "aws_iam_user_policy.workshop_user_pol_.0": {
                    "type": "aws_iam_user_policy",
                    "depends_on": [
                        "aws_iam_user.workshop_user_.*"
                    ],
                    "primary": {
                        "id": "student_workshop_user_0:student_workshop_user_pol_0",
                        "attributes": {
                            "id": "student_workshop_user_0:student_workshop_user_pol_0",
                            "name": "student_workshop_user_pol_0",
                            "policy": "{\n  \"Version\": \"2012-10-17\",\n  \"Statement\": [\n    {\n      \"Action\": [\n        \"*\"\n      ],\n      \"Effect\": \"Allow\",\n      \"Resource\": \"*\"\n    }\n  ]\n}\n",
                            "user": "student_workshop_user_0"
                        },
                        "meta": {},
                        "tainted": false
                    },
                    "deposed": [],
                    "provider": "module.account01.provider.aws"
                },
                "aws_iam_user_policy.workshop_user_pol_.1": {
                    "type": "aws_iam_user_policy",
                    "depends_on": [
                        "aws_iam_user.workshop_user_.*"
                    ],
                    "primary": {
                        "id": "student_workshop_user_1:student_workshop_user_pol_1",
                        "attributes": {
                            "id": "student_workshop_user_1:student_workshop_user_pol_1",
                            "name": "student_workshop_user_pol_1",
                            "policy": "{\n  \"Version\": \"2012-10-17\",\n  \"Statement\": [\n    {\n      \"Action\": [\n        \"*\"\n      ],\n      \"Effect\": \"Allow\",\n      \"Resource\": \"*\"\n    }\n  ]\n}\n",
                            "user": "student_workshop_user_1"
                        },
                        "meta": {},
                        "tainted": false
                    },
                    "deposed": [],
                    "provider": "module.account01.provider.aws"
                },
                "aws_iam_user_policy.workshop_user_pol_.2": {
                    "type": "aws_iam_user_policy",
                    "depends_on": [
                        "aws_iam_user.workshop_user_.*"
                    ],
                    "primary": {
                        "id": "student_workshop_user_2:student_workshop_user_pol_2",
                        "attributes": {
                            "id": "student_workshop_user_2:student_workshop_user_pol_2",
                            "name": "student_workshop_user_pol_2",
                            "policy": "{\n  \"Version\": \"2012-10-17\",\n  \"Statement\": [\n    {\n      \"Action\": [\n        \"*\"\n      ],\n      \"Effect\": \"Allow\",\n      \"Resource\": \"*\"\n    }\n  ]\n}\n",
                            "user": "student_workshop_user_2"
                        },
                        "meta": {},
                        "tainted": false
                    },
                    "deposed": [],
                    "provider": "module.account01.provider.aws"
                },
                "aws_iam_user_policy.workshop_user_pol_.3": {
                    "type": "aws_iam_user_policy",
                    "depends_on": [
                        "aws_iam_user.workshop_user_.*"
                    ],
                    "primary": {
                        "id": "student_workshop_user_3:student_workshop_user_pol_3",
                        "attributes": {
                            "id": "student_workshop_user_3:student_workshop_user_pol_3",
                            "name": "student_workshop_user_pol_3",
                            "policy": "{\n  \"Version\": \"2012-10-17\",\n  \"Statement\": [\n    {\n      \"Action\": [\n        \"*\"\n      ],\n      \"Effect\": \"Allow\",\n      \"Resource\": \"*\"\n    }\n  ]\n}\n",
                            "user": "student_workshop_user_3"
                        },
                        "meta": {},
                        "tainted": false
                    },
                    "deposed": [],
                    "provider": "module.account01.provider.aws"
                },
                "aws_iam_user_policy.workshop_user_pol_.4": {
                    "type": "aws_iam_user_policy",
                    "depends_on": [
                        "aws_iam_user.workshop_user_.*"
                    ],
                    "primary": {
                        "id": "student_workshop_user_4:student_workshop_user_pol_4",
                        "attributes": {
                            "id": "student_workshop_user_4:student_workshop_user_pol_4",
                            "name": "student_workshop_user_pol_4",
                            "policy": "{\n  \"Version\": \"2012-10-17\",\n  \"Statement\": [\n    {\n      \"Action\": [\n        \"*\"\n      ],\n      \"Effect\": \"Allow\",\n      \"Resource\": \"*\"\n    }\n  ]\n}\n",
                            "user": "student_workshop_user_4"
                        },
                        "meta": {},
                        "tainted": false
                    },
                    "deposed": [],
                    "provider": "module.account01.provider.aws"
                }
            },
            "depends_on": []
        },
        {
            "path": [
                "root",
                "account02"
            ],
            "outputs": {
                "access_key_for_user_0": {
                    "sensitive": false,
                    "type": "string",
                    "value": "AKIAJ45C5FLSHN6UPSLA"
                },
                "access_key_for_user_1": {
                    "sensitive": false,
                    "type": "string",
                    "value": "AKIAIFMUZNQX3C3LUB7Q"
                },
                "access_key_for_user_2": {
                    "sensitive": false,
                    "type": "string",
                    "value": "AKIAIGMKAAPSUQLAT7BQ"
                },
                "access_key_for_user_3": {
                    "sensitive": false,
                    "type": "string",
                    "value": "AKIAIJASBXY7BGTTX2DA"
                },
                "access_key_for_user_4": {
                    "sensitive": false,
                    "type": "string",
                    "value": "AKIAIMNVC5Z3ZCHIERLQ"
                },
                "password_for_user_0": {
                    "sensitive": false,
                    "type": "string",
                    "value": "[wcFMA0OgZCE4709nARAAbTszcAYLt9atWbLEuOI1UWFv7fQ/RZnZnSne1R9bqykaXPQRymwaWYl0g9FKDutwOVm1cNCrOF8PpU0WheF8y8s/0zmAu3ZSicfHuyfaBtG+M3xuiABsdPscl1JhGEqPyjoBsRAcQq6N6domymVYxLV3jxBOtooDsn4Nwi/OWOJ9xI9m593qY5jgENbkumPCHgsYomJOnWs8jk9k8nyDGtk2jG2+YK1PIViavt48PNZrINiFsYNKaNkfEdrgN2s8hQJrH/HjAjTUr+CpAMni8uwMwSr+ANWy6Li0UpJ9+73VuyAAQHz8lgiX1dfAiefn2T3Iau7eeSnS1JHkghzkpernMlUj45PhJ6p5vtiroDgmaRIpRsOPBITZ2p2lR1eOuGzAVvNLb8PnQFo9zrkcix8DLKyhzGxiOERpKH+DGOMCbawj4PO8DRKpTrllQBfQKRi97OcZ/NNGieu3LouJ3ms9RONbyXPbkwf0GS/XUbIvjtPyqYap/Unvz2vs5SIdskmvm6r7QPALRKUFQGv7RxQgqSlt/qv8m9mgRtTP3rzS+V1Nyvhnrze8txcqP3vT4Rm0xiGwpKs1F9KzziUZcFxWzVTz6k1UbppsTyEi+w+CkpiM0X/uLWncWF3CeoMV6ZFKxBTDWRhr/RjsQg1YQhxYw3BoPqraLFGQx9jgjLrS4AHkGoWjW3ZGfxvmBu3L0zQIB+FLr+DT4HfhOt3gkeKfybLL4GjiE4UeKOAk4Jbg2ORnFDyPAt0UHVXxjFf8YBiX4qhYXVrhWuAA]"
                },
                "password_for_user_1": {
                    "sensitive": false,
                    "type": "string",
                    "value": "wcFMA0OgZCE4709nARAArMq8opLZBXjFaByUbfAhwzb56Pc1u/p/+ssbDBGHd6XfdXAvCzou1671yJ9RTtDTAtwqvUvw42v0I9fRdkbO7AaIVNpbjnjTTD/IoX8JnVQFR6AqedATPj51ACJ4hsr1TmYj0f3EzjePJmIzOCO1/y7n+Z4AV6wOGUNlGS2YAeLH8kIpeSD4JnoqzeOwXPEhVzSXKSD8oCG9iQOMJJgYOUjzBT4MU+9rmqs71Nj4+DaBS86v4UlujoYOWssk1UuMi2aAZKLHXBvz4gctKWVXp82nJP2VrVZV8Gd321XA9uj9mJ6/om56QwE7DQb4OneZOhdb0+bZqmkB06sSqKDnn08yIgdYp24TzTpJqQgQ+9tgTAPV3qLRR/qG2SubYKexACJMrj+M9TmmNNbAUoubgSpiNZRu5u4d2XfJEeTTGrB/EWxZx3Cxp3m0ki+HM6WAVb/T/TekMqlvEJT7eZAlV3HsPVVQEbVplcv1nPwNRgxXsqsmeJDwsdTP79KCI1GXtvBLDNk6j2VYLUyOMvGBzx7S6pZ6VICTAHuceAkGxw11xStp58grSVBqJ+ClUwg8muhQCdOy4hw+42KVJ36Lx6sL7HUWeQ9z1PGwSrb05b4AXRolE9ZJJ9cCksfihko65zplVa2SrhPiAj57A2+f5qRj2T04fD0IQ6b9Q/FrgpfS4AHkYp9n0BQiAU4o4FhLAGGzBuEW4+DP4Mrh+Gvg9OI6yzq44OPiROvTe+DO4OXgkeQRmcraaH+JAHjfyOJmhUp14q+XEcLhUt8A"
                },
                "password_for_user_2": {
                    "sensitive": false,
                    "type": "string",
                    "value": "wcFMA0OgZCE4709nARAAm1z+Y7V42ZevpXuGI+76of96pMeiP3GPqYn2W0appPqeZ2KMOZX5XvgkYQp4+T7Le8MYyORZLHpvNZypNm2YUGGzsjwFGG0zvPD98cMsasDibAFZfsXvYcIf7La4qUlt40kGYmC3GtzhIFo//7s4n2XEzR/SuD4l2hQrFaeAt7Abis0+VnIm7lTrHQ2JEBUMpZmYKQYzkKJx7soCTJJTej/6qbfbT5Rv75XMs6yJVv8WifUBBB3wETjYcBfsF2CwJwGzLpGcuCbeGm/LLpYL49fPhIFdtGCUuaNx6+9LOfPY1j2kgIHmE76k6INTCYqyWfnTi0F6Yk2ICTHpYmZRYRwE+34rifia7Kdqjp+szv+4ySpHuq5p7xpm/nl77W3eW0cJ28xkSSUn6d5jkUuUONVLW+WwJFbzB76b9z97kUyI/SQ+ubGcXq1LiNdn9//XQwRKComTLAas9JO24k8GOadNiiOEV90mc2kEyoLFEj7DW45OHNU9ThQAuPyY8maHkElXxI0VdiQJzDpgnuXD1DHr8MhUkQX0po6hcWwUkz4cfwMkY8QjAuMaO728adCjhKkP7/HBteRwFexclVWP0cQMP1R3UBPxgB38dnZtHUj9cAhFKdO2RXYwkaXn9wrQ4aVpp0GyDzdzyX28XKti0qaGtt+Htfy/eKG3f1UixXvS4AHk7h6mBIVjD9qzHyfa0UR/9eFaquA74JPhURPgFOIrbDLx4Primnf1ouDK4NLgbuRDfWmph6meOg5gnzm0SeX04iFQ1k3hS7QA"
                },
                "password_for_user_3": {
                    "sensitive": false,
                    "type": "string",
                    "value": "wcFMA0OgZCE4709nARAAn10Ax1Bpy4dawxKQJwisbra2Or2FUiqhzNW0pIyUnJqrHWYjOMuMjTkWFUjvq+/DBfdTsaBJeDuKwIkwMxU6as15Lc3G5RpLcxU7ezAFgvJ6/RVBX6u19tnf5MhWXjaQ3yM/wvwQViWXS2ORQPHit9KgsUrqW5YfOhUWz/J3hrDVFT/D9I0pXkEQt0u+fq5eNPM9XnUSh32RG8dncRgDxRB2hHjTjw+tzVeQ54zDA9vGF7QKOsmV6JjjTaXeiZpRFesgIY5lhorbgsF0GCSp4w8mmFk61bPpYnmVL0Nc3xOXLHjU8DCG9GYhfHeBoGDhkX0zA+qr3wSkQ8IBjfHtKRV+ZWAPLo8mfIh2zYQG4ghYfdK1lykEeDCAERZnQsYmPE34IT8TFOLVPWql3Y/uzxLD9RrmqaKTrHt18LA+HI09TszELYOHf3j9D46otAyxDxGlwm9QQbL2VNjreaibzc5FzhvjAAjzuvnmv0VTvYcFZWdV1JTanhGdOQUj5UA6vaP6Ws7XwIl6QddtjiKIsWwRWW3QLm2A/Pay6oE2bIZSUQLnQ6wUOoFrnurYjFDk+bLf/VkND/bKNN72e7nEx7EtTVos0jwQ9OMeOf7VXu8B5258KQpMWoR9O610e5AZQUmb9TjGUPeC8cemZ3Etz/KB+sRvGTH9ISmvuAMpfxDS4AHkZRhJUxfubyvyMI52iCKGPOEZKeD44GvhXLjgMOKzBVSa4F7idEelXuBl4NvgduRL8ncKBAJBWcrHA0Op9awF4lFJ7xDhCfkA"
                },
                "password_for_user_4": {
                    "sensitive": false,
                    "type": "string",
                    "value": "wcFMA0OgZCE4709nARAAP6tj7KKKKptT+O68ddsMxqbdRuWyh4rlSH0HurIP85vXQz4tVjRml/oBpomB3m4btfkyyw+HtM79rtt9g2B2VQhzPnXekSp4xlAEPetB9DqwDvguPq40ZpyX7g42Lq2YrcTURiVvPWhqQoJab3rf5fPxgOV8A4BARF3GU/GWVO+2C4myenbEHJlVKanL87sF+EeJem8+igt9dM/nlzfjsjHIE/6yX7vkkbbxEOCmAn38KK5DDY4xT9q9mV/Tt9pPX8LgRJYMmbXMwTEfBcEbbqcH1wV+oQPNQmDvQceJuZhIW1EkVYrbSssOJJBRaV4jpEpJQ9JFHItywP/rKzaJDktXrQ/pFJLmGNBuoK75aYKacVeHwlvdkBrRi2v66EhPtU550UoaLNIzR9wYjvJzUg6MSn/hnSR77uyeXr9Mt7NqF+/RC0QBLVd52FjbGZYaWWACZT0Vp4fk6jExx0KL5bagY1Xjza87fq0l862q4upX3iJ0CwrYH7tZ4LeRsgv3LiS17oxkTkRpeiJJc0xeffJF8o8oKR+FJVm2bppC5QkHHFsrPsuEKMLDO+T814ByLOrGhqI+394dC/DLFq3qXpURRZlOH6OTWEPIVgLyJ02I3L2dxUrn5bO68oAZBBwAIQzkO6rA6TfLzebJ5kmBXxpdhVp6DJD1Kd2xDxtBoePS4AHkM1/2zG/xJBeKO8hqp+cwjeFlTuBY4JrhNlzgY+Kzu5we4MLiAluiaOC34CDgdeRTlUlC+BVOp3zuQBkvPZKK4uQA/1ThOl8A"
                },
                "secret_key_for_user_0": {
                    "sensitive": false,
                    "type": "string",
                    "value": "lP/FXbfu4gqxv5ZQcvo/jGRzRclAurlDDdrTyq5K"
                },
                "secret_key_for_user_1": {
                    "sensitive": false,
                    "type": "string",
                    "value": "R2rhQg7s8g4gVASacz4Mvt3Ec1JckmFKDCFn7R82"
                },
                "secret_key_for_user_2": {
                    "sensitive": false,
                    "type": "string",
                    "value": "ABuDgeNC4NJ3QML4ossbXl5a2pz4+asdf5t+h9Lu"
                },
                "secret_key_for_user_3": {
                    "sensitive": false,
                    "type": "string",
                    "value": "5Ft03vhmpBWF+OkEH87zW4LuLVhYvjuiihBDSgiX"
                },
                "secret_key_for_user_4": {
                    "sensitive": false,
                    "type": "string",
                    "value": "z1dniuNAkTTGZOOo+S2vtrbNAW6QVNmrYW9hFH+h"
                },
                "username_for_user_0": {
                    "sensitive": false,
                    "type": "string",
                    "value": "student_workshop_user_0"
                },
                "username_for_user_1": {
                    "sensitive": false,
                    "type": "string",
                    "value": "student_workshop_user_1"
                },
                "username_for_user_2": {
                    "sensitive": false,
                    "type": "string",
                    "value": "student_workshop_user_2"
                },
                "username_for_user_3": {
                    "sensitive": false,
                    "type": "string",
                    "value": "student_workshop_user_3"
                },
                "username_for_user_4": {
                    "sensitive": false,
                    "type": "string",
                    "value": "student_workshop_user_4"
                }
            },
            "resources": {
                "aws_iam_access_key.workshop_user_keys_.0": {
                    "type": "aws_iam_access_key",
                    "depends_on": [
                        "aws_iam_user.workshop_user_.*"
                    ],
                    "primary": {
                        "id": "AKIAJ45C5FLSHN6UPSLA",
                        "attributes": {
                            "id": "AKIAJ45C5FLSHN6UPSLA",
                            "secret": "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",
                            "ses_smtp_password": "AtRbZy0s4BrIB+z3+CUraf/SbeLvpiUhL934AwHVvsqI",
                            "status": "Active",
                            "user": "student_workshop_user_0"
                        },
                        "meta": {},
                        "tainted": false
                    },
                    "deposed": [],
                    "provider": "module.account02.provider.aws"
                },
                "aws_iam_access_key.workshop_user_keys_.1": {
                    "type": "aws_iam_access_key",
                    "depends_on": [
                        "aws_iam_user.workshop_user_.*"
                    ],
                    "primary": {
                        "id": "AKIAIFMUZNQX3C3LUB7Q",
                        "attributes": {
                            "id": "AKIAIFMUZNQX3C3LUB7Q",
                            "secret": "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",
                            "ses_smtp_password": "AueiD3N+6rngsnxetlj7OtcbXXxD2TET0Jb43a18BIH7",
                            "status": "Active",
                            "user": "student_workshop_user_1"
                        },
                        "meta": {},
                        "tainted": false
                    },
                    "deposed": [],
                    "provider": "module.account02.provider.aws"
                },
                "aws_iam_access_key.workshop_user_keys_.2": {
                    "type": "aws_iam_access_key",
                    "depends_on": [
                        "aws_iam_user.workshop_user_.*"
                    ],
                    "primary": {
                        "id": "AKIAIGMKAAPSUQLAT7BQ",
                        "attributes": {
                            "id": "AKIAIGMKAAPSUQLAT7BQ",
                            "secret": "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",
                            "ses_smtp_password": "AkH2rFfuklf508KaklMSEW0LiDkIitEO8/7joK+FOQmq",
                            "status": "Active",
                            "user": "student_workshop_user_2"
                        },
                        "meta": {},
                        "tainted": false
                    },
                    "deposed": [],
                    "provider": "module.account02.provider.aws"
                },
                "aws_iam_access_key.workshop_user_keys_.3": {
                    "type": "aws_iam_access_key",
                    "depends_on": [
                        "aws_iam_user.workshop_user_.*"
                    ],
                    "primary": {
                        "id": "AKIAIJASBXY7BGTTX2DA",
                        "attributes": {
                            "id": "AKIAIJASBXY7BGTTX2DA",
                            "secret": "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",
                            "ses_smtp_password": "AhafIx0dFI3QP7ozAEB/SAy9EcEhpW0AFjjSvCkodm32",
                            "status": "Active",
                            "user": "student_workshop_user_3"
                        },
                        "meta": {},
                        "tainted": false
                    },
                    "deposed": [],
                    "provider": "module.account02.provider.aws"
                },
                "aws_iam_access_key.workshop_user_keys_.4": {
                    "type": "aws_iam_access_key",
                    "depends_on": [
                        "aws_iam_user.workshop_user_.*"
                    ],
                    "primary": {
                        "id": "AKIAIMNVC5Z3ZCHIERLQ",
                        "attributes": {
                            "id": "AKIAIMNVC5Z3ZCHIERLQ",
                            "secret": "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",
                            "ses_smtp_password": "AtZnhR6olssT2MwKvN8B+GCh0Dq2w5f4lBN4ORTTjdkp",
                            "status": "Active",
                            "user": "student_workshop_user_4"
                        },
                        "meta": {},
                        "tainted": false
                    },
                    "deposed": [],
                    "provider": "module.account02.provider.aws"
                },
                "aws_iam_user.workshop_user_.0": {
                    "type": "aws_iam_user",
                    "depends_on": [],
                    "primary": {
                        "id": "student_workshop_user_0",
                        "attributes": {
                            "arn": "arn:aws:iam::570862794788:user/student_workshop_user_0",
                            "force_destroy": "true",
                            "id": "student_workshop_user_0",
                            "name": "student_workshop_user_0",
                            "path": "/",
                            "unique_id": "AIDAJPMITLXJYA65ZXOQA"
                        },
                        "meta": {},
                        "tainted": false
                    },
                    "deposed": [],
                    "provider": "module.account02.provider.aws"
                },
                "aws_iam_user.workshop_user_.1": {
                    "type": "aws_iam_user",
                    "depends_on": [],
                    "primary": {
                        "id": "student_workshop_user_1",
                        "attributes": {
                            "arn": "arn:aws:iam::570862794788:user/student_workshop_user_1",
                            "force_destroy": "true",
                            "id": "student_workshop_user_1",
                            "name": "student_workshop_user_1",
                            "path": "/",
                            "unique_id": "AIDAIIPDGFQQIUYAHGG4A"
                        },
                        "meta": {},
                        "tainted": false
                    },
                    "deposed": [],
                    "provider": "module.account02.provider.aws"
                },
                "aws_iam_user.workshop_user_.2": {
                    "type": "aws_iam_user",
                    "depends_on": [],
                    "primary": {
                        "id": "student_workshop_user_2",
                        "attributes": {
                            "arn": "arn:aws:iam::570862794788:user/student_workshop_user_2",
                            "force_destroy": "true",
                            "id": "student_workshop_user_2",
                            "name": "student_workshop_user_2",
                            "path": "/",
                            "unique_id": "AIDAJLR46N3G2PAXJW6CS"
                        },
                        "meta": {},
                        "tainted": false
                    },
                    "deposed": [],
                    "provider": "module.account02.provider.aws"
                },
                "aws_iam_user.workshop_user_.3": {
                    "type": "aws_iam_user",
                    "depends_on": [],
                    "primary": {
                        "id": "student_workshop_user_3",
                        "attributes": {
                            "arn": "arn:aws:iam::570862794788:user/student_workshop_user_3",
                            "force_destroy": "true",
                            "id": "student_workshop_user_3",
                            "name": "student_workshop_user_3",
                            "path": "/",
                            "unique_id": "AIDAJ4C6VKQ6ZTP5XJBVS"
                        },
                        "meta": {},
                        "tainted": false
                    },
                    "deposed": [],
                    "provider": "module.account02.provider.aws"
                },
                "aws_iam_user.workshop_user_.4": {
                    "type": "aws_iam_user",
                    "depends_on": [],
                    "primary": {
                        "id": "student_workshop_user_4",
                        "attributes": {
                            "arn": "arn:aws:iam::570862794788:user/student_workshop_user_4",
                            "force_destroy": "true",
                            "id": "student_workshop_user_4",
                            "name": "student_workshop_user_4",
                            "path": "/",
                            "unique_id": "AIDAIMLEEQA5JCO4YKSGM"
                        },
                        "meta": {},
                        "tainted": false
                    },
                    "deposed": [],
                    "provider": "module.account02.provider.aws"
                },
                "aws_iam_user_login_profile.workshop_user_profile.0": {
                    "type": "aws_iam_user_login_profile",
                    "depends_on": [
                        "aws_iam_user.workshop_user_",
                        "aws_iam_user.workshop_user_.*"
                    ],
                    "primary": {
                        "id": "student_workshop_user_0",
                        "attributes": {
                            "encrypted_password": "wcFMA0OgZCE4709nARAAbTszcAYLt9atWbLEuOI1UWFv7fQ/RZnZnSne1R9bqykaXPQRymwaWYl0g9FKDutwOVm1cNCrOF8PpU0WheF8y8s/0zmAu3ZSicfHuyfaBtG+M3xuiABsdPscl1JhGEqPyjoBsRAcQq6N6domymVYxLV3jxBOtooDsn4Nwi/OWOJ9xI9m593qY5jgENbkumPCHgsYomJOnWs8jk9k8nyDGtk2jG2+YK1PIViavt48PNZrINiFsYNKaNkfEdrgN2s8hQJrH/HjAjTUr+CpAMni8uwMwSr+ANWy6Li0UpJ9+73VuyAAQHz8lgiX1dfAiefn2T3Iau7eeSnS1JHkghzkpernMlUj45PhJ6p5vtiroDgmaRIpRsOPBITZ2p2lR1eOuGzAVvNLb8PnQFo9zrkcix8DLKyhzGxiOERpKH+DGOMCbawj4PO8DRKpTrllQBfQKRi97OcZ/NNGieu3LouJ3ms9RONbyXPbkwf0GS/XUbIvjtPyqYap/Unvz2vs5SIdskmvm6r7QPALRKUFQGv7RxQgqSlt/qv8m9mgRtTP3rzS+V1Nyvhnrze8txcqP3vT4Rm0xiGwpKs1F9KzziUZcFxWzVTz6k1UbppsTyEi+w+CkpiM0X/uLWncWF3CeoMV6ZFKxBTDWRhr/RjsQg1YQhxYw3BoPqraLFGQx9jgjLrS4AHkGoWjW3ZGfxvmBu3L0zQIB+FLr+DT4HfhOt3gkeKfybLL4GjiE4UeKOAk4Jbg2ORnFDyPAt0UHVXxjFf8YBiX4qhYXVrhWuAA",
                            "id": "student_workshop_user_0",
                            "key_fingerprint": "48e741fcf30ed563de23c3d02517b91d9d22507e",
                            "password_length": "5",
                            "password_reset_required": "false",
                            "pgp_key": "keybase:nubbthedestroyer",
                            "user": "student_workshop_user_0"
                        },
                        "meta": {},
                        "tainted": false
                    },
                    "deposed": [],
                    "provider": "module.account02.provider.aws"
                },
                "aws_iam_user_login_profile.workshop_user_profile.1": {
                    "type": "aws_iam_user_login_profile",
                    "depends_on": [
                        "aws_iam_user.workshop_user_",
                        "aws_iam_user.workshop_user_.*"
                    ],
                    "primary": {
                        "id": "student_workshop_user_1",
                        "attributes": {
                            "encrypted_password": "wcFMA0OgZCE4709nARAArMq8opLZBXjFaByUbfAhwzb56Pc1u/p/+ssbDBGHd6XfdXAvCzou1671yJ9RTtDTAtwqvUvw42v0I9fRdkbO7AaIVNpbjnjTTD/IoX8JnVQFR6AqedATPj51ACJ4hsr1TmYj0f3EzjePJmIzOCO1/y7n+Z4AV6wOGUNlGS2YAeLH8kIpeSD4JnoqzeOwXPEhVzSXKSD8oCG9iQOMJJgYOUjzBT4MU+9rmqs71Nj4+DaBS86v4UlujoYOWssk1UuMi2aAZKLHXBvz4gctKWVXp82nJP2VrVZV8Gd321XA9uj9mJ6/om56QwE7DQb4OneZOhdb0+bZqmkB06sSqKDnn08yIgdYp24TzTpJqQgQ+9tgTAPV3qLRR/qG2SubYKexACJMrj+M9TmmNNbAUoubgSpiNZRu5u4d2XfJEeTTGrB/EWxZx3Cxp3m0ki+HM6WAVb/T/TekMqlvEJT7eZAlV3HsPVVQEbVplcv1nPwNRgxXsqsmeJDwsdTP79KCI1GXtvBLDNk6j2VYLUyOMvGBzx7S6pZ6VICTAHuceAkGxw11xStp58grSVBqJ+ClUwg8muhQCdOy4hw+42KVJ36Lx6sL7HUWeQ9z1PGwSrb05b4AXRolE9ZJJ9cCksfihko65zplVa2SrhPiAj57A2+f5qRj2T04fD0IQ6b9Q/FrgpfS4AHkYp9n0BQiAU4o4FhLAGGzBuEW4+DP4Mrh+Gvg9OI6yzq44OPiROvTe+DO4OXgkeQRmcraaH+JAHjfyOJmhUp14q+XEcLhUt8A",
                            "id": "student_workshop_user_1",
                            "key_fingerprint": "48e741fcf30ed563de23c3d02517b91d9d22507e",
                            "password_length": "5",
                            "password_reset_required": "false",
                            "pgp_key": "keybase:nubbthedestroyer",
                            "user": "student_workshop_user_1"
                        },
                        "meta": {},
                        "tainted": false
                    },
                    "deposed": [],
                    "provider": "module.account02.provider.aws"
                },
                "aws_iam_user_login_profile.workshop_user_profile.2": {
                    "type": "aws_iam_user_login_profile",
                    "depends_on": [
                        "aws_iam_user.workshop_user_",
                        "aws_iam_user.workshop_user_.*"
                    ],
                    "primary": {
                        "id": "student_workshop_user_2",
                        "attributes": {
                            "encrypted_password": "wcFMA0OgZCE4709nARAAm1z+Y7V42ZevpXuGI+76of96pMeiP3GPqYn2W0appPqeZ2KMOZX5XvgkYQp4+T7Le8MYyORZLHpvNZypNm2YUGGzsjwFGG0zvPD98cMsasDibAFZfsXvYcIf7La4qUlt40kGYmC3GtzhIFo//7s4n2XEzR/SuD4l2hQrFaeAt7Abis0+VnIm7lTrHQ2JEBUMpZmYKQYzkKJx7soCTJJTej/6qbfbT5Rv75XMs6yJVv8WifUBBB3wETjYcBfsF2CwJwGzLpGcuCbeGm/LLpYL49fPhIFdtGCUuaNx6+9LOfPY1j2kgIHmE76k6INTCYqyWfnTi0F6Yk2ICTHpYmZRYRwE+34rifia7Kdqjp+szv+4ySpHuq5p7xpm/nl77W3eW0cJ28xkSSUn6d5jkUuUONVLW+WwJFbzB76b9z97kUyI/SQ+ubGcXq1LiNdn9//XQwRKComTLAas9JO24k8GOadNiiOEV90mc2kEyoLFEj7DW45OHNU9ThQAuPyY8maHkElXxI0VdiQJzDpgnuXD1DHr8MhUkQX0po6hcWwUkz4cfwMkY8QjAuMaO728adCjhKkP7/HBteRwFexclVWP0cQMP1R3UBPxgB38dnZtHUj9cAhFKdO2RXYwkaXn9wrQ4aVpp0GyDzdzyX28XKti0qaGtt+Htfy/eKG3f1UixXvS4AHk7h6mBIVjD9qzHyfa0UR/9eFaquA74JPhURPgFOIrbDLx4Primnf1ouDK4NLgbuRDfWmph6meOg5gnzm0SeX04iFQ1k3hS7QA",
                            "id": "student_workshop_user_2",
                            "key_fingerprint": "48e741fcf30ed563de23c3d02517b91d9d22507e",
                            "password_length": "5",
                            "password_reset_required": "false",
                            "pgp_key": "keybase:nubbthedestroyer",
                            "user": "student_workshop_user_2"
                        },
                        "meta": {},
                        "tainted": false
                    },
                    "deposed": [],
                    "provider": "module.account02.provider.aws"
                },
                "aws_iam_user_login_profile.workshop_user_profile.3": {
                    "type": "aws_iam_user_login_profile",
                    "depends_on": [
                        "aws_iam_user.workshop_user_",
                        "aws_iam_user.workshop_user_.*"
                    ],
                    "primary": {
                        "id": "student_workshop_user_3",
                        "attributes": {
                            "encrypted_password": "wcFMA0OgZCE4709nARAAn10Ax1Bpy4dawxKQJwisbra2Or2FUiqhzNW0pIyUnJqrHWYjOMuMjTkWFUjvq+/DBfdTsaBJeDuKwIkwMxU6as15Lc3G5RpLcxU7ezAFgvJ6/RVBX6u19tnf5MhWXjaQ3yM/wvwQViWXS2ORQPHit9KgsUrqW5YfOhUWz/J3hrDVFT/D9I0pXkEQt0u+fq5eNPM9XnUSh32RG8dncRgDxRB2hHjTjw+tzVeQ54zDA9vGF7QKOsmV6JjjTaXeiZpRFesgIY5lhorbgsF0GCSp4w8mmFk61bPpYnmVL0Nc3xOXLHjU8DCG9GYhfHeBoGDhkX0zA+qr3wSkQ8IBjfHtKRV+ZWAPLo8mfIh2zYQG4ghYfdK1lykEeDCAERZnQsYmPE34IT8TFOLVPWql3Y/uzxLD9RrmqaKTrHt18LA+HI09TszELYOHf3j9D46otAyxDxGlwm9QQbL2VNjreaibzc5FzhvjAAjzuvnmv0VTvYcFZWdV1JTanhGdOQUj5UA6vaP6Ws7XwIl6QddtjiKIsWwRWW3QLm2A/Pay6oE2bIZSUQLnQ6wUOoFrnurYjFDk+bLf/VkND/bKNN72e7nEx7EtTVos0jwQ9OMeOf7VXu8B5258KQpMWoR9O610e5AZQUmb9TjGUPeC8cemZ3Etz/KB+sRvGTH9ISmvuAMpfxDS4AHkZRhJUxfubyvyMI52iCKGPOEZKeD44GvhXLjgMOKzBVSa4F7idEelXuBl4NvgduRL8ncKBAJBWcrHA0Op9awF4lFJ7xDhCfkA",
                            "id": "student_workshop_user_3",
                            "key_fingerprint": "48e741fcf30ed563de23c3d02517b91d9d22507e",
                            "password_length": "5",
                            "password_reset_required": "false",
                            "pgp_key": "keybase:nubbthedestroyer",
                            "user": "student_workshop_user_3"
                        },
                        "meta": {},
                        "tainted": false
                    },
                    "deposed": [],
                    "provider": "module.account02.provider.aws"
                },
                "aws_iam_user_login_profile.workshop_user_profile.4": {
                    "type": "aws_iam_user_login_profile",
                    "depends_on": [
                        "aws_iam_user.workshop_user_",
                        "aws_iam_user.workshop_user_.*"
                    ],
                    "primary": {
                        "id": "student_workshop_user_4",
                        "attributes": {
                            "encrypted_password": "wcFMA0OgZCE4709nARAAP6tj7KKKKptT+O68ddsMxqbdRuWyh4rlSH0HurIP85vXQz4tVjRml/oBpomB3m4btfkyyw+HtM79rtt9g2B2VQhzPnXekSp4xlAEPetB9DqwDvguPq40ZpyX7g42Lq2YrcTURiVvPWhqQoJab3rf5fPxgOV8A4BARF3GU/GWVO+2C4myenbEHJlVKanL87sF+EeJem8+igt9dM/nlzfjsjHIE/6yX7vkkbbxEOCmAn38KK5DDY4xT9q9mV/Tt9pPX8LgRJYMmbXMwTEfBcEbbqcH1wV+oQPNQmDvQceJuZhIW1EkVYrbSssOJJBRaV4jpEpJQ9JFHItywP/rKzaJDktXrQ/pFJLmGNBuoK75aYKacVeHwlvdkBrRi2v66EhPtU550UoaLNIzR9wYjvJzUg6MSn/hnSR77uyeXr9Mt7NqF+/RC0QBLVd52FjbGZYaWWACZT0Vp4fk6jExx0KL5bagY1Xjza87fq0l862q4upX3iJ0CwrYH7tZ4LeRsgv3LiS17oxkTkRpeiJJc0xeffJF8o8oKR+FJVm2bppC5QkHHFsrPsuEKMLDO+T814ByLOrGhqI+394dC/DLFq3qXpURRZlOH6OTWEPIVgLyJ02I3L2dxUrn5bO68oAZBBwAIQzkO6rA6TfLzebJ5kmBXxpdhVp6DJD1Kd2xDxtBoePS4AHkM1/2zG/xJBeKO8hqp+cwjeFlTuBY4JrhNlzgY+Kzu5we4MLiAluiaOC34CDgdeRTlUlC+BVOp3zuQBkvPZKK4uQA/1ThOl8A",
                            "id": "student_workshop_user_4",
                            "key_fingerprint": "48e741fcf30ed563de23c3d02517b91d9d22507e",
                            "password_length": "5",
                            "password_reset_required": "false",
                            "pgp_key": "keybase:nubbthedestroyer",
                            "user": "student_workshop_user_4"
                        },
                        "meta": {},
                        "tainted": false
                    },
                    "deposed": [],
                    "provider": "module.account02.provider.aws"
                },
                "aws_iam_user_policy.workshop_user_pol_.0": {
                    "type": "aws_iam_user_policy",
                    "depends_on": [
                        "aws_iam_user.workshop_user_.*"
                    ],
                    "primary": {
                        "id": "student_workshop_user_0:student_workshop_user_pol_0",
                        "attributes": {
                            "id": "student_workshop_user_0:student_workshop_user_pol_0",
                            "name": "student_workshop_user_pol_0",
                            "policy": "{\n  \"Version\": \"2012-10-17\",\n  \"Statement\": [\n    {\n      \"Action\": [\n        \"*\"\n      ],\n      \"Effect\": \"Allow\",\n      \"Resource\": \"*\"\n    }\n  ]\n}\n",
                            "user": "student_workshop_user_0"
                        },
                        "meta": {},
                        "tainted": false
                    },
                    "deposed": [],
                    "provider": "module.account02.provider.aws"
                },
                "aws_iam_user_policy.workshop_user_pol_.1": {
                    "type": "aws_iam_user_policy",
                    "depends_on": [
                        "aws_iam_user.workshop_user_.*"
                    ],
                    "primary": {
                        "id": "student_workshop_user_1:student_workshop_user_pol_1",
                        "attributes": {
                            "id": "student_workshop_user_1:student_workshop_user_pol_1",
                            "name": "student_workshop_user_pol_1",
                            "policy": "{\n  \"Version\": \"2012-10-17\",\n  \"Statement\": [\n    {\n      \"Action\": [\n        \"*\"\n      ],\n      \"Effect\": \"Allow\",\n      \"Resource\": \"*\"\n    }\n  ]\n}\n",
                            "user": "student_workshop_user_1"
                        },
                        "meta": {},
                        "tainted": false
                    },
                    "deposed": [],
                    "provider": "module.account02.provider.aws"
                },
                "aws_iam_user_policy.workshop_user_pol_.2": {
                    "type": "aws_iam_user_policy",
                    "depends_on": [
                        "aws_iam_user.workshop_user_.*"
                    ],
                    "primary": {
                        "id": "student_workshop_user_2:student_workshop_user_pol_2",
                        "attributes": {
                            "id": "student_workshop_user_2:student_workshop_user_pol_2",
                            "name": "student_workshop_user_pol_2",
                            "policy": "{\n  \"Version\": \"2012-10-17\",\n  \"Statement\": [\n    {\n      \"Action\": [\n        \"*\"\n      ],\n      \"Effect\": \"Allow\",\n      \"Resource\": \"*\"\n    }\n  ]\n}\n",
                            "user": "student_workshop_user_2"
                        },
                        "meta": {},
                        "tainted": false
                    },
                    "deposed": [],
                    "provider": "module.account02.provider.aws"
                },
                "aws_iam_user_policy.workshop_user_pol_.3": {
                    "type": "aws_iam_user_policy",
                    "depends_on": [
                        "aws_iam_user.workshop_user_.*"
                    ],
                    "primary": {
                        "id": "student_workshop_user_3:student_workshop_user_pol_3",
                        "attributes": {
                            "id": "student_workshop_user_3:student_workshop_user_pol_3",
                            "name": "student_workshop_user_pol_3",
                            "policy": "{\n  \"Version\": \"2012-10-17\",\n  \"Statement\": [\n    {\n      \"Action\": [\n        \"*\"\n      ],\n      \"Effect\": \"Allow\",\n      \"Resource\": \"*\"\n    }\n  ]\n}\n",
                            "user": "student_workshop_user_3"
                        },
                        "meta": {},
                        "tainted": false
                    },
                    "deposed": [],
                    "provider": "module.account02.provider.aws"
                },
                "aws_iam_user_policy.workshop_user_pol_.4": {
                    "type": "aws_iam_user_policy",
                    "depends_on": [
                        "aws_iam_user.workshop_user_.*"
                    ],
                    "primary": {
                        "id": "student_workshop_user_4:student_workshop_user_pol_4",
                        "attributes": {
                            "id": "student_workshop_user_4:student_workshop_user_pol_4",
                            "name": "student_workshop_user_pol_4",
                            "policy": "{\n  \"Version\": \"2012-10-17\",\n  \"Statement\": [\n    {\n      \"Action\": [\n        \"*\"\n      ],\n      \"Effect\": \"Allow\",\n      \"Resource\": \"*\"\n    }\n  ]\n}\n",
                            "user": "student_workshop_user_4"
                        },
                        "meta": {},
                        "tainted": false
                    },
                    "deposed": [],
                    "provider": "module.account02.provider.aws"
                }
            },
            "depends_on": []
        },
        {
            "path": [
                "root",
                "account03"
            ],
            "outputs": {
                "access_key_for_user_0": {
                    "sensitive": false,
                    "type": "string",
                    "value": "AKIAJ2UGR77CQC2E575A"
                },
                "access_key_for_user_1": {
                    "sensitive": false,
                    "type": "string",
                    "value": "AKIAI5AS5WVWYV5TDFCA"
                },
                "access_key_for_user_2": {
                    "sensitive": false,
                    "type": "string",
                    "value": "AKIAINVXDQSEON2G7SCA"
                },
                "access_key_for_user_3": {
                    "sensitive": false,
                    "type": "string",
                    "value": "AKIAIWKOLNWYSSUVPDTA"
                },
                "access_key_for_user_4": {
                    "sensitive": false,
                    "type": "string",
                    "value": "AKIAJVOSQ2BN2IHCL2BQ"
                },
                "password_for_user_0": {
                    "sensitive": false,
                    "type": "string",
                    "value": "[wcFMA0OgZCE4709nARAAJL2w+Ez3gNG7HLNDzP90aW0KQm0Xnn7bK2+Wn0KRnDFc59beNS6i2HFPIhv6lj0XwJzn5dDm09b0bhy+3TwAR/YJwug6kaNTBuo1WGUSuXHptc7XHILLgqsvKrJ4priIgjVS+e4u6dDWXwbJ0rIsqCdDIeTMjvxscULYUA1VQVUiQ1YxIniBCu/i3Z8F8nCVFfKTTwgh57LuAE82YECklc9eeIKesmj1KZ0l8ZjTwc6LhorF/ICBrucauyelFK+iYnI9giCF9sT9ZmBwzsHuVvGvt7b2IXuLvs5Ph0KvPTE4qzyTzY/3NujNwBmUUqPLuhtkwaLWWWR6JJqB9/b8WkpsnTRGuxIQH+w79HFnceuJ2I6YB5Wk305cEfDulY9cf5jWkqVBSuEUBOJx+3ox6nEUksvolIcT3cs2QnLXvO1C7BzDqDu81wX3FMQznXSUyRMdPJiWTZiejpabd+bcm94gSXMTOWISUgF0DrUZvD+f8FGCU0Ahlfqb+YHZcpOsw+JeVLebxDdtBHQzciK0nrdY4wwRI7gPR0ZR0T8xW+Tqnw73+/wwrUKnsaO7bCHtVXsjRq7SM7Cdp246zjKqJkyfbyEsJFs+NNcv2pdzsZZvVSaXQlLkUIfVXkFGFpCinoaC7GhSGkU0CHwsgcLAXg3p/+xdaa+30oAlQQtn8mzS4AHkVcDYZN8qgj6R3VSZi+wN2OFLy+Dz4BfhEzzg4eLFHQVH4HXiKYsaQODZ4KXgK+R9sN1813NOas8lq4rZSBcY4kV+sUjhMGYA]"
                },
                "password_for_user_1": {
                    "sensitive": false,
                    "type": "string",
                    "value": "wcFMA0OgZCE4709nARAAe/gzD9dvYfItROdH4RJ/ICJ3VyI2NJmYMcXhEuKWp6Lwq8QfjsIYLqiJF/72JA9Y5kVK0DAPrEbdbm5awQEJa2EY/x3G2i7MCuQkgmuQ+ZeMbOr+rI8XLuWZv4jubMje+9qHKljNvX983Rfg4wVe2Ww891GsAoWkocKvrOX/+HPJE/yT0sUgcNscgdJQIVGI3wFMxgbZP6uN39r48zKR2OVRB3ugrFyY6Ztt0O0YdmleMCV5B+d2mi4gwd3FHuQl7Wemu4h+toZOi+XnrOueRiitf7xilQs0Ejq5n6xV0qLsYBhy/Lj11+dMwZkNr50hweiYU6mu8LJQEJH8ZwQLFVeyfW4nfF8vEpK0I68z1EHt8ok9KuivCIML70PJSUaceK+z6gvUawKdBR3wiX6XsWbzfy128dmNWxQfwXDw6bs7CoadCIA0nKvH4S8zJ0VnyKzWQRyeikVUppiQDjbZ7UIwWmzVw3m6F7nEvm/2QoYQzMlqB0U4CpR4hcpN8sd0OgeNPEdVtS1/RQQhZkBf3R/MbrrG/pEC4CyfYTNV15vZo68YjH8HyOKoS2QzBPmwi098E+Cr8NSoQB2jAXf4bQL+EyFEJ2gqY3ECrRmG/QMrjML3jM90kYxf/q2mlAtQzzIidpyV6uN6E9kQvWv12caWSw0E4Mf9ZtF8MilvCxbS4AHkYaM+RQb1IbTI45gKkY/fluF6geCt4GLhyWPgIeIlVMlW4Bvipf+DDuBw4LjgSuSjf4GQng6nCQT0nDjBnvI24mrYZ63h2U4A"
                },
                "password_for_user_2": {
                    "sensitive": false,
                    "type": "string",
                    "value": "wcFMA0OgZCE4709nARAALETync1ZZBRXrwQ78K+wti5XM6aDtSvoQfYsYQYZYUYtRXP2hnjowYB1DVAJwgytzfZbecJL6nywIVfKB9x9fBx3ThTuPsR0lDZvMxh7DqT3kN/HD9ujUzJBmB+AuByqy86ddMiUV54XHquvP7d43SZfBeiRpjeSHFu8vRYOMVulzpcK+Iydb0/hyll1C5AKAmqwrPTOXLj8NvgaPu2cX4GYK0vmemJ7Dc5FZTLB4yS4+xj1YLrIzdVUM71Tk0jWtSzLV4CphCEPmSUOReeDvA+rMaJ3tV8OOk+GWFgRpob7neqn1e0MB0t19ujHTF+Fj4gML8p6OwRRkqGmZODJl2XYqIWqrl5IZ/lMNXH8bZpZn77o4JQkIyP20GtbI1gst9Pp7X2Kqrx/I2INloioJjB8mb/4jxSVOzsk6bpPewXtiens08Sl2rRd5MeelOCUPY/8iJSuKxhzaNl6ZdMYFgB8Ebnb0A22PYhbCMQU+c1CLX9Zu5UQKmfmBr8gyMUnCL8CWmjdhLUY3J35WFT8IUN4wjQCGuFXdsGtUaAQ27b3myqYk6PYT8f/gAu7BktACUaOEXuiu0gQh0uCA0dyBjJcjM5fSmgWNZJL3O0I15dm/PGGiRTzEfhEIVR7kK1aYlOnaJw/8/1QspKBTYvcb/iuAgO3vmACrX3eFwLxtmrS4AHkzwe6+OZ58ygCNoh5cDdcZ+GwweBS4EThFeTgGeKfi4nx4GXiYfdkQOAO4BbgJORyEdZB6/Wh2xw3cq4DjDcY4vXa8t7hrFwA"
                },
                "password_for_user_3": {
                    "sensitive": false,
                    "type": "string",
                    "value": "wcFMA0OgZCE4709nARAAd7cDPvWFf2N1zHI+l6EaNr4qZOISJj3JYMadEsTBIz0WvCRBrRgrpo4p0ob7ywcVXxxQQdlvd5CqNIwoJUypuaZzK9ndmF/uO8AzzIh7NIPSnQsjfXNFD3QFwQJJP/T1GP+eVTd73HXEqLpDZo3LfliidFXOvyZ0MicmNCZzCRQBZrLy9fEudzmRBhTqejQyEhQQtIn1DkoC1AKEBeUSwNTcKiZmXFkVvtL2RwZUQ2y82SufQv8TSiVDfRuyqUgo3vPdhiLRQKjSrBtJxUnj9GgQ+Z+qAoGlSj+DOlLrtL2CgryxprTeHiWoAwHLJCEpiYOx8veNyH5XX9Nt9RX6AT1lG3HT1RMRXzo+oJYf5ZI3nXg1vqZizB8uxmIatbYZS39NTCeRoBiYYDYt4HuPNveK5OsJoToaTLV2amWfWQT8OyT1cCTizlKpdDNJ6lnUDkf6xKAjVC+CLOwO62GIduKX8iNktkNq5ieP70BH6xdJPkop2cpgJ7enLaeVqrLg5DU3trdU7GEp7JL06HnfaP20S9E/e3WZ0B8a83VvKGgFwAfj9J0KAuwTr3OnGV2TkIzHb0aCIo0rSnhjdeMMWnbf+guu1ipbTOabJysoxxgzozdEZ/Vx0mc76sLT4pXjkty94oqQn5ya6DduCOn0gIEV4eQHno7LyQKl+OT2nFXS4AHkY0MNimLXGbx3auzhrQdkRuEixeC14CXhw63gAeJHWN9N4Ani9Uo1Y+AK4IvgXuSrB10LWyZ3kzM9Un5KSEwI4v6UgPPhpj0A"
                },
                "password_for_user_4": {
                    "sensitive": false,
                    "type": "string",
                    "value": "wcFMA0OgZCE4709nARAAFFmFVPmIH6XR/DTYnRuaMHJHis3OPt+gp/F/F4mzaVH2QF3BpKI6rzsZocDSu4rcbbo+vkGkWo43menvxN5cDf2Yvdv7t6CROy4Zc8ZTfiMCNbnETNN9VVvIghFtpd0NFT7gvVHGhrA/xGnIjcZOwkf7TkevwvctOAvQg3fA/FFu7doCDEcXmOYFrm7Ovh0SvZBOEpnPGbRtIuGwvhV6YBHDt/r5PxwuVI8/YeE6BcFWRYUfi3t+uAI9hADakfnBQEoEh3xVnxV1IuHffZjJg+5C5jcTuSbK27CievYz0fzSv05QLvs2vHX+PhKDXPhBaBqCgwlBQkZi3bYUzmOduMmsPEWehW3Zm1jD3RnOxXJ7uCd/4GEBWRNeE54FowlBqnfAO5WX8uweucUZVxchUvslWIN4phtuJdh+BE6UnMhHnqNf8HaQbTFIQeHPHjK6pmKGgpyrqnhtgu8E5x0T7yfA2HWCRfldp1Uhq4PudNSG8RadXj3QdtmxIngXCOJK7VAzFGzS0WKpyVPspCo/7LqM7cWjyv+cYc68uMUWo3C5LZ/8+pC4m3SmRV3KSMLuTdTpWF3DNVVlDcx/mCglUxE5v0IZsrWde7qFvazZYT5ZwJtdUfejdu5hX0mxfBTX+sSqNlHnv90093Zt5ylIADvXl1/q5r2isKLudwJ8iE7S4AHk6olpGmO+LTvEuexBjTWNFeGLhuAA4DXhju/gQeKQpwp14Ofids/o6uAF4NngIOSUXVYcyEbW/i8oWCgvqymt4gZvOFThy0EA"
                },
                "secret_key_for_user_0": {
                    "sensitive": false,
                    "type": "string",
                    "value": "1E/+BBzWXioyjw5LTSGwjd7AvTnTAMzltVqk0Xqu"
                },
                "secret_key_for_user_1": {
                    "sensitive": false,
                    "type": "string",
                    "value": "Owyb9gsmZM5iSCkLZF0iqVA3p2t6FyIJl2WrTscD"
                },
                "secret_key_for_user_2": {
                    "sensitive": false,
                    "type": "string",
                    "value": "xWNDRu4Q26ZlyqYbiNyHA9cQt/R+7lg5N/gkv38X"
                },
                "secret_key_for_user_3": {
                    "sensitive": false,
                    "type": "string",
                    "value": "EEJrWeqWlATrkWrVAIhBWLRqhlSw0ZIP0VHbiqZ6"
                },
                "secret_key_for_user_4": {
                    "sensitive": false,
                    "type": "string",
                    "value": "gPHsNzPYSHP/Hum13+S0jWkvyCl6G2xE/DLqSw+n"
                },
                "username_for_user_0": {
                    "sensitive": false,
                    "type": "string",
                    "value": "student_workshop_user_0"
                },
                "username_for_user_1": {
                    "sensitive": false,
                    "type": "string",
                    "value": "student_workshop_user_1"
                },
                "username_for_user_2": {
                    "sensitive": false,
                    "type": "string",
                    "value": "student_workshop_user_2"
                },
                "username_for_user_3": {
                    "sensitive": false,
                    "type": "string",
                    "value": "student_workshop_user_3"
                },
                "username_for_user_4": {
                    "sensitive": false,
                    "type": "string",
                    "value": "student_workshop_user_4"
                }
            },
            "resources": {
                "aws_iam_access_key.workshop_user_keys_.0": {
                    "type": "aws_iam_access_key",
                    "depends_on": [
                        "aws_iam_user.workshop_user_.*"
                    ],
                    "primary": {
                        "id": "AKIAJ2UGR77CQC2E575A",
                        "attributes": {
                            "id": "AKIAJ2UGR77CQC2E575A",
                            "secret": "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",
                            "ses_smtp_password": "Av8X0kgZnI3ONac3m126+/Nx3igvlyci5xAiVfIyf5vK",
                            "status": "Active",
                            "user": "student_workshop_user_0"
                        },
                        "meta": {},
                        "tainted": false
                    },
                    "deposed": [],
                    "provider": "module.account03.provider.aws"
                },
                "aws_iam_access_key.workshop_user_keys_.1": {
                    "type": "aws_iam_access_key",
                    "depends_on": [
                        "aws_iam_user.workshop_user_.*"
                    ],
                    "primary": {
                        "id": "AKIAI5AS5WVWYV5TDFCA",
                        "attributes": {
                            "id": "AKIAI5AS5WVWYV5TDFCA",
                            "secret": "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",
                            "ses_smtp_password": "AjxN8Fxa6hs0sv1wT6wse4vm7BqQprY2fOFPODeHC7Vd",
                            "status": "Active",
                            "user": "student_workshop_user_1"
                        },
                        "meta": {},
                        "tainted": false
                    },
                    "deposed": [],
                    "provider": "module.account03.provider.aws"
                },
                "aws_iam_access_key.workshop_user_keys_.2": {
                    "type": "aws_iam_access_key",
                    "depends_on": [
                        "aws_iam_user.workshop_user_.*"
                    ],
                    "primary": {
                        "id": "AKIAINVXDQSEON2G7SCA",
                        "attributes": {
                            "id": "AKIAINVXDQSEON2G7SCA",
                            "secret": "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",
                            "ses_smtp_password": "AomhYrAfM+OaL7g0GT2cucwwHUkaiO+5oPjN85hP+rZ8",
                            "status": "Active",
                            "user": "student_workshop_user_2"
                        },
                        "meta": {},
                        "tainted": false
                    },
                    "deposed": [],
                    "provider": "module.account03.provider.aws"
                },
                "aws_iam_access_key.workshop_user_keys_.3": {
                    "type": "aws_iam_access_key",
                    "depends_on": [
                        "aws_iam_user.workshop_user_.*"
                    ],
                    "primary": {
                        "id": "AKIAIWKOLNWYSSUVPDTA",
                        "attributes": {
                            "id": "AKIAIWKOLNWYSSUVPDTA",
                            "secret": "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",
                            "ses_smtp_password": "AhDe5Kzv6dMsH/Qro3X0UawYpLI93cQ4/OYAqXsw124O",
                            "status": "Active",
                            "user": "student_workshop_user_3"
                        },
                        "meta": {},
                        "tainted": false
                    },
                    "deposed": [],
                    "provider": "module.account03.provider.aws"
                },
                "aws_iam_access_key.workshop_user_keys_.4": {
                    "type": "aws_iam_access_key",
                    "depends_on": [
                        "aws_iam_user.workshop_user_.*"
                    ],
                    "primary": {
                        "id": "AKIAJVOSQ2BN2IHCL2BQ",
                        "attributes": {
                            "id": "AKIAJVOSQ2BN2IHCL2BQ",
                            "secret": "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",
                            "ses_smtp_password": "AnqNb4xepblnYsNLAuPMN5HaaN9pXoUu4Uc/Orzi86+s",
                            "status": "Active",
                            "user": "student_workshop_user_4"
                        },
                        "meta": {},
                        "tainted": false
                    },
                    "deposed": [],
                    "provider": "module.account03.provider.aws"
                },
                "aws_iam_user.workshop_user_.0": {
                    "type": "aws_iam_user",
                    "depends_on": [],
                    "primary": {
                        "id": "student_workshop_user_0",
                        "attributes": {
                            "arn": "arn:aws:iam::081015210695:user/student_workshop_user_0",
                            "force_destroy": "true",
                            "id": "student_workshop_user_0",
                            "name": "student_workshop_user_0",
                            "path": "/",
                            "unique_id": "AIDAJ7H65XSGAKE7D4SEE"
                        },
                        "meta": {},
                        "tainted": false
                    },
                    "deposed": [],
                    "provider": "module.account03.provider.aws"
                },
                "aws_iam_user.workshop_user_.1": {
                    "type": "aws_iam_user",
                    "depends_on": [],
                    "primary": {
                        "id": "student_workshop_user_1",
                        "attributes": {
                            "arn": "arn:aws:iam::081015210695:user/student_workshop_user_1",
                            "force_destroy": "true",
                            "id": "student_workshop_user_1",
                            "name": "student_workshop_user_1",
                            "path": "/",
                            "unique_id": "AIDAJNMXPBWTIPUMOHJH6"
                        },
                        "meta": {},
                        "tainted": false
                    },
                    "deposed": [],
                    "provider": "module.account03.provider.aws"
                },
                "aws_iam_user.workshop_user_.2": {
                    "type": "aws_iam_user",
                    "depends_on": [],
                    "primary": {
                        "id": "student_workshop_user_2",
                        "attributes": {
                            "arn": "arn:aws:iam::081015210695:user/student_workshop_user_2",
                            "force_destroy": "true",
                            "id": "student_workshop_user_2",
                            "name": "student_workshop_user_2",
                            "path": "/",
                            "unique_id": "AIDAIQE3L6MWMLMSTILLK"
                        },
                        "meta": {},
                        "tainted": false
                    },
                    "deposed": [],
                    "provider": "module.account03.provider.aws"
                },
                "aws_iam_user.workshop_user_.3": {
                    "type": "aws_iam_user",
                    "depends_on": [],
                    "primary": {
                        "id": "student_workshop_user_3",
                        "attributes": {
                            "arn": "arn:aws:iam::081015210695:user/student_workshop_user_3",
                            "force_destroy": "true",
                            "id": "student_workshop_user_3",
                            "name": "student_workshop_user_3",
                            "path": "/",
                            "unique_id": "AIDAJKMG6IWPDKH2S3AUI"
                        },
                        "meta": {},
                        "tainted": false
                    },
                    "deposed": [],
                    "provider": "module.account03.provider.aws"
                },
                "aws_iam_user.workshop_user_.4": {
                    "type": "aws_iam_user",
                    "depends_on": [],
                    "primary": {
                        "id": "student_workshop_user_4",
                        "attributes": {
                            "arn": "arn:aws:iam::081015210695:user/student_workshop_user_4",
                            "force_destroy": "true",
                            "id": "student_workshop_user_4",
                            "name": "student_workshop_user_4",
                            "path": "/",
                            "unique_id": "AIDAJKOOBVXAJGAU7YX5Y"
                        },
                        "meta": {},
                        "tainted": false
                    },
                    "deposed": [],
                    "provider": "module.account03.provider.aws"
                },
                "aws_iam_user_login_profile.workshop_user_profile.0": {
                    "type": "aws_iam_user_login_profile",
                    "depends_on": [
                        "aws_iam_user.workshop_user_",
                        "aws_iam_user.workshop_user_.*"
                    ],
                    "primary": {
                        "id": "student_workshop_user_0",
                        "attributes": {
                            "encrypted_password": "wcFMA0OgZCE4709nARAAJL2w+Ez3gNG7HLNDzP90aW0KQm0Xnn7bK2+Wn0KRnDFc59beNS6i2HFPIhv6lj0XwJzn5dDm09b0bhy+3TwAR/YJwug6kaNTBuo1WGUSuXHptc7XHILLgqsvKrJ4priIgjVS+e4u6dDWXwbJ0rIsqCdDIeTMjvxscULYUA1VQVUiQ1YxIniBCu/i3Z8F8nCVFfKTTwgh57LuAE82YECklc9eeIKesmj1KZ0l8ZjTwc6LhorF/ICBrucauyelFK+iYnI9giCF9sT9ZmBwzsHuVvGvt7b2IXuLvs5Ph0KvPTE4qzyTzY/3NujNwBmUUqPLuhtkwaLWWWR6JJqB9/b8WkpsnTRGuxIQH+w79HFnceuJ2I6YB5Wk305cEfDulY9cf5jWkqVBSuEUBOJx+3ox6nEUksvolIcT3cs2QnLXvO1C7BzDqDu81wX3FMQznXSUyRMdPJiWTZiejpabd+bcm94gSXMTOWISUgF0DrUZvD+f8FGCU0Ahlfqb+YHZcpOsw+JeVLebxDdtBHQzciK0nrdY4wwRI7gPR0ZR0T8xW+Tqnw73+/wwrUKnsaO7bCHtVXsjRq7SM7Cdp246zjKqJkyfbyEsJFs+NNcv2pdzsZZvVSaXQlLkUIfVXkFGFpCinoaC7GhSGkU0CHwsgcLAXg3p/+xdaa+30oAlQQtn8mzS4AHkVcDYZN8qgj6R3VSZi+wN2OFLy+Dz4BfhEzzg4eLFHQVH4HXiKYsaQODZ4KXgK+R9sN1813NOas8lq4rZSBcY4kV+sUjhMGYA",
                            "id": "student_workshop_user_0",
                            "key_fingerprint": "48e741fcf30ed563de23c3d02517b91d9d22507e",
                            "password_length": "5",
                            "password_reset_required": "false",
                            "pgp_key": "keybase:nubbthedestroyer",
                            "user": "student_workshop_user_0"
                        },
                        "meta": {},
                        "tainted": false
                    },
                    "deposed": [],
                    "provider": "module.account03.provider.aws"
                },
                "aws_iam_user_login_profile.workshop_user_profile.1": {
                    "type": "aws_iam_user_login_profile",
                    "depends_on": [
                        "aws_iam_user.workshop_user_",
                        "aws_iam_user.workshop_user_.*"
                    ],
                    "primary": {
                        "id": "student_workshop_user_1",
                        "attributes": {
                            "encrypted_password": "wcFMA0OgZCE4709nARAAe/gzD9dvYfItROdH4RJ/ICJ3VyI2NJmYMcXhEuKWp6Lwq8QfjsIYLqiJF/72JA9Y5kVK0DAPrEbdbm5awQEJa2EY/x3G2i7MCuQkgmuQ+ZeMbOr+rI8XLuWZv4jubMje+9qHKljNvX983Rfg4wVe2Ww891GsAoWkocKvrOX/+HPJE/yT0sUgcNscgdJQIVGI3wFMxgbZP6uN39r48zKR2OVRB3ugrFyY6Ztt0O0YdmleMCV5B+d2mi4gwd3FHuQl7Wemu4h+toZOi+XnrOueRiitf7xilQs0Ejq5n6xV0qLsYBhy/Lj11+dMwZkNr50hweiYU6mu8LJQEJH8ZwQLFVeyfW4nfF8vEpK0I68z1EHt8ok9KuivCIML70PJSUaceK+z6gvUawKdBR3wiX6XsWbzfy128dmNWxQfwXDw6bs7CoadCIA0nKvH4S8zJ0VnyKzWQRyeikVUppiQDjbZ7UIwWmzVw3m6F7nEvm/2QoYQzMlqB0U4CpR4hcpN8sd0OgeNPEdVtS1/RQQhZkBf3R/MbrrG/pEC4CyfYTNV15vZo68YjH8HyOKoS2QzBPmwi098E+Cr8NSoQB2jAXf4bQL+EyFEJ2gqY3ECrRmG/QMrjML3jM90kYxf/q2mlAtQzzIidpyV6uN6E9kQvWv12caWSw0E4Mf9ZtF8MilvCxbS4AHkYaM+RQb1IbTI45gKkY/fluF6geCt4GLhyWPgIeIlVMlW4Bvipf+DDuBw4LjgSuSjf4GQng6nCQT0nDjBnvI24mrYZ63h2U4A",
                            "id": "student_workshop_user_1",
                            "key_fingerprint": "48e741fcf30ed563de23c3d02517b91d9d22507e",
                            "password_length": "5",
                            "password_reset_required": "false",
                            "pgp_key": "keybase:nubbthedestroyer",
                            "user": "student_workshop_user_1"
                        },
                        "meta": {},
                        "tainted": false
                    },
                    "deposed": [],
                    "provider": "module.account03.provider.aws"
                },
                "aws_iam_user_login_profile.workshop_user_profile.2": {
                    "type": "aws_iam_user_login_profile",
                    "depends_on": [
                        "aws_iam_user.workshop_user_",
                        "aws_iam_user.workshop_user_.*"
                    ],
                    "primary": {
                        "id": "student_workshop_user_2",
                        "attributes": {
                            "encrypted_password": "wcFMA0OgZCE4709nARAALETync1ZZBRXrwQ78K+wti5XM6aDtSvoQfYsYQYZYUYtRXP2hnjowYB1DVAJwgytzfZbecJL6nywIVfKB9x9fBx3ThTuPsR0lDZvMxh7DqT3kN/HD9ujUzJBmB+AuByqy86ddMiUV54XHquvP7d43SZfBeiRpjeSHFu8vRYOMVulzpcK+Iydb0/hyll1C5AKAmqwrPTOXLj8NvgaPu2cX4GYK0vmemJ7Dc5FZTLB4yS4+xj1YLrIzdVUM71Tk0jWtSzLV4CphCEPmSUOReeDvA+rMaJ3tV8OOk+GWFgRpob7neqn1e0MB0t19ujHTF+Fj4gML8p6OwRRkqGmZODJl2XYqIWqrl5IZ/lMNXH8bZpZn77o4JQkIyP20GtbI1gst9Pp7X2Kqrx/I2INloioJjB8mb/4jxSVOzsk6bpPewXtiens08Sl2rRd5MeelOCUPY/8iJSuKxhzaNl6ZdMYFgB8Ebnb0A22PYhbCMQU+c1CLX9Zu5UQKmfmBr8gyMUnCL8CWmjdhLUY3J35WFT8IUN4wjQCGuFXdsGtUaAQ27b3myqYk6PYT8f/gAu7BktACUaOEXuiu0gQh0uCA0dyBjJcjM5fSmgWNZJL3O0I15dm/PGGiRTzEfhEIVR7kK1aYlOnaJw/8/1QspKBTYvcb/iuAgO3vmACrX3eFwLxtmrS4AHkzwe6+OZ58ygCNoh5cDdcZ+GwweBS4EThFeTgGeKfi4nx4GXiYfdkQOAO4BbgJORyEdZB6/Wh2xw3cq4DjDcY4vXa8t7hrFwA",
                            "id": "student_workshop_user_2",
                            "key_fingerprint": "48e741fcf30ed563de23c3d02517b91d9d22507e",
                            "password_length": "5",
                            "password_reset_required": "false",
                            "pgp_key": "keybase:nubbthedestroyer",
                            "user": "student_workshop_user_2"
                        },
                        "meta": {},
                        "tainted": false
                    },
                    "deposed": [],
                    "provider": "module.account03.provider.aws"
                },
                "aws_iam_user_login_profile.workshop_user_profile.3": {
                    "type": "aws_iam_user_login_profile",
                    "depends_on": [
                        "aws_iam_user.workshop_user_",
                        "aws_iam_user.workshop_user_.*"
                    ],
                    "primary": {
                        "id": "student_workshop_user_3",
                        "attributes": {
                            "encrypted_password": "wcFMA0OgZCE4709nARAAd7cDPvWFf2N1zHI+l6EaNr4qZOISJj3JYMadEsTBIz0WvCRBrRgrpo4p0ob7ywcVXxxQQdlvd5CqNIwoJUypuaZzK9ndmF/uO8AzzIh7NIPSnQsjfXNFD3QFwQJJP/T1GP+eVTd73HXEqLpDZo3LfliidFXOvyZ0MicmNCZzCRQBZrLy9fEudzmRBhTqejQyEhQQtIn1DkoC1AKEBeUSwNTcKiZmXFkVvtL2RwZUQ2y82SufQv8TSiVDfRuyqUgo3vPdhiLRQKjSrBtJxUnj9GgQ+Z+qAoGlSj+DOlLrtL2CgryxprTeHiWoAwHLJCEpiYOx8veNyH5XX9Nt9RX6AT1lG3HT1RMRXzo+oJYf5ZI3nXg1vqZizB8uxmIatbYZS39NTCeRoBiYYDYt4HuPNveK5OsJoToaTLV2amWfWQT8OyT1cCTizlKpdDNJ6lnUDkf6xKAjVC+CLOwO62GIduKX8iNktkNq5ieP70BH6xdJPkop2cpgJ7enLaeVqrLg5DU3trdU7GEp7JL06HnfaP20S9E/e3WZ0B8a83VvKGgFwAfj9J0KAuwTr3OnGV2TkIzHb0aCIo0rSnhjdeMMWnbf+guu1ipbTOabJysoxxgzozdEZ/Vx0mc76sLT4pXjkty94oqQn5ya6DduCOn0gIEV4eQHno7LyQKl+OT2nFXS4AHkY0MNimLXGbx3auzhrQdkRuEixeC14CXhw63gAeJHWN9N4Ani9Uo1Y+AK4IvgXuSrB10LWyZ3kzM9Un5KSEwI4v6UgPPhpj0A",
                            "id": "student_workshop_user_3",
                            "key_fingerprint": "48e741fcf30ed563de23c3d02517b91d9d22507e",
                            "password_length": "5",
                            "password_reset_required": "false",
                            "pgp_key": "keybase:nubbthedestroyer",
                            "user": "student_workshop_user_3"
                        },
                        "meta": {},
                        "tainted": false
                    },
                    "deposed": [],
                    "provider": "module.account03.provider.aws"
                },
                "aws_iam_user_login_profile.workshop_user_profile.4": {
                    "type": "aws_iam_user_login_profile",
                    "depends_on": [
                        "aws_iam_user.workshop_user_",
                        "aws_iam_user.workshop_user_.*"
                    ],
                    "primary": {
                        "id": "student_workshop_user_4",
                        "attributes": {
                            "encrypted_password": "wcFMA0OgZCE4709nARAAFFmFVPmIH6XR/DTYnRuaMHJHis3OPt+gp/F/F4mzaVH2QF3BpKI6rzsZocDSu4rcbbo+vkGkWo43menvxN5cDf2Yvdv7t6CROy4Zc8ZTfiMCNbnETNN9VVvIghFtpd0NFT7gvVHGhrA/xGnIjcZOwkf7TkevwvctOAvQg3fA/FFu7doCDEcXmOYFrm7Ovh0SvZBOEpnPGbRtIuGwvhV6YBHDt/r5PxwuVI8/YeE6BcFWRYUfi3t+uAI9hADakfnBQEoEh3xVnxV1IuHffZjJg+5C5jcTuSbK27CievYz0fzSv05QLvs2vHX+PhKDXPhBaBqCgwlBQkZi3bYUzmOduMmsPEWehW3Zm1jD3RnOxXJ7uCd/4GEBWRNeE54FowlBqnfAO5WX8uweucUZVxchUvslWIN4phtuJdh+BE6UnMhHnqNf8HaQbTFIQeHPHjK6pmKGgpyrqnhtgu8E5x0T7yfA2HWCRfldp1Uhq4PudNSG8RadXj3QdtmxIngXCOJK7VAzFGzS0WKpyVPspCo/7LqM7cWjyv+cYc68uMUWo3C5LZ/8+pC4m3SmRV3KSMLuTdTpWF3DNVVlDcx/mCglUxE5v0IZsrWde7qFvazZYT5ZwJtdUfejdu5hX0mxfBTX+sSqNlHnv90093Zt5ylIADvXl1/q5r2isKLudwJ8iE7S4AHk6olpGmO+LTvEuexBjTWNFeGLhuAA4DXhju/gQeKQpwp14Ofids/o6uAF4NngIOSUXVYcyEbW/i8oWCgvqymt4gZvOFThy0EA",
                            "id": "student_workshop_user_4",
                            "key_fingerprint": "48e741fcf30ed563de23c3d02517b91d9d22507e",
                            "password_length": "5",
                            "password_reset_required": "false",
                            "pgp_key": "keybase:nubbthedestroyer",
                            "user": "student_workshop_user_4"
                        },
                        "meta": {},
                        "tainted": false
                    },
                    "deposed": [],
                    "provider": "module.account03.provider.aws"
                },
                "aws_iam_user_policy.workshop_user_pol_.0": {
                    "type": "aws_iam_user_policy",
                    "depends_on": [
                        "aws_iam_user.workshop_user_.*"
                    ],
                    "primary": {
                        "id": "student_workshop_user_0:student_workshop_user_pol_0",
                        "attributes": {
                            "id": "student_workshop_user_0:student_workshop_user_pol_0",
                            "name": "student_workshop_user_pol_0",
                            "policy": "{\n  \"Version\": \"2012-10-17\",\n  \"Statement\": [\n    {\n      \"Action\": [\n        \"*\"\n      ],\n      \"Effect\": \"Allow\",\n      \"Resource\": \"*\"\n    }\n  ]\n}\n",
                            "user": "student_workshop_user_0"
                        },
                        "meta": {},
                        "tainted": false
                    },
                    "deposed": [],
                    "provider": "module.account03.provider.aws"
                },
                "aws_iam_user_policy.workshop_user_pol_.1": {
                    "type": "aws_iam_user_policy",
                    "depends_on": [
                        "aws_iam_user.workshop_user_.*"
                    ],
                    "primary": {
                        "id": "student_workshop_user_1:student_workshop_user_pol_1",
                        "attributes": {
                            "id": "student_workshop_user_1:student_workshop_user_pol_1",
                            "name": "student_workshop_user_pol_1",
                            "policy": "{\n  \"Version\": \"2012-10-17\",\n  \"Statement\": [\n    {\n      \"Action\": [\n        \"*\"\n      ],\n      \"Effect\": \"Allow\",\n      \"Resource\": \"*\"\n    }\n  ]\n}\n",
                            "user": "student_workshop_user_1"
                        },
                        "meta": {},
                        "tainted": false
                    },
                    "deposed": [],
                    "provider": "module.account03.provider.aws"
                },
                "aws_iam_user_policy.workshop_user_pol_.2": {
                    "type": "aws_iam_user_policy",
                    "depends_on": [
                        "aws_iam_user.workshop_user_.*"
                    ],
                    "primary": {
                        "id": "student_workshop_user_2:student_workshop_user_pol_2",
                        "attributes": {
                            "id": "student_workshop_user_2:student_workshop_user_pol_2",
                            "name": "student_workshop_user_pol_2",
                            "policy": "{\n  \"Version\": \"2012-10-17\",\n  \"Statement\": [\n    {\n      \"Action\": [\n        \"*\"\n      ],\n      \"Effect\": \"Allow\",\n      \"Resource\": \"*\"\n    }\n  ]\n}\n",
                            "user": "student_workshop_user_2"
                        },
                        "meta": {},
                        "tainted": false
                    },
                    "deposed": [],
                    "provider": "module.account03.provider.aws"
                },
                "aws_iam_user_policy.workshop_user_pol_.3": {
                    "type": "aws_iam_user_policy",
                    "depends_on": [
                        "aws_iam_user.workshop_user_.*"
                    ],
                    "primary": {
                        "id": "student_workshop_user_3:student_workshop_user_pol_3",
                        "attributes": {
                            "id": "student_workshop_user_3:student_workshop_user_pol_3",
                            "name": "student_workshop_user_pol_3",
                            "policy": "{\n  \"Version\": \"2012-10-17\",\n  \"Statement\": [\n    {\n      \"Action\": [\n        \"*\"\n      ],\n      \"Effect\": \"Allow\",\n      \"Resource\": \"*\"\n    }\n  ]\n}\n",
                            "user": "student_workshop_user_3"
                        },
                        "meta": {},
                        "tainted": false
                    },
                    "deposed": [],
                    "provider": "module.account03.provider.aws"
                },
                "aws_iam_user_policy.workshop_user_pol_.4": {
                    "type": "aws_iam_user_policy",
                    "depends_on": [
                        "aws_iam_user.workshop_user_.*"
                    ],
                    "primary": {
                        "id": "student_workshop_user_4:student_workshop_user_pol_4",
                        "attributes": {
                            "id": "student_workshop_user_4:student_workshop_user_pol_4",
                            "name": "student_workshop_user_pol_4",
                            "policy": "{\n  \"Version\": \"2012-10-17\",\n  \"Statement\": [\n    {\n      \"Action\": [\n        \"*\"\n      ],\n      \"Effect\": \"Allow\",\n      \"Resource\": \"*\"\n    }\n  ]\n}\n",
                            "user": "student_workshop_user_4"
                        },
                        "meta": {},
                        "tainted": false
                    },
                    "deposed": [],
                    "provider": "module.account03.provider.aws"
                }
            },
            "depends_on": []
        },
        {
            "path": [
                "root",
                "account04"
            ],
            "outputs": {
                "access_key_for_user_0": {
                    "sensitive": false,
                    "type": "string",
                    "value": "AKIAI4Y7TKNBASNHT35Q"
                },
                "access_key_for_user_1": {
                    "sensitive": false,
                    "type": "string",
                    "value": "AKIAJZ6T2RRZAI56YG5A"
                },
                "access_key_for_user_2": {
                    "sensitive": false,
                    "type": "string",
                    "value": "AKIAIHBB3IBVXYTSDN5Q"
                },
                "access_key_for_user_3": {
                    "sensitive": false,
                    "type": "string",
                    "value": "AKIAIRFEZVJGYEJ3RDPA"
                },
                "access_key_for_user_4": {
                    "sensitive": false,
                    "type": "string",
                    "value": "AKIAJOSBJNQDXJ66JREQ"
                },
                "password_for_user_0": {
                    "sensitive": false,
                    "type": "string",
                    "value": "[wcFMA0OgZCE4709nARAASmCO2a+epyp7/BsW36ZAONigHa/a5UpTVWshYoKsSQ4a8TX7kt7J8mOvBDWcVGchVJPi4F1e+8Nq4CysFnd81VQb6NhyEE2ZZNwX4vMkO4eF1811okjCg7hjqB7kLPmFUGpzfjCMMK8YQyi/Da4jQZgBJZMiTu8GmrKtS72PW2r5ObpjkN9zR+tF9yvLGr6zai5B3EC0/N6WMBIe4iYGr6CNXp7dcrCAa4Tq0HsSm4/HTcGPv+/HSmR2cJlyWZ6GTkUF1M0sXGqi4lSjlcsn9uettFpT1DYh4mGFmscJRS53+q1ClpvdWtZsQjg+3+yZUxnzT59DMs6HB86370Y7JI7mlAlJ30y8rThYlbKkkdS7kGuPA8AHrJreQ/xyZ0/4/w6ef2LfBwQwFI/OyUvL3sn2jaXSGBW9PKefQXFobr1Wl2Y7gBlCFauDzaMrRMpMJ7KnUXHRiVjVF9W3Fl0/OrCTsTZabMMDlZ4jyHhofDZVx5SAObQYl0/NG3FTuNLz+/WzUZWe2sjL24YsR5jQ04TUfinVYBfcvlS5WD9jfwlD+rWRKqGH+lr/UvAF2uV8yMNbcH5rqJBXbBl389oRjpx53VolTPicQ8h2fLOwPeMG7/bDyhyYIlJe0xzkNvSzcN69GProXOq/acTNbB51aY7/w2nqwXr0XM/DL1SNeuzS4AHkEWgYMOYea1D34eBGk+Qb6eFEvuBE4D3hD9rgqOKC06q84PbixZI2dOCx4D/g1+SdOoi54rRoC1Zev5fSanOt4u3i6//hBq0A]"
                },
                "password_for_user_1": {
                    "sensitive": false,
                    "type": "string",
                    "value": "wcFMA0OgZCE4709nARAAe90Ds8AF0hsljV3/VfxU5kqqWyBJkrmujO+Cdsq8v2jsAwo/2oAc6KawjhQBX7cLU95xuZN/KEJNx40y3WZprnJE+HIiXbtmQfaxWgHa2d1FdBIXAnS4aAesuwiHsIQwTlU9fGCReyI+21T4lWYYe9qt5CA0SiPwzvi558dCv6wtFPygfq2iWDWiJLxc+UIvD0IX+f7zbFv73GpeJPohbEw8GohnpH2VXL0q1hB6zZCYJs4cdyaE13d1oNrn5LAc/bG0qREe06zhCySSaPK6hbk04STpQICGg6gl92KmKZ7VUTCPwXmNBlwr7j7VJ6kQlw0Bi7q9hkjstk3wk3f/DmORfDid9weiMZNNKiSM6YUIgJjIkMH50hINFLOVU54X53c5XIh+9rMtN/9FzPhJzwjltKIXX9E59sMEJaYSDBn9+A+HV61/qXHUSMBEnlE8ORxol/FSLLw1+o7h3oGPoRn0YX2waOzBf4voVINlDoNr2BkerQZCWkBCYd0gANVhx7MowxEGE+cGOAGlnRcvrWCtTDlNBQn5Dgbv2E6IIP+LpNG0tyuEi2vYJ4twTva8hbXBwCTbjjd/TVm9Ae5j48Yr6yXyicq8ntGGoxhNxQnGkXeOmmQ5yVRPl/RLQVFUqqcRjd7dGiKognHK1YDWY1Jpk4ArudmuWvTZu9LNkMXS4AHkgM9HNYdWkMc7wS3UQEqYqeEqE+AD4FPhVMLgDOLJLGJL4Ori41q+ceD24J3gT+QcdwOB5W19lhfr0yK/m5XM4uZ3R1nhEKEA"
                },
                "password_for_user_2": {
                    "sensitive": false,
                    "type": "string",
                    "value": "wcFMA0OgZCE4709nARAAYSdsXz7q8IhoFGI7C+BB/pA8EG1WnRrEM2C7kba8o5osCRiTLloU2Je5llu4r0hZ2XQisLQPcBjb74Xnq/setlj9AuH+QH9EClxXEj6HanIvroKqxAUYo540io2m4HYlqwfaf7xh0wSJ+UBV9F2+0LaI7TjlK53kT76BvA4V93O686BenLgVPqiiMz824mHFcRmu+fjj/E8zcX6I9dyNtYF0YPsLjvUNORSsVq6op8uAcxxiVMHfqtVVT0Q4Tuvz3ThwhxK8M/oSSWVf54Cc+R/aciu65in2o8Fu/2YPGcXcg7YSfR+rJW/a7phkR1wcQVqR7S1TGtj3mAfntwO6Qhx3ggKuJ2K5cFK1LKeT33tA2SnqEItLIERP8NvsSGYFmQIr6b4V93LVkwvlCdu7FS31JwEAA6FVAqU/EBAepnb6JnHGJfLElPa8qv3tfDwbuOuRJkWSNcO8vzZtgCH/bdhwDjrY7y1bfziOADP+o3up27DvH9rqatltbkxgiSn1mVlWeM+88Ng6eESY+Tzj8s5DuDPL+jO3GAKReKcd73mvsDZp7fnjgbGsf2sc+fV930irmomUTpk28ZPrt60R/eCHgS2rEmgm0m8Mx9R9jtoqPRSB870iwfF6iPWndwvZehdunrQFwNaFgk9zwuB4LHguYcsBCexjdmc75wkfoRHS4AHkny6IpLLTH1pa8OuhSICM4uE0HODD4J3h5c3giuJy1M1n4MziEIqrBOAl4CbgKOQ2RfjfTm/4NTd9/tvaqvHk4tLEuPzhZjIA"
                },
                "password_for_user_3": {
                    "sensitive": false,
                    "type": "string",
                    "value": "wcFMA0OgZCE4709nARAAew2C0UuW1i77aMmP6+386xo/rX0BM7QLMreRV00ka9Nb2fh71ZIiTn9dDtwzJJaI8bjXJi4Y+Kg+eLdKBuGD6HleTV9p6I7myZeWwlWAnjNxKE/I2jfVdP/+msJF0H0ZH2L+5c5vgthsXryNJ+F0jYygML2/ILoDMo98giODCHtiBjY9ccXnV3oLg8AgsDl1D7LxgpuWb7itnfmNf/muDsVKIytggRzgQoNOmKdPRWXrbZNBZsYBbNgE6W9A6LtqCHQWsoIY8krbeF7FoK7sRD3uQZ3ASd2wMdKT09MJtaQzvIKlLxk6GGGZsec646RyfTS8eyMZ3AeLfCWwrRRgFjhPlqsp5FwdONBaKQsYz6AVXuG6GN43lJAwWkpYvsy1By8cQpil6IXG26dUZR7bljAyTbo6kEES/3He4CsFhF+jHvfx/D3Ot3EObxHup6bwTbOBaY1WKRon1vo6vsu05xrtLus5wmosMaF9VguI3678oHrTg2rR+T8nnhl3VauY1NZd+6+EzlKC91HsYBlwy+lNjglaJRlnuBFGk5mok+1TgZXzik4JIHC1eMf4YC6+qsBKGZFRJDl2zq0oD6fA5e0pUxWZ2Pp6s8KTSQOnCNSr7ZYZtqa0QbiqUkxHaq4MmeVIBffx1N0EiUH8yELkAQ+U62YhAS2Bv5jhsMDVZVLS4AHkUmtksy1Fr0tUVlRyS4wV9uHjpODr4ArhWjngz+I8Livj4J/i8j0n0eCo4IPguOTTYkHkcyj94fqkli8aD61u4rwmxt/hcBEA"
                },
                "password_for_user_4": {
                    "sensitive": false,
                    "type": "string",
                    "value": "wcFMA0OgZCE4709nARAAVk5AVKGEQe6olYamD7z/wbvfHBq83mtFVJ6gg1lg2VcAslTrZ1FjiXbpbARsKgE6r3yHJKtIa1+QxecWOW3vEgSVpYxeH0olfg86OZYXqrF1wffSlEQ1xXziVeY76ltE5035Dg1OQvxhnlFZaoQhP6hj+7BnAvDCWFCCfpRIN17Qh6Nc85VsP3OAM7q9CKGCQaar8K9zRbFnP/11s0Uy08NxACHl2Eh+zwJSCfyWji3zfDU6LfF2EzTQLffqbLQOXDkeiYMIJ5pUSkm6/BYkx5pHPXCQ4qoxyRvPFDbFq+6pZwx+SP8JHMeBcY13sLDePogEWQ6RAG7SEh2fcpkRDwoejw73lG9SyFJpGIML5tLxSL74IJs6WrX+mTa7rDYOqLbUivrh0nelFpKLng3NTaXuN5KwycKslqOcQSizkhYfvGAd65jwaA4/S8Zeiszggu4xKu1KRNQLMcWHRvCVqPKIUuKb7emdfBBACt/aVv6CYQq5wcv2CrC3F6JosaosKSNNtPagHNe0nRhixD4aUaBp12yBWqSic5Rkg76vkN72vT54ZAHgcWJuuWXRg/ND1cD027384ats13QLyAXI3/iCKFE06XjLAit1nzrQcL6R9soSsll35bJvcx/wUucEloCvQ5nBhgREOpqlzLI3fRy35HP3/5EueMDWXlscz9TS4AHk+ouPICohLVFUG2FY0JduSOEEkODb4N7hvZTg7uLZnqus4G/iUjV5z+Ai4BHgoeS6KXrDSnTz5Y5ir23P1qbX4pl32Zvhp5QA"
                },
                "secret_key_for_user_0": {
                    "sensitive": false,
                    "type": "string",
                    "value": "B5RYeJN9sXy9o0pzRL9s9b5EfyPT9LUeKhYNd/ZU"
                },
                "secret_key_for_user_1": {
                    "sensitive": false,
                    "type": "string",
                    "value": "tC7zVN5b1fECbXucHDRQ6iVakLbcdNfNFTuepW4Y"
                },
                "secret_key_for_user_2": {
                    "sensitive": false,
                    "type": "string",
                    "value": "S/Qyrtm0DFmPQykL74iBLo8najfkFMUAnP3055Cr"
                },
                "secret_key_for_user_3": {
                    "sensitive": false,
                    "type": "string",
                    "value": "zYfCntIxsMTce4vRRtVx38OI4bSui4Dnkw718CVh"
                },
                "secret_key_for_user_4": {
                    "sensitive": false,
                    "type": "string",
                    "value": "h94kRSSumz5aCFiFBvT1FF7QV09AJvRoqVIWoFpl"
                },
                "username_for_user_0": {
                    "sensitive": false,
                    "type": "string",
                    "value": "student_workshop_user_0"
                },
                "username_for_user_1": {
                    "sensitive": false,
                    "type": "string",
                    "value": "student_workshop_user_1"
                },
                "username_for_user_2": {
                    "sensitive": false,
                    "type": "string",
                    "value": "student_workshop_user_2"
                },
                "username_for_user_3": {
                    "sensitive": false,
                    "type": "string",
                    "value": "student_workshop_user_3"
                },
                "username_for_user_4": {
                    "sensitive": false,
                    "type": "string",
                    "value": "student_workshop_user_4"
                }
            },
            "resources": {
                "aws_iam_access_key.workshop_user_keys_.0": {
                    "type": "aws_iam_access_key",
                    "depends_on": [
                        "aws_iam_user.workshop_user_.*"
                    ],
                    "primary": {
                        "id": "AKIAI4Y7TKNBASNHT35Q",
                        "attributes": {
                            "id": "AKIAI4Y7TKNBASNHT35Q",
                            "secret": "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",
                            "ses_smtp_password": "AvbaoJdIP2/RGbZ5mIZbMK0buPUU4NHtm3w0mQYHeoNc",
                            "status": "Active",
                            "user": "student_workshop_user_0"
                        },
                        "meta": {},
                        "tainted": false
                    },
                    "deposed": [],
                    "provider": "module.account04.provider.aws"
                },
                "aws_iam_access_key.workshop_user_keys_.1": {
                    "type": "aws_iam_access_key",
                    "depends_on": [
                        "aws_iam_user.workshop_user_.*"
                    ],
                    "primary": {
                        "id": "AKIAJZ6T2RRZAI56YG5A",
                        "attributes": {
                            "id": "AKIAJZ6T2RRZAI56YG5A",
                            "secret": "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",
                            "ses_smtp_password": "Ak6n7A3lMWbMyQ6hgr7B4pIBQCScWiccHfMF3Hz2Qho8",
                            "status": "Active",
                            "user": "student_workshop_user_1"
                        },
                        "meta": {},
                        "tainted": false
                    },
                    "deposed": [],
                    "provider": "module.account04.provider.aws"
                },
                "aws_iam_access_key.workshop_user_keys_.2": {
                    "type": "aws_iam_access_key",
                    "depends_on": [
                        "aws_iam_user.workshop_user_.*"
                    ],
                    "primary": {
                        "id": "AKIAIHBB3IBVXYTSDN5Q",
                        "attributes": {
                            "id": "AKIAIHBB3IBVXYTSDN5Q",
                            "secret": "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",
                            "ses_smtp_password": "Ar0OXy0BeNEJ63AnJnr0yWNFHZQg1fe/3jwdVvrZ2hnX",
                            "status": "Active",
                            "user": "student_workshop_user_2"
                        },
                        "meta": {},
                        "tainted": false
                    },
                    "deposed": [],
                    "provider": "module.account04.provider.aws"
                },
                "aws_iam_access_key.workshop_user_keys_.3": {
                    "type": "aws_iam_access_key",
                    "depends_on": [
                        "aws_iam_user.workshop_user_.*"
                    ],
                    "primary": {
                        "id": "AKIAIRFEZVJGYEJ3RDPA",
                        "attributes": {
                            "id": "AKIAIRFEZVJGYEJ3RDPA",
                            "secret": "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",
                            "ses_smtp_password": "AgemSTuyGgmEv8sCcadaXEJuIxYrUy0XddxoVHf5uE81",
                            "status": "Active",
                            "user": "student_workshop_user_3"
                        },
                        "meta": {},
                        "tainted": false
                    },
                    "deposed": [],
                    "provider": "module.account04.provider.aws"
                },
                "aws_iam_access_key.workshop_user_keys_.4": {
                    "type": "aws_iam_access_key",
                    "depends_on": [
                        "aws_iam_user.workshop_user_.*"
                    ],
                    "primary": {
                        "id": "AKIAJOSBJNQDXJ66JREQ",
                        "attributes": {
                            "id": "AKIAJOSBJNQDXJ66JREQ",
                            "secret": "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",
                            "ses_smtp_password": "ArpvcKIPZcoStLbVt8VPaB0ewJOVtN2mgZzZV+gmGwdt",
                            "status": "Active",
                            "user": "student_workshop_user_4"
                        },
                        "meta": {},
                        "tainted": false
                    },
                    "deposed": [],
                    "provider": "module.account04.provider.aws"
                },
                "aws_iam_user.workshop_user_.0": {
                    "type": "aws_iam_user",
                    "depends_on": [],
                    "primary": {
                        "id": "student_workshop_user_0",
                        "attributes": {
                            "arn": "arn:aws:iam::838013179944:user/student_workshop_user_0",
                            "force_destroy": "true",
                            "id": "student_workshop_user_0",
                            "name": "student_workshop_user_0",
                            "path": "/",
                            "unique_id": "AIDAIPFRHK75EY5I4M77E"
                        },
                        "meta": {},
                        "tainted": false
                    },
                    "deposed": [],
                    "provider": "module.account04.provider.aws"
                },
                "aws_iam_user.workshop_user_.1": {
                    "type": "aws_iam_user",
                    "depends_on": [],
                    "primary": {
                        "id": "student_workshop_user_1",
                        "attributes": {
                            "arn": "arn:aws:iam::838013179944:user/student_workshop_user_1",
                            "force_destroy": "true",
                            "id": "student_workshop_user_1",
                            "name": "student_workshop_user_1",
                            "path": "/",
                            "unique_id": "AIDAIWWZ3ENP4BTLPMZVA"
                        },
                        "meta": {},
                        "tainted": false
                    },
                    "deposed": [],
                    "provider": "module.account04.provider.aws"
                },
                "aws_iam_user.workshop_user_.2": {
                    "type": "aws_iam_user",
                    "depends_on": [],
                    "primary": {
                        "id": "student_workshop_user_2",
                        "attributes": {
                            "arn": "arn:aws:iam::838013179944:user/student_workshop_user_2",
                            "force_destroy": "true",
                            "id": "student_workshop_user_2",
                            "name": "student_workshop_user_2",
                            "path": "/",
                            "unique_id": "AIDAI32E7DR2VZ3J2SHPO"
                        },
                        "meta": {},
                        "tainted": false
                    },
                    "deposed": [],
                    "provider": "module.account04.provider.aws"
                },
                "aws_iam_user.workshop_user_.3": {
                    "type": "aws_iam_user",
                    "depends_on": [],
                    "primary": {
                        "id": "student_workshop_user_3",
                        "attributes": {
                            "arn": "arn:aws:iam::838013179944:user/student_workshop_user_3",
                            "force_destroy": "true",
                            "id": "student_workshop_user_3",
                            "name": "student_workshop_user_3",
                            "path": "/",
                            "unique_id": "AIDAJNVUKF25CNOKGGY66"
                        },
                        "meta": {},
                        "tainted": false
                    },
                    "deposed": [],
                    "provider": "module.account04.provider.aws"
                },
                "aws_iam_user.workshop_user_.4": {
                    "type": "aws_iam_user",
                    "depends_on": [],
                    "primary": {
                        "id": "student_workshop_user_4",
                        "attributes": {
                            "arn": "arn:aws:iam::838013179944:user/student_workshop_user_4",
                            "force_destroy": "true",
                            "id": "student_workshop_user_4",
                            "name": "student_workshop_user_4",
                            "path": "/",
                            "unique_id": "AIDAJVUICO6MU5L4BTJNG"
                        },
                        "meta": {},
                        "tainted": false
                    },
                    "deposed": [],
                    "provider": "module.account04.provider.aws"
                },
                "aws_iam_user_login_profile.workshop_user_profile.0": {
                    "type": "aws_iam_user_login_profile",
                    "depends_on": [
                        "aws_iam_user.workshop_user_",
                        "aws_iam_user.workshop_user_.*"
                    ],
                    "primary": {
                        "id": "student_workshop_user_0",
                        "attributes": {
                            "encrypted_password": "wcFMA0OgZCE4709nARAASmCO2a+epyp7/BsW36ZAONigHa/a5UpTVWshYoKsSQ4a8TX7kt7J8mOvBDWcVGchVJPi4F1e+8Nq4CysFnd81VQb6NhyEE2ZZNwX4vMkO4eF1811okjCg7hjqB7kLPmFUGpzfjCMMK8YQyi/Da4jQZgBJZMiTu8GmrKtS72PW2r5ObpjkN9zR+tF9yvLGr6zai5B3EC0/N6WMBIe4iYGr6CNXp7dcrCAa4Tq0HsSm4/HTcGPv+/HSmR2cJlyWZ6GTkUF1M0sXGqi4lSjlcsn9uettFpT1DYh4mGFmscJRS53+q1ClpvdWtZsQjg+3+yZUxnzT59DMs6HB86370Y7JI7mlAlJ30y8rThYlbKkkdS7kGuPA8AHrJreQ/xyZ0/4/w6ef2LfBwQwFI/OyUvL3sn2jaXSGBW9PKefQXFobr1Wl2Y7gBlCFauDzaMrRMpMJ7KnUXHRiVjVF9W3Fl0/OrCTsTZabMMDlZ4jyHhofDZVx5SAObQYl0/NG3FTuNLz+/WzUZWe2sjL24YsR5jQ04TUfinVYBfcvlS5WD9jfwlD+rWRKqGH+lr/UvAF2uV8yMNbcH5rqJBXbBl389oRjpx53VolTPicQ8h2fLOwPeMG7/bDyhyYIlJe0xzkNvSzcN69GProXOq/acTNbB51aY7/w2nqwXr0XM/DL1SNeuzS4AHkEWgYMOYea1D34eBGk+Qb6eFEvuBE4D3hD9rgqOKC06q84PbixZI2dOCx4D/g1+SdOoi54rRoC1Zev5fSanOt4u3i6//hBq0A",
                            "id": "student_workshop_user_0",
                            "key_fingerprint": "48e741fcf30ed563de23c3d02517b91d9d22507e",
                            "password_length": "5",
                            "password_reset_required": "false",
                            "pgp_key": "keybase:nubbthedestroyer",
                            "user": "student_workshop_user_0"
                        },
                        "meta": {},
                        "tainted": false
                    },
                    "deposed": [],
                    "provider": "module.account04.provider.aws"
                },
                "aws_iam_user_login_profile.workshop_user_profile.1": {
                    "type": "aws_iam_user_login_profile",
                    "depends_on": [
                        "aws_iam_user.workshop_user_",
                        "aws_iam_user.workshop_user_.*"
                    ],
                    "primary": {
                        "id": "student_workshop_user_1",
                        "attributes": {
                            "encrypted_password": "wcFMA0OgZCE4709nARAAe90Ds8AF0hsljV3/VfxU5kqqWyBJkrmujO+Cdsq8v2jsAwo/2oAc6KawjhQBX7cLU95xuZN/KEJNx40y3WZprnJE+HIiXbtmQfaxWgHa2d1FdBIXAnS4aAesuwiHsIQwTlU9fGCReyI+21T4lWYYe9qt5CA0SiPwzvi558dCv6wtFPygfq2iWDWiJLxc+UIvD0IX+f7zbFv73GpeJPohbEw8GohnpH2VXL0q1hB6zZCYJs4cdyaE13d1oNrn5LAc/bG0qREe06zhCySSaPK6hbk04STpQICGg6gl92KmKZ7VUTCPwXmNBlwr7j7VJ6kQlw0Bi7q9hkjstk3wk3f/DmORfDid9weiMZNNKiSM6YUIgJjIkMH50hINFLOVU54X53c5XIh+9rMtN/9FzPhJzwjltKIXX9E59sMEJaYSDBn9+A+HV61/qXHUSMBEnlE8ORxol/FSLLw1+o7h3oGPoRn0YX2waOzBf4voVINlDoNr2BkerQZCWkBCYd0gANVhx7MowxEGE+cGOAGlnRcvrWCtTDlNBQn5Dgbv2E6IIP+LpNG0tyuEi2vYJ4twTva8hbXBwCTbjjd/TVm9Ae5j48Yr6yXyicq8ntGGoxhNxQnGkXeOmmQ5yVRPl/RLQVFUqqcRjd7dGiKognHK1YDWY1Jpk4ArudmuWvTZu9LNkMXS4AHkgM9HNYdWkMc7wS3UQEqYqeEqE+AD4FPhVMLgDOLJLGJL4Ori41q+ceD24J3gT+QcdwOB5W19lhfr0yK/m5XM4uZ3R1nhEKEA",
                            "id": "student_workshop_user_1",
                            "key_fingerprint": "48e741fcf30ed563de23c3d02517b91d9d22507e",
                            "password_length": "5",
                            "password_reset_required": "false",
                            "pgp_key": "keybase:nubbthedestroyer",
                            "user": "student_workshop_user_1"
                        },
                        "meta": {},
                        "tainted": false
                    },
                    "deposed": [],
                    "provider": "module.account04.provider.aws"
                },
                "aws_iam_user_login_profile.workshop_user_profile.2": {
                    "type": "aws_iam_user_login_profile",
                    "depends_on": [
                        "aws_iam_user.workshop_user_",
                        "aws_iam_user.workshop_user_.*"
                    ],
                    "primary": {
                        "id": "student_workshop_user_2",
                        "attributes": {
                            "encrypted_password": "wcFMA0OgZCE4709nARAAYSdsXz7q8IhoFGI7C+BB/pA8EG1WnRrEM2C7kba8o5osCRiTLloU2Je5llu4r0hZ2XQisLQPcBjb74Xnq/setlj9AuH+QH9EClxXEj6HanIvroKqxAUYo540io2m4HYlqwfaf7xh0wSJ+UBV9F2+0LaI7TjlK53kT76BvA4V93O686BenLgVPqiiMz824mHFcRmu+fjj/E8zcX6I9dyNtYF0YPsLjvUNORSsVq6op8uAcxxiVMHfqtVVT0Q4Tuvz3ThwhxK8M/oSSWVf54Cc+R/aciu65in2o8Fu/2YPGcXcg7YSfR+rJW/a7phkR1wcQVqR7S1TGtj3mAfntwO6Qhx3ggKuJ2K5cFK1LKeT33tA2SnqEItLIERP8NvsSGYFmQIr6b4V93LVkwvlCdu7FS31JwEAA6FVAqU/EBAepnb6JnHGJfLElPa8qv3tfDwbuOuRJkWSNcO8vzZtgCH/bdhwDjrY7y1bfziOADP+o3up27DvH9rqatltbkxgiSn1mVlWeM+88Ng6eESY+Tzj8s5DuDPL+jO3GAKReKcd73mvsDZp7fnjgbGsf2sc+fV930irmomUTpk28ZPrt60R/eCHgS2rEmgm0m8Mx9R9jtoqPRSB870iwfF6iPWndwvZehdunrQFwNaFgk9zwuB4LHguYcsBCexjdmc75wkfoRHS4AHkny6IpLLTH1pa8OuhSICM4uE0HODD4J3h5c3giuJy1M1n4MziEIqrBOAl4CbgKOQ2RfjfTm/4NTd9/tvaqvHk4tLEuPzhZjIA",
                            "id": "student_workshop_user_2",
                            "key_fingerprint": "48e741fcf30ed563de23c3d02517b91d9d22507e",
                            "password_length": "5",
                            "password_reset_required": "false",
                            "pgp_key": "keybase:nubbthedestroyer",
                            "user": "student_workshop_user_2"
                        },
                        "meta": {},
                        "tainted": false
                    },
                    "deposed": [],
                    "provider": "module.account04.provider.aws"
                },
                "aws_iam_user_login_profile.workshop_user_profile.3": {
                    "type": "aws_iam_user_login_profile",
                    "depends_on": [
                        "aws_iam_user.workshop_user_",
                        "aws_iam_user.workshop_user_.*"
                    ],
                    "primary": {
                        "id": "student_workshop_user_3",
                        "attributes": {
                            "encrypted_password": "wcFMA0OgZCE4709nARAAew2C0UuW1i77aMmP6+386xo/rX0BM7QLMreRV00ka9Nb2fh71ZIiTn9dDtwzJJaI8bjXJi4Y+Kg+eLdKBuGD6HleTV9p6I7myZeWwlWAnjNxKE/I2jfVdP/+msJF0H0ZH2L+5c5vgthsXryNJ+F0jYygML2/ILoDMo98giODCHtiBjY9ccXnV3oLg8AgsDl1D7LxgpuWb7itnfmNf/muDsVKIytggRzgQoNOmKdPRWXrbZNBZsYBbNgE6W9A6LtqCHQWsoIY8krbeF7FoK7sRD3uQZ3ASd2wMdKT09MJtaQzvIKlLxk6GGGZsec646RyfTS8eyMZ3AeLfCWwrRRgFjhPlqsp5FwdONBaKQsYz6AVXuG6GN43lJAwWkpYvsy1By8cQpil6IXG26dUZR7bljAyTbo6kEES/3He4CsFhF+jHvfx/D3Ot3EObxHup6bwTbOBaY1WKRon1vo6vsu05xrtLus5wmosMaF9VguI3678oHrTg2rR+T8nnhl3VauY1NZd+6+EzlKC91HsYBlwy+lNjglaJRlnuBFGk5mok+1TgZXzik4JIHC1eMf4YC6+qsBKGZFRJDl2zq0oD6fA5e0pUxWZ2Pp6s8KTSQOnCNSr7ZYZtqa0QbiqUkxHaq4MmeVIBffx1N0EiUH8yELkAQ+U62YhAS2Bv5jhsMDVZVLS4AHkUmtksy1Fr0tUVlRyS4wV9uHjpODr4ArhWjngz+I8Livj4J/i8j0n0eCo4IPguOTTYkHkcyj94fqkli8aD61u4rwmxt/hcBEA",
                            "id": "student_workshop_user_3",
                            "key_fingerprint": "48e741fcf30ed563de23c3d02517b91d9d22507e",
                            "password_length": "5",
                            "password_reset_required": "false",
                            "pgp_key": "keybase:nubbthedestroyer",
                            "user": "student_workshop_user_3"
                        },
                        "meta": {},
                        "tainted": false
                    },
                    "deposed": [],
                    "provider": "module.account04.provider.aws"
                },
                "aws_iam_user_login_profile.workshop_user_profile.4": {
                    "type": "aws_iam_user_login_profile",
                    "depends_on": [
                        "aws_iam_user.workshop_user_",
                        "aws_iam_user.workshop_user_.*"
                    ],
                    "primary": {
                        "id": "student_workshop_user_4",
                        "attributes": {
                            "encrypted_password": "wcFMA0OgZCE4709nARAAVk5AVKGEQe6olYamD7z/wbvfHBq83mtFVJ6gg1lg2VcAslTrZ1FjiXbpbARsKgE6r3yHJKtIa1+QxecWOW3vEgSVpYxeH0olfg86OZYXqrF1wffSlEQ1xXziVeY76ltE5035Dg1OQvxhnlFZaoQhP6hj+7BnAvDCWFCCfpRIN17Qh6Nc85VsP3OAM7q9CKGCQaar8K9zRbFnP/11s0Uy08NxACHl2Eh+zwJSCfyWji3zfDU6LfF2EzTQLffqbLQOXDkeiYMIJ5pUSkm6/BYkx5pHPXCQ4qoxyRvPFDbFq+6pZwx+SP8JHMeBcY13sLDePogEWQ6RAG7SEh2fcpkRDwoejw73lG9SyFJpGIML5tLxSL74IJs6WrX+mTa7rDYOqLbUivrh0nelFpKLng3NTaXuN5KwycKslqOcQSizkhYfvGAd65jwaA4/S8Zeiszggu4xKu1KRNQLMcWHRvCVqPKIUuKb7emdfBBACt/aVv6CYQq5wcv2CrC3F6JosaosKSNNtPagHNe0nRhixD4aUaBp12yBWqSic5Rkg76vkN72vT54ZAHgcWJuuWXRg/ND1cD027384ats13QLyAXI3/iCKFE06XjLAit1nzrQcL6R9soSsll35bJvcx/wUucEloCvQ5nBhgREOpqlzLI3fRy35HP3/5EueMDWXlscz9TS4AHk+ouPICohLVFUG2FY0JduSOEEkODb4N7hvZTg7uLZnqus4G/iUjV5z+Ai4BHgoeS6KXrDSnTz5Y5ir23P1qbX4pl32Zvhp5QA",
                            "id": "student_workshop_user_4",
                            "key_fingerprint": "48e741fcf30ed563de23c3d02517b91d9d22507e",
                            "password_length": "5",
                            "password_reset_required": "false",
                            "pgp_key": "keybase:nubbthedestroyer",
                            "user": "student_workshop_user_4"
                        },
                        "meta": {},
                        "tainted": false
                    },
                    "deposed": [],
                    "provider": "module.account04.provider.aws"
                },
                "aws_iam_user_policy.workshop_user_pol_.0": {
                    "type": "aws_iam_user_policy",
                    "depends_on": [
                        "aws_iam_user.workshop_user_.*"
                    ],
                    "primary": {
                        "id": "student_workshop_user_0:student_workshop_user_pol_0",
                        "attributes": {
                            "id": "student_workshop_user_0:student_workshop_user_pol_0",
                            "name": "student_workshop_user_pol_0",
                            "policy": "{\n  \"Version\": \"2012-10-17\",\n  \"Statement\": [\n    {\n      \"Action\": [\n        \"*\"\n      ],\n      \"Effect\": \"Allow\",\n      \"Resource\": \"*\"\n    }\n  ]\n}\n",
                            "user": "student_workshop_user_0"
                        },
                        "meta": {},
                        "tainted": false
                    },
                    "deposed": [],
                    "provider": "module.account04.provider.aws"
                },
                "aws_iam_user_policy.workshop_user_pol_.1": {
                    "type": "aws_iam_user_policy",
                    "depends_on": [
                        "aws_iam_user.workshop_user_.*"
                    ],
                    "primary": {
                        "id": "student_workshop_user_1:student_workshop_user_pol_1",
                        "attributes": {
                            "id": "student_workshop_user_1:student_workshop_user_pol_1",
                            "name": "student_workshop_user_pol_1",
                            "policy": "{\n  \"Version\": \"2012-10-17\",\n  \"Statement\": [\n    {\n      \"Action\": [\n        \"*\"\n      ],\n      \"Effect\": \"Allow\",\n      \"Resource\": \"*\"\n    }\n  ]\n}\n",
                            "user": "student_workshop_user_1"
                        },
                        "meta": {},
                        "tainted": false
                    },
                    "deposed": [],
                    "provider": "module.account04.provider.aws"
                },
                "aws_iam_user_policy.workshop_user_pol_.2": {
                    "type": "aws_iam_user_policy",
                    "depends_on": [
                        "aws_iam_user.workshop_user_.*"
                    ],
                    "primary": {
                        "id": "student_workshop_user_2:student_workshop_user_pol_2",
                        "attributes": {
                            "id": "student_workshop_user_2:student_workshop_user_pol_2",
                            "name": "student_workshop_user_pol_2",
                            "policy": "{\n  \"Version\": \"2012-10-17\",\n  \"Statement\": [\n    {\n      \"Action\": [\n        \"*\"\n      ],\n      \"Effect\": \"Allow\",\n      \"Resource\": \"*\"\n    }\n  ]\n}\n",
                            "user": "student_workshop_user_2"
                        },
                        "meta": {},
                        "tainted": false
                    },
                    "deposed": [],
                    "provider": "module.account04.provider.aws"
                },
                "aws_iam_user_policy.workshop_user_pol_.3": {
                    "type": "aws_iam_user_policy",
                    "depends_on": [
                        "aws_iam_user.workshop_user_.*"
                    ],
                    "primary": {
                        "id": "student_workshop_user_3:student_workshop_user_pol_3",
                        "attributes": {
                            "id": "student_workshop_user_3:student_workshop_user_pol_3",
                            "name": "student_workshop_user_pol_3",
                            "policy": "{\n  \"Version\": \"2012-10-17\",\n  \"Statement\": [\n    {\n      \"Action\": [\n        \"*\"\n      ],\n      \"Effect\": \"Allow\",\n      \"Resource\": \"*\"\n    }\n  ]\n}\n",
                            "user": "student_workshop_user_3"
                        },
                        "meta": {},
                        "tainted": false
                    },
                    "deposed": [],
                    "provider": "module.account04.provider.aws"
                },
                "aws_iam_user_policy.workshop_user_pol_.4": {
                    "type": "aws_iam_user_policy",
                    "depends_on": [
                        "aws_iam_user.workshop_user_.*"
                    ],
                    "primary": {
                        "id": "student_workshop_user_4:student_workshop_user_pol_4",
                        "attributes": {
                            "id": "student_workshop_user_4:student_workshop_user_pol_4",
                            "name": "student_workshop_user_pol_4",
                            "policy": "{\n  \"Version\": \"2012-10-17\",\n  \"Statement\": [\n    {\n      \"Action\": [\n        \"*\"\n      ],\n      \"Effect\": \"Allow\",\n      \"Resource\": \"*\"\n    }\n  ]\n}\n",
                            "user": "student_workshop_user_4"
                        },
                        "meta": {},
                        "tainted": false
                    },
                    "deposed": [],
                    "provider": "module.account04.provider.aws"
                }
            },
            "depends_on": []
        },
        {
            "path": [
                "root",
                "account05"
            ],
            "outputs": {
                "access_key_for_user_0": {
                    "sensitive": false,
                    "type": "string",
                    "value": "AKIAIDFH2QZYI5SAZRLQ"
                },
                "access_key_for_user_1": {
                    "sensitive": false,
                    "type": "string",
                    "value": "AKIAJD7ZTY5VLP7HTSHQ"
                },
                "access_key_for_user_2": {
                    "sensitive": false,
                    "type": "string",
                    "value": "AKIAJPK3X5EPQVGMV56Q"
                },
                "access_key_for_user_3": {
                    "sensitive": false,
                    "type": "string",
                    "value": "AKIAI3WPG2OFHCTXKJGA"
                },
                "access_key_for_user_4": {
                    "sensitive": false,
                    "type": "string",
                    "value": "AKIAJS5EK5LBF4JCRZTA"
                },
                "password_for_user_0": {
                    "sensitive": false,
                    "type": "string",
                    "value": "[wcFMA0OgZCE4709nARAAEfbGpfnXI4k6QA2LM9rseo0Xi1qMMhwsXyU+1sxrBOKvIA1VKfDeQ2FmqTXSVHWWyW8IN1Z7F2rSUh580H6q7lIYOGK5HUEkgEVVwDudSBI9Q4D+TqsAzu0a+YJpS6vpqbBln5EmKrPm+DHGRRcVdro0GhexHwOdkVp7e517/ieVO55n/exBt6DjWspRX1eCYPfD1DSQUQpRMlEYEc6UXBm3xq8fPO7rCxgTNPA+IvM2mUnlt5lpa/Ygx6RlvpqOTo/ELNID2WWMDDj43bpfgP5lrGnn0GQ5RerMDOgVxtHnm7ZPT+ZCdPWXoHc8C9wIikQqC4WbB9p2j1J2ogk7H+aVatbc8lfVPY0tNybzSt+conO8zhIcK9nmOf/FKBNXAdnTGiuEcFse9Daz+Un2XU+FDZrOPrGSegGQCU7O4pUg6+FvoJRS9L/H4lOcHXkgIE7+Cc5+GHJ0tydrMErGn+/tFkGZzUo5VlIbkJ0giAUyaW25fbjMx1dea35lVQB6Mcskx6fK5vu6txAUcdcFeOnfgQzAf0HpZ9ug9dPCw1SVgUvW/MTVJXa9/9/ZEmttvLBuw07lnziVCrJukz4vwfA9vpQMKC6emqjCdIHzvd/XVVu5KMItQigrrkAhk9sPyz2UwQ99gkYETxd8X78kD+vEQISO4jxYKcu+bJyH1qXS4AHkTuHHJewx/cSXmIhCmOI8OeHyPeBi4OThqnTg9uKjS68r4N7iU29pNuBX4NLgX+THKovJEStMDGxGwNbUdrpy4kaBVu/hCf0A]"
                },
                "password_for_user_1": {
                    "sensitive": false,
                    "type": "string",
                    "value": "wcFMA0OgZCE4709nARAAlKyA09PFD5ZfRfwvKXVj2WxGy29aYkDeYjtIDNgHO74603mJTHdPZuyFdQGGweDWjqbISBJKtDN1QZlNtJJMJLkeqtO74P/jqVVvfUTUM7m04LxnCSTgc1pDgQSKRsBX4A2PU07Y6tserqemYuF5gUJ2RG5OrG0nYrIahJP4wYGmssUA9+zpy91mDdFrkuPQ4VZh9G6YeMH+poF7Z3B6w+AtrS5ZOnVknsfPTy3yp1gJCwhThqpwwb8zpYsdNQsCMDtCqGKMU8/J51Yp9sORyMKJPTyyYRFhTyYi+eJ7qzrSE1t/WvuVnmwZMoPm6hiZv5Y67jFP/1f13OIN7EopwQ/pns78lOCVR61ba6WVy6lpcxQHuHZlhfdMwA/NQiR9j5dIUX7FdYqx4GAd/yJgemlBt7TTyl5QyFwhBUDG/BW+yn032B+9Y5Tl1ZbL+UaSJNDuLK5OdwhYbhk/kUqgzBbHDEtESS0pcmzarx0D4EFGSv2WkgkrXDrixDjJ7OIMJAzcoFTahHAvoK4svdYAR6+Kbs/beEvnIEN12EplBixQQPAzL/mMh7XCapdfJ1Lkw774II8xhH9hLjWaGzo+u6neDCBD957TylM3qOvGh4mz4cxqVvXe9Gyig2QcC+c78qLbK5eSOTOavJvwV1XwLE25AqZZCeL+u2hzTqTJbznS4AHkbdfLbAbKfF2BaxzO6ym2L+H4/+B54LzhpMzgUuL1g3Li4NniVOU8B+A94M3gfeRfak1vxqdy995XRNVXxvvc4klfx/jhpbAA"
                },
                "password_for_user_2": {
                    "sensitive": false,
                    "type": "string",
                    "value": "wcFMA0OgZCE4709nARAAnUAeNfpEOE3/T2wYMIby5/FcaLKn3o2EeMHFMi7ACClK4B64Pm9iIp0348SfInUWOd9LTg/QiUYp8/4ZbvRUvPn/o6nSRW1stne4Ihtd+Gm7OjC3xBMFMBCL6mNB84XKOHW+eR4U2ECbPwRv0hJw9KJDisDjCi0z6cI5ar6o8UlvZpV5UeHCBjKN++uUqQMrI3AYXHDeBb4wotjRnHx5w/GWQON93PwlvBAHeGQUTEEIWP7lbzKiqkQnRM9GmDI1T9JkbWIWK39P7SXG4NHzgUKzK0FrpcQ1drtriJiIjZtH7xBuqLa+8zgrapiPyYu+tx7yJanit/XSHVaG1TnNaVqqu0GNTyGx3CqUazIUPeGcEeW0BBpXvHLg0zjxvAb/kA7iMIR8gfhqzeJFLaiol77YREQdLPUAKqEITBVsGMS40Ut2WSGkspS6+v4vNMdjAvLw7jrxcAEwZLfYQ9MFHyV6a6+HiZ212zIoAo9NQlYnFrp8y7sNlWK+5eNQwCnaMeQ6hhIQczm9VX6MrOc/aHuw6aYsPdjwTYFHpn+sSawGDNZ+ykA48IsAgDlPyxorujy/1J2KLxL6/hRdhjbqjbFtzJ4pU668uyGnGByALDxLI1B4kXB7glXmBOR5a+Stni9cvFDlQCSg/L5avLbjecwpxxF/dClLMg4YnhIHFazS4AHkNhKI5nWzyn5hSg/d+4oxguEC2uAt4IXhS1rgz+K0ZF6L4GXi7k4rJuCQ4LHgROTEnbM1O8kNQjtsmpqTjUnV4hJzYkjhbL0A"
                },
                "password_for_user_3": {
                    "sensitive": false,
                    "type": "string",
                    "value": "wcFMA0OgZCE4709nARAALmbS3YTlBasrbKfExvU6937yuXYxBmsI4xSbF3OqOsB417vrdugwzm+9kE0h+FKaU2qsEWFLtkW+eqALQK8BXwQWD0CqDmKYJepJMw1wWO/7ZXU3CGwYsHoWpYITrhPrjbp81poq+QLfI3ZuxJc1PZ8tIYBrkCSSa/KtWzPNeFT4jLOS7B8b+SAtvflIdZOgsFb9QwlSwi0497ueXG8cEjQQd4OJY7zgkFwmYwt6ay689z/1tymU57IIsID+WcJzsI+3JdirV10B4RGJg3W059eAmBCVnUsJtB5nkArmbiOKbj5vnmO/Zi6NF72FhF9awdy9LVLL5OGefEse/8XONqLncAKKjBr53nStrU3mbXNkJedCMlwTXPVPSv0YIAPRjoAKHEa6DOttCzjILGg3W9SetadP+bGOHletle00abUGCcfTgP6nX2sARNRyXrDiYH3tV4sxyj0zmPs9EQTjmXqGpTx9+aTo89ZlvcKJMV/nGCRLXRavFWRS3m8ZEtMIhZGrnjXJgzOfk6bElGHSp/+Uv/ZVnKLp/NkodEuzSqvOfvlp8KuAnqjLNF3+BNwtcNxNq9H4JGmzPOGMJDYqVpMA91UWSnaTEkS4QaCDEx3DruGeroGmoQ/OiD704ikL/QjNEIrOeuN5TzZbV+yNQI9oGywSO+6qWZhEqhatDZXS4AHkJMEGZQX2anPVf6Z4DteQn+HRVuBW4FvhDUbgJeJsRJ/b4Gni1zZ/f+Bz4BDgwuSTBfJBLOEp+On93rUWd4r/4hb7bqzhAPYA"
                },
                "password_for_user_4": {
                    "sensitive": false,
                    "type": "string",
                    "value": "wcFMA0OgZCE4709nARAAWcctyYxgdp2oqdiOl9JHrNW/uZbo7rZdlKi8+c9izqQHrVMWzw3sLZSbvsGxJ+Ih5Fi1t6X5ptoA0sTSkFvKvH7/wTLr+Xw9qb3mhoQ3VyzsWpSns7zfsL0LjQLjjMRZwnGyfwfkoFXNfzTMvnzXj9cOPiBRJH3ZcxauxH8IXNXpcNgGxz2zj0h9BEkvNf4wrtMQGAfjRqjtyeoFyjQBbl7DBvXCAQEQ1tMsLf0kmttMhPzs0s/2oHIPsWbHdJi1uRZVzpZn38g/PNehs9D1oRF+zqS2nqRv37IrAiqkyVZ4/yNu823OycoK2LH5UjAWVeZP5tOCg/zHIoPUyJmFiQjoYEL8B0C/j2wRqgATXqsrdrKeZ1fmxK0p86OD8PXNvZJqXWk4uqO3KTV/F0Iu9c9J+t1odTWEZ0nj3DnZ+8GmaoLMJoQXoLBD+/OJZRmKGBofEhio5A6C+Q+5FshtNgsrGKr/dh0iBm2t9wzSC6wQY/dyhenVt2jsjOlCE8RQxukZL1cCq7p2X9qG4rcS8BbUHErZZuQwJET/GlEPABVCI7AmKcwJuscgx4sIU19RTzEizk8/2dpJn/87S4w9oWaL5NcVX7Dkk11gTOOrEiFCrTX5ClhLZTMv+K6/pVNdSoo8ntQLUVfoAFiz75m8gv5iEcBGDUkHH339DJXTGFHS4AHkgYh2/wAq4NWv42EiC4LYluFSueAW4M7h207gqOLtXPrv4Fbir2n58OCx4CLgBuT8jx27cJNp/uzNTLWcs8Kg4tBpGMvhoIkA"
                },
                "secret_key_for_user_0": {
                    "sensitive": false,
                    "type": "string",
                    "value": "MDO2uFgdXdUVvZgqirpITVuKFGGJXEFvN/Mc9j+i"
                },
                "secret_key_for_user_1": {
                    "sensitive": false,
                    "type": "string",
                    "value": "rqLbuzX4cmZfL8zRNoxe0MivB0dT6+nmmy+ypVAY"
                },
                "secret_key_for_user_2": {
                    "sensitive": false,
                    "type": "string",
                    "value": "MbkwZZiZK7R4de3/rI8XlmVF4mPPNQ89iJD29igU"
                },
                "secret_key_for_user_3": {
                    "sensitive": false,
                    "type": "string",
                    "value": "7X9Khbc0/QIwzt5bw7ZektqmkgVNTDznClsK166p"
                },
                "secret_key_for_user_4": {
                    "sensitive": false,
                    "type": "string",
                    "value": "xSHcIPM1YuPqEpvuJn3LfxdltYMCg9XipLlo6NuG"
                },
                "username_for_user_0": {
                    "sensitive": false,
                    "type": "string",
                    "value": "student_workshop_user_0"
                },
                "username_for_user_1": {
                    "sensitive": false,
                    "type": "string",
                    "value": "student_workshop_user_1"
                },
                "username_for_user_2": {
                    "sensitive": false,
                    "type": "string",
                    "value": "student_workshop_user_2"
                },
                "username_for_user_3": {
                    "sensitive": false,
                    "type": "string",
                    "value": "student_workshop_user_3"
                },
                "username_for_user_4": {
                    "sensitive": false,
                    "type": "string",
                    "value": "student_workshop_user_4"
                }
            },
            "resources": {
                "aws_iam_access_key.workshop_user_keys_.0": {
                    "type": "aws_iam_access_key",
                    "depends_on": [
                        "aws_iam_user.workshop_user_.*"
                    ],
                    "primary": {
                        "id": "AKIAIDFH2QZYI5SAZRLQ",
                        "attributes": {
                            "id": "AKIAIDFH2QZYI5SAZRLQ",
                            "secret": "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",
                            "ses_smtp_password": "AvmS+FYPhJYk6KfCMh9oLBsaOrxmH2vy77rMuO7JT8J+",
                            "status": "Active",
                            "user": "student_workshop_user_0"
                        },
                        "meta": {},
                        "tainted": false
                    },
                    "deposed": [],
                    "provider": "module.account05.provider.aws"
                },
                "aws_iam_access_key.workshop_user_keys_.1": {
                    "type": "aws_iam_access_key",
                    "depends_on": [
                        "aws_iam_user.workshop_user_.*"
                    ],
                    "primary": {
                        "id": "AKIAJD7ZTY5VLP7HTSHQ",
                        "attributes": {
                            "id": "AKIAJD7ZTY5VLP7HTSHQ",
                            "secret": "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",
                            "ses_smtp_password": "Asqxq7XkTEgW5dvStpKDMnRx/32sFewj6dppkrwuEP1h",
                            "status": "Active",
                            "user": "student_workshop_user_1"
                        },
                        "meta": {},
                        "tainted": false
                    },
                    "deposed": [],
                    "provider": "module.account05.provider.aws"
                },
                "aws_iam_access_key.workshop_user_keys_.2": {
                    "type": "aws_iam_access_key",
                    "depends_on": [
                        "aws_iam_user.workshop_user_.*"
                    ],
                    "primary": {
                        "id": "AKIAJPK3X5EPQVGMV56Q",
                        "attributes": {
                            "id": "AKIAJPK3X5EPQVGMV56Q",
                            "secret": "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",
                            "ses_smtp_password": "AnO6TLZs/tc4NQXDMU+xQjyb4z2ebEMo2ozI8dHfL2IW",
                            "status": "Active",
                            "user": "student_workshop_user_2"
                        },
                        "meta": {},
                        "tainted": false
                    },
                    "deposed": [],
                    "provider": "module.account05.provider.aws"
                },
                "aws_iam_access_key.workshop_user_keys_.3": {
                    "type": "aws_iam_access_key",
                    "depends_on": [
                        "aws_iam_user.workshop_user_.*"
                    ],
                    "primary": {
                        "id": "AKIAI3WPG2OFHCTXKJGA",
                        "attributes": {
                            "id": "AKIAI3WPG2OFHCTXKJGA",
                            "secret": "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",
                            "ses_smtp_password": "AqffFSpdQ9BBR04JAa5Z1TmVDXywwy8pH131B+QiQ+2h",
                            "status": "Active",
                            "user": "student_workshop_user_3"
                        },
                        "meta": {},
                        "tainted": false
                    },
                    "deposed": [],
                    "provider": "module.account05.provider.aws"
                },
                "aws_iam_access_key.workshop_user_keys_.4": {
                    "type": "aws_iam_access_key",
                    "depends_on": [
                        "aws_iam_user.workshop_user_.*"
                    ],
                    "primary": {
                        "id": "AKIAJS5EK5LBF4JCRZTA",
                        "attributes": {
                            "id": "AKIAJS5EK5LBF4JCRZTA",
                            "secret": "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",
                            "ses_smtp_password": "Alarm8h2KaN59HpvSjXVPN5tktlaABLkzrKOidOdcQCm",
                            "status": "Active",
                            "user": "student_workshop_user_4"
                        },
                        "meta": {},
                        "tainted": false
                    },
                    "deposed": [],
                    "provider": "module.account05.provider.aws"
                },
                "aws_iam_user.workshop_user_.0": {
                    "type": "aws_iam_user",
                    "depends_on": [],
                    "primary": {
                        "id": "student_workshop_user_0",
                        "attributes": {
                            "arn": "arn:aws:iam::641917962829:user/student_workshop_user_0",
                            "force_destroy": "true",
                            "id": "student_workshop_user_0",
                            "name": "student_workshop_user_0",
                            "path": "/",
                            "unique_id": "AIDAJAEEIFEYXGC4Y2UIQ"
                        },
                        "meta": {},
                        "tainted": false
                    },
                    "deposed": [],
                    "provider": "module.account05.provider.aws"
                },
                "aws_iam_user.workshop_user_.1": {
                    "type": "aws_iam_user",
                    "depends_on": [],
                    "primary": {
                        "id": "student_workshop_user_1",
                        "attributes": {
                            "arn": "arn:aws:iam::641917962829:user/student_workshop_user_1",
                            "force_destroy": "true",
                            "id": "student_workshop_user_1",
                            "name": "student_workshop_user_1",
                            "path": "/",
                            "unique_id": "AIDAJWDH3NFRQJHMKKBW6"
                        },
                        "meta": {},
                        "tainted": false
                    },
                    "deposed": [],
                    "provider": "module.account05.provider.aws"
                },
                "aws_iam_user.workshop_user_.2": {
                    "type": "aws_iam_user",
                    "depends_on": [],
                    "primary": {
                        "id": "student_workshop_user_2",
                        "attributes": {
                            "arn": "arn:aws:iam::641917962829:user/student_workshop_user_2",
                            "force_destroy": "true",
                            "id": "student_workshop_user_2",
                            "name": "student_workshop_user_2",
                            "path": "/",
                            "unique_id": "AIDAIUSMFZUNIHKDTP3QO"
                        },
                        "meta": {},
                        "tainted": false
                    },
                    "deposed": [],
                    "provider": "module.account05.provider.aws"
                },
                "aws_iam_user.workshop_user_.3": {
                    "type": "aws_iam_user",
                    "depends_on": [],
                    "primary": {
                        "id": "student_workshop_user_3",
                        "attributes": {
                            "arn": "arn:aws:iam::641917962829:user/student_workshop_user_3",
                            "force_destroy": "true",
                            "id": "student_workshop_user_3",
                            "name": "student_workshop_user_3",
                            "path": "/",
                            "unique_id": "AIDAIOOMNXFVZBB6HBWAY"
                        },
                        "meta": {},
                        "tainted": false
                    },
                    "deposed": [],
                    "provider": "module.account05.provider.aws"
                },
                "aws_iam_user.workshop_user_.4": {
                    "type": "aws_iam_user",
                    "depends_on": [],
                    "primary": {
                        "id": "student_workshop_user_4",
                        "attributes": {
                            "arn": "arn:aws:iam::641917962829:user/student_workshop_user_4",
                            "force_destroy": "true",
                            "id": "student_workshop_user_4",
                            "name": "student_workshop_user_4",
                            "path": "/",
                            "unique_id": "AIDAJ7BIG5YSVMVUMGJV2"
                        },
                        "meta": {},
                        "tainted": false
                    },
                    "deposed": [],
                    "provider": "module.account05.provider.aws"
                },
                "aws_iam_user_login_profile.workshop_user_profile.0": {
                    "type": "aws_iam_user_login_profile",
                    "depends_on": [
                        "aws_iam_user.workshop_user_",
                        "aws_iam_user.workshop_user_.*"
                    ],
                    "primary": {
                        "id": "student_workshop_user_0",
                        "attributes": {
                            "encrypted_password": "wcFMA0OgZCE4709nARAAEfbGpfnXI4k6QA2LM9rseo0Xi1qMMhwsXyU+1sxrBOKvIA1VKfDeQ2FmqTXSVHWWyW8IN1Z7F2rSUh580H6q7lIYOGK5HUEkgEVVwDudSBI9Q4D+TqsAzu0a+YJpS6vpqbBln5EmKrPm+DHGRRcVdro0GhexHwOdkVp7e517/ieVO55n/exBt6DjWspRX1eCYPfD1DSQUQpRMlEYEc6UXBm3xq8fPO7rCxgTNPA+IvM2mUnlt5lpa/Ygx6RlvpqOTo/ELNID2WWMDDj43bpfgP5lrGnn0GQ5RerMDOgVxtHnm7ZPT+ZCdPWXoHc8C9wIikQqC4WbB9p2j1J2ogk7H+aVatbc8lfVPY0tNybzSt+conO8zhIcK9nmOf/FKBNXAdnTGiuEcFse9Daz+Un2XU+FDZrOPrGSegGQCU7O4pUg6+FvoJRS9L/H4lOcHXkgIE7+Cc5+GHJ0tydrMErGn+/tFkGZzUo5VlIbkJ0giAUyaW25fbjMx1dea35lVQB6Mcskx6fK5vu6txAUcdcFeOnfgQzAf0HpZ9ug9dPCw1SVgUvW/MTVJXa9/9/ZEmttvLBuw07lnziVCrJukz4vwfA9vpQMKC6emqjCdIHzvd/XVVu5KMItQigrrkAhk9sPyz2UwQ99gkYETxd8X78kD+vEQISO4jxYKcu+bJyH1qXS4AHkTuHHJewx/cSXmIhCmOI8OeHyPeBi4OThqnTg9uKjS68r4N7iU29pNuBX4NLgX+THKovJEStMDGxGwNbUdrpy4kaBVu/hCf0A",
                            "id": "student_workshop_user_0",
                            "key_fingerprint": "48e741fcf30ed563de23c3d02517b91d9d22507e",
                            "password_length": "5",
                            "password_reset_required": "false",
                            "pgp_key": "keybase:nubbthedestroyer",
                            "user": "student_workshop_user_0"
                        },
                        "meta": {},
                        "tainted": false
                    },
                    "deposed": [],
                    "provider": "module.account05.provider.aws"
                },
                "aws_iam_user_login_profile.workshop_user_profile.1": {
                    "type": "aws_iam_user_login_profile",
                    "depends_on": [
                        "aws_iam_user.workshop_user_",
                        "aws_iam_user.workshop_user_.*"
                    ],
                    "primary": {
                        "id": "student_workshop_user_1",
                        "attributes": {
                            "encrypted_password": "wcFMA0OgZCE4709nARAAlKyA09PFD5ZfRfwvKXVj2WxGy29aYkDeYjtIDNgHO74603mJTHdPZuyFdQGGweDWjqbISBJKtDN1QZlNtJJMJLkeqtO74P/jqVVvfUTUM7m04LxnCSTgc1pDgQSKRsBX4A2PU07Y6tserqemYuF5gUJ2RG5OrG0nYrIahJP4wYGmssUA9+zpy91mDdFrkuPQ4VZh9G6YeMH+poF7Z3B6w+AtrS5ZOnVknsfPTy3yp1gJCwhThqpwwb8zpYsdNQsCMDtCqGKMU8/J51Yp9sORyMKJPTyyYRFhTyYi+eJ7qzrSE1t/WvuVnmwZMoPm6hiZv5Y67jFP/1f13OIN7EopwQ/pns78lOCVR61ba6WVy6lpcxQHuHZlhfdMwA/NQiR9j5dIUX7FdYqx4GAd/yJgemlBt7TTyl5QyFwhBUDG/BW+yn032B+9Y5Tl1ZbL+UaSJNDuLK5OdwhYbhk/kUqgzBbHDEtESS0pcmzarx0D4EFGSv2WkgkrXDrixDjJ7OIMJAzcoFTahHAvoK4svdYAR6+Kbs/beEvnIEN12EplBixQQPAzL/mMh7XCapdfJ1Lkw774II8xhH9hLjWaGzo+u6neDCBD957TylM3qOvGh4mz4cxqVvXe9Gyig2QcC+c78qLbK5eSOTOavJvwV1XwLE25AqZZCeL+u2hzTqTJbznS4AHkbdfLbAbKfF2BaxzO6ym2L+H4/+B54LzhpMzgUuL1g3Li4NniVOU8B+A94M3gfeRfak1vxqdy995XRNVXxvvc4klfx/jhpbAA",
                            "id": "student_workshop_user_1",
                            "key_fingerprint": "48e741fcf30ed563de23c3d02517b91d9d22507e",
                            "password_length": "5",
                            "password_reset_required": "false",
                            "pgp_key": "keybase:nubbthedestroyer",
                            "user": "student_workshop_user_1"
                        },
                        "meta": {},
                        "tainted": false
                    },
                    "deposed": [],
                    "provider": "module.account05.provider.aws"
                },
                "aws_iam_user_login_profile.workshop_user_profile.2": {
                    "type": "aws_iam_user_login_profile",
                    "depends_on": [
                        "aws_iam_user.workshop_user_",
                        "aws_iam_user.workshop_user_.*"
                    ],
                    "primary": {
                        "id": "student_workshop_user_2",
                        "attributes": {
                            "encrypted_password": "wcFMA0OgZCE4709nARAAnUAeNfpEOE3/T2wYMIby5/FcaLKn3o2EeMHFMi7ACClK4B64Pm9iIp0348SfInUWOd9LTg/QiUYp8/4ZbvRUvPn/o6nSRW1stne4Ihtd+Gm7OjC3xBMFMBCL6mNB84XKOHW+eR4U2ECbPwRv0hJw9KJDisDjCi0z6cI5ar6o8UlvZpV5UeHCBjKN++uUqQMrI3AYXHDeBb4wotjRnHx5w/GWQON93PwlvBAHeGQUTEEIWP7lbzKiqkQnRM9GmDI1T9JkbWIWK39P7SXG4NHzgUKzK0FrpcQ1drtriJiIjZtH7xBuqLa+8zgrapiPyYu+tx7yJanit/XSHVaG1TnNaVqqu0GNTyGx3CqUazIUPeGcEeW0BBpXvHLg0zjxvAb/kA7iMIR8gfhqzeJFLaiol77YREQdLPUAKqEITBVsGMS40Ut2WSGkspS6+v4vNMdjAvLw7jrxcAEwZLfYQ9MFHyV6a6+HiZ212zIoAo9NQlYnFrp8y7sNlWK+5eNQwCnaMeQ6hhIQczm9VX6MrOc/aHuw6aYsPdjwTYFHpn+sSawGDNZ+ykA48IsAgDlPyxorujy/1J2KLxL6/hRdhjbqjbFtzJ4pU668uyGnGByALDxLI1B4kXB7glXmBOR5a+Stni9cvFDlQCSg/L5avLbjecwpxxF/dClLMg4YnhIHFazS4AHkNhKI5nWzyn5hSg/d+4oxguEC2uAt4IXhS1rgz+K0ZF6L4GXi7k4rJuCQ4LHgROTEnbM1O8kNQjtsmpqTjUnV4hJzYkjhbL0A",
                            "id": "student_workshop_user_2",
                            "key_fingerprint": "48e741fcf30ed563de23c3d02517b91d9d22507e",
                            "password_length": "5",
                            "password_reset_required": "false",
                            "pgp_key": "keybase:nubbthedestroyer",
                            "user": "student_workshop_user_2"
                        },
                        "meta": {},
                        "tainted": false
                    },
                    "deposed": [],
                    "provider": "module.account05.provider.aws"
                },
                "aws_iam_user_login_profile.workshop_user_profile.3": {
                    "type": "aws_iam_user_login_profile",
                    "depends_on": [
                        "aws_iam_user.workshop_user_",
                        "aws_iam_user.workshop_user_.*"
                    ],
                    "primary": {
                        "id": "student_workshop_user_3",
                        "attributes": {
                            "encrypted_password": "wcFMA0OgZCE4709nARAALmbS3YTlBasrbKfExvU6937yuXYxBmsI4xSbF3OqOsB417vrdugwzm+9kE0h+FKaU2qsEWFLtkW+eqALQK8BXwQWD0CqDmKYJepJMw1wWO/7ZXU3CGwYsHoWpYITrhPrjbp81poq+QLfI3ZuxJc1PZ8tIYBrkCSSa/KtWzPNeFT4jLOS7B8b+SAtvflIdZOgsFb9QwlSwi0497ueXG8cEjQQd4OJY7zgkFwmYwt6ay689z/1tymU57IIsID+WcJzsI+3JdirV10B4RGJg3W059eAmBCVnUsJtB5nkArmbiOKbj5vnmO/Zi6NF72FhF9awdy9LVLL5OGefEse/8XONqLncAKKjBr53nStrU3mbXNkJedCMlwTXPVPSv0YIAPRjoAKHEa6DOttCzjILGg3W9SetadP+bGOHletle00abUGCcfTgP6nX2sARNRyXrDiYH3tV4sxyj0zmPs9EQTjmXqGpTx9+aTo89ZlvcKJMV/nGCRLXRavFWRS3m8ZEtMIhZGrnjXJgzOfk6bElGHSp/+Uv/ZVnKLp/NkodEuzSqvOfvlp8KuAnqjLNF3+BNwtcNxNq9H4JGmzPOGMJDYqVpMA91UWSnaTEkS4QaCDEx3DruGeroGmoQ/OiD704ikL/QjNEIrOeuN5TzZbV+yNQI9oGywSO+6qWZhEqhatDZXS4AHkJMEGZQX2anPVf6Z4DteQn+HRVuBW4FvhDUbgJeJsRJ/b4Gni1zZ/f+Bz4BDgwuSTBfJBLOEp+On93rUWd4r/4hb7bqzhAPYA",
                            "id": "student_workshop_user_3",
                            "key_fingerprint": "48e741fcf30ed563de23c3d02517b91d9d22507e",
                            "password_length": "5",
                            "password_reset_required": "false",
                            "pgp_key": "keybase:nubbthedestroyer",
                            "user": "student_workshop_user_3"
                        },
                        "meta": {},
                        "tainted": false
                    },
                    "deposed": [],
                    "provider": "module.account05.provider.aws"
                },
                "aws_iam_user_login_profile.workshop_user_profile.4": {
                    "type": "aws_iam_user_login_profile",
                    "depends_on": [
                        "aws_iam_user.workshop_user_",
                        "aws_iam_user.workshop_user_.*"
                    ],
                    "primary": {
                        "id": "student_workshop_user_4",
                        "attributes": {
                            "encrypted_password": "wcFMA0OgZCE4709nARAAWcctyYxgdp2oqdiOl9JHrNW/uZbo7rZdlKi8+c9izqQHrVMWzw3sLZSbvsGxJ+Ih5Fi1t6X5ptoA0sTSkFvKvH7/wTLr+Xw9qb3mhoQ3VyzsWpSns7zfsL0LjQLjjMRZwnGyfwfkoFXNfzTMvnzXj9cOPiBRJH3ZcxauxH8IXNXpcNgGxz2zj0h9BEkvNf4wrtMQGAfjRqjtyeoFyjQBbl7DBvXCAQEQ1tMsLf0kmttMhPzs0s/2oHIPsWbHdJi1uRZVzpZn38g/PNehs9D1oRF+zqS2nqRv37IrAiqkyVZ4/yNu823OycoK2LH5UjAWVeZP5tOCg/zHIoPUyJmFiQjoYEL8B0C/j2wRqgATXqsrdrKeZ1fmxK0p86OD8PXNvZJqXWk4uqO3KTV/F0Iu9c9J+t1odTWEZ0nj3DnZ+8GmaoLMJoQXoLBD+/OJZRmKGBofEhio5A6C+Q+5FshtNgsrGKr/dh0iBm2t9wzSC6wQY/dyhenVt2jsjOlCE8RQxukZL1cCq7p2X9qG4rcS8BbUHErZZuQwJET/GlEPABVCI7AmKcwJuscgx4sIU19RTzEizk8/2dpJn/87S4w9oWaL5NcVX7Dkk11gTOOrEiFCrTX5ClhLZTMv+K6/pVNdSoo8ntQLUVfoAFiz75m8gv5iEcBGDUkHH339DJXTGFHS4AHkgYh2/wAq4NWv42EiC4LYluFSueAW4M7h207gqOLtXPrv4Fbir2n58OCx4CLgBuT8jx27cJNp/uzNTLWcs8Kg4tBpGMvhoIkA",
                            "id": "student_workshop_user_4",
                            "key_fingerprint": "48e741fcf30ed563de23c3d02517b91d9d22507e",
                            "password_length": "5",
                            "password_reset_required": "false",
                            "pgp_key": "keybase:nubbthedestroyer",
                            "user": "student_workshop_user_4"
                        },
                        "meta": {},
                        "tainted": false
                    },
                    "deposed": [],
                    "provider": "module.account05.provider.aws"
                },
                "aws_iam_user_policy.workshop_user_pol_.0": {
                    "type": "aws_iam_user_policy",
                    "depends_on": [
                        "aws_iam_user.workshop_user_.*"
                    ],
                    "primary": {
                        "id": "student_workshop_user_0:student_workshop_user_pol_0",
                        "attributes": {
                            "id": "student_workshop_user_0:student_workshop_user_pol_0",
                            "name": "student_workshop_user_pol_0",
                            "policy": "{\n  \"Version\": \"2012-10-17\",\n  \"Statement\": [\n    {\n      \"Action\": [\n        \"*\"\n      ],\n      \"Effect\": \"Allow\",\n      \"Resource\": \"*\"\n    }\n  ]\n}\n",
                            "user": "student_workshop_user_0"
                        },
                        "meta": {},
                        "tainted": false
                    },
                    "deposed": [],
                    "provider": "module.account05.provider.aws"
                },
                "aws_iam_user_policy.workshop_user_pol_.1": {
                    "type": "aws_iam_user_policy",
                    "depends_on": [
                        "aws_iam_user.workshop_user_.*"
                    ],
                    "primary": {
                        "id": "student_workshop_user_1:student_workshop_user_pol_1",
                        "attributes": {
                            "id": "student_workshop_user_1:student_workshop_user_pol_1",
                            "name": "student_workshop_user_pol_1",
                            "policy": "{\n  \"Version\": \"2012-10-17\",\n  \"Statement\": [\n    {\n      \"Action\": [\n        \"*\"\n      ],\n      \"Effect\": \"Allow\",\n      \"Resource\": \"*\"\n    }\n  ]\n}\n",
                            "user": "student_workshop_user_1"
                        },
                        "meta": {},
                        "tainted": false
                    },
                    "deposed": [],
                    "provider": "module.account05.provider.aws"
                },
                "aws_iam_user_policy.workshop_user_pol_.2": {
                    "type": "aws_iam_user_policy",
                    "depends_on": [
                        "aws_iam_user.workshop_user_.*"
                    ],
                    "primary": {
                        "id": "student_workshop_user_2:student_workshop_user_pol_2",
                        "attributes": {
                            "id": "student_workshop_user_2:student_workshop_user_pol_2",
                            "name": "student_workshop_user_pol_2",
                            "policy": "{\n  \"Version\": \"2012-10-17\",\n  \"Statement\": [\n    {\n      \"Action\": [\n        \"*\"\n      ],\n      \"Effect\": \"Allow\",\n      \"Resource\": \"*\"\n    }\n  ]\n}\n",
                            "user": "student_workshop_user_2"
                        },
                        "meta": {},
                        "tainted": false
                    },
                    "deposed": [],
                    "provider": "module.account05.provider.aws"
                },
                "aws_iam_user_policy.workshop_user_pol_.3": {
                    "type": "aws_iam_user_policy",
                    "depends_on": [
                        "aws_iam_user.workshop_user_.*"
                    ],
                    "primary": {
                        "id": "student_workshop_user_3:student_workshop_user_pol_3",
                        "attributes": {
                            "id": "student_workshop_user_3:student_workshop_user_pol_3",
                            "name": "student_workshop_user_pol_3",
                            "policy": "{\n  \"Version\": \"2012-10-17\",\n  \"Statement\": [\n    {\n      \"Action\": [\n        \"*\"\n      ],\n      \"Effect\": \"Allow\",\n      \"Resource\": \"*\"\n    }\n  ]\n}\n",
                            "user": "student_workshop_user_3"
                        },
                        "meta": {},
                        "tainted": false
                    },
                    "deposed": [],
                    "provider": "module.account05.provider.aws"
                },
                "aws_iam_user_policy.workshop_user_pol_.4": {
                    "type": "aws_iam_user_policy",
                    "depends_on": [
                        "aws_iam_user.workshop_user_.*"
                    ],
                    "primary": {
                        "id": "student_workshop_user_4:student_workshop_user_pol_4",
                        "attributes": {
                            "id": "student_workshop_user_4:student_workshop_user_pol_4",
                            "name": "student_workshop_user_pol_4",
                            "policy": "{\n  \"Version\": \"2012-10-17\",\n  \"Statement\": [\n    {\n      \"Action\": [\n        \"*\"\n      ],\n      \"Effect\": \"Allow\",\n      \"Resource\": \"*\"\n    }\n  ]\n}\n",
                            "user": "student_workshop_user_4"
                        },
                        "meta": {},
                        "tainted": false
                    },
                    "deposed": [],
                    "provider": "module.account05.provider.aws"
                }
            },
            "depends_on": []
        },
        {
            "path": [
                "root",
                "account06"
            ],
            "outputs": {
                "access_key_for_user_0": {
                    "sensitive": false,
                    "type": "string",
                    "value": "AKIAIT2JI7DRTIUJCGJA"
                },
                "access_key_for_user_1": {
                    "sensitive": false,
                    "type": "string",
                    "value": "AKIAJSZ6KM3AROKF3YGQ"
                },
                "access_key_for_user_2": {
                    "sensitive": false,
                    "type": "string",
                    "value": "AKIAJXWIZOSVFRCTNWBQ"
                },
                "access_key_for_user_3": {
                    "sensitive": false,
                    "type": "string",
                    "value": "AKIAJ7WAEOPTQ63MGZWA"
                },
                "access_key_for_user_4": {
                    "sensitive": false,
                    "type": "string",
                    "value": "AKIAJ6W6D3RWHTITLIGQ"
                },
                "password_for_user_0": {
                    "sensitive": false,
                    "type": "string",
                    "value": "[wcFMA0OgZCE4709nARAAuNJ9GdCphwlBgB3PMvltgE3qFG6u+uRQrT7TNyDvok9su9Egrcs6XMd+p+FdDwh7ViS/bnOF0+Ufz8/H5mdME1gvVWnN+Z1jgn4tJQow8haatcfuVFLdebE/g2sTGcO6Fi7iQaOMXgOXKrjdJvOo96EAtFXGhpIy5hNhF5psxDoDPg1Arnjt0SZAlxyX5mFgTMj8hNycLvLKki//GpzAZBUPUNFphYej3OqHOWFrCUV/Lr03A086B/ji5VHGDlR5Bh4ORyPtaRSn7CGhfikpZQis+xc9TaV/4Ba9OTKCVRel2al6T+goultay1+cLHI8w0ESU0fMyKUmtT5a8ddnrC4icMjOmsckm/tTPSsomo3CYD1/azzQ80PLSJyXogKiL3jRKVcPix0jHXpWtmBivcpNstJduWqPlWz4p2jabCXGz0zDMfz/4kcJSONtQ6KpGfdgbXslyBgiLbC7AvKQNetWIGO/5OjraceZVsIo57mWddlSKDxaQvqW+63dzUO7ENyL4YAaytVrRAZ09nVL6PyWCM43rb9O158ZtRG2TeVEt77fkknAet+6N1vISa8z/zKhWY/GNZeGcoZ3e8OWhHxN+WzvbPcwlJsyXy1WkJk32GGMIbAHLCcoxwMNXlgNbL336Aut1YzG0nDC76k31wq3NmhXEHr9mEqIsEJUTjzS4AHkLGM1TxLXue6C4bTzU6ZvCeGkR+Aa4P/hG3fgTOKKDFcA4KDiCbejPeCp4NfgF+Sp7njEfhDOaNz3vLirrAzX4pR7wgnhTBwA]"
                },
                "password_for_user_1": {
                    "sensitive": false,
                    "type": "string",
                    "value": "wcFMA0OgZCE4709nARAAkPeMMkPfQjs6xuvK+e4WSB29/VwtRbIjSJjgEw5T/e7mDGa+jO8+3nlboCvZAXIZDcSGjij8dwAzGCS4oCZowS/SkcG9irhboGZOmvCA4AsG2MQdoNWoFS0cL5ur7BNVrDGeInjEeX8dcGBicYxfqbJio9q1GrOTYJfcYb7tpTJ09tZe0mSgpGhTMJqKw/3mhgpBuyPq+JA6yQYatAFvv9wr0evBFMd7c0UpxtmJv8BCgIof28f91z5q9eTJORBE8AjESbIEy34pxoP9x5uyMLvKTka2WhsMkD9Dfod3liGe1V3Zy0DJ2byA8g8w2CEnjXJ/Sg4dTcnEsoPOgHzwObH7ox1KQZakhJA0hGQuelTp5zy6KfaQwwpDGpViIvTjt4R0O+mOnb15DkuCR0QPcmbkFSmEFf3cL6EMgEwb7JZMD9S6Gcwy4y+VUPXotzfWY1TMhuVFa9E+F2EA1zjY5PMe+xqH3XIDsBY7EO9K+7qG06MMeORPCqOV3Pb0P90AjI7XWw2ZFdrkbwDSs8bnoamHYICj4XNgQP77FCNbKvocfpn+/qVHg6chAp7LML19cvhdbhPcuTk5Q89pPxyv36ELtIC/DGGbVHpKdNlXLgfZYzznKPiR8/TQS0C33yhXw9TsJ+jOCizdqgb+pgvsTgQHc5a7M8javkihL/dm6VzS4AHkl/o6S79e7fEb+El52ILtBOEIuOBj4KHhnGDgWOJ99Q6C4L3iQoGOIeAp4F7g/+Qd1vz5+hUImQuI4XhGxtTv4pvQGurhBTAA"
                },
                "password_for_user_2": {
                    "sensitive": false,
                    "type": "string",
                    "value": "wcFMA0OgZCE4709nARAAl0LDXYslnN6NmaS09HFng7/dp/7dDguW231I1KgvFGWcxT0umAHNCcZdGy/Nd8O1XPiIQ/lM/vnE+NHc8jGWrFwpvUJaaJJ0bjVfgQwMZmGwVRtZS9ue8kx5xucDFznHxy31g10Q9TDIOBUL/r3KJzAgMnzXS7mRVgsV+6bUK2tdl7aZwcLTsDlIp9rXGXv5X5qMsf5Cp6X5UmAGaLbfZ5VRZqz7vknjf96jQl/nMwn6si5oHHmK+Tq7ch4CoCok8Hy9wh4uvkE4RtqF06nAbTwolkWALjXEPMfs6F5vdM8+30bmTh6R7BoJC7IAeMQnVFryt5r3jXetsKKxv4uR7GEKjBHAO4n5xU4k9/mPro03HRvkvrZw8sPqI77CG/RPszdOzfN0IojTekbXKZ6HQThhYg+flKxhdpOoy33Nu4NlmLkx45xUwhy03dYxx2ZYZitbwnLzRG3oH8Qmq0RLBBdmy6fTWWC5yMgTuGF+xFN9/ZFqwRnusaPDo8OQV7vX72x77sAPwZyEkJdU8vGSVZc7LypRqXYnmrjfw+uPdTTHJqIVWXEiS2CitQZxG4ft0iflokL+0Xl9yqv4MF3hCArezr9pWwpocq9XqrVii9VAW50CXjQa2qWuxG9857wrnr0wD/mAJRBquDCJozq21Jx3bXGc+Tz40W6gQavOvM7S4AHk/qBdNPs78hlSWY8GUBhTQuGNpeAa4ODhpTPg7OKVBEcn4FHi61uKWeAW4DrgaeTu/0pEy8JkBXFu9RSTI3Il4j8MLujh15UA"
                },
                "password_for_user_3": {
                    "sensitive": false,
                    "type": "string",
                    "value": "wcFMA0OgZCE4709nARAAbgr3ZUdSB7nHEVTaG2SdEXPOpYbTeGfekd1oDPmJfImbBiFcQA6cS0nO/bAPEFii17imjdJtRUzTrQiSQNnjf0VgFFID4VZ8zIt9hGmyh/XW1Mq63L3H7kYUD8OAWrdH+9qU0sLZO29IYvhPlcFDSvVaqjKuhL9WoNDX/Y/oTdpjXTJ18VSy99GdX2tJxhX6MISqtM5jjBOPoVE3bI9a1Z5DR0gJer2wrOHPnmcx+hofPwukSTAX2mfbR5jiYHj/OKxjLCw3Y2TfTxt6lPs8R62Ay39AtGHh7ohquMNL67sWOmFjonnAUA4Rg9Dg7PNoEXri/C2irsdD+vkCXM3GfOs8R/tsjYT23w/aiWNFNW1lsbajM6MRAgBhtfPZSvabZPVuC/IvZc+3AegLw2t7JPPBsNmxOekFow33+l/SFU3+FRGWwSFuZ5bwX4OgU+bdyBzTM8hlDPVE9iuInhGhllol8xNCR9qJzu2imSvKp+B1pTmj1Zxqg2KBNCxGCHta2ypM4/Uj3t1V+X/97JE+LuXAr7Iz+ExvYfDx8c/YFPE8rWG6nBevAj4ICqz416ExdWva3uCOOIZt7U2cRsCDHdDshbGCB7J3B6HWF7NA3kZ5GQRKorlYa77QON+LU60zSfqx1lIrQKP+eZEvl33V2EZBx23kJV0uPamcs2kFvhXS4AHkONgd4EdCOCIcweMDM6QFcuHTLeBJ4LThHYnglOJ/eqBn4FriR+mi5+B74FHgbOTvadzJHENGQpXev6EJH/bX4hCx3oLh7woA"
                },
                "password_for_user_4": {
                    "sensitive": false,
                    "type": "string",
                    "value": "wcFMA0OgZCE4709nARAAUtgsNyCgzaDzn6qN2zOfgMw7vBWVt5OcfRiNVvlKDQvYi1nKDzZ2cgpdMwGCsgSVW2RMf3eDdQ2f49DFnLZhjkExxQZhIrom0IPVvs4y6KWv1LgPzI/4yih6/WBbYRqFgC8mgRoUJR+UsYvBu4GdiC9DLpNOlcSqcDdpTrf2zlNjzaDl+h1RUrohMrDHARFmwsSYMrlA36dDEOnT69TUJx9qfookJgeP0R8Stjjqqj36l1rBYPAcvbo01TnZmIGmvTKRf5OHuQleJOlXowUFBj9xfj1iaH3aNt313XQJYFpgXhdqFQ63xgd3yvd8tVuERVGK9TEqZKQsIOwri0PXLn/pGH1fvcsRSW0/qoCSgfZoHF1qZ/lXrAIJmgUF0pCkWUNvN8DMwJVj0qgUqKy7GGLaSxKX1jslaVLJPJei0j4r3Q2Pgz3KxO+uaCuzEwSrdiRYdMmnoZve9uL3tPCLRv4+EhjCCRsfO9S5NXAgJuLY1EACa6DXRGkesCY1UpgRgoSmDkIkHzyl/FrPN3ypziFs7sj0L/yc/UIeHpTWmT7OreJKC8DGaztCG5NkECNq92euH1EAOsPcQRC3btW3ZJ/3zw/oxxuiJ7ON3ffkSY4wM0lBtPO2d29KCgK0RN4IgN0bWlIhcG5S+mfsRIgZloDpQM7h2uZsuCYDiL6Tw3zS4AHklmaTIg56YeM2tvAgAnNUIOH8iuCt4Jvh2xbgCOI4DKFz4BziYztfcuAC4MzgeOQT/dkDCtt7pjwRxiJflbDs4s+CqmnhZIYA"
                },
                "secret_key_for_user_0": {
                    "sensitive": false,
                    "type": "string",
                    "value": "zdcpFw3PjuyLCjcQXkLYIMhTK+JwBs5K1Lfrz//H"
                },
                "secret_key_for_user_1": {
                    "sensitive": false,
                    "type": "string",
                    "value": "pScRMmmkue9eCMSQDncdp6zvDw3f150t/t/ll9W0"
                },
                "secret_key_for_user_2": {
                    "sensitive": false,
                    "type": "string",
                    "value": "tGI6Ux2YE+st7F03aBAVppV6LMAMw29yBxblmu6x"
                },
                "secret_key_for_user_3": {
                    "sensitive": false,
                    "type": "string",
                    "value": "vAyF69OKRv//LbaIKqRACNdGum0ywwEnZV32qEIL"
                },
                "secret_key_for_user_4": {
                    "sensitive": false,
                    "type": "string",
                    "value": "o1l8gaMxV/I8sTfNUi8leM7TpxC4yt3MHOp808bH"
                },
                "username_for_user_0": {
                    "sensitive": false,
                    "type": "string",
                    "value": "student_workshop_user_0"
                },
                "username_for_user_1": {
                    "sensitive": false,
                    "type": "string",
                    "value": "student_workshop_user_1"
                },
                "username_for_user_2": {
                    "sensitive": false,
                    "type": "string",
                    "value": "student_workshop_user_2"
                },
                "username_for_user_3": {
                    "sensitive": false,
                    "type": "string",
                    "value": "student_workshop_user_3"
                },
                "username_for_user_4": {
                    "sensitive": false,
                    "type": "string",
                    "value": "student_workshop_user_4"
                }
            },
            "resources": {
                "aws_iam_access_key.workshop_user_keys_.0": {
                    "type": "aws_iam_access_key",
                    "depends_on": [
                        "aws_iam_user.workshop_user_.*"
                    ],
                    "primary": {
                        "id": "AKIAIT2JI7DRTIUJCGJA",
                        "attributes": {
                            "id": "AKIAIT2JI7DRTIUJCGJA",
                            "secret": "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",
                            "ses_smtp_password": "AoBRmbslVbcEPJuy7MQRPaTGUdfspFLOdygOcHe4xuN0",
                            "status": "Active",
                            "user": "student_workshop_user_0"
                        },
                        "meta": {},
                        "tainted": false
                    },
                    "deposed": [],
                    "provider": "module.account06.provider.aws"
                },
                "aws_iam_access_key.workshop_user_keys_.1": {
                    "type": "aws_iam_access_key",
                    "depends_on": [
                        "aws_iam_user.workshop_user_.*"
                    ],
                    "primary": {
                        "id": "AKIAJSZ6KM3AROKF3YGQ",
                        "attributes": {
                            "id": "AKIAJSZ6KM3AROKF3YGQ",
                            "secret": "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",
                            "ses_smtp_password": "AoaqpW8PesMH8IPPTIgegxOaxYnS6TFvxPAGeEBSQP5g",
                            "status": "Active",
                            "user": "student_workshop_user_1"
                        },
                        "meta": {},
                        "tainted": false
                    },
                    "deposed": [],
                    "provider": "module.account06.provider.aws"
                },
                "aws_iam_access_key.workshop_user_keys_.2": {
                    "type": "aws_iam_access_key",
                    "depends_on": [
                        "aws_iam_user.workshop_user_.*"
                    ],
                    "primary": {
                        "id": "AKIAJXWIZOSVFRCTNWBQ",
                        "attributes": {
                            "id": "AKIAJXWIZOSVFRCTNWBQ",
                            "secret": "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",
                            "ses_smtp_password": "AoReacfQWr1jvrTQusqE251zL6pFiPJXgeLcf3SZi244",
                            "status": "Active",
                            "user": "student_workshop_user_2"
                        },
                        "meta": {},
                        "tainted": false
                    },
                    "deposed": [],
                    "provider": "module.account06.provider.aws"
                },
                "aws_iam_access_key.workshop_user_keys_.3": {
                    "type": "aws_iam_access_key",
                    "depends_on": [
                        "aws_iam_user.workshop_user_.*"
                    ],
                    "primary": {
                        "id": "AKIAJ7WAEOPTQ63MGZWA",
                        "attributes": {
                            "id": "AKIAJ7WAEOPTQ63MGZWA",
                            "secret": "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",
                            "ses_smtp_password": "AhsEsBwDEoBFIRUNOP9T7mYtsWtyiCUq42EJxFQG9tmz",
                            "status": "Active",
                            "user": "student_workshop_user_3"
                        },
                        "meta": {},
                        "tainted": false
                    },
                    "deposed": [],
                    "provider": "module.account06.provider.aws"
                },
                "aws_iam_access_key.workshop_user_keys_.4": {
                    "type": "aws_iam_access_key",
                    "depends_on": [
                        "aws_iam_user.workshop_user_.*"
                    ],
                    "primary": {
                        "id": "AKIAJ6W6D3RWHTITLIGQ",
                        "attributes": {
                            "id": "AKIAJ6W6D3RWHTITLIGQ",
                            "secret": "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",
                            "ses_smtp_password": "ArcgzPM2iO+CWn+S7hU14AE0PiJVlrodP/TQCgTglh91",
                            "status": "Active",
                            "user": "student_workshop_user_4"
                        },
                        "meta": {},
                        "tainted": false
                    },
                    "deposed": [],
                    "provider": "module.account06.provider.aws"
                },
                "aws_iam_user.workshop_user_.0": {
                    "type": "aws_iam_user",
                    "depends_on": [],
                    "primary": {
                        "id": "student_workshop_user_0",
                        "attributes": {
                            "arn": "arn:aws:iam::972670729025:user/student_workshop_user_0",
                            "force_destroy": "true",
                            "id": "student_workshop_user_0",
                            "name": "student_workshop_user_0",
                            "path": "/",
                            "unique_id": "AIDAI6DQQTTVUQGHDV3VK"
                        },
                        "meta": {},
                        "tainted": false
                    },
                    "deposed": [],
                    "provider": "module.account06.provider.aws"
                },
                "aws_iam_user.workshop_user_.1": {
                    "type": "aws_iam_user",
                    "depends_on": [],
                    "primary": {
                        "id": "student_workshop_user_1",
                        "attributes": {
                            "arn": "arn:aws:iam::972670729025:user/student_workshop_user_1",
                            "force_destroy": "true",
                            "id": "student_workshop_user_1",
                            "name": "student_workshop_user_1",
                            "path": "/",
                            "unique_id": "AIDAJOYOLSYDB2JEKLYWE"
                        },
                        "meta": {},
                        "tainted": false
                    },
                    "deposed": [],
                    "provider": "module.account06.provider.aws"
                },
                "aws_iam_user.workshop_user_.2": {
                    "type": "aws_iam_user",
                    "depends_on": [],
                    "primary": {
                        "id": "student_workshop_user_2",
                        "attributes": {
                            "arn": "arn:aws:iam::972670729025:user/student_workshop_user_2",
                            "force_destroy": "true",
                            "id": "student_workshop_user_2",
                            "name": "student_workshop_user_2",
                            "path": "/",
                            "unique_id": "AIDAJMVATYAHR6QKSXCNE"
                        },
                        "meta": {},
                        "tainted": false
                    },
                    "deposed": [],
                    "provider": "module.account06.provider.aws"
                },
                "aws_iam_user.workshop_user_.3": {
                    "type": "aws_iam_user",
                    "depends_on": [],
                    "primary": {
                        "id": "student_workshop_user_3",
                        "attributes": {
                            "arn": "arn:aws:iam::972670729025:user/student_workshop_user_3",
                            "force_destroy": "true",
                            "id": "student_workshop_user_3",
                            "name": "student_workshop_user_3",
                            "path": "/",
                            "unique_id": "AIDAJSQYOWCDTYLLCY6L6"
                        },
                        "meta": {},
                        "tainted": false
                    },
                    "deposed": [],
                    "provider": "module.account06.provider.aws"
                },
                "aws_iam_user.workshop_user_.4": {
                    "type": "aws_iam_user",
                    "depends_on": [],
                    "primary": {
                        "id": "student_workshop_user_4",
                        "attributes": {
                            "arn": "arn:aws:iam::972670729025:user/student_workshop_user_4",
                            "force_destroy": "true",
                            "id": "student_workshop_user_4",
                            "name": "student_workshop_user_4",
                            "path": "/",
                            "unique_id": "AIDAJXPAYIE6IAQYIT7NK"
                        },
                        "meta": {},
                        "tainted": false
                    },
                    "deposed": [],
                    "provider": "module.account06.provider.aws"
                },
                "aws_iam_user_login_profile.workshop_user_profile.0": {
                    "type": "aws_iam_user_login_profile",
                    "depends_on": [
                        "aws_iam_user.workshop_user_",
                        "aws_iam_user.workshop_user_.*"
                    ],
                    "primary": {
                        "id": "student_workshop_user_0",
                        "attributes": {
                            "encrypted_password": "wcFMA0OgZCE4709nARAAuNJ9GdCphwlBgB3PMvltgE3qFG6u+uRQrT7TNyDvok9su9Egrcs6XMd+p+FdDwh7ViS/bnOF0+Ufz8/H5mdME1gvVWnN+Z1jgn4tJQow8haatcfuVFLdebE/g2sTGcO6Fi7iQaOMXgOXKrjdJvOo96EAtFXGhpIy5hNhF5psxDoDPg1Arnjt0SZAlxyX5mFgTMj8hNycLvLKki//GpzAZBUPUNFphYej3OqHOWFrCUV/Lr03A086B/ji5VHGDlR5Bh4ORyPtaRSn7CGhfikpZQis+xc9TaV/4Ba9OTKCVRel2al6T+goultay1+cLHI8w0ESU0fMyKUmtT5a8ddnrC4icMjOmsckm/tTPSsomo3CYD1/azzQ80PLSJyXogKiL3jRKVcPix0jHXpWtmBivcpNstJduWqPlWz4p2jabCXGz0zDMfz/4kcJSONtQ6KpGfdgbXslyBgiLbC7AvKQNetWIGO/5OjraceZVsIo57mWddlSKDxaQvqW+63dzUO7ENyL4YAaytVrRAZ09nVL6PyWCM43rb9O158ZtRG2TeVEt77fkknAet+6N1vISa8z/zKhWY/GNZeGcoZ3e8OWhHxN+WzvbPcwlJsyXy1WkJk32GGMIbAHLCcoxwMNXlgNbL336Aut1YzG0nDC76k31wq3NmhXEHr9mEqIsEJUTjzS4AHkLGM1TxLXue6C4bTzU6ZvCeGkR+Aa4P/hG3fgTOKKDFcA4KDiCbejPeCp4NfgF+Sp7njEfhDOaNz3vLirrAzX4pR7wgnhTBwA",
                            "id": "student_workshop_user_0",
                            "key_fingerprint": "48e741fcf30ed563de23c3d02517b91d9d22507e",
                            "password_length": "5",
                            "password_reset_required": "false",
                            "pgp_key": "keybase:nubbthedestroyer",
                            "user": "student_workshop_user_0"
                        },
                        "meta": {},
                        "tainted": false
                    },
                    "deposed": [],
                    "provider": "module.account06.provider.aws"
                },
                "aws_iam_user_login_profile.workshop_user_profile.1": {
                    "type": "aws_iam_user_login_profile",
                    "depends_on": [
                        "aws_iam_user.workshop_user_",
                        "aws_iam_user.workshop_user_.*"
                    ],
                    "primary": {
                        "id": "student_workshop_user_1",
                        "attributes": {
                            "encrypted_password": "wcFMA0OgZCE4709nARAAkPeMMkPfQjs6xuvK+e4WSB29/VwtRbIjSJjgEw5T/e7mDGa+jO8+3nlboCvZAXIZDcSGjij8dwAzGCS4oCZowS/SkcG9irhboGZOmvCA4AsG2MQdoNWoFS0cL5ur7BNVrDGeInjEeX8dcGBicYxfqbJio9q1GrOTYJfcYb7tpTJ09tZe0mSgpGhTMJqKw/3mhgpBuyPq+JA6yQYatAFvv9wr0evBFMd7c0UpxtmJv8BCgIof28f91z5q9eTJORBE8AjESbIEy34pxoP9x5uyMLvKTka2WhsMkD9Dfod3liGe1V3Zy0DJ2byA8g8w2CEnjXJ/Sg4dTcnEsoPOgHzwObH7ox1KQZakhJA0hGQuelTp5zy6KfaQwwpDGpViIvTjt4R0O+mOnb15DkuCR0QPcmbkFSmEFf3cL6EMgEwb7JZMD9S6Gcwy4y+VUPXotzfWY1TMhuVFa9E+F2EA1zjY5PMe+xqH3XIDsBY7EO9K+7qG06MMeORPCqOV3Pb0P90AjI7XWw2ZFdrkbwDSs8bnoamHYICj4XNgQP77FCNbKvocfpn+/qVHg6chAp7LML19cvhdbhPcuTk5Q89pPxyv36ELtIC/DGGbVHpKdNlXLgfZYzznKPiR8/TQS0C33yhXw9TsJ+jOCizdqgb+pgvsTgQHc5a7M8javkihL/dm6VzS4AHkl/o6S79e7fEb+El52ILtBOEIuOBj4KHhnGDgWOJ99Q6C4L3iQoGOIeAp4F7g/+Qd1vz5+hUImQuI4XhGxtTv4pvQGurhBTAA",
                            "id": "student_workshop_user_1",
                            "key_fingerprint": "48e741fcf30ed563de23c3d02517b91d9d22507e",
                            "password_length": "5",
                            "password_reset_required": "false",
                            "pgp_key": "keybase:nubbthedestroyer",
                            "user": "student_workshop_user_1"
                        },
                        "meta": {},
                        "tainted": false
                    },
                    "deposed": [],
                    "provider": "module.account06.provider.aws"
                },
                "aws_iam_user_login_profile.workshop_user_profile.2": {
                    "type": "aws_iam_user_login_profile",
                    "depends_on": [
                        "aws_iam_user.workshop_user_",
                        "aws_iam_user.workshop_user_.*"
                    ],
                    "primary": {
                        "id": "student_workshop_user_2",
                        "attributes": {
                            "encrypted_password": "wcFMA0OgZCE4709nARAAl0LDXYslnN6NmaS09HFng7/dp/7dDguW231I1KgvFGWcxT0umAHNCcZdGy/Nd8O1XPiIQ/lM/vnE+NHc8jGWrFwpvUJaaJJ0bjVfgQwMZmGwVRtZS9ue8kx5xucDFznHxy31g10Q9TDIOBUL/r3KJzAgMnzXS7mRVgsV+6bUK2tdl7aZwcLTsDlIp9rXGXv5X5qMsf5Cp6X5UmAGaLbfZ5VRZqz7vknjf96jQl/nMwn6si5oHHmK+Tq7ch4CoCok8Hy9wh4uvkE4RtqF06nAbTwolkWALjXEPMfs6F5vdM8+30bmTh6R7BoJC7IAeMQnVFryt5r3jXetsKKxv4uR7GEKjBHAO4n5xU4k9/mPro03HRvkvrZw8sPqI77CG/RPszdOzfN0IojTekbXKZ6HQThhYg+flKxhdpOoy33Nu4NlmLkx45xUwhy03dYxx2ZYZitbwnLzRG3oH8Qmq0RLBBdmy6fTWWC5yMgTuGF+xFN9/ZFqwRnusaPDo8OQV7vX72x77sAPwZyEkJdU8vGSVZc7LypRqXYnmrjfw+uPdTTHJqIVWXEiS2CitQZxG4ft0iflokL+0Xl9yqv4MF3hCArezr9pWwpocq9XqrVii9VAW50CXjQa2qWuxG9857wrnr0wD/mAJRBquDCJozq21Jx3bXGc+Tz40W6gQavOvM7S4AHk/qBdNPs78hlSWY8GUBhTQuGNpeAa4ODhpTPg7OKVBEcn4FHi61uKWeAW4DrgaeTu/0pEy8JkBXFu9RSTI3Il4j8MLujh15UA",
                            "id": "student_workshop_user_2",
                            "key_fingerprint": "48e741fcf30ed563de23c3d02517b91d9d22507e",
                            "password_length": "5",
                            "password_reset_required": "false",
                            "pgp_key": "keybase:nubbthedestroyer",
                            "user": "student_workshop_user_2"
                        },
                        "meta": {},
                        "tainted": false
                    },
                    "deposed": [],
                    "provider": "module.account06.provider.aws"
                },
                "aws_iam_user_login_profile.workshop_user_profile.3": {
                    "type": "aws_iam_user_login_profile",
                    "depends_on": [
                        "aws_iam_user.workshop_user_",
                        "aws_iam_user.workshop_user_.*"
                    ],
                    "primary": {
                        "id": "student_workshop_user_3",
                        "attributes": {
                            "encrypted_password": "wcFMA0OgZCE4709nARAAbgr3ZUdSB7nHEVTaG2SdEXPOpYbTeGfekd1oDPmJfImbBiFcQA6cS0nO/bAPEFii17imjdJtRUzTrQiSQNnjf0VgFFID4VZ8zIt9hGmyh/XW1Mq63L3H7kYUD8OAWrdH+9qU0sLZO29IYvhPlcFDSvVaqjKuhL9WoNDX/Y/oTdpjXTJ18VSy99GdX2tJxhX6MISqtM5jjBOPoVE3bI9a1Z5DR0gJer2wrOHPnmcx+hofPwukSTAX2mfbR5jiYHj/OKxjLCw3Y2TfTxt6lPs8R62Ay39AtGHh7ohquMNL67sWOmFjonnAUA4Rg9Dg7PNoEXri/C2irsdD+vkCXM3GfOs8R/tsjYT23w/aiWNFNW1lsbajM6MRAgBhtfPZSvabZPVuC/IvZc+3AegLw2t7JPPBsNmxOekFow33+l/SFU3+FRGWwSFuZ5bwX4OgU+bdyBzTM8hlDPVE9iuInhGhllol8xNCR9qJzu2imSvKp+B1pTmj1Zxqg2KBNCxGCHta2ypM4/Uj3t1V+X/97JE+LuXAr7Iz+ExvYfDx8c/YFPE8rWG6nBevAj4ICqz416ExdWva3uCOOIZt7U2cRsCDHdDshbGCB7J3B6HWF7NA3kZ5GQRKorlYa77QON+LU60zSfqx1lIrQKP+eZEvl33V2EZBx23kJV0uPamcs2kFvhXS4AHkONgd4EdCOCIcweMDM6QFcuHTLeBJ4LThHYnglOJ/eqBn4FriR+mi5+B74FHgbOTvadzJHENGQpXev6EJH/bX4hCx3oLh7woA",
                            "id": "student_workshop_user_3",
                            "key_fingerprint": "48e741fcf30ed563de23c3d02517b91d9d22507e",
                            "password_length": "5",
                            "password_reset_required": "false",
                            "pgp_key": "keybase:nubbthedestroyer",
                            "user": "student_workshop_user_3"
                        },
                        "meta": {},
                        "tainted": false
                    },
                    "deposed": [],
                    "provider": "module.account06.provider.aws"
                },
                "aws_iam_user_login_profile.workshop_user_profile.4": {
                    "type": "aws_iam_user_login_profile",
                    "depends_on": [
                        "aws_iam_user.workshop_user_",
                        "aws_iam_user.workshop_user_.*"
                    ],
                    "primary": {
                        "id": "student_workshop_user_4",
                        "attributes": {
                            "encrypted_password": "wcFMA0OgZCE4709nARAAUtgsNyCgzaDzn6qN2zOfgMw7vBWVt5OcfRiNVvlKDQvYi1nKDzZ2cgpdMwGCsgSVW2RMf3eDdQ2f49DFnLZhjkExxQZhIrom0IPVvs4y6KWv1LgPzI/4yih6/WBbYRqFgC8mgRoUJR+UsYvBu4GdiC9DLpNOlcSqcDdpTrf2zlNjzaDl+h1RUrohMrDHARFmwsSYMrlA36dDEOnT69TUJx9qfookJgeP0R8Stjjqqj36l1rBYPAcvbo01TnZmIGmvTKRf5OHuQleJOlXowUFBj9xfj1iaH3aNt313XQJYFpgXhdqFQ63xgd3yvd8tVuERVGK9TEqZKQsIOwri0PXLn/pGH1fvcsRSW0/qoCSgfZoHF1qZ/lXrAIJmgUF0pCkWUNvN8DMwJVj0qgUqKy7GGLaSxKX1jslaVLJPJei0j4r3Q2Pgz3KxO+uaCuzEwSrdiRYdMmnoZve9uL3tPCLRv4+EhjCCRsfO9S5NXAgJuLY1EACa6DXRGkesCY1UpgRgoSmDkIkHzyl/FrPN3ypziFs7sj0L/yc/UIeHpTWmT7OreJKC8DGaztCG5NkECNq92euH1EAOsPcQRC3btW3ZJ/3zw/oxxuiJ7ON3ffkSY4wM0lBtPO2d29KCgK0RN4IgN0bWlIhcG5S+mfsRIgZloDpQM7h2uZsuCYDiL6Tw3zS4AHklmaTIg56YeM2tvAgAnNUIOH8iuCt4Jvh2xbgCOI4DKFz4BziYztfcuAC4MzgeOQT/dkDCtt7pjwRxiJflbDs4s+CqmnhZIYA",
                            "id": "student_workshop_user_4",
                            "key_fingerprint": "48e741fcf30ed563de23c3d02517b91d9d22507e",
                            "password_length": "5",
                            "password_reset_required": "false",
                            "pgp_key": "keybase:nubbthedestroyer",
                            "user": "student_workshop_user_4"
                        },
                        "meta": {},
                        "tainted": false
                    },
                    "deposed": [],
                    "provider": "module.account06.provider.aws"
                },
                "aws_iam_user_policy.workshop_user_pol_.0": {
                    "type": "aws_iam_user_policy",
                    "depends_on": [
                        "aws_iam_user.workshop_user_.*"
                    ],
                    "primary": {
                        "id": "student_workshop_user_0:student_workshop_user_pol_0",
                        "attributes": {
                            "id": "student_workshop_user_0:student_workshop_user_pol_0",
                            "name": "student_workshop_user_pol_0",
                            "policy": "{\n  \"Version\": \"2012-10-17\",\n  \"Statement\": [\n    {\n      \"Action\": [\n        \"*\"\n      ],\n      \"Effect\": \"Allow\",\n      \"Resource\": \"*\"\n    }\n  ]\n}\n",
                            "user": "student_workshop_user_0"
                        },
                        "meta": {},
                        "tainted": false
                    },
                    "deposed": [],
                    "provider": "module.account06.provider.aws"
                },
                "aws_iam_user_policy.workshop_user_pol_.1": {
                    "type": "aws_iam_user_policy",
                    "depends_on": [
                        "aws_iam_user.workshop_user_.*"
                    ],
                    "primary": {
                        "id": "student_workshop_user_1:student_workshop_user_pol_1",
                        "attributes": {
                            "id": "student_workshop_user_1:student_workshop_user_pol_1",
                            "name": "student_workshop_user_pol_1",
                            "policy": "{\n  \"Version\": \"2012-10-17\",\n  \"Statement\": [\n    {\n      \"Action\": [\n        \"*\"\n      ],\n      \"Effect\": \"Allow\",\n      \"Resource\": \"*\"\n    }\n  ]\n}\n",
                            "user": "student_workshop_user_1"
                        },
                        "meta": {},
                        "tainted": false
                    },
                    "deposed": [],
                    "provider": "module.account06.provider.aws"
                },
                "aws_iam_user_policy.workshop_user_pol_.2": {
                    "type": "aws_iam_user_policy",
                    "depends_on": [
                        "aws_iam_user.workshop_user_.*"
                    ],
                    "primary": {
                        "id": "student_workshop_user_2:student_workshop_user_pol_2",
                        "attributes": {
                            "id": "student_workshop_user_2:student_workshop_user_pol_2",
                            "name": "student_workshop_user_pol_2",
                            "policy": "{\n  \"Version\": \"2012-10-17\",\n  \"Statement\": [\n    {\n      \"Action\": [\n        \"*\"\n      ],\n      \"Effect\": \"Allow\",\n      \"Resource\": \"*\"\n    }\n  ]\n}\n",
                            "user": "student_workshop_user_2"
                        },
                        "meta": {},
                        "tainted": false
                    },
                    "deposed": [],
                    "provider": "module.account06.provider.aws"
                },
                "aws_iam_user_policy.workshop_user_pol_.3": {
                    "type": "aws_iam_user_policy",
                    "depends_on": [
                        "aws_iam_user.workshop_user_.*"
                    ],
                    "primary": {
                        "id": "student_workshop_user_3:student_workshop_user_pol_3",
                        "attributes": {
                            "id": "student_workshop_user_3:student_workshop_user_pol_3",
                            "name": "student_workshop_user_pol_3",
                            "policy": "{\n  \"Version\": \"2012-10-17\",\n  \"Statement\": [\n    {\n      \"Action\": [\n        \"*\"\n      ],\n      \"Effect\": \"Allow\",\n      \"Resource\": \"*\"\n    }\n  ]\n}\n",
                            "user": "student_workshop_user_3"
                        },
                        "meta": {},
                        "tainted": false
                    },
                    "deposed": [],
                    "provider": "module.account06.provider.aws"
                },
                "aws_iam_user_policy.workshop_user_pol_.4": {
                    "type": "aws_iam_user_policy",
                    "depends_on": [
                        "aws_iam_user.workshop_user_.*"
                    ],
                    "primary": {
                        "id": "student_workshop_user_4:student_workshop_user_pol_4",
                        "attributes": {
                            "id": "student_workshop_user_4:student_workshop_user_pol_4",
                            "name": "student_workshop_user_pol_4",
                            "policy": "{\n  \"Version\": \"2012-10-17\",\n  \"Statement\": [\n    {\n      \"Action\": [\n        \"*\"\n      ],\n      \"Effect\": \"Allow\",\n      \"Resource\": \"*\"\n    }\n  ]\n}\n",
                            "user": "student_workshop_user_4"
                        },
                        "meta": {},
                        "tainted": false
                    },
                    "deposed": [],
                    "provider": "module.account06.provider.aws"
                }
            },
            "depends_on": []
        },
        {
            "path": [
                "root",
                "account07"
            ],
            "outputs": {
                "access_key_for_user_0": {
                    "sensitive": false,
                    "type": "string",
                    "value": "AKIAJ6R4HN76HS6Y7EDA"
                },
                "access_key_for_user_1": {
                    "sensitive": false,
                    "type": "string",
                    "value": "AKIAISHNBP3GCFJDKC3A"
                },
                "access_key_for_user_2": {
                    "sensitive": false,
                    "type": "string",
                    "value": "AKIAIQ4XOD4H6G44LFUA"
                },
                "access_key_for_user_3": {
                    "sensitive": false,
                    "type": "string",
                    "value": "AKIAIHPHVBDFBC7WQ7QQ"
                },
                "access_key_for_user_4": {
                    "sensitive": false,
                    "type": "string",
                    "value": "AKIAISGFWETLQYNVTHRA"
                },
                "password_for_user_0": {
                    "sensitive": false,
                    "type": "string",
                    "value": "[wcFMA0OgZCE4709nARAAjxCLTV39TssEn++tTLNVaqL3ORgQn4WMjShRirsmwFqJi4b8Nc6KQK1KFi36xH6+GcoQK4qW4eWwqPaMUjnHI8In0epgMrx5AGZV+L0YLz2Zq9Zm/OmbkefnDakvNdHF+Fws/wGIX+vtApJ4m1wG3CGsSKnOI6UOk3H1k36pMj55ZRprszX9lK7SMn8DI1YBrIUl3ujwUfRXdUT7QNv3Knpudt6xX1d3qGUqCJaYdyiu9UCnab/ZpHWFqTHlMm9Qgfwgsy89jnZA/J7s1Jn3KTmLpOlDnGvCRIHjci6Jq6f5CFsOyucpc5o/3hS83zZmd1msigYAeUgLVkNdlk0oChbNeUf4z0/Yat0/4saLlZV1e0cIFX+xQL+SMKo5bfo4iEMzjKCJgScXns4LB1eT7cwy4VXYIbWS/WQWUD3N1leEQNwhI13sNyyqFe2kp9KAC6KWltlj/uesBWzc4we0YFhi9ql0jx03ss+ZKJEg8HQMzzYTqBm5U9UPzbuU115Zayv51Ngy4K7nCltDHrCTJocE2WI7FbBaarqJjtfZ+KbjBXBIMlyhuJHayJs7zjwsZVfjgDkE4fNd5K91Mi5bSVTLyVMj0uBi1Ph6mEy8CCPuOy3s0e60cH51I/TvHVzh549M/0xcr2opgE2/aFw7NtXRsa+UKRCfgJ1sHGzJyvLS4AHkkZtQevOQelMwmjfL7usameE5meAT4E3h8O7g9OKkJSDS4I3iUeSMJOB/4NjgP+ReOxDeW+yvoVs2nZg1okZB4se9Q/3hUZMA]"
                },
                "password_for_user_1": {
                    "sensitive": false,
                    "type": "string",
                    "value": "wcFMA0OgZCE4709nARAAlJ6B8q9DJA5L3FgGAFDmVKbyxKvFcjz+avT+j1laXWsNxAVzxPrVlDf5AtBdkd41fhIwNVFvf8bpYxmfAWJmBoL2nlXJWsRx8+S2KBGkQ+SYvv44HtxS9Sb1++dPZsPQfsDSOS0jYG0lBL/4rtvqNtR/SZ1KPxOZcfRlZQ2AaE4z4G8BLR9F4eNo9fXrppAGM1tctF6L9igyqouJHFZLcfWSacLmNoy+xauUJ9wEcUJd0KuN7X8t38oxVx4eDZltNnxc+kGFXs8m6bfL/OCfCfmT7B57nJFQ2sAhQsf1Z42EXH0x9kpbgQ8imjcnspNtv6u+d4zfYH7mcmannykpmfpiRuRvHXfVXJWHzGdppB5bXqQ5m1zznsw/Vu63KSJK611Rl3YmS80Xrergk2DMIoALCvnPKLNFLUn5pnGfIrccgn3P1pn6KxtTzRNoAw5BvS/lgj8ocs0Q+q1d7qI60oJlxDEV7qTpFYNYYw8AfHwEyyaBtBrvqrcY+wUcPtKKz+5YZ3P85sk9AGhOZ9p+QN0HyKpZv7Ingrdwokv2WuTGiNurfSJuGoLbEngyI/R6lR2wR+17AhHKuJv2V7Ipto6mjEeW26o8/q+SJMpJNQXOvqTm7SkuFWuC9F7QFHWZCt3idlHOozg5EKCc7pq7adQqKmNTTzNb1sBwYBzOsYbS4AHk9AJfbzNw79OIzApj+ssjeeE94OCp4OLhzFDgf+LWb7Kp4GXivkqZHOAC4J7gEuQ5vha8RVa04vDAMHwxfKBw4nYkI4fhCb4A"
                },
                "password_for_user_2": {
                    "sensitive": false,
                    "type": "string",
                    "value": "wcFMA0OgZCE4709nARAARKET+8/lb/vosPtcj2es60EnMz3t60Nf41ceFISlB82kgaqJaMK7dY4GvZlqilGT2bNgL99IfsaL2j9ypTOB2WJcJfwKIPfRTG6bmj5l0FHlpn4dwZg/+T/3CtJ1yA6TLyxY4j3EYcBhK3iY0zCP7rHZwWKmhph+s+7Zvch02ic/2RY/LjyzpOcbNjBO9KaplrElWafwaYz1tQ9EPZJfOPzc7B/WKKnxs/BHq7GKg15HWH3ISsO7mFZv2nG0hmkwoJbJRtGQeuehcXP9ozX5E4qm5cKKDtGArZ3bK9o8rHCRoK2hexAAVCreXFCK7rCyYviJL2tfbf8Imm45ugx0V6HLo84pDcRXwho8ShgsJrs6OItF9g3M9HemkFGx5T+Lk8aaupyIZF6cTFjgK3iiPnmZjc8n5yADUYwUJFLdm8gtdJgWgLwITqjflFZL/geF/aLFB5+Ix3XjSAhLsm7YQjRKij0elCbAU9AhhOF1qWW2mu5yBPPAjcitbkhVXKeuQ4Z4pQa4GndLpOHYWHw1KOlwOqJr3JcN2TTiL9W1vrCkNIZVSWlBgrfDCzUzokJNdn5M4+XsOwkxX+lxNlJ+nrzG1t2iby7SiuK3xK3uEuuWNg9Cjf+8YmjccwQslbWu4vxghWvROt+jeM6hkxYoEE1ciFmqdDakLpCgguZ2tCjS4AHksRPWw74I0MdTewFqnfo4NuF2wuA84NbhWxDg6uKYUT9T4Cri1Z4ca+Dv4NfgOuSIMuSr2iXResabe+9C1/Wt4gUF67rhFgwA"
                },
                "password_for_user_3": {
                    "sensitive": false,
                    "type": "string",
                    "value": "wcFMA0OgZCE4709nARAAJT+NU8FWmKbsbjAYW9/ip7PqM9sxE7IRYvXbxL+MzkFRJp8bcxaqq9+VF1Sr23a3MFpdEYWPjdnEzWQTHsaQWWFOsrAl90DrpECXOMFYH1ZXl3t/kuiUfjtYCa1YWiiC3WtG+LzAvtv3g7fEFmyfK0gOifvqnGtKeLE1EVFOSVDALzEyD/jd3VfguIwPxv2CVwJZ3mG8U8pJrnpX6CzewdXG2GfCJTHjtvqvXka7X0ueN2tBGfUaf3euvjsK2/cTUCXCT7fxcDnXbafNdpsZ0mqrQSxS0MOX9O3FOtKq39ZkGDYxYjCmiu5E9jJSUZcAVzCJvTt2/BJElM9/WApoqLL3tNTGKGOyMChj0ehHpCpjPOatgC5E4hwzrJCOAPEoApAr+KDjAUFPuSJ+lagcfWmKpU/EwxIk3HZsylg5+YaRo8nXag3fLZngH+Wujxj24zgKARTdLw2MIXMEXtC8eevC1sVzNcMM4ger2Gg/kASmg1sjcfNQvIkYoWt/8fmhwDYnxxnGhi/6hLN14FGnZWf65Ps5OUOCx5/8X1vbHUqFmXQYhqkAK6uuhovdpCtPAHxdFQrA7yRC0CDi6u5vYt6H6/Rw2nRmC3w/SzwieQru8vQJQaydQkPVWc/YEJgzMSzEvLGh0LTc0h5UGP0b1TQr2z2Ifz6RqN2aatHIsfPS4AHkpA9wu2s+EL19zFzoQB6hAeF5c+B+4JThMDrgouJEmp7a4GniLs/lXuCr4HzglOQNdNNtqb9T42RQp5LjqVQ84mgtOvfhl1sA"
                },
                "password_for_user_4": {
                    "sensitive": false,
                    "type": "string",
                    "value": "wcFMA0OgZCE4709nARAAWak4ppdti540EdYRz42j1KoWvJ6Urv+9XHtjcazW+tn6WAkzt+5/a/MTNKbLIQFQTOpkU9K/IVWK700j39h2Yma/oDGMFsj4DNtQNztHlOLMfygOWthzRGP5mFjuamnlvc5mc72c7ju6NwymWaBQo6Emx2Pc52niWpOpH4hSN+cr/zgJqzAxf72LLE3yIeOhFqgRrvErj9YP3BuKFAg/HbUGEkdVSRZculqzmN7m0HKjf5qgDceOnwOkGx3LuzZ7KVM+msHv8+c9AHSoNYdb5452Szr+RE8Wrc0PReXkLGn8l4mbN0TQBHuy6DyaYoFML6d4ZTRrJKLxc0YdPaNcJuJu19JulOw5xLaKkurrUjKc/3YUruOuyc/AS/Aup4ei+5cacFvcLmazr5ojF7i9son6M3hHsatO7u4+dJXJqR6L69QdAyYKZNoPUgT1DbEbpV5fqT9AW2NJr+YWjdhwDv3ro3sLgaK9cv8H6minLojCBBupsL18u5vE9QLe2TJfGwIwP6z3CWMfIgKnchcU/N86D4+smgRn2UYLTXDUdQ/bwHKWKuaYMFEVvpG8JerrEmFgwSkGbONF5VRcfpc9d1BHhk/WgzWfX7nvLlreETVTT5FAVpOtDhphcX49RP9sJWNh4Ue3WroCMcTGfRSEmDDlOrSDu8A6C6Vi/xQh/hbS4AHkXf/hKOb+8u9Ie8+1P7B2aeGn3+AR4HDhQ67gmuIcEPwM4Cji+7FJGeBY4B3gQ+RsmNOsSdT+9nRyd1mPX39o4sULBY/hX2UA"
                },
                "secret_key_for_user_0": {
                    "sensitive": false,
                    "type": "string",
                    "value": "c3h1EzH1GVYch95HC9KkfOOgvcEg2puxWlIWhxD+"
                },
                "secret_key_for_user_1": {
                    "sensitive": false,
                    "type": "string",
                    "value": "6WYu6zIdt/65W5CdwwYjlwwA9G68fAzSMptjvG2c"
                },
                "secret_key_for_user_2": {
                    "sensitive": false,
                    "type": "string",
                    "value": "rqY16OVHDtbCOhzhvbifLVntTc58RXFf7vPWrgaU"
                },
                "secret_key_for_user_3": {
                    "sensitive": false,
                    "type": "string",
                    "value": "h8/h1hJdriwr7nw0FduXN/JnbesExC8pACsjaKJx"
                },
                "secret_key_for_user_4": {
                    "sensitive": false,
                    "type": "string",
                    "value": "Ja9Z+RXSYKR0+nhXfjL6RqUzPa1pZvP6x7WKoSRE"
                },
                "username_for_user_0": {
                    "sensitive": false,
                    "type": "string",
                    "value": "student_workshop_user_0"
                },
                "username_for_user_1": {
                    "sensitive": false,
                    "type": "string",
                    "value": "student_workshop_user_1"
                },
                "username_for_user_2": {
                    "sensitive": false,
                    "type": "string",
                    "value": "student_workshop_user_2"
                },
                "username_for_user_3": {
                    "sensitive": false,
                    "type": "string",
                    "value": "student_workshop_user_3"
                },
                "username_for_user_4": {
                    "sensitive": false,
                    "type": "string",
                    "value": "student_workshop_user_4"
                }
            },
            "resources": {
                "aws_iam_access_key.workshop_user_keys_.0": {
                    "type": "aws_iam_access_key",
                    "depends_on": [
                        "aws_iam_user.workshop_user_.*"
                    ],
                    "primary": {
                        "id": "AKIAJ6R4HN76HS6Y7EDA",
                        "attributes": {
                            "id": "AKIAJ6R4HN76HS6Y7EDA",
                            "secret": "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",
                            "ses_smtp_password": "At7VBMk8vQuut+fC0u4BejLJcayo4/llwXaLH5DuefOc",
                            "status": "Active",
                            "user": "student_workshop_user_0"
                        },
                        "meta": {},
                        "tainted": false
                    },
                    "deposed": [],
                    "provider": "module.account07.provider.aws"
                },
                "aws_iam_access_key.workshop_user_keys_.1": {
                    "type": "aws_iam_access_key",
                    "depends_on": [
                        "aws_iam_user.workshop_user_.*"
                    ],
                    "primary": {
                        "id": "AKIAISHNBP3GCFJDKC3A",
                        "attributes": {
                            "id": "AKIAISHNBP3GCFJDKC3A",
                            "secret": "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",
                            "ses_smtp_password": "Aq02LkTLCpfxawE0INuvBRP7lvhHgSz/nskjfA2kXC3w",
                            "status": "Active",
                            "user": "student_workshop_user_1"
                        },
                        "meta": {},
                        "tainted": false
                    },
                    "deposed": [],
                    "provider": "module.account07.provider.aws"
                },
                "aws_iam_access_key.workshop_user_keys_.2": {
                    "type": "aws_iam_access_key",
                    "depends_on": [
                        "aws_iam_user.workshop_user_.*"
                    ],
                    "primary": {
                        "id": "AKIAIQ4XOD4H6G44LFUA",
                        "attributes": {
                            "id": "AKIAIQ4XOD4H6G44LFUA",
                            "secret": "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",
                            "ses_smtp_password": "AlhBzgPkkJ41ZGWBohHxw/fyo6tJZ+sHJDHGDyvbOm7E",
                            "status": "Active",
                            "user": "student_workshop_user_2"
                        },
                        "meta": {},
                        "tainted": false
                    },
                    "deposed": [],
                    "provider": "module.account07.provider.aws"
                },
                "aws_iam_access_key.workshop_user_keys_.3": {
                    "type": "aws_iam_access_key",
                    "depends_on": [
                        "aws_iam_user.workshop_user_.*"
                    ],
                    "primary": {
                        "id": "AKIAIHPHVBDFBC7WQ7QQ",
                        "attributes": {
                            "id": "AKIAIHPHVBDFBC7WQ7QQ",
                            "secret": "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",
                            "ses_smtp_password": "AnqJ1ltxosoACg6rFGIZW2C5dBF93VOTI3XfgOrcFmev",
                            "status": "Active",
                            "user": "student_workshop_user_3"
                        },
                        "meta": {},
                        "tainted": false
                    },
                    "deposed": [],
                    "provider": "module.account07.provider.aws"
                },
                "aws_iam_access_key.workshop_user_keys_.4": {
                    "type": "aws_iam_access_key",
                    "depends_on": [
                        "aws_iam_user.workshop_user_.*"
                    ],
                    "primary": {
                        "id": "AKIAISGFWETLQYNVTHRA",
                        "attributes": {
                            "id": "AKIAISGFWETLQYNVTHRA",
                            "secret": "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",
                            "ses_smtp_password": "ArvHyDS3YqpWsZU4vDLshLtVUVgUqbCAUZBvfNJo5da2",
                            "status": "Active",
                            "user": "student_workshop_user_4"
                        },
                        "meta": {},
                        "tainted": false
                    },
                    "deposed": [],
                    "provider": "module.account07.provider.aws"
                },
                "aws_iam_user.workshop_user_.0": {
                    "type": "aws_iam_user",
                    "depends_on": [],
                    "primary": {
                        "id": "student_workshop_user_0",
                        "attributes": {
                            "arn": "arn:aws:iam::664070312647:user/student_workshop_user_0",
                            "force_destroy": "true",
                            "id": "student_workshop_user_0",
                            "name": "student_workshop_user_0",
                            "path": "/",
                            "unique_id": "AIDAJBVWQWW7RFQADS66E"
                        },
                        "meta": {},
                        "tainted": false
                    },
                    "deposed": [],
                    "provider": "module.account07.provider.aws"
                },
                "aws_iam_user.workshop_user_.1": {
                    "type": "aws_iam_user",
                    "depends_on": [],
                    "primary": {
                        "id": "student_workshop_user_1",
                        "attributes": {
                            "arn": "arn:aws:iam::664070312647:user/student_workshop_user_1",
                            "force_destroy": "true",
                            "id": "student_workshop_user_1",
                            "name": "student_workshop_user_1",
                            "path": "/",
                            "unique_id": "AIDAITYGRZRIA3EE7Y7P4"
                        },
                        "meta": {},
                        "tainted": false
                    },
                    "deposed": [],
                    "provider": "module.account07.provider.aws"
                },
                "aws_iam_user.workshop_user_.2": {
                    "type": "aws_iam_user",
                    "depends_on": [],
                    "primary": {
                        "id": "student_workshop_user_2",
                        "attributes": {
                            "arn": "arn:aws:iam::664070312647:user/student_workshop_user_2",
                            "force_destroy": "true",
                            "id": "student_workshop_user_2",
                            "name": "student_workshop_user_2",
                            "path": "/",
                            "unique_id": "AIDAJVW6OSS42ICBGGU6E"
                        },
                        "meta": {},
                        "tainted": false
                    },
                    "deposed": [],
                    "provider": "module.account07.provider.aws"
                },
                "aws_iam_user.workshop_user_.3": {
                    "type": "aws_iam_user",
                    "depends_on": [],
                    "primary": {
                        "id": "student_workshop_user_3",
                        "attributes": {
                            "arn": "arn:aws:iam::664070312647:user/student_workshop_user_3",
                            "force_destroy": "true",
                            "id": "student_workshop_user_3",
                            "name": "student_workshop_user_3",
                            "path": "/",
                            "unique_id": "AIDAJIRUBTPRNTFD3MYV6"
                        },
                        "meta": {},
                        "tainted": false
                    },
                    "deposed": [],
                    "provider": "module.account07.provider.aws"
                },
                "aws_iam_user.workshop_user_.4": {
                    "type": "aws_iam_user",
                    "depends_on": [],
                    "primary": {
                        "id": "student_workshop_user_4",
                        "attributes": {
                            "arn": "arn:aws:iam::664070312647:user/student_workshop_user_4",
                            "force_destroy": "true",
                            "id": "student_workshop_user_4",
                            "name": "student_workshop_user_4",
                            "path": "/",
                            "unique_id": "AIDAIYYELS7M46SB2A2BW"
                        },
                        "meta": {},
                        "tainted": false
                    },
                    "deposed": [],
                    "provider": "module.account07.provider.aws"
                },
                "aws_iam_user_login_profile.workshop_user_profile.0": {
                    "type": "aws_iam_user_login_profile",
                    "depends_on": [
                        "aws_iam_user.workshop_user_",
                        "aws_iam_user.workshop_user_.*"
                    ],
                    "primary": {
                        "id": "student_workshop_user_0",
                        "attributes": {
                            "encrypted_password": "wcFMA0OgZCE4709nARAAjxCLTV39TssEn++tTLNVaqL3ORgQn4WMjShRirsmwFqJi4b8Nc6KQK1KFi36xH6+GcoQK4qW4eWwqPaMUjnHI8In0epgMrx5AGZV+L0YLz2Zq9Zm/OmbkefnDakvNdHF+Fws/wGIX+vtApJ4m1wG3CGsSKnOI6UOk3H1k36pMj55ZRprszX9lK7SMn8DI1YBrIUl3ujwUfRXdUT7QNv3Knpudt6xX1d3qGUqCJaYdyiu9UCnab/ZpHWFqTHlMm9Qgfwgsy89jnZA/J7s1Jn3KTmLpOlDnGvCRIHjci6Jq6f5CFsOyucpc5o/3hS83zZmd1msigYAeUgLVkNdlk0oChbNeUf4z0/Yat0/4saLlZV1e0cIFX+xQL+SMKo5bfo4iEMzjKCJgScXns4LB1eT7cwy4VXYIbWS/WQWUD3N1leEQNwhI13sNyyqFe2kp9KAC6KWltlj/uesBWzc4we0YFhi9ql0jx03ss+ZKJEg8HQMzzYTqBm5U9UPzbuU115Zayv51Ngy4K7nCltDHrCTJocE2WI7FbBaarqJjtfZ+KbjBXBIMlyhuJHayJs7zjwsZVfjgDkE4fNd5K91Mi5bSVTLyVMj0uBi1Ph6mEy8CCPuOy3s0e60cH51I/TvHVzh549M/0xcr2opgE2/aFw7NtXRsa+UKRCfgJ1sHGzJyvLS4AHkkZtQevOQelMwmjfL7usameE5meAT4E3h8O7g9OKkJSDS4I3iUeSMJOB/4NjgP+ReOxDeW+yvoVs2nZg1okZB4se9Q/3hUZMA",
                            "id": "student_workshop_user_0",
                            "key_fingerprint": "48e741fcf30ed563de23c3d02517b91d9d22507e",
                            "password_length": "5",
                            "password_reset_required": "false",
                            "pgp_key": "keybase:nubbthedestroyer",
                            "user": "student_workshop_user_0"
                        },
                        "meta": {},
                        "tainted": false
                    },
                    "deposed": [],
                    "provider": "module.account07.provider.aws"
                },
                "aws_iam_user_login_profile.workshop_user_profile.1": {
                    "type": "aws_iam_user_login_profile",
                    "depends_on": [
                        "aws_iam_user.workshop_user_",
                        "aws_iam_user.workshop_user_.*"
                    ],
                    "primary": {
                        "id": "student_workshop_user_1",
                        "attributes": {
                            "encrypted_password": "wcFMA0OgZCE4709nARAAlJ6B8q9DJA5L3FgGAFDmVKbyxKvFcjz+avT+j1laXWsNxAVzxPrVlDf5AtBdkd41fhIwNVFvf8bpYxmfAWJmBoL2nlXJWsRx8+S2KBGkQ+SYvv44HtxS9Sb1++dPZsPQfsDSOS0jYG0lBL/4rtvqNtR/SZ1KPxOZcfRlZQ2AaE4z4G8BLR9F4eNo9fXrppAGM1tctF6L9igyqouJHFZLcfWSacLmNoy+xauUJ9wEcUJd0KuN7X8t38oxVx4eDZltNnxc+kGFXs8m6bfL/OCfCfmT7B57nJFQ2sAhQsf1Z42EXH0x9kpbgQ8imjcnspNtv6u+d4zfYH7mcmannykpmfpiRuRvHXfVXJWHzGdppB5bXqQ5m1zznsw/Vu63KSJK611Rl3YmS80Xrergk2DMIoALCvnPKLNFLUn5pnGfIrccgn3P1pn6KxtTzRNoAw5BvS/lgj8ocs0Q+q1d7qI60oJlxDEV7qTpFYNYYw8AfHwEyyaBtBrvqrcY+wUcPtKKz+5YZ3P85sk9AGhOZ9p+QN0HyKpZv7Ingrdwokv2WuTGiNurfSJuGoLbEngyI/R6lR2wR+17AhHKuJv2V7Ipto6mjEeW26o8/q+SJMpJNQXOvqTm7SkuFWuC9F7QFHWZCt3idlHOozg5EKCc7pq7adQqKmNTTzNb1sBwYBzOsYbS4AHk9AJfbzNw79OIzApj+ssjeeE94OCp4OLhzFDgf+LWb7Kp4GXivkqZHOAC4J7gEuQ5vha8RVa04vDAMHwxfKBw4nYkI4fhCb4A",
                            "id": "student_workshop_user_1",
                            "key_fingerprint": "48e741fcf30ed563de23c3d02517b91d9d22507e",
                            "password_length": "5",
                            "password_reset_required": "false",
                            "pgp_key": "keybase:nubbthedestroyer",
                            "user": "student_workshop_user_1"
                        },
                        "meta": {},
                        "tainted": false
                    },
                    "deposed": [],
                    "provider": "module.account07.provider.aws"
                },
                "aws_iam_user_login_profile.workshop_user_profile.2": {
                    "type": "aws_iam_user_login_profile",
                    "depends_on": [
                        "aws_iam_user.workshop_user_",
                        "aws_iam_user.workshop_user_.*"
                    ],
                    "primary": {
                        "id": "student_workshop_user_2",
                        "attributes": {
                            "encrypted_password": "wcFMA0OgZCE4709nARAARKET+8/lb/vosPtcj2es60EnMz3t60Nf41ceFISlB82kgaqJaMK7dY4GvZlqilGT2bNgL99IfsaL2j9ypTOB2WJcJfwKIPfRTG6bmj5l0FHlpn4dwZg/+T/3CtJ1yA6TLyxY4j3EYcBhK3iY0zCP7rHZwWKmhph+s+7Zvch02ic/2RY/LjyzpOcbNjBO9KaplrElWafwaYz1tQ9EPZJfOPzc7B/WKKnxs/BHq7GKg15HWH3ISsO7mFZv2nG0hmkwoJbJRtGQeuehcXP9ozX5E4qm5cKKDtGArZ3bK9o8rHCRoK2hexAAVCreXFCK7rCyYviJL2tfbf8Imm45ugx0V6HLo84pDcRXwho8ShgsJrs6OItF9g3M9HemkFGx5T+Lk8aaupyIZF6cTFjgK3iiPnmZjc8n5yADUYwUJFLdm8gtdJgWgLwITqjflFZL/geF/aLFB5+Ix3XjSAhLsm7YQjRKij0elCbAU9AhhOF1qWW2mu5yBPPAjcitbkhVXKeuQ4Z4pQa4GndLpOHYWHw1KOlwOqJr3JcN2TTiL9W1vrCkNIZVSWlBgrfDCzUzokJNdn5M4+XsOwkxX+lxNlJ+nrzG1t2iby7SiuK3xK3uEuuWNg9Cjf+8YmjccwQslbWu4vxghWvROt+jeM6hkxYoEE1ciFmqdDakLpCgguZ2tCjS4AHksRPWw74I0MdTewFqnfo4NuF2wuA84NbhWxDg6uKYUT9T4Cri1Z4ca+Dv4NfgOuSIMuSr2iXResabe+9C1/Wt4gUF67rhFgwA",
                            "id": "student_workshop_user_2",
                            "key_fingerprint": "48e741fcf30ed563de23c3d02517b91d9d22507e",
                            "password_length": "5",
                            "password_reset_required": "false",
                            "pgp_key": "keybase:nubbthedestroyer",
                            "user": "student_workshop_user_2"
                        },
                        "meta": {},
                        "tainted": false
                    },
                    "deposed": [],
                    "provider": "module.account07.provider.aws"
                },
                "aws_iam_user_login_profile.workshop_user_profile.3": {
                    "type": "aws_iam_user_login_profile",
                    "depends_on": [
                        "aws_iam_user.workshop_user_",
                        "aws_iam_user.workshop_user_.*"
                    ],
                    "primary": {
                        "id": "student_workshop_user_3",
                        "attributes": {
                            "encrypted_password": "wcFMA0OgZCE4709nARAAJT+NU8FWmKbsbjAYW9/ip7PqM9sxE7IRYvXbxL+MzkFRJp8bcxaqq9+VF1Sr23a3MFpdEYWPjdnEzWQTHsaQWWFOsrAl90DrpECXOMFYH1ZXl3t/kuiUfjtYCa1YWiiC3WtG+LzAvtv3g7fEFmyfK0gOifvqnGtKeLE1EVFOSVDALzEyD/jd3VfguIwPxv2CVwJZ3mG8U8pJrnpX6CzewdXG2GfCJTHjtvqvXka7X0ueN2tBGfUaf3euvjsK2/cTUCXCT7fxcDnXbafNdpsZ0mqrQSxS0MOX9O3FOtKq39ZkGDYxYjCmiu5E9jJSUZcAVzCJvTt2/BJElM9/WApoqLL3tNTGKGOyMChj0ehHpCpjPOatgC5E4hwzrJCOAPEoApAr+KDjAUFPuSJ+lagcfWmKpU/EwxIk3HZsylg5+YaRo8nXag3fLZngH+Wujxj24zgKARTdLw2MIXMEXtC8eevC1sVzNcMM4ger2Gg/kASmg1sjcfNQvIkYoWt/8fmhwDYnxxnGhi/6hLN14FGnZWf65Ps5OUOCx5/8X1vbHUqFmXQYhqkAK6uuhovdpCtPAHxdFQrA7yRC0CDi6u5vYt6H6/Rw2nRmC3w/SzwieQru8vQJQaydQkPVWc/YEJgzMSzEvLGh0LTc0h5UGP0b1TQr2z2Ifz6RqN2aatHIsfPS4AHkpA9wu2s+EL19zFzoQB6hAeF5c+B+4JThMDrgouJEmp7a4GniLs/lXuCr4HzglOQNdNNtqb9T42RQp5LjqVQ84mgtOvfhl1sA",
                            "id": "student_workshop_user_3",
                            "key_fingerprint": "48e741fcf30ed563de23c3d02517b91d9d22507e",
                            "password_length": "5",
                            "password_reset_required": "false",
                            "pgp_key": "keybase:nubbthedestroyer",
                            "user": "student_workshop_user_3"
                        },
                        "meta": {},
                        "tainted": false
                    },
                    "deposed": [],
                    "provider": "module.account07.provider.aws"
                },
                "aws_iam_user_login_profile.workshop_user_profile.4": {
                    "type": "aws_iam_user_login_profile",
                    "depends_on": [
                        "aws_iam_user.workshop_user_",
                        "aws_iam_user.workshop_user_.*"
                    ],
                    "primary": {
                        "id": "student_workshop_user_4",
                        "attributes": {
                            "encrypted_password": "wcFMA0OgZCE4709nARAAWak4ppdti540EdYRz42j1KoWvJ6Urv+9XHtjcazW+tn6WAkzt+5/a/MTNKbLIQFQTOpkU9K/IVWK700j39h2Yma/oDGMFsj4DNtQNztHlOLMfygOWthzRGP5mFjuamnlvc5mc72c7ju6NwymWaBQo6Emx2Pc52niWpOpH4hSN+cr/zgJqzAxf72LLE3yIeOhFqgRrvErj9YP3BuKFAg/HbUGEkdVSRZculqzmN7m0HKjf5qgDceOnwOkGx3LuzZ7KVM+msHv8+c9AHSoNYdb5452Szr+RE8Wrc0PReXkLGn8l4mbN0TQBHuy6DyaYoFML6d4ZTRrJKLxc0YdPaNcJuJu19JulOw5xLaKkurrUjKc/3YUruOuyc/AS/Aup4ei+5cacFvcLmazr5ojF7i9son6M3hHsatO7u4+dJXJqR6L69QdAyYKZNoPUgT1DbEbpV5fqT9AW2NJr+YWjdhwDv3ro3sLgaK9cv8H6minLojCBBupsL18u5vE9QLe2TJfGwIwP6z3CWMfIgKnchcU/N86D4+smgRn2UYLTXDUdQ/bwHKWKuaYMFEVvpG8JerrEmFgwSkGbONF5VRcfpc9d1BHhk/WgzWfX7nvLlreETVTT5FAVpOtDhphcX49RP9sJWNh4Ue3WroCMcTGfRSEmDDlOrSDu8A6C6Vi/xQh/hbS4AHkXf/hKOb+8u9Ie8+1P7B2aeGn3+AR4HDhQ67gmuIcEPwM4Cji+7FJGeBY4B3gQ+RsmNOsSdT+9nRyd1mPX39o4sULBY/hX2UA",
                            "id": "student_workshop_user_4",
                            "key_fingerprint": "48e741fcf30ed563de23c3d02517b91d9d22507e",
                            "password_length": "5",
                            "password_reset_required": "false",
                            "pgp_key": "keybase:nubbthedestroyer",
                            "user": "student_workshop_user_4"
                        },
                        "meta": {},
                        "tainted": false
                    },
                    "deposed": [],
                    "provider": "module.account07.provider.aws"
                },
                "aws_iam_user_policy.workshop_user_pol_.0": {
                    "type": "aws_iam_user_policy",
                    "depends_on": [
                        "aws_iam_user.workshop_user_.*"
                    ],
                    "primary": {
                        "id": "student_workshop_user_0:student_workshop_user_pol_0",
                        "attributes": {
                            "id": "student_workshop_user_0:student_workshop_user_pol_0",
                            "name": "student_workshop_user_pol_0",
                            "policy": "{\n  \"Version\": \"2012-10-17\",\n  \"Statement\": [\n    {\n      \"Action\": [\n        \"*\"\n      ],\n      \"Effect\": \"Allow\",\n      \"Resource\": \"*\"\n    }\n  ]\n}\n",
                            "user": "student_workshop_user_0"
                        },
                        "meta": {},
                        "tainted": false
                    },
                    "deposed": [],
                    "provider": "module.account07.provider.aws"
                },
                "aws_iam_user_policy.workshop_user_pol_.1": {
                    "type": "aws_iam_user_policy",
                    "depends_on": [
                        "aws_iam_user.workshop_user_.*"
                    ],
                    "primary": {
                        "id": "student_workshop_user_1:student_workshop_user_pol_1",
                        "attributes": {
                            "id": "student_workshop_user_1:student_workshop_user_pol_1",
                            "name": "student_workshop_user_pol_1",
                            "policy": "{\n  \"Version\": \"2012-10-17\",\n  \"Statement\": [\n    {\n      \"Action\": [\n        \"*\"\n      ],\n      \"Effect\": \"Allow\",\n      \"Resource\": \"*\"\n    }\n  ]\n}\n",
                            "user": "student_workshop_user_1"
                        },
                        "meta": {},
                        "tainted": false
                    },
                    "deposed": [],
                    "provider": "module.account07.provider.aws"
                },
                "aws_iam_user_policy.workshop_user_pol_.2": {
                    "type": "aws_iam_user_policy",
                    "depends_on": [
                        "aws_iam_user.workshop_user_.*"
                    ],
                    "primary": {
                        "id": "student_workshop_user_2:student_workshop_user_pol_2",
                        "attributes": {
                            "id": "student_workshop_user_2:student_workshop_user_pol_2",
                            "name": "student_workshop_user_pol_2",
                            "policy": "{\n  \"Version\": \"2012-10-17\",\n  \"Statement\": [\n    {\n      \"Action\": [\n        \"*\"\n      ],\n      \"Effect\": \"Allow\",\n      \"Resource\": \"*\"\n    }\n  ]\n}\n",
                            "user": "student_workshop_user_2"
                        },
                        "meta": {},
                        "tainted": false
                    },
                    "deposed": [],
                    "provider": "module.account07.provider.aws"
                },
                "aws_iam_user_policy.workshop_user_pol_.3": {
                    "type": "aws_iam_user_policy",
                    "depends_on": [
                        "aws_iam_user.workshop_user_.*"
                    ],
                    "primary": {
                        "id": "student_workshop_user_3:student_workshop_user_pol_3",
                        "attributes": {
                            "id": "student_workshop_user_3:student_workshop_user_pol_3",
                            "name": "student_workshop_user_pol_3",
                            "policy": "{\n  \"Version\": \"2012-10-17\",\n  \"Statement\": [\n    {\n      \"Action\": [\n        \"*\"\n      ],\n      \"Effect\": \"Allow\",\n      \"Resource\": \"*\"\n    }\n  ]\n}\n",
                            "user": "student_workshop_user_3"
                        },
                        "meta": {},
                        "tainted": false
                    },
                    "deposed": [],
                    "provider": "module.account07.provider.aws"
                },
                "aws_iam_user_policy.workshop_user_pol_.4": {
                    "type": "aws_iam_user_policy",
                    "depends_on": [
                        "aws_iam_user.workshop_user_.*"
                    ],
                    "primary": {
                        "id": "student_workshop_user_4:student_workshop_user_pol_4",
                        "attributes": {
                            "id": "student_workshop_user_4:student_workshop_user_pol_4",
                            "name": "student_workshop_user_pol_4",
                            "policy": "{\n  \"Version\": \"2012-10-17\",\n  \"Statement\": [\n    {\n      \"Action\": [\n        \"*\"\n      ],\n      \"Effect\": \"Allow\",\n      \"Resource\": \"*\"\n    }\n  ]\n}\n",
                            "user": "student_workshop_user_4"
                        },
                        "meta": {},
                        "tainted": false
                    },
                    "deposed": [],
                    "provider": "module.account07.provider.aws"
                }
            },
            "depends_on": []
        },
        {
            "path": [
                "root",
                "account08"
            ],
            "outputs": {
                "access_key_for_user_0": {
                    "sensitive": false,
                    "type": "string",
                    "value": "AKIAJWYTJNFKBA7QQOYA"
                },
                "access_key_for_user_1": {
                    "sensitive": false,
                    "type": "string",
                    "value": "AKIAIBQRRIZFKCE3TL6A"
                },
                "access_key_for_user_2": {
                    "sensitive": false,
                    "type": "string",
                    "value": "AKIAJAE2KCACMG7EHDPA"
                },
                "access_key_for_user_3": {
                    "sensitive": false,
                    "type": "string",
                    "value": "AKIAI2UOGI5JKHUNAI6Q"
                },
                "access_key_for_user_4": {
                    "sensitive": false,
                    "type": "string",
                    "value": "AKIAIMF4XJM5XITXXZEA"
                },
                "password_for_user_0": {
                    "sensitive": false,
                    "type": "string",
                    "value": "[wcFMA0OgZCE4709nARAAjYuhRk+CjSdxlDc0f/havZYlvBCFCJ6Y0TpEpXeU15Cv5yDvdDfZI5Bu6gSsOhISG8QejKoyq3QZUzOuloJMtQlSG+ceJmqAExpls4YFhLKsMocGRI4XVrGJTlQEH1QFlDrBSHN7b6Rzzcsin3foXqgS2vngTHPODCzrJgfMPCp/oAUDnPwUneqBQZ24B2fXTtPNipjW6ZskgEYqPppeTI5xGgDnhAA8Hc8AUauSCXs1BdT5JC9gF+XgKsZWCWWw/DRaFccHs5RMHTuHlPfDv656Q+qEn1BL1S8C8eiKDz2genGdeJpYPlKDxYevcB8U3U5gLq/glPu9eYTzOGwKphsBRLx8qE5HMjOpVx3FRSX3EL8PoG9Zv5tO8VGxOhGZHVpHkdRjyf7312WPvqp8w45RCWTQupEeOnG6p6+Dcn3MtaCu3JLdVvbnoLtTJn606F8ENzMJcn42taMd0fOAW2on5xPZchYSOjJOpbjJiVBV+4X+Iq4RfyJF7JoWC3a94hHjukGsnqt2uELRIRuz8rX9WEG5B8OVoPqPSdVE275S7IwiEJ+QKeazk0DSdvEdSR0kdI+YDrFNoxqVwiK2ArApUav5FGx8rNDdahTHtgOsbnSmbXn1rz7e38XRx9DXT9h2OmnT4CBP26ivNJMq0GCJWxSog+V0swD9A4LDg/DS4AHk4gzeoL2WtLCqzq6Yjq0ZnOHBA+AV4GPh8wTgaOIMQgyd4EXiBhH/mOCi4CrgB+SL/qyIVkTEZeK6fy0lfv3T4r4EpgXh0V0A]"
                },
                "password_for_user_1": {
                    "sensitive": false,
                    "type": "string",
                    "value": "wcFMA0OgZCE4709nARAABmY1Ok6Y8K8NTDCZ3GiMI0ROt6MpR7xQQ60k4Kts+HZ2ME7sVgh4Gb2sRq2IpzTV21mNpG7cUL2/EV2liAa2B86Aat3kR381Kx0vg+KEz98/u6c3hJuKbdvGFzzS7yJWrBzd3/tNtiliQDNit15e3HrxQOYW34ogLoyEBGeMmpC4htYSPyffikzM5Ns2iBmtvtOehI8dH/96y1kKKEHLcD/aPCAYC8DH/lD7wsH+q+QR522DTd6AzRvOteps0qaESS0aB/5WP9ls1H7EZQfWIEfun/JblS4h2lV0sjVEFwr0b48MWXGlytY9I17RDG82z6TsunIhuRUNOzP2F6mEXvaF9aAcqBaKbRxcIXLv+KucJYqj8BAd8JbSy5qKACC9c+HrIX9z2oAXV7i8Er1K8ldHYWlWp2AMyWF6Xk/3C0pXEuGhazuKXZTrs1yj/jbDHl1TwUwKfarSvp0vI+iqF+wUrOHgPxQWhYV3pBHHL8X6lzKPEqdzQ4bZMehO66KHCoLtieayH2vpGmZbJdfZDN9kNXPXeKdftCGkR1U+66cJ7eUxoFa4fkO/TToWlvg4pU20O7fIFO4VlgWgg3DSUNNRoM790/lV1zCA/2yCX0q9dx5joNEUdXGD5rO9XyO9RpGiZ74wfzyoPBenL1CwrT/PKy8p1NMRfuXecm1gEQ3S4AHkCZ/kXGyoAx11SPNlpcjgRuE8leAS4NHho2Dgf+I1YtGl4GHidjuMI+Df4E7gPeTB2j3tQwUrZqnO6MxBJHVS4lwFmN3hWEIA"
                },
                "password_for_user_2": {
                    "sensitive": false,
                    "type": "string",
                    "value": "wcFMA0OgZCE4709nARAAAT+I4vZqfO6TlSGTlvAnANWxT8atTFgqvQ5UK9HWLwIm01oeCXN+otiuOIosxMzoKKGbLhUwJxmHFXmKyGBmOiY7CY7+8E+pVpYZP5ltejiQd3SfJlsk3ugp84HXdDTu7kmPs+M6xtJYclIDfx1XYxowXFMhATHE+K9Tbuwj5I4v35KzigLzuUFt/R+IWM5yBRrAz3x5H9wKGvjL4xH/kC4vz19E1+Zk99feRXtjQ1Pgkj5cHXmsC69Ptbp2DMgnzv1AUtR5D+P8G0cu4zZNssrL/hNcPeivFp8UY5ACg5c21V/yIGgpCtEtX9BtoTsHhv3fW1uHMcK6VShE2/y6oQJljLZNpWqE7w4edPMxMQuXVyGMsO4ZfDGAdZXRZsNBDM6gSW36gkU/cTAx7FtiWDI7gffSjly0LxSwyUZ25s/rcyx878KlQ8hHnxlSEBuPUZv9o4NK2aiib0ojq4pukDJIKTl0AEGccTrv/4NnY7JaHFgbqlenCmLeVQnq2hh1wrkYFAQTAEHeKFXdVOC9HGpZan6e0O84U3I/+wJicl7D8BQXxf6ECBQnxwRjbpVAazkvTQ6CpF1MX//DYZiGA0KIQk8mZmQ+Br1xIgL3ngR9q0tyipVzk1RJTumV5aR6aLWYvDAbphsrnc4Ny4MyExyXQpY3sjJD/wowQABxrYjS4AHkRbnbLlsOHwDfWi2GpnWhwuGaduDy4JfhtFvgKuKQJdIl4GLij1Lpu+BL4BzgQ+Qqtrtcidqsh6WSruaKtUnZ4rQRi2/he/8A"
                },
                "password_for_user_3": {
                    "sensitive": false,
                    "type": "string",
                    "value": "wcFMA0OgZCE4709nARAAduKGA8QFsBrOaofyE7cueTco+7qID6oDzFEkAtM1ek30zjW483vyWzJvpXja6goQzoocfsu0zH1F65mE7JVX5jFXQ8E8vOGegNxP1SHIKXNx9nulvZsMAzmg0ngBJw8oCD3IFr6QxYdGfFONG/hH4v50W0yEki7XGKD8xZFe1uRiMKkAWkDJr2H1I4ZhmtVZurmUPk9su2DqK5otc7q8LcXSN6gmzed5VlVXNQ1LwTkM4QeSeuPR9bg8TF64H6Ody4/f/evdzEQ0oNQAaFqC5GJeZQUEDSOA1roaiFe6Zfqgmhxa3jnuA1e73w0PVS2I5ZGodrxliidwmto5MEuUe07kshp8EM9iUwA3lTEXi2i5H+iYUFXiqoVQYub/v38toS8bNK+aTE/w67UBWA+b0+q9TWrWp+uHj6+n6ZaWeqlLVpDlPR/zkMG8xytdfefm2DPNCaYTYHPp42qcJCiug+opXF8VhtCFS+EGWWvB/JKkWnazlIfamMMXyYQb3F0sGbsAxAaBtYHlf0DW2dhszgCuPZpPBjrlr8sgk+9vf4IfwrEE/RNW5bzOSHgIUoI/cAcNzLoqPId7hiXOataXbVGK8nsMPAOAW6vpEhHTd+vbi1nvnnFPrKdRgiNfxWko6eMyt6BCFFr6Aty720U0EY2vv51e6azsNUqr6VgA4wfS4AHkPVxDiOWMPKcJiQmaJRa+5uFBzeAi4HzhhavgqOKRCZ7b4FDiJ2PnEuDe4P3gZeTS9EXLCFzcckQ3yU0P6sly4iRgrnThet4A"
                },
                "password_for_user_4": {
                    "sensitive": false,
                    "type": "string",
                    "value": "wcFMA0OgZCE4709nARAAuS1ZblvgcbthZvmdX7tAfsenaurZSXSBlbH2PkDoM4iYOPr7W4AtxGwoesVJvjXi6amcrkFLzNOu+VqGQfjxbiTgBmCcME9NxPQAAAodpXyzbMdbyxu7cM6+PVmkl6VDtDa1DRlbLq9yizpR2HRRSNbkVQJH6P5mWJ17PA0c9BOjpSVGvUoPfCEFNxB/ViAZSnvHABAMElr2HABvR/BH8GFVKLs8U0zpHr1YHJnCM9gNbL0qoh9q+8hj8EhhIEAa/7hN2O9TdEgZj73gxpIEmy/UWJvzp7/yIzzKSVpsdtmAd0cjuJTpm8u/czXnKKME4COXiupLVCvpcf9yWJQK143KhqkZrKwEWAjl6S/l3AKQB4bJfgzruf2rDX+C5irfuc+hHpBLQDwZqgIv9CAO/utG6rSWj6nRw7JZuwblnCRod54BAVX0w7Z+GpbRaYGFk06QFFefDOT4D0/t9qhAZP2d+eNuIirdUq3me8p0i21vSebWvmKRoCldEaPYiY3CnDLvmJivNIaAsVSu5NBHneLwxPQiQGgz2Pq/px4+moQ/YFZZue2YyIjIs6WpohWWjkYZjfJHA/nFD+KNfTIl6A8lq7l/1/M4qUbuRcdoNzyGtIHjgqcwZfX4vQJAFShJyXb9h+iukMLy3+7MN2anSoZTcTFVnx4o8lgG7o+/WQXS4AHkKYKY8p818tOc+D3hWnHiwuHrDeBL4M/hG1/gpuLHqkZL4OfixOvhjuB64FbgXOT1QK2E/S9sDQbUwKuUf4oE4gMtpE7hNM8A"
                },
                "secret_key_for_user_0": {
                    "sensitive": false,
                    "type": "string",
                    "value": "BgvW7TUAQk1Q7xF8dTCZEbENxHWtHQ0/307nYGAe"
                },
                "secret_key_for_user_1": {
                    "sensitive": false,
                    "type": "string",
                    "value": "Zfp0zGpeHMj4WPn7ieUMpLs3h6NfXgqmajrfwiuj"
                },
                "secret_key_for_user_2": {
                    "sensitive": false,
                    "type": "string",
                    "value": "FBg3e1TvWFgsKjYHCbC3kpY3iC4G1533SUeQAVZx"
                },
                "secret_key_for_user_3": {
                    "sensitive": false,
                    "type": "string",
                    "value": "YG/UWcAVmXPdzGFGkQh8KSf6PyZBEO62JIUhdIr4"
                },
                "secret_key_for_user_4": {
                    "sensitive": false,
                    "type": "string",
                    "value": "eoNpx3BwY+/PlB4bDBrjEEB9YtKfm7p5294GoY8F"
                },
                "username_for_user_0": {
                    "sensitive": false,
                    "type": "string",
                    "value": "student_workshop_user_0"
                },
                "username_for_user_1": {
                    "sensitive": false,
                    "type": "string",
                    "value": "student_workshop_user_1"
                },
                "username_for_user_2": {
                    "sensitive": false,
                    "type": "string",
                    "value": "student_workshop_user_2"
                },
                "username_for_user_3": {
                    "sensitive": false,
                    "type": "string",
                    "value": "student_workshop_user_3"
                },
                "username_for_user_4": {
                    "sensitive": false,
                    "type": "string",
                    "value": "student_workshop_user_4"
                }
            },
            "resources": {
                "aws_iam_access_key.workshop_user_keys_.0": {
                    "type": "aws_iam_access_key",
                    "depends_on": [
                        "aws_iam_user.workshop_user_.*"
                    ],
                    "primary": {
                        "id": "AKIAJWYTJNFKBA7QQOYA",
                        "attributes": {
                            "id": "AKIAJWYTJNFKBA7QQOYA",
                            "secret": "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",
                            "ses_smtp_password": "AitgP+03nKSavSc9eBmXi3vBaYMOUIGyzuqXDaZzXS5X",
                            "status": "Active",
                            "user": "student_workshop_user_0"
                        },
                        "meta": {},
                        "tainted": false
                    },
                    "deposed": [],
                    "provider": "module.account08.provider.aws"
                },
                "aws_iam_access_key.workshop_user_keys_.1": {
                    "type": "aws_iam_access_key",
                    "depends_on": [
                        "aws_iam_user.workshop_user_.*"
                    ],
                    "primary": {
                        "id": "AKIAIBQRRIZFKCE3TL6A",
                        "attributes": {
                            "id": "AKIAIBQRRIZFKCE3TL6A",
                            "secret": "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",
                            "ses_smtp_password": "AkGzgwpE/LxpK7khFjcLW51M6oRk1oabmYGiAvEBlFvA",
                            "status": "Active",
                            "user": "student_workshop_user_1"
                        },
                        "meta": {},
                        "tainted": false
                    },
                    "deposed": [],
                    "provider": "module.account08.provider.aws"
                },
                "aws_iam_access_key.workshop_user_keys_.2": {
                    "type": "aws_iam_access_key",
                    "depends_on": [
                        "aws_iam_user.workshop_user_.*"
                    ],
                    "primary": {
                        "id": "AKIAJAE2KCACMG7EHDPA",
                        "attributes": {
                            "id": "AKIAJAE2KCACMG7EHDPA",
                            "secret": "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",
                            "ses_smtp_password": "AvA1AhXyzIxcDvjJ4F5/FEagEmUMdpul6iBnA0cNZgEU",
                            "status": "Active",
                            "user": "student_workshop_user_2"
                        },
                        "meta": {},
                        "tainted": false
                    },
                    "deposed": [],
                    "provider": "module.account08.provider.aws"
                },
                "aws_iam_access_key.workshop_user_keys_.3": {
                    "type": "aws_iam_access_key",
                    "depends_on": [
                        "aws_iam_user.workshop_user_.*"
                    ],
                    "primary": {
                        "id": "AKIAI2UOGI5JKHUNAI6Q",
                        "attributes": {
                            "id": "AKIAI2UOGI5JKHUNAI6Q",
                            "secret": "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",
                            "ses_smtp_password": "AkP7LSPKuTH4RMYZgI347zGAlSZXUJ3qa+gffgBIZSgC",
                            "status": "Active",
                            "user": "student_workshop_user_3"
                        },
                        "meta": {},
                        "tainted": false
                    },
                    "deposed": [],
                    "provider": "module.account08.provider.aws"
                },
                "aws_iam_access_key.workshop_user_keys_.4": {
                    "type": "aws_iam_access_key",
                    "depends_on": [
                        "aws_iam_user.workshop_user_.*"
                    ],
                    "primary": {
                        "id": "AKIAIMF4XJM5XITXXZEA",
                        "attributes": {
                            "id": "AKIAIMF4XJM5XITXXZEA",
                            "secret": "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",
                            "ses_smtp_password": "AmLWXe9FUGWFyVtmvoCluQp8QxQjTHE+CoGAqQGb0GqK",
                            "status": "Active",
                            "user": "student_workshop_user_4"
                        },
                        "meta": {},
                        "tainted": false
                    },
                    "deposed": [],
                    "provider": "module.account08.provider.aws"
                },
                "aws_iam_user.workshop_user_.0": {
                    "type": "aws_iam_user",
                    "depends_on": [],
                    "primary": {
                        "id": "student_workshop_user_0",
                        "attributes": {
                            "arn": "arn:aws:iam::837265638347:user/student_workshop_user_0",
                            "force_destroy": "true",
                            "id": "student_workshop_user_0",
                            "name": "student_workshop_user_0",
                            "path": "/",
                            "unique_id": "AIDAJG377544FBAO2SSGW"
                        },
                        "meta": {},
                        "tainted": false
                    },
                    "deposed": [],
                    "provider": "module.account08.provider.aws"
                },
                "aws_iam_user.workshop_user_.1": {
                    "type": "aws_iam_user",
                    "depends_on": [],
                    "primary": {
                        "id": "student_workshop_user_1",
                        "attributes": {
                            "arn": "arn:aws:iam::837265638347:user/student_workshop_user_1",
                            "force_destroy": "true",
                            "id": "student_workshop_user_1",
                            "name": "student_workshop_user_1",
                            "path": "/",
                            "unique_id": "AIDAIFFNBS5G26SDLHP7M"
                        },
                        "meta": {},
                        "tainted": false
                    },
                    "deposed": [],
                    "provider": "module.account08.provider.aws"
                },
                "aws_iam_user.workshop_user_.2": {
                    "type": "aws_iam_user",
                    "depends_on": [],
                    "primary": {
                        "id": "student_workshop_user_2",
                        "attributes": {
                            "arn": "arn:aws:iam::837265638347:user/student_workshop_user_2",
                            "force_destroy": "true",
                            "id": "student_workshop_user_2",
                            "name": "student_workshop_user_2",
                            "path": "/",
                            "unique_id": "AIDAJF7QC4DDJLFDB7WC6"
                        },
                        "meta": {},
                        "tainted": false
                    },
                    "deposed": [],
                    "provider": "module.account08.provider.aws"
                },
                "aws_iam_user.workshop_user_.3": {
                    "type": "aws_iam_user",
                    "depends_on": [],
                    "primary": {
                        "id": "student_workshop_user_3",
                        "attributes": {
                            "arn": "arn:aws:iam::837265638347:user/student_workshop_user_3",
                            "force_destroy": "true",
                            "id": "student_workshop_user_3",
                            "name": "student_workshop_user_3",
                            "path": "/",
                            "unique_id": "AIDAI5GYAWTVFEN6EAAMM"
                        },
                        "meta": {},
                        "tainted": false
                    },
                    "deposed": [],
                    "provider": "module.account08.provider.aws"
                },
                "aws_iam_user.workshop_user_.4": {
                    "type": "aws_iam_user",
                    "depends_on": [],
                    "primary": {
                        "id": "student_workshop_user_4",
                        "attributes": {
                            "arn": "arn:aws:iam::837265638347:user/student_workshop_user_4",
                            "force_destroy": "true",
                            "id": "student_workshop_user_4",
                            "name": "student_workshop_user_4",
                            "path": "/",
                            "unique_id": "AIDAJ7TFSMMFC2PJMTVAY"
                        },
                        "meta": {},
                        "tainted": false
                    },
                    "deposed": [],
                    "provider": "module.account08.provider.aws"
                },
                "aws_iam_user_login_profile.workshop_user_profile.0": {
                    "type": "aws_iam_user_login_profile",
                    "depends_on": [
                        "aws_iam_user.workshop_user_",
                        "aws_iam_user.workshop_user_.*"
                    ],
                    "primary": {
                        "id": "student_workshop_user_0",
                        "attributes": {
                            "encrypted_password": "wcFMA0OgZCE4709nARAAjYuhRk+CjSdxlDc0f/havZYlvBCFCJ6Y0TpEpXeU15Cv5yDvdDfZI5Bu6gSsOhISG8QejKoyq3QZUzOuloJMtQlSG+ceJmqAExpls4YFhLKsMocGRI4XVrGJTlQEH1QFlDrBSHN7b6Rzzcsin3foXqgS2vngTHPODCzrJgfMPCp/oAUDnPwUneqBQZ24B2fXTtPNipjW6ZskgEYqPppeTI5xGgDnhAA8Hc8AUauSCXs1BdT5JC9gF+XgKsZWCWWw/DRaFccHs5RMHTuHlPfDv656Q+qEn1BL1S8C8eiKDz2genGdeJpYPlKDxYevcB8U3U5gLq/glPu9eYTzOGwKphsBRLx8qE5HMjOpVx3FRSX3EL8PoG9Zv5tO8VGxOhGZHVpHkdRjyf7312WPvqp8w45RCWTQupEeOnG6p6+Dcn3MtaCu3JLdVvbnoLtTJn606F8ENzMJcn42taMd0fOAW2on5xPZchYSOjJOpbjJiVBV+4X+Iq4RfyJF7JoWC3a94hHjukGsnqt2uELRIRuz8rX9WEG5B8OVoPqPSdVE275S7IwiEJ+QKeazk0DSdvEdSR0kdI+YDrFNoxqVwiK2ArApUav5FGx8rNDdahTHtgOsbnSmbXn1rz7e38XRx9DXT9h2OmnT4CBP26ivNJMq0GCJWxSog+V0swD9A4LDg/DS4AHk4gzeoL2WtLCqzq6Yjq0ZnOHBA+AV4GPh8wTgaOIMQgyd4EXiBhH/mOCi4CrgB+SL/qyIVkTEZeK6fy0lfv3T4r4EpgXh0V0A",
                            "id": "student_workshop_user_0",
                            "key_fingerprint": "48e741fcf30ed563de23c3d02517b91d9d22507e",
                            "password_length": "5",
                            "password_reset_required": "false",
                            "pgp_key": "keybase:nubbthedestroyer",
                            "user": "student_workshop_user_0"
                        },
                        "meta": {},
                        "tainted": false
                    },
                    "deposed": [],
                    "provider": "module.account08.provider.aws"
                },
                "aws_iam_user_login_profile.workshop_user_profile.1": {
                    "type": "aws_iam_user_login_profile",
                    "depends_on": [
                        "aws_iam_user.workshop_user_",
                        "aws_iam_user.workshop_user_.*"
                    ],
                    "primary": {
                        "id": "student_workshop_user_1",
                        "attributes": {
                            "encrypted_password": "wcFMA0OgZCE4709nARAABmY1Ok6Y8K8NTDCZ3GiMI0ROt6MpR7xQQ60k4Kts+HZ2ME7sVgh4Gb2sRq2IpzTV21mNpG7cUL2/EV2liAa2B86Aat3kR381Kx0vg+KEz98/u6c3hJuKbdvGFzzS7yJWrBzd3/tNtiliQDNit15e3HrxQOYW34ogLoyEBGeMmpC4htYSPyffikzM5Ns2iBmtvtOehI8dH/96y1kKKEHLcD/aPCAYC8DH/lD7wsH+q+QR522DTd6AzRvOteps0qaESS0aB/5WP9ls1H7EZQfWIEfun/JblS4h2lV0sjVEFwr0b48MWXGlytY9I17RDG82z6TsunIhuRUNOzP2F6mEXvaF9aAcqBaKbRxcIXLv+KucJYqj8BAd8JbSy5qKACC9c+HrIX9z2oAXV7i8Er1K8ldHYWlWp2AMyWF6Xk/3C0pXEuGhazuKXZTrs1yj/jbDHl1TwUwKfarSvp0vI+iqF+wUrOHgPxQWhYV3pBHHL8X6lzKPEqdzQ4bZMehO66KHCoLtieayH2vpGmZbJdfZDN9kNXPXeKdftCGkR1U+66cJ7eUxoFa4fkO/TToWlvg4pU20O7fIFO4VlgWgg3DSUNNRoM790/lV1zCA/2yCX0q9dx5joNEUdXGD5rO9XyO9RpGiZ74wfzyoPBenL1CwrT/PKy8p1NMRfuXecm1gEQ3S4AHkCZ/kXGyoAx11SPNlpcjgRuE8leAS4NHho2Dgf+I1YtGl4GHidjuMI+Df4E7gPeTB2j3tQwUrZqnO6MxBJHVS4lwFmN3hWEIA",
                            "id": "student_workshop_user_1",
                            "key_fingerprint": "48e741fcf30ed563de23c3d02517b91d9d22507e",
                            "password_length": "5",
                            "password_reset_required": "false",
                            "pgp_key": "keybase:nubbthedestroyer",
                            "user": "student_workshop_user_1"
                        },
                        "meta": {},
                        "tainted": false
                    },
                    "deposed": [],
                    "provider": "module.account08.provider.aws"
                },
                "aws_iam_user_login_profile.workshop_user_profile.2": {
                    "type": "aws_iam_user_login_profile",
                    "depends_on": [
                        "aws_iam_user.workshop_user_",
                        "aws_iam_user.workshop_user_.*"
                    ],
                    "primary": {
                        "id": "student_workshop_user_2",
                        "attributes": {
                            "encrypted_password": "wcFMA0OgZCE4709nARAAAT+I4vZqfO6TlSGTlvAnANWxT8atTFgqvQ5UK9HWLwIm01oeCXN+otiuOIosxMzoKKGbLhUwJxmHFXmKyGBmOiY7CY7+8E+pVpYZP5ltejiQd3SfJlsk3ugp84HXdDTu7kmPs+M6xtJYclIDfx1XYxowXFMhATHE+K9Tbuwj5I4v35KzigLzuUFt/R+IWM5yBRrAz3x5H9wKGvjL4xH/kC4vz19E1+Zk99feRXtjQ1Pgkj5cHXmsC69Ptbp2DMgnzv1AUtR5D+P8G0cu4zZNssrL/hNcPeivFp8UY5ACg5c21V/yIGgpCtEtX9BtoTsHhv3fW1uHMcK6VShE2/y6oQJljLZNpWqE7w4edPMxMQuXVyGMsO4ZfDGAdZXRZsNBDM6gSW36gkU/cTAx7FtiWDI7gffSjly0LxSwyUZ25s/rcyx878KlQ8hHnxlSEBuPUZv9o4NK2aiib0ojq4pukDJIKTl0AEGccTrv/4NnY7JaHFgbqlenCmLeVQnq2hh1wrkYFAQTAEHeKFXdVOC9HGpZan6e0O84U3I/+wJicl7D8BQXxf6ECBQnxwRjbpVAazkvTQ6CpF1MX//DYZiGA0KIQk8mZmQ+Br1xIgL3ngR9q0tyipVzk1RJTumV5aR6aLWYvDAbphsrnc4Ny4MyExyXQpY3sjJD/wowQABxrYjS4AHkRbnbLlsOHwDfWi2GpnWhwuGaduDy4JfhtFvgKuKQJdIl4GLij1Lpu+BL4BzgQ+Qqtrtcidqsh6WSruaKtUnZ4rQRi2/he/8A",
                            "id": "student_workshop_user_2",
                            "key_fingerprint": "48e741fcf30ed563de23c3d02517b91d9d22507e",
                            "password_length": "5",
                            "password_reset_required": "false",
                            "pgp_key": "keybase:nubbthedestroyer",
                            "user": "student_workshop_user_2"
                        },
                        "meta": {},
                        "tainted": false
                    },
                    "deposed": [],
                    "provider": "module.account08.provider.aws"
                },
                "aws_iam_user_login_profile.workshop_user_profile.3": {
                    "type": "aws_iam_user_login_profile",
                    "depends_on": [
                        "aws_iam_user.workshop_user_",
                        "aws_iam_user.workshop_user_.*"
                    ],
                    "primary": {
                        "id": "student_workshop_user_3",
                        "attributes": {
                            "encrypted_password": "wcFMA0OgZCE4709nARAAduKGA8QFsBrOaofyE7cueTco+7qID6oDzFEkAtM1ek30zjW483vyWzJvpXja6goQzoocfsu0zH1F65mE7JVX5jFXQ8E8vOGegNxP1SHIKXNx9nulvZsMAzmg0ngBJw8oCD3IFr6QxYdGfFONG/hH4v50W0yEki7XGKD8xZFe1uRiMKkAWkDJr2H1I4ZhmtVZurmUPk9su2DqK5otc7q8LcXSN6gmzed5VlVXNQ1LwTkM4QeSeuPR9bg8TF64H6Ody4/f/evdzEQ0oNQAaFqC5GJeZQUEDSOA1roaiFe6Zfqgmhxa3jnuA1e73w0PVS2I5ZGodrxliidwmto5MEuUe07kshp8EM9iUwA3lTEXi2i5H+iYUFXiqoVQYub/v38toS8bNK+aTE/w67UBWA+b0+q9TWrWp+uHj6+n6ZaWeqlLVpDlPR/zkMG8xytdfefm2DPNCaYTYHPp42qcJCiug+opXF8VhtCFS+EGWWvB/JKkWnazlIfamMMXyYQb3F0sGbsAxAaBtYHlf0DW2dhszgCuPZpPBjrlr8sgk+9vf4IfwrEE/RNW5bzOSHgIUoI/cAcNzLoqPId7hiXOataXbVGK8nsMPAOAW6vpEhHTd+vbi1nvnnFPrKdRgiNfxWko6eMyt6BCFFr6Aty720U0EY2vv51e6azsNUqr6VgA4wfS4AHkPVxDiOWMPKcJiQmaJRa+5uFBzeAi4HzhhavgqOKRCZ7b4FDiJ2PnEuDe4P3gZeTS9EXLCFzcckQ3yU0P6sly4iRgrnThet4A",
                            "id": "student_workshop_user_3",
                            "key_fingerprint": "48e741fcf30ed563de23c3d02517b91d9d22507e",
                            "password_length": "5",
                            "password_reset_required": "false",
                            "pgp_key": "keybase:nubbthedestroyer",
                            "user": "student_workshop_user_3"
                        },
                        "meta": {},
                        "tainted": false
                    },
                    "deposed": [],
                    "provider": "module.account08.provider.aws"
                },
                "aws_iam_user_login_profile.workshop_user_profile.4": {
                    "type": "aws_iam_user_login_profile",
                    "depends_on": [
                        "aws_iam_user.workshop_user_",
                        "aws_iam_user.workshop_user_.*"
                    ],
                    "primary": {
                        "id": "student_workshop_user_4",
                        "attributes": {
                            "encrypted_password": "wcFMA0OgZCE4709nARAAuS1ZblvgcbthZvmdX7tAfsenaurZSXSBlbH2PkDoM4iYOPr7W4AtxGwoesVJvjXi6amcrkFLzNOu+VqGQfjxbiTgBmCcME9NxPQAAAodpXyzbMdbyxu7cM6+PVmkl6VDtDa1DRlbLq9yizpR2HRRSNbkVQJH6P5mWJ17PA0c9BOjpSVGvUoPfCEFNxB/ViAZSnvHABAMElr2HABvR/BH8GFVKLs8U0zpHr1YHJnCM9gNbL0qoh9q+8hj8EhhIEAa/7hN2O9TdEgZj73gxpIEmy/UWJvzp7/yIzzKSVpsdtmAd0cjuJTpm8u/czXnKKME4COXiupLVCvpcf9yWJQK143KhqkZrKwEWAjl6S/l3AKQB4bJfgzruf2rDX+C5irfuc+hHpBLQDwZqgIv9CAO/utG6rSWj6nRw7JZuwblnCRod54BAVX0w7Z+GpbRaYGFk06QFFefDOT4D0/t9qhAZP2d+eNuIirdUq3me8p0i21vSebWvmKRoCldEaPYiY3CnDLvmJivNIaAsVSu5NBHneLwxPQiQGgz2Pq/px4+moQ/YFZZue2YyIjIs6WpohWWjkYZjfJHA/nFD+KNfTIl6A8lq7l/1/M4qUbuRcdoNzyGtIHjgqcwZfX4vQJAFShJyXb9h+iukMLy3+7MN2anSoZTcTFVnx4o8lgG7o+/WQXS4AHkKYKY8p818tOc+D3hWnHiwuHrDeBL4M/hG1/gpuLHqkZL4OfixOvhjuB64FbgXOT1QK2E/S9sDQbUwKuUf4oE4gMtpE7hNM8A",
                            "id": "student_workshop_user_4",
                            "key_fingerprint": "48e741fcf30ed563de23c3d02517b91d9d22507e",
                            "password_length": "5",
                            "password_reset_required": "false",
                            "pgp_key": "keybase:nubbthedestroyer",
                            "user": "student_workshop_user_4"
                        },
                        "meta": {},
                        "tainted": false
                    },
                    "deposed": [],
                    "provider": "module.account08.provider.aws"
                },
                "aws_iam_user_policy.workshop_user_pol_.0": {
                    "type": "aws_iam_user_policy",
                    "depends_on": [
                        "aws_iam_user.workshop_user_.*"
                    ],
                    "primary": {
                        "id": "student_workshop_user_0:student_workshop_user_pol_0",
                        "attributes": {
                            "id": "student_workshop_user_0:student_workshop_user_pol_0",
                            "name": "student_workshop_user_pol_0",
                            "policy": "{\n  \"Version\": \"2012-10-17\",\n  \"Statement\": [\n    {\n      \"Action\": [\n        \"*\"\n      ],\n      \"Effect\": \"Allow\",\n      \"Resource\": \"*\"\n    }\n  ]\n}\n",
                            "user": "student_workshop_user_0"
                        },
                        "meta": {},
                        "tainted": false
                    },
                    "deposed": [],
                    "provider": "module.account08.provider.aws"
                },
                "aws_iam_user_policy.workshop_user_pol_.1": {
                    "type": "aws_iam_user_policy",
                    "depends_on": [
                        "aws_iam_user.workshop_user_.*"
                    ],
                    "primary": {
                        "id": "student_workshop_user_1:student_workshop_user_pol_1",
                        "attributes": {
                            "id": "student_workshop_user_1:student_workshop_user_pol_1",
                            "name": "student_workshop_user_pol_1",
                            "policy": "{\n  \"Version\": \"2012-10-17\",\n  \"Statement\": [\n    {\n      \"Action\": [\n        \"*\"\n      ],\n      \"Effect\": \"Allow\",\n      \"Resource\": \"*\"\n    }\n  ]\n}\n",
                            "user": "student_workshop_user_1"
                        },
                        "meta": {},
                        "tainted": false
                    },
                    "deposed": [],
                    "provider": "module.account08.provider.aws"
                },
                "aws_iam_user_policy.workshop_user_pol_.2": {
                    "type": "aws_iam_user_policy",
                    "depends_on": [
                        "aws_iam_user.workshop_user_.*"
                    ],
                    "primary": {
                        "id": "student_workshop_user_2:student_workshop_user_pol_2",
                        "attributes": {
                            "id": "student_workshop_user_2:student_workshop_user_pol_2",
                            "name": "student_workshop_user_pol_2",
                            "policy": "{\n  \"Version\": \"2012-10-17\",\n  \"Statement\": [\n    {\n      \"Action\": [\n        \"*\"\n      ],\n      \"Effect\": \"Allow\",\n      \"Resource\": \"*\"\n    }\n  ]\n}\n",
                            "user": "student_workshop_user_2"
                        },
                        "meta": {},
                        "tainted": false
                    },
                    "deposed": [],
                    "provider": "module.account08.provider.aws"
                },
                "aws_iam_user_policy.workshop_user_pol_.3": {
                    "type": "aws_iam_user_policy",
                    "depends_on": [
                        "aws_iam_user.workshop_user_.*"
                    ],
                    "primary": {
                        "id": "student_workshop_user_3:student_workshop_user_pol_3",
                        "attributes": {
                            "id": "student_workshop_user_3:student_workshop_user_pol_3",
                            "name": "student_workshop_user_pol_3",
                            "policy": "{\n  \"Version\": \"2012-10-17\",\n  \"Statement\": [\n    {\n      \"Action\": [\n        \"*\"\n      ],\n      \"Effect\": \"Allow\",\n      \"Resource\": \"*\"\n    }\n  ]\n}\n",
                            "user": "student_workshop_user_3"
                        },
                        "meta": {},
                        "tainted": false
                    },
                    "deposed": [],
                    "provider": "module.account08.provider.aws"
                },
                "aws_iam_user_policy.workshop_user_pol_.4": {
                    "type": "aws_iam_user_policy",
                    "depends_on": [
                        "aws_iam_user.workshop_user_.*"
                    ],
                    "primary": {
                        "id": "student_workshop_user_4:student_workshop_user_pol_4",
                        "attributes": {
                            "id": "student_workshop_user_4:student_workshop_user_pol_4",
                            "name": "student_workshop_user_pol_4",
                            "policy": "{\n  \"Version\": \"2012-10-17\",\n  \"Statement\": [\n    {\n      \"Action\": [\n        \"*\"\n      ],\n      \"Effect\": \"Allow\",\n      \"Resource\": \"*\"\n    }\n  ]\n}\n",
                            "user": "student_workshop_user_4"
                        },
                        "meta": {},
                        "tainted": false
                    },
                    "deposed": [],
                    "provider": "module.account08.provider.aws"
                }
            },
            "depends_on": []
        },
        {
            "path": [
                "root",
                "account09"
            ],
            "outputs": {
                "access_key_for_user_0": {
                    "sensitive": false,
                    "type": "string",
                    "value": "AKIAIW5LOG6EN2ULWA2Q"
                },
                "access_key_for_user_1": {
                    "sensitive": false,
                    "type": "string",
                    "value": "AKIAJGYLZTWRVSSDIBOQ"
                },
                "access_key_for_user_2": {
                    "sensitive": false,
                    "type": "string",
                    "value": "AKIAJGVVGZY36YTXGJLQ"
                },
                "access_key_for_user_3": {
                    "sensitive": false,
                    "type": "string",
                    "value": "AKIAJDADLQR3GBH6R3UA"
                },
                "access_key_for_user_4": {
                    "sensitive": false,
                    "type": "string",
                    "value": "AKIAIZSZSYJKHPY4IXAQ"
                },
                "password_for_user_0": {
                    "sensitive": false,
                    "type": "string",
                    "value": "[wcFMA0OgZCE4709nARAAHERL1vhYbp2yAl7IeZo+vlLYGFDewyPdl46kYhLBkxlB77rgO+Lg07Rtk59K0WKJyModofX3Ns3Ohn/Ii9uuGVUrifsFQlrU6gSjZcYPUbr5Mm/Uib/yekOkPi7/jJagmdUUEWSTQf39RG9UNJU+NSnE/jnLAubDqatQFzG65r+EOrZKVHGSxgtODj4H+Dk2f3B2v6nSsko+4KEMpq6BRiXnINBoFyHbBuhZdptQpgBcMiIldzARyKOCrjYwW5ymTCgRbvZj2Fzd6KNxfSDKDSahVf7xVkt1toj3+LhyymF3IJRLfYsPGgR5+B3OF4XKWuLx38HHasF12urPXn0J0XhCoiokurGpmpdms5imC7LJ8VKepd4uW8p1huOqIItAJcs+rUowDzOeynelpdScSIdyy6oicuCV+DORdLOU7Z9Q2WfTPv+1zT4ymvmlw2JrB6ktdT/burrR8io+kQV5Tpn5GaLFnvR9Mb4BcWzYJomDa6/IoTJfdNLqveW0bklL9wjvGgYPGb0mYZijalRk4EoenxGXWgtTvt9mH4sJhBKey6ZQT0rtJb673p9jHuYNNuEPhmEf1nc+mQID5CdVdque+DKYek2GORM7dG63zYZqUMUrgNUJ6njzs50SvxxfbunetiyBLZAgtjqYxvPwgRj/qUw1M8xjpHt3qkLWgzvS4AHksAX3a7IJfp8CKRLItHUOhOFzFeB74Mrh2T7gg+JgAZI+4Kfi4h7EU+B34KXghuSH08V8SHQZT/9eCKq3eOtu4jLqUenhmAIA]"
                },
                "password_for_user_1": {
                    "sensitive": false,
                    "type": "string",
                    "value": "wcFMA0OgZCE4709nARAAphA3VRQ8GPdOIZk65nrWO/bduh6lbtsgDhOerW215ztQ8HxHzUFGm1XeT2L3EuKUd5uN1J9JbLQUt7iit3V488qpvOy5g/RjuEY6BzsUEJ7KGBMg9mwq/mKyxqLOG5tZWomumTJuZk6KhJqcs4lpQISTVmuJXWixA/yckuCXd22wPhrFKzuvWHLlStriGka0/rYOvsqbnmblnIm5q8lRlAhmY3PjtrxPLjbhDe/FRlsjk+FGNsR48RHqeOSZNky/Fd6c3/1npvv2a/90YjkjmQ15PEnToPVuP366p1wfSkt6MkBTG5We/R3VQZONP5721GASB4LO2ZP0uYpXKIGxX3lL/no8bQbnsvbaI+YCNxNaY40wBmlGWsKh3q2uHKeH1Eie7f56/ag/UPAzjxRZrvxmxKNHnePzC+JFi/S+s2lJVGOKBlevvClvKMMWldmKmuH5JbiU4gLjzgxo8iO5jlJhzxTFQpUTzOrAtXlnrtFKvrr0L/v6PtKnVm1Xok8AVIyR9AfAmo9GnSQV1tQdUx6VDUngIquQG745GIyyTql+AT8HSAu3RBqgkDVIDeBMOOebCRphnu/ejS3t+8hqbPxbCtTgud4/Tat6ZW0KxWclOan7QEczNnllJemUlztso83lzOJOUlvjy9phYUvIO/pzMOPJhF/evP8MV9CKmPHS4AHkyvA/i4Is1SHFRRTkH/DtIOHHkuBc4HXhjCHgIeI2aYb74CbivRnlaOCK4PHgA+QlSB7/uTFK2jhXGva+kx494i4thBjhYVcA"
                },
                "password_for_user_2": {
                    "sensitive": false,
                    "type": "string",
                    "value": "wcFMA0OgZCE4709nARAAJjyYnE//pDcqNL94QN/a48q6BkqitphNVI0QY3Nk6XBggIzmBQJmjmftCUbJnm25o3JBkJarB3vucrDNgH/2GlOufMgZ72HNKGTSfA6MbUFuog5CIFDLr2MnunJXNh4eiyu48odric+3p0uTpWFTFk1BUzqcZ5v4nD2DvWa9eH6a6oSEOV+uY3z3+A8JIiHNUusBlDmnrqFoXISHSHCXlmvuLIkSl8OQGMhBDMFnWIZu1auNWIEe8KBQzd7Pn4nleEb/IzRGc8dHYiTELkLy+piSj4DiwMJFelDe5wB3RQs3w+GmorSI3KZGxkKxiRocxEVwHJk/V4bCTwTiSNhhxCBmJCZQt3MPi0JGrNpaFEe8r+SnXSgt+dJHgO6q75JoMiQEuACB5RRdAafdTDCwLa4xZELAX+G/zu6t4Xn5e9JrIyiLMGBa0bTfaG1+/U4zPMZlEbM2wV9pFtSAaj+w1Ce0ntM8u4l9jd6zVsLflZkxKtyrDYBVhO/VMolay+gejhhRrE1fYBCQwNnE8EI3EM40ssF18fOQNqZAM/NlF1jD8sKfPR579izdx3GQz9ifdqyFfr6Fss6+7xzNtclgWqqtGs+v4W7dmxJkjj6BbTxtSNd8u/2MFBAdjTv69FD5B0iDP5VqwPfQk7jk7NQTo7nf5yqW/oh5in4PJVRZ9GfS4AHkGYmik6rBDf0LGif58iZIPOGYQeDr4Nrh3cHgFuIfr1hZ4PHiJzi2ROAU4IfgLuT8psuw2ai44N728gotlnIh4uM9jNzhVVQA"
                },
                "password_for_user_3": {
                    "sensitive": false,
                    "type": "string",
                    "value": "wcFMA0OgZCE4709nARAAtb4TAPzHwVQ0lG61QfpDJGrZM+B0Bkpn3PJpKP/N4q0qLiNyAYKQh7cwOaVTAmbr2UNWDxv7WPYTKdo+U10sy9LE4g7eAoYsEMB1H6wTGbeMMxI8mw1QZHqYgntW7Z4BvwQgea7UQatuQIPeaulSkY1RRfpjlQ+NIzKKDDDc3RP0hLHfwZBMxf3Nwwi3ZHgZw1EH8nqXbUv+zoTkmL50nIwkbq1DfIN2BLWvuH6BcLmRr/oYDCz8wrpwECnrqcNAFNc2UPTbt2J/SfdDr4g5Lgm0PgxeNg5qjhvzGdWfvO2gV5SpEhf50nfDJTmS4kQ14Rvq/B+2Zw0X+plegeGVVHSDrqiw/sxIcaCy2gh7jyXNznMezxP0kc4kiFW5qZO7urQISaLhZk50bpdM8HCU9ufXJXaWuQSPS6zI0mHppVsOq42Hucw9mGGDqYS8wec1bY8Xixbm86fr29kUkoH3J1VNPUQ0kJNCwbdhF5gLy5YKEzWEAzMKd3xC2zHzPdLF4e3fgEPHjD0iywF2IbSXReApArU9G28qMsLd1iaDafVOWbeowo6IyYOlZqcr00c09NPkKJ6zBbRW1qa+6WKCPBb6zf0lisYgn2B0gNw6JYrlxXn4T/u/PWgOAqeDgeq6In+UKFxWdQMZCA6aFv8QTZjeqmRqC0zshHw+m/KB5XPS4AHkBYRh1UR8UKPVzpyBDO9PR+EmyOAV4MThLzrg8uKJfYkg4H3iX4fgFeDP4BPgu+S1OJTfktMn/0c1RiYeYrI44iVx8i7hMGQA"
                },
                "password_for_user_4": {
                    "sensitive": false,
                    "type": "string",
                    "value": "wcFMA0OgZCE4709nARAAR3hzdhte70yVQF3DEgVxlCd6zfTGDJRJ6NwdpdJvV1kQc8MXwaah3k+AfmRk6Tk8843LRj7fSXruOTzg+y/nqEYGUnyE8XugdkGAZ8SRvEiE88sXewCv08DQ8dUoPEhPaDk6rGHnAXU11fksPKWNbMnXALN48U7D6lTjq/rR5LD4+ac7d39s6WauKuDe3zyA1w+oTpfdnuW7RWCfoyG5yMsAUm5we0P/tp54WcPKTO4XmTvQD6fuZuICY2+8FNM/4QMhItAa/g4W0t8EcfIZIEin7o0/ODT8TyP687crw0Jx5LrLhOC/qv9t1X9UmYuo7n/sPZsirwbuXqdVgOgq42UoW83wgl9IlcpF44MJdYGYsE2xwNiH4WqhN7fJyyEQE0qyvx6l2KBfV3KFUyRDjNAfzKXzLFyyAw64VZOERI7FNAseCFM8HD71SFF8HKdZ6XM1QeVGx8PsP2PhRqbQCWl0ord5ylURrSNTlBx8cTW7tsPPolt1tGA0lt7jA0IJzilBNgGevd6DkAe1zl6tnG/drpB2PSnhwckcXxpX1wmd8o8b4HvlxtsKnXgUDWFOJg+ZVoqMJ9ufnaCz0XT8kG20rU28tZg8HhEwSlO58SNlWCkhIi6Xxf4EvyFvljtD8vyof3PkjoCfy2XObEj8o6iXTr+ZtlCEEftX9r1hfIXS4AHktsmg5v3rg5ut58yHp1D9fuHsSODq4GXhbfLgs+IegFxL4Gri+pszEeAx4HPgvuRWg64RFzFEi+AI5nBMt2gi4sShm63hxegA"
                },
                "secret_key_for_user_0": {
                    "sensitive": false,
                    "type": "string",
                    "value": "ZzfM5ybC5bHbFplnx9N+PIBvrvaus9ysO8BzOiX3"
                },
                "secret_key_for_user_1": {
                    "sensitive": false,
                    "type": "string",
                    "value": "rWNR41GECFyxWLj+j1IAYchHYgKvtqtKCnO4daCj"
                },
                "secret_key_for_user_2": {
                    "sensitive": false,
                    "type": "string",
                    "value": "LvZ1hiv67aoam3HANyCZwS/eZYyxWnlHncSl88YK"
                },
                "secret_key_for_user_3": {
                    "sensitive": false,
                    "type": "string",
                    "value": "G5DnRCw/+bAvEtat9Nyb3QC8dkTaEA1NeM0gJIbQ"
                },
                "secret_key_for_user_4": {
                    "sensitive": false,
                    "type": "string",
                    "value": "GD2hiJ3q3JnTu//LpJeuvM7B9jJjubC6Vq9IJPii"
                },
                "username_for_user_0": {
                    "sensitive": false,
                    "type": "string",
                    "value": "student_workshop_user_0"
                },
                "username_for_user_1": {
                    "sensitive": false,
                    "type": "string",
                    "value": "student_workshop_user_1"
                },
                "username_for_user_2": {
                    "sensitive": false,
                    "type": "string",
                    "value": "student_workshop_user_2"
                },
                "username_for_user_3": {
                    "sensitive": false,
                    "type": "string",
                    "value": "student_workshop_user_3"
                },
                "username_for_user_4": {
                    "sensitive": false,
                    "type": "string",
                    "value": "student_workshop_user_4"
                }
            },
            "resources": {
                "aws_iam_access_key.workshop_user_keys_.0": {
                    "type": "aws_iam_access_key",
                    "depends_on": [
                        "aws_iam_user.workshop_user_.*"
                    ],
                    "primary": {
                        "id": "AKIAIW5LOG6EN2ULWA2Q",
                        "attributes": {
                            "id": "AKIAIW5LOG6EN2ULWA2Q",
                            "secret": "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",
                            "ses_smtp_password": "AoHrMWjgUrjPyBuZN34ckced5AJRYCAHYK0uOzt5K7KO",
                            "status": "Active",
                            "user": "student_workshop_user_0"
                        },
                        "meta": {},
                        "tainted": false
                    },
                    "deposed": [],
                    "provider": "module.account09.provider.aws"
                },
                "aws_iam_access_key.workshop_user_keys_.1": {
                    "type": "aws_iam_access_key",
                    "depends_on": [
                        "aws_iam_user.workshop_user_.*"
                    ],
                    "primary": {
                        "id": "AKIAJGYLZTWRVSSDIBOQ",
                        "attributes": {
                            "id": "AKIAJGYLZTWRVSSDIBOQ",
                            "secret": "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",
                            "ses_smtp_password": "AupdFzlhQSMNQCngNQo6Nq/ZMcumXcCtJOMqfMvqnUXR",
                            "status": "Active",
                            "user": "student_workshop_user_1"
                        },
                        "meta": {},
                        "tainted": false
                    },
                    "deposed": [],
                    "provider": "module.account09.provider.aws"
                },
                "aws_iam_access_key.workshop_user_keys_.2": {
                    "type": "aws_iam_access_key",
                    "depends_on": [
                        "aws_iam_user.workshop_user_.*"
                    ],
                    "primary": {
                        "id": "AKIAJGVVGZY36YTXGJLQ",
                        "attributes": {
                            "id": "AKIAJGVVGZY36YTXGJLQ",
                            "secret": "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",
                            "ses_smtp_password": "AjxbwXP4lIb/+f7xDus+d7AnjqT3fFZgn65hWglA7xZo",
                            "status": "Active",
                            "user": "student_workshop_user_2"
                        },
                        "meta": {},
                        "tainted": false
                    },
                    "deposed": [],
                    "provider": "module.account09.provider.aws"
                },
                "aws_iam_access_key.workshop_user_keys_.3": {
                    "type": "aws_iam_access_key",
                    "depends_on": [
                        "aws_iam_user.workshop_user_.*"
                    ],
                    "primary": {
                        "id": "AKIAJDADLQR3GBH6R3UA",
                        "attributes": {
                            "id": "AKIAJDADLQR3GBH6R3UA",
                            "secret": "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",
                            "ses_smtp_password": "ArXKBN1A1BObh+FPv2tlHRUoGWJl4uZr35qcDPRCeK2x",
                            "status": "Active",
                            "user": "student_workshop_user_3"
                        },
                        "meta": {},
                        "tainted": false
                    },
                    "deposed": [],
                    "provider": "module.account09.provider.aws"
                },
                "aws_iam_access_key.workshop_user_keys_.4": {
                    "type": "aws_iam_access_key",
                    "depends_on": [
                        "aws_iam_user.workshop_user_.*"
                    ],
                    "primary": {
                        "id": "AKIAIZSZSYJKHPY4IXAQ",
                        "attributes": {
                            "id": "AKIAIZSZSYJKHPY4IXAQ",
                            "secret": "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",
                            "ses_smtp_password": "ArG2SSDT51cswgZcOtdXEGtzBAwEuXHSzumKCYrAhMGl",
                            "status": "Active",
                            "user": "student_workshop_user_4"
                        },
                        "meta": {},
                        "tainted": false
                    },
                    "deposed": [],
                    "provider": "module.account09.provider.aws"
                },
                "aws_iam_user.workshop_user_.0": {
                    "type": "aws_iam_user",
                    "depends_on": [],
                    "primary": {
                        "id": "student_workshop_user_0",
                        "attributes": {
                            "arn": "arn:aws:iam::349163553204:user/student_workshop_user_0",
                            "force_destroy": "true",
                            "id": "student_workshop_user_0",
                            "name": "student_workshop_user_0",
                            "path": "/",
                            "unique_id": "AIDAIMKVCALQVDIUYOJLU"
                        },
                        "meta": {},
                        "tainted": false
                    },
                    "deposed": [],
                    "provider": "module.account09.provider.aws"
                },
                "aws_iam_user.workshop_user_.1": {
                    "type": "aws_iam_user",
                    "depends_on": [],
                    "primary": {
                        "id": "student_workshop_user_1",
                        "attributes": {
                            "arn": "arn:aws:iam::349163553204:user/student_workshop_user_1",
                            "force_destroy": "true",
                            "id": "student_workshop_user_1",
                            "name": "student_workshop_user_1",
                            "path": "/",
                            "unique_id": "AIDAJSKEWL2ICKTEVLPVQ"
                        },
                        "meta": {},
                        "tainted": false
                    },
                    "deposed": [],
                    "provider": "module.account09.provider.aws"
                },
                "aws_iam_user.workshop_user_.2": {
                    "type": "aws_iam_user",
                    "depends_on": [],
                    "primary": {
                        "id": "student_workshop_user_2",
                        "attributes": {
                            "arn": "arn:aws:iam::349163553204:user/student_workshop_user_2",
                            "force_destroy": "true",
                            "id": "student_workshop_user_2",
                            "name": "student_workshop_user_2",
                            "path": "/",
                            "unique_id": "AIDAIKYCDDHT4S377QBSQ"
                        },
                        "meta": {},
                        "tainted": false
                    },
                    "deposed": [],
                    "provider": "module.account09.provider.aws"
                },
                "aws_iam_user.workshop_user_.3": {
                    "type": "aws_iam_user",
                    "depends_on": [],
                    "primary": {
                        "id": "student_workshop_user_3",
                        "attributes": {
                            "arn": "arn:aws:iam::349163553204:user/student_workshop_user_3",
                            "force_destroy": "true",
                            "id": "student_workshop_user_3",
                            "name": "student_workshop_user_3",
                            "path": "/",
                            "unique_id": "AIDAI367SYWQIXCX2FFPA"
                        },
                        "meta": {},
                        "tainted": false
                    },
                    "deposed": [],
                    "provider": "module.account09.provider.aws"
                },
                "aws_iam_user.workshop_user_.4": {
                    "type": "aws_iam_user",
                    "depends_on": [],
                    "primary": {
                        "id": "student_workshop_user_4",
                        "attributes": {
                            "arn": "arn:aws:iam::349163553204:user/student_workshop_user_4",
                            "force_destroy": "true",
                            "id": "student_workshop_user_4",
                            "name": "student_workshop_user_4",
                            "path": "/",
                            "unique_id": "AIDAIT6WM4XMAZG6QCC44"
                        },
                        "meta": {},
                        "tainted": false
                    },
                    "deposed": [],
                    "provider": "module.account09.provider.aws"
                },
                "aws_iam_user_login_profile.workshop_user_profile.0": {
                    "type": "aws_iam_user_login_profile",
                    "depends_on": [
                        "aws_iam_user.workshop_user_",
                        "aws_iam_user.workshop_user_.*"
                    ],
                    "primary": {
                        "id": "student_workshop_user_0",
                        "attributes": {
                            "encrypted_password": "wcFMA0OgZCE4709nARAAHERL1vhYbp2yAl7IeZo+vlLYGFDewyPdl46kYhLBkxlB77rgO+Lg07Rtk59K0WKJyModofX3Ns3Ohn/Ii9uuGVUrifsFQlrU6gSjZcYPUbr5Mm/Uib/yekOkPi7/jJagmdUUEWSTQf39RG9UNJU+NSnE/jnLAubDqatQFzG65r+EOrZKVHGSxgtODj4H+Dk2f3B2v6nSsko+4KEMpq6BRiXnINBoFyHbBuhZdptQpgBcMiIldzARyKOCrjYwW5ymTCgRbvZj2Fzd6KNxfSDKDSahVf7xVkt1toj3+LhyymF3IJRLfYsPGgR5+B3OF4XKWuLx38HHasF12urPXn0J0XhCoiokurGpmpdms5imC7LJ8VKepd4uW8p1huOqIItAJcs+rUowDzOeynelpdScSIdyy6oicuCV+DORdLOU7Z9Q2WfTPv+1zT4ymvmlw2JrB6ktdT/burrR8io+kQV5Tpn5GaLFnvR9Mb4BcWzYJomDa6/IoTJfdNLqveW0bklL9wjvGgYPGb0mYZijalRk4EoenxGXWgtTvt9mH4sJhBKey6ZQT0rtJb673p9jHuYNNuEPhmEf1nc+mQID5CdVdque+DKYek2GORM7dG63zYZqUMUrgNUJ6njzs50SvxxfbunetiyBLZAgtjqYxvPwgRj/qUw1M8xjpHt3qkLWgzvS4AHksAX3a7IJfp8CKRLItHUOhOFzFeB74Mrh2T7gg+JgAZI+4Kfi4h7EU+B34KXghuSH08V8SHQZT/9eCKq3eOtu4jLqUenhmAIA",
                            "id": "student_workshop_user_0",
                            "key_fingerprint": "48e741fcf30ed563de23c3d02517b91d9d22507e",
                            "password_length": "5",
                            "password_reset_required": "false",
                            "pgp_key": "keybase:nubbthedestroyer",
                            "user": "student_workshop_user_0"
                        },
                        "meta": {},
                        "tainted": false
                    },
                    "deposed": [],
                    "provider": "module.account09.provider.aws"
                },
                "aws_iam_user_login_profile.workshop_user_profile.1": {
                    "type": "aws_iam_user_login_profile",
                    "depends_on": [
                        "aws_iam_user.workshop_user_",
                        "aws_iam_user.workshop_user_.*"
                    ],
                    "primary": {
                        "id": "student_workshop_user_1",
                        "attributes": {
                            "encrypted_password": "wcFMA0OgZCE4709nARAAphA3VRQ8GPdOIZk65nrWO/bduh6lbtsgDhOerW215ztQ8HxHzUFGm1XeT2L3EuKUd5uN1J9JbLQUt7iit3V488qpvOy5g/RjuEY6BzsUEJ7KGBMg9mwq/mKyxqLOG5tZWomumTJuZk6KhJqcs4lpQISTVmuJXWixA/yckuCXd22wPhrFKzuvWHLlStriGka0/rYOvsqbnmblnIm5q8lRlAhmY3PjtrxPLjbhDe/FRlsjk+FGNsR48RHqeOSZNky/Fd6c3/1npvv2a/90YjkjmQ15PEnToPVuP366p1wfSkt6MkBTG5We/R3VQZONP5721GASB4LO2ZP0uYpXKIGxX3lL/no8bQbnsvbaI+YCNxNaY40wBmlGWsKh3q2uHKeH1Eie7f56/ag/UPAzjxRZrvxmxKNHnePzC+JFi/S+s2lJVGOKBlevvClvKMMWldmKmuH5JbiU4gLjzgxo8iO5jlJhzxTFQpUTzOrAtXlnrtFKvrr0L/v6PtKnVm1Xok8AVIyR9AfAmo9GnSQV1tQdUx6VDUngIquQG745GIyyTql+AT8HSAu3RBqgkDVIDeBMOOebCRphnu/ejS3t+8hqbPxbCtTgud4/Tat6ZW0KxWclOan7QEczNnllJemUlztso83lzOJOUlvjy9phYUvIO/pzMOPJhF/evP8MV9CKmPHS4AHkyvA/i4Is1SHFRRTkH/DtIOHHkuBc4HXhjCHgIeI2aYb74CbivRnlaOCK4PHgA+QlSB7/uTFK2jhXGva+kx494i4thBjhYVcA",
                            "id": "student_workshop_user_1",
                            "key_fingerprint": "48e741fcf30ed563de23c3d02517b91d9d22507e",
                            "password_length": "5",
                            "password_reset_required": "false",
                            "pgp_key": "keybase:nubbthedestroyer",
                            "user": "student_workshop_user_1"
                        },
                        "meta": {},
                        "tainted": false
                    },
                    "deposed": [],
                    "provider": "module.account09.provider.aws"
                },
                "aws_iam_user_login_profile.workshop_user_profile.2": {
                    "type": "aws_iam_user_login_profile",
                    "depends_on": [
                        "aws_iam_user.workshop_user_",
                        "aws_iam_user.workshop_user_.*"
                    ],
                    "primary": {
                        "id": "student_workshop_user_2",
                        "attributes": {
                            "encrypted_password": "wcFMA0OgZCE4709nARAAJjyYnE//pDcqNL94QN/a48q6BkqitphNVI0QY3Nk6XBggIzmBQJmjmftCUbJnm25o3JBkJarB3vucrDNgH/2GlOufMgZ72HNKGTSfA6MbUFuog5CIFDLr2MnunJXNh4eiyu48odric+3p0uTpWFTFk1BUzqcZ5v4nD2DvWa9eH6a6oSEOV+uY3z3+A8JIiHNUusBlDmnrqFoXISHSHCXlmvuLIkSl8OQGMhBDMFnWIZu1auNWIEe8KBQzd7Pn4nleEb/IzRGc8dHYiTELkLy+piSj4DiwMJFelDe5wB3RQs3w+GmorSI3KZGxkKxiRocxEVwHJk/V4bCTwTiSNhhxCBmJCZQt3MPi0JGrNpaFEe8r+SnXSgt+dJHgO6q75JoMiQEuACB5RRdAafdTDCwLa4xZELAX+G/zu6t4Xn5e9JrIyiLMGBa0bTfaG1+/U4zPMZlEbM2wV9pFtSAaj+w1Ce0ntM8u4l9jd6zVsLflZkxKtyrDYBVhO/VMolay+gejhhRrE1fYBCQwNnE8EI3EM40ssF18fOQNqZAM/NlF1jD8sKfPR579izdx3GQz9ifdqyFfr6Fss6+7xzNtclgWqqtGs+v4W7dmxJkjj6BbTxtSNd8u/2MFBAdjTv69FD5B0iDP5VqwPfQk7jk7NQTo7nf5yqW/oh5in4PJVRZ9GfS4AHkGYmik6rBDf0LGif58iZIPOGYQeDr4Nrh3cHgFuIfr1hZ4PHiJzi2ROAU4IfgLuT8psuw2ai44N728gotlnIh4uM9jNzhVVQA",
                            "id": "student_workshop_user_2",
                            "key_fingerprint": "48e741fcf30ed563de23c3d02517b91d9d22507e",
                            "password_length": "5",
                            "password_reset_required": "false",
                            "pgp_key": "keybase:nubbthedestroyer",
                            "user": "student_workshop_user_2"
                        },
                        "meta": {},
                        "tainted": false
                    },
                    "deposed": [],
                    "provider": "module.account09.provider.aws"
                },
                "aws_iam_user_login_profile.workshop_user_profile.3": {
                    "type": "aws_iam_user_login_profile",
                    "depends_on": [
                        "aws_iam_user.workshop_user_",
                        "aws_iam_user.workshop_user_.*"
                    ],
                    "primary": {
                        "id": "student_workshop_user_3",
                        "attributes": {
                            "encrypted_password": "wcFMA0OgZCE4709nARAAtb4TAPzHwVQ0lG61QfpDJGrZM+B0Bkpn3PJpKP/N4q0qLiNyAYKQh7cwOaVTAmbr2UNWDxv7WPYTKdo+U10sy9LE4g7eAoYsEMB1H6wTGbeMMxI8mw1QZHqYgntW7Z4BvwQgea7UQatuQIPeaulSkY1RRfpjlQ+NIzKKDDDc3RP0hLHfwZBMxf3Nwwi3ZHgZw1EH8nqXbUv+zoTkmL50nIwkbq1DfIN2BLWvuH6BcLmRr/oYDCz8wrpwECnrqcNAFNc2UPTbt2J/SfdDr4g5Lgm0PgxeNg5qjhvzGdWfvO2gV5SpEhf50nfDJTmS4kQ14Rvq/B+2Zw0X+plegeGVVHSDrqiw/sxIcaCy2gh7jyXNznMezxP0kc4kiFW5qZO7urQISaLhZk50bpdM8HCU9ufXJXaWuQSPS6zI0mHppVsOq42Hucw9mGGDqYS8wec1bY8Xixbm86fr29kUkoH3J1VNPUQ0kJNCwbdhF5gLy5YKEzWEAzMKd3xC2zHzPdLF4e3fgEPHjD0iywF2IbSXReApArU9G28qMsLd1iaDafVOWbeowo6IyYOlZqcr00c09NPkKJ6zBbRW1qa+6WKCPBb6zf0lisYgn2B0gNw6JYrlxXn4T/u/PWgOAqeDgeq6In+UKFxWdQMZCA6aFv8QTZjeqmRqC0zshHw+m/KB5XPS4AHkBYRh1UR8UKPVzpyBDO9PR+EmyOAV4MThLzrg8uKJfYkg4H3iX4fgFeDP4BPgu+S1OJTfktMn/0c1RiYeYrI44iVx8i7hMGQA",
                            "id": "student_workshop_user_3",
                            "key_fingerprint": "48e741fcf30ed563de23c3d02517b91d9d22507e",
                            "password_length": "5",
                            "password_reset_required": "false",
                            "pgp_key": "keybase:nubbthedestroyer",
                            "user": "student_workshop_user_3"
                        },
                        "meta": {},
                        "tainted": false
                    },
                    "deposed": [],
                    "provider": "module.account09.provider.aws"
                },
                "aws_iam_user_login_profile.workshop_user_profile.4": {
                    "type": "aws_iam_user_login_profile",
                    "depends_on": [
                        "aws_iam_user.workshop_user_",
                        "aws_iam_user.workshop_user_.*"
                    ],
                    "primary": {
                        "id": "student_workshop_user_4",
                        "attributes": {
                            "encrypted_password": "wcFMA0OgZCE4709nARAAR3hzdhte70yVQF3DEgVxlCd6zfTGDJRJ6NwdpdJvV1kQc8MXwaah3k+AfmRk6Tk8843LRj7fSXruOTzg+y/nqEYGUnyE8XugdkGAZ8SRvEiE88sXewCv08DQ8dUoPEhPaDk6rGHnAXU11fksPKWNbMnXALN48U7D6lTjq/rR5LD4+ac7d39s6WauKuDe3zyA1w+oTpfdnuW7RWCfoyG5yMsAUm5we0P/tp54WcPKTO4XmTvQD6fuZuICY2+8FNM/4QMhItAa/g4W0t8EcfIZIEin7o0/ODT8TyP687crw0Jx5LrLhOC/qv9t1X9UmYuo7n/sPZsirwbuXqdVgOgq42UoW83wgl9IlcpF44MJdYGYsE2xwNiH4WqhN7fJyyEQE0qyvx6l2KBfV3KFUyRDjNAfzKXzLFyyAw64VZOERI7FNAseCFM8HD71SFF8HKdZ6XM1QeVGx8PsP2PhRqbQCWl0ord5ylURrSNTlBx8cTW7tsPPolt1tGA0lt7jA0IJzilBNgGevd6DkAe1zl6tnG/drpB2PSnhwckcXxpX1wmd8o8b4HvlxtsKnXgUDWFOJg+ZVoqMJ9ufnaCz0XT8kG20rU28tZg8HhEwSlO58SNlWCkhIi6Xxf4EvyFvljtD8vyof3PkjoCfy2XObEj8o6iXTr+ZtlCEEftX9r1hfIXS4AHktsmg5v3rg5ut58yHp1D9fuHsSODq4GXhbfLgs+IegFxL4Gri+pszEeAx4HPgvuRWg64RFzFEi+AI5nBMt2gi4sShm63hxegA",
                            "id": "student_workshop_user_4",
                            "key_fingerprint": "48e741fcf30ed563de23c3d02517b91d9d22507e",
                            "password_length": "5",
                            "password_reset_required": "false",
                            "pgp_key": "keybase:nubbthedestroyer",
                            "user": "student_workshop_user_4"
                        },
                        "meta": {},
                        "tainted": false
                    },
                    "deposed": [],
                    "provider": "module.account09.provider.aws"
                },
                "aws_iam_user_policy.workshop_user_pol_.0": {
                    "type": "aws_iam_user_policy",
                    "depends_on": [
                        "aws_iam_user.workshop_user_.*"
                    ],
                    "primary": {
                        "id": "student_workshop_user_0:student_workshop_user_pol_0",
                        "attributes": {
                            "id": "student_workshop_user_0:student_workshop_user_pol_0",
                            "name": "student_workshop_user_pol_0",
                            "policy": "{\n  \"Version\": \"2012-10-17\",\n  \"Statement\": [\n    {\n      \"Action\": [\n        \"*\"\n      ],\n      \"Effect\": \"Allow\",\n      \"Resource\": \"*\"\n    }\n  ]\n}\n",
                            "user": "student_workshop_user_0"
                        },
                        "meta": {},
                        "tainted": false
                    },
                    "deposed": [],
                    "provider": "module.account09.provider.aws"
                },
                "aws_iam_user_policy.workshop_user_pol_.1": {
                    "type": "aws_iam_user_policy",
                    "depends_on": [
                        "aws_iam_user.workshop_user_.*"
                    ],
                    "primary": {
                        "id": "student_workshop_user_1:student_workshop_user_pol_1",
                        "attributes": {
                            "id": "student_workshop_user_1:student_workshop_user_pol_1",
                            "name": "student_workshop_user_pol_1",
                            "policy": "{\n  \"Version\": \"2012-10-17\",\n  \"Statement\": [\n    {\n      \"Action\": [\n        \"*\"\n      ],\n      \"Effect\": \"Allow\",\n      \"Resource\": \"*\"\n    }\n  ]\n}\n",
                            "user": "student_workshop_user_1"
                        },
                        "meta": {},
                        "tainted": false
                    },
                    "deposed": [],
                    "provider": "module.account09.provider.aws"
                },
                "aws_iam_user_policy.workshop_user_pol_.2": {
                    "type": "aws_iam_user_policy",
                    "depends_on": [
                        "aws_iam_user.workshop_user_.*"
                    ],
                    "primary": {
                        "id": "student_workshop_user_2:student_workshop_user_pol_2",
                        "attributes": {
                            "id": "student_workshop_user_2:student_workshop_user_pol_2",
                            "name": "student_workshop_user_pol_2",
                            "policy": "{\n  \"Version\": \"2012-10-17\",\n  \"Statement\": [\n    {\n      \"Action\": [\n        \"*\"\n      ],\n      \"Effect\": \"Allow\",\n      \"Resource\": \"*\"\n    }\n  ]\n}\n",
                            "user": "student_workshop_user_2"
                        },
                        "meta": {},
                        "tainted": false
                    },
                    "deposed": [],
                    "provider": "module.account09.provider.aws"
                },
                "aws_iam_user_policy.workshop_user_pol_.3": {
                    "type": "aws_iam_user_policy",
                    "depends_on": [
                        "aws_iam_user.workshop_user_.*"
                    ],
                    "primary": {
                        "id": "student_workshop_user_3:student_workshop_user_pol_3",
                        "attributes": {
                            "id": "student_workshop_user_3:student_workshop_user_pol_3",
                            "name": "student_workshop_user_pol_3",
                            "policy": "{\n  \"Version\": \"2012-10-17\",\n  \"Statement\": [\n    {\n      \"Action\": [\n        \"*\"\n      ],\n      \"Effect\": \"Allow\",\n      \"Resource\": \"*\"\n    }\n  ]\n}\n",
                            "user": "student_workshop_user_3"
                        },
                        "meta": {},
                        "tainted": false
                    },
                    "deposed": [],
                    "provider": "module.account09.provider.aws"
                },
                "aws_iam_user_policy.workshop_user_pol_.4": {
                    "type": "aws_iam_user_policy",
                    "depends_on": [
                        "aws_iam_user.workshop_user_.*"
                    ],
                    "primary": {
                        "id": "student_workshop_user_4:student_workshop_user_pol_4",
                        "attributes": {
                            "id": "student_workshop_user_4:student_workshop_user_pol_4",
                            "name": "student_workshop_user_pol_4",
                            "policy": "{\n  \"Version\": \"2012-10-17\",\n  \"Statement\": [\n    {\n      \"Action\": [\n        \"*\"\n      ],\n      \"Effect\": \"Allow\",\n      \"Resource\": \"*\"\n    }\n  ]\n}\n",
                            "user": "student_workshop_user_4"
                        },
                        "meta": {},
                        "tainted": false
                    },
                    "deposed": [],
                    "provider": "module.account09.provider.aws"
                }
            },
            "depends_on": []
        },
        {
            "path": [
                "root",
                "account10"
            ],
            "outputs": {
                "access_key_for_user_0": {
                    "sensitive": false,
                    "type": "string",
                    "value": "AKIAIEWHLQMAZKE72ADQ"
                },
                "access_key_for_user_1": {
                    "sensitive": false,
                    "type": "string",
                    "value": "AKIAJ62Z3KDZUJKSVEDA"
                },
                "access_key_for_user_2": {
                    "sensitive": false,
                    "type": "string",
                    "value": "AKIAIBIQTQYP77UNVSXA"
                },
                "access_key_for_user_3": {
                    "sensitive": false,
                    "type": "string",
                    "value": "AKIAJICT4AXCGQUIY5GA"
                },
                "access_key_for_user_4": {
                    "sensitive": false,
                    "type": "string",
                    "value": "AKIAIGASMFO4ROVZ5CRA"
                },
                "password_for_user_0": {
                    "sensitive": false,
                    "type": "string",
                    "value": "[wcFMA0OgZCE4709nARAAEt5AnZavVEo3gZSKgQ54jwVr9GYOz/ge1KFv+t1TDrPf/qpGV+Un1ndY3GGYSxWss/suzwM95QjzL2tBIz6faHucw9+pWr47wPNPKHiV4GfKS0GTbD4OeSriHGo9bHEZuSWoIrmz3Zelt4YcxqjGqhfFyujvwss7/2XAvKH5bVOwjiS6LetrUW8WCdLXKHbcH1Lm24l3IFMD7MNlf6i4/6AtDnoLPpdsYbXEphnWWYJxJLdKkGJlBHRTSpOB9HLJeogHSE9lsCBiri8p/no5E6eHt6Yqir7hOScuq4APK3RgpOzuXgEhXyPkMYt4lGeThTX+6IgLhZgNZRyR7cmcvGsyzUbtzpjgwJt6A4Ce+D+vtqJgXB9wYLNlG9RqjRxP/iBky3geAqHdXvABSSSwD8P1ryXqaI7dvRrJRnSlEqaiHCX6fdiOP7sdEIVc21rVcPE+9uJnaQZigXtf9x2ChvKjQOVh2pRB+tCB29FXZs3/04LNCuXqeAOZl1MHyk+eRE67W2V0/tPhHTESxidntevV1huyXNbc4hFGqTu18vWuR5+B/u/5gXmrfWuZ0pRW5yys6Oi5r3kcVEBmZgeEG5Las71/+oeMkMji9YCvIJziFm2Cjsn4rBFk0nFaFlqKzUWifI66+pSBbAA08WU0rntvaab2qrj99fUsJBiiavjS4AHkvihHrOPSsF4ouL/s6JhC/eFYeOCb4I/h9w/gDOIZDWGr4PPi5ZiZ2+C24HngNuRsQVjW8Eavka4GBjEvPtmm4mSd1nXhHXYA]"
                },
                "password_for_user_1": {
                    "sensitive": false,
                    "type": "string",
                    "value": "wcFMA0OgZCE4709nARAARfoS/lmCWech9WKQp/PwY6MGwYpsgfoegDmn1E2DnCKqW50V2zErYFw/EV7Watx8yhhd8tVtP+0LSLXrWgTWsSu2XYpHzp6oj28ZbilzPuCoesafRN6CQjLlsJV3tx0ssvL8HzkLF7rr5YxZytyOrFbkwH4u9Mm/Ph24PCSrYpVaYFeSKrXV+SiZAXp1QOeGhEk4zYXruP/hEpcIa/5XniwDgDj8tvWnPoJwbq1d+LaN/xwRWXVIdaJDtrCCuqGTlO1kUTo8QVsmVksNBH1QjsSIQSa6VYHBm7MTjV9FBgMHTRwFc9aF0S+2HKUpIpKcY3JCZIZ76hGB2jKduzWqkEz2FAoEJbvL+UOQZzdUbUVy6aBj1XmlUmZUDKS6MoMFdZBNUqhEfoSwwbADzCLUECJYdwsUwMlRAqNamvDxl5bUQAFZ20FJ/kDavEzJNjAK4JqwKphMA0v+AUkiCC2ao9nPjyHTHmRRYSkZaZn6c7kdIFqlIYgMwZbT99ExsHf3pIVjYvjQrSEd7OksYAIqmdt8bWPlZB6o6ALJNfsQnM4fMUTomAEVYNS21MrkzocqQnxUXVlrGp1vfa6Ut2eHWpvY/wFZhaZ52VviaR2fYO0k6O7oKl94sLrHS0rt2EiazaeikP9UDxn0v+HIIDhLbSSa+hcK0oyI6ewrpg+tvR7S4AHk089McCKXzEDXVEokGmaDLuEbruC94GfhzUvgi+ILFqpM4DviRuA79+Db4GfgUOROBMU0JuKw0ApH3WYLG3xK4ui/29fhw9cA"
                },
                "password_for_user_2": {
                    "sensitive": false,
                    "type": "string",
                    "value": "wcFMA0OgZCE4709nARAAn8yeOQwZgY3cK11jjov8trWrofZuLRkkxh5iWJUeY6jZPCsJJf8osR+qteT9ScvIlhfTThJvkOL6adR0hoM7hbvfYUWiws1vxDlAMzYSxhSTKRCcqQtC41ezhyIPMDaF2lNk40lb7z3IeppxWvxpI9XNhLtmFDjw/bPgb9syAaAmamb57c2QAGA9VToOQlgkvqYxNj3rafHCkme8mKplmTqPqxcWhwjx0CO6RrhD9pFPa0DcQmWCQg/OxwcHm9xgcIBcY1yw3R4F6GyiA941nIG1lzwyEgIVPD4xjtt1k2SqglIYOwZaej1YlxNviyCWH6qAsEHJA4n5LYUXxiJNE9kln4Qyn/2uWX+8djzypcQPTjFnjD8nCQLSX6p4jrhLA6ghRWzzoAKMoTjeFHt6yShs8JeVfGjUBF5GYi1f73y7nAR/qkFIa8F9aK/pxp6lBCVZ0xTKxyL/bx6gu/CCCucKgRFDcfi2Upmm3M43P0Ceuu2LOsg/O8CgmK8ATXMyuvHJellotdeM3kdz72mtU3gciLgF7BrXv3C3SosaFJD/IqeVjWRHeiAfSYBZCkZkzmUQSCzsQ74Q32xzALG83zpWLT3+SEhDYAbew5f7ZoA4jRny30FjD1FnV4YOplhkccYLi95I2JjJNby9w1KjR4h31VyR7GzDvB3NP0/5XEjS4AHkIzB7cbHuBFWj+O3/euE+kuGADOCb4GPhptPgiOKU/ZLG4O/iQ7xBGOBR4DbgfeRIB1JWEcoUOZWBAetBcbp/4k00bejhj00A"
                },
                "password_for_user_3": {
                    "sensitive": false,
                    "type": "string",
                    "value": "wcFMA0OgZCE4709nARAAOjlHDctMLZCl4o8qVbkpBZHIzfVxElCBq8sNYXn2XvfbfvEMhNMghLCYqa6XUI1Pjn9xVw+cMpL6mF16rPDu/XuUcdhM6gITm0mnDDBbUDLYwWe+89viYx7hgvlLaxNF8H0FTcnF5gZZD2wZYzbEF7scf3F6HE+gX7bQ+gRq0CKJx9oMStolKeVtlAQUGs25R5J2ikbTbCRtB9M6kg2rDwndDSZZ6n+bD/mf2fPW9m/Ii1ioyIWu3VpI7j8qbuRneHV0MBmaY6Wu14R2eL7tXt1lzArU/H8vZiepvbowVprHTmukpMB31p53ptXRcOO4LmqCnUmVj8IoZ+rDIsWaA59A1U3ysumbRvZnWYAwQzKlbXRAIVgvYV3RctufSSjMauqiGbP7B9VKBhJQawsBRLKXUlqlLgUZaU6svMKIkkF0RJNkzaTpm6tlGxCCXJftQoHhXAZKV0ZaZ3UQAU5/7mNyKZQiohVgkkRAp1gDy4LcvtQXnK/kQSSmXl65nzuH7r6ybACLKoePT0lqS6cpicdrfoOuVoyoUTrdkJbevNVu4t7zRmyqBgobqiMpJpPX0pJMT3y0deKrUkoq3HyCTGlAXd3a/WA1yu5IyGl6JLoj7GPRATNIu99zqcVLAarfSOfMi5gqqIqv7qrgVmsK8WIfZe4XODgEhUtEd1ws43TS4AHkVR/APwJ+9w0DrP2Gq78bKuGCPODS4E/hGVzgs+LYYnYc4LLiQtTnEOB74APgT+RFjQuIQxTg+3nL+CCm8BZL4rS7CwPhFycA"
                },
                "password_for_user_4": {
                    "sensitive": false,
                    "type": "string",
                    "value": "wcFMA0OgZCE4709nARAAVJ/Zx0F/Q3mYaCpyLQKb+R4FN33T4bUUArSMY12oW6QQHcz47Z16suSpKwzydl3lIYtcU6uaUHU9jKzTr7NLEH6zRzEJJfO2gnT44R0i1ilkoSnM5RQYJTLbava1AZV48MxMsrQzZ0n9TvQqg+fLt7w9bNoenr8YjPgAqXnX6QVbPJB3tgXF9C3jeHX7fQ2/74QwPtyCjgaOi0Yz5pPx82Lhj1Iy6YRI1m7dCwex70EUUJvJ44lTNKGwh72oXQAM6o2UXYCC0Q4TkYo60U0ZoIuxyL/SbXDzaGbuOTknDS01MjmcL+fJOJPOGQosOQnKdygStXw/C4DlU27Sht2JLGuLjQyPijX0bHnl4OSj+FMEwMdlHK1b/mDv+v+KYbkIRnlhqnuPp/HyNQuesDxD69HfIr5rdQhtNk9m4xDy1kF71JjX1zlJG0CqCtQX0sjmDaab1owaRFto0wktelR5d9xM3haHyQbEaNNTuTsHFzGELfhGypfRz6dEcfK8GvRLbZjkBsw/Cvso+qUJ4cPFqD84Ka7/HpHf8ZIkNyMj/EjiJjBy+T3hVCjG5YBtF1/lMFRSyVqyF2LVXveIW+GoXXJRy47E5deNVo+7avex+0Ny17PU2hQnBVEZwGtQ4YDlqDQi0hnPSrI0ah6YCf2cq8QcOFdfnT/0Q+gg7jEwIXvS4AHkA1JIgVrrbh5/0gBqrN+WWeFCSODP4H7hPTDgW+KaV9/64BzicqTwz+AP4MTgCeTTxtIHrz5WxoAHJeM4B8nX4kzsyWnh99oA"
                },
                "secret_key_for_user_0": {
                    "sensitive": false,
                    "type": "string",
                    "value": "IPr4H9aFAsCA+EDpNjz0aQoXvHrcqB80YnL+5gi9"
                },
                "secret_key_for_user_1": {
                    "sensitive": false,
                    "type": "string",
                    "value": "nXXd0Jx5eAZX2+BF8BPaVx7g/0colg61ZbsKCG87"
                },
                "secret_key_for_user_2": {
                    "sensitive": false,
                    "type": "string",
                    "value": "nlDad8VmFx3U1Mxe4f9hKLKN1soHHEXE+GA/YAHG"
                },
                "secret_key_for_user_3": {
                    "sensitive": false,
                    "type": "string",
                    "value": "TYMwGqWjshnzP98EUJIM+zorFb6oszSiUNn3l101"
                },
                "secret_key_for_user_4": {
                    "sensitive": false,
                    "type": "string",
                    "value": "EvI41mRLCV/v0TUZFag7LuVZGGadWnZw3dr6/pqq"
                },
                "username_for_user_0": {
                    "sensitive": false,
                    "type": "string",
                    "value": "student_workshop_user_0"
                },
                "username_for_user_1": {
                    "sensitive": false,
                    "type": "string",
                    "value": "student_workshop_user_1"
                },
                "username_for_user_2": {
                    "sensitive": false,
                    "type": "string",
                    "value": "student_workshop_user_2"
                },
                "username_for_user_3": {
                    "sensitive": false,
                    "type": "string",
                    "value": "student_workshop_user_3"
                },
                "username_for_user_4": {
                    "sensitive": false,
                    "type": "string",
                    "value": "student_workshop_user_4"
                }
            },
            "resources": {
                "aws_iam_access_key.workshop_user_keys_.0": {
                    "type": "aws_iam_access_key",
                    "depends_on": [
                        "aws_iam_user.workshop_user_.*"
                    ],
                    "primary": {
                        "id": "AKIAIEWHLQMAZKE72ADQ",
                        "attributes": {
                            "id": "AKIAIEWHLQMAZKE72ADQ",
                            "secret": "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",
                            "ses_smtp_password": "AgpRje6srEIKsdT6nhs3PHS8ahjxpT431vU3vEhjEIJW",
                            "status": "Active",
                            "user": "student_workshop_user_0"
                        },
                        "meta": {},
                        "tainted": false
                    },
                    "deposed": [],
                    "provider": "module.account10.provider.aws"
                },
                "aws_iam_access_key.workshop_user_keys_.1": {
                    "type": "aws_iam_access_key",
                    "depends_on": [
                        "aws_iam_user.workshop_user_.*"
                    ],
                    "primary": {
                        "id": "AKIAJ62Z3KDZUJKSVEDA",
                        "attributes": {
                            "id": "AKIAJ62Z3KDZUJKSVEDA",
                            "secret": "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",
                            "ses_smtp_password": "AtM1amZGdnNyV1lrkTrh/62EsjxngEYBjMwpYGey1V+2",
                            "status": "Active",
                            "user": "student_workshop_user_1"
                        },
                        "meta": {},
                        "tainted": false
                    },
                    "deposed": [],
                    "provider": "module.account10.provider.aws"
                },
                "aws_iam_access_key.workshop_user_keys_.2": {
                    "type": "aws_iam_access_key",
                    "depends_on": [
                        "aws_iam_user.workshop_user_.*"
                    ],
                    "primary": {
                        "id": "AKIAIBIQTQYP77UNVSXA",
                        "attributes": {
                            "id": "AKIAIBIQTQYP77UNVSXA",
                            "secret": "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",
                            "ses_smtp_password": "Ajkd8ItMJn18GWelvIc94kF9fos+niJ8Ve57zNWIm6C8",
                            "status": "Active",
                            "user": "student_workshop_user_2"
                        },
                        "meta": {},
                        "tainted": false
                    },
                    "deposed": [],
                    "provider": "module.account10.provider.aws"
                },
                "aws_iam_access_key.workshop_user_keys_.3": {
                    "type": "aws_iam_access_key",
                    "depends_on": [
                        "aws_iam_user.workshop_user_.*"
                    ],
                    "primary": {
                        "id": "AKIAJICT4AXCGQUIY5GA",
                        "attributes": {
                            "id": "AKIAJICT4AXCGQUIY5GA",
                            "secret": "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",
                            "ses_smtp_password": "Am1rZliFNJVkOlnO1fI6AKTxxF4CAa+htPyCHNfTrlQh",
                            "status": "Active",
                            "user": "student_workshop_user_3"
                        },
                        "meta": {},
                        "tainted": false
                    },
                    "deposed": [],
                    "provider": "module.account10.provider.aws"
                },
                "aws_iam_access_key.workshop_user_keys_.4": {
                    "type": "aws_iam_access_key",
                    "depends_on": [
                        "aws_iam_user.workshop_user_.*"
                    ],
                    "primary": {
                        "id": "AKIAIGASMFO4ROVZ5CRA",
                        "attributes": {
                            "id": "AKIAIGASMFO4ROVZ5CRA",
                            "secret": "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",
                            "ses_smtp_password": "AtypQ1uwjgH4PRZnFzhLty1cqsdjr8x13v5IGsLDcY0u",
                            "status": "Active",
                            "user": "student_workshop_user_4"
                        },
                        "meta": {},
                        "tainted": false
                    },
                    "deposed": [],
                    "provider": "module.account10.provider.aws"
                },
                "aws_iam_user.workshop_user_.0": {
                    "type": "aws_iam_user",
                    "depends_on": [],
                    "primary": {
                        "id": "student_workshop_user_0",
                        "attributes": {
                            "arn": "arn:aws:iam::563634950677:user/student_workshop_user_0",
                            "force_destroy": "true",
                            "id": "student_workshop_user_0",
                            "name": "student_workshop_user_0",
                            "path": "/",
                            "unique_id": "AIDAIHLBO2A3P4EBOTNPQ"
                        },
                        "meta": {},
                        "tainted": false
                    },
                    "deposed": [],
                    "provider": "module.account10.provider.aws"
                },
                "aws_iam_user.workshop_user_.1": {
                    "type": "aws_iam_user",
                    "depends_on": [],
                    "primary": {
                        "id": "student_workshop_user_1",
                        "attributes": {
                            "arn": "arn:aws:iam::563634950677:user/student_workshop_user_1",
                            "force_destroy": "true",
                            "id": "student_workshop_user_1",
                            "name": "student_workshop_user_1",
                            "path": "/",
                            "unique_id": "AIDAJ3NFO7SGZJCJAT4E6"
                        },
                        "meta": {},
                        "tainted": false
                    },
                    "deposed": [],
                    "provider": "module.account10.provider.aws"
                },
                "aws_iam_user.workshop_user_.2": {
                    "type": "aws_iam_user",
                    "depends_on": [],
                    "primary": {
                        "id": "student_workshop_user_2",
                        "attributes": {
                            "arn": "arn:aws:iam::563634950677:user/student_workshop_user_2",
                            "force_destroy": "true",
                            "id": "student_workshop_user_2",
                            "name": "student_workshop_user_2",
                            "path": "/",
                            "unique_id": "AIDAINZB3RNOQVIVR5TOE"
                        },
                        "meta": {},
                        "tainted": false
                    },
                    "deposed": [],
                    "provider": "module.account10.provider.aws"
                },
                "aws_iam_user.workshop_user_.3": {
                    "type": "aws_iam_user",
                    "depends_on": [],
                    "primary": {
                        "id": "student_workshop_user_3",
                        "attributes": {
                            "arn": "arn:aws:iam::563634950677:user/student_workshop_user_3",
                            "force_destroy": "true",
                            "id": "student_workshop_user_3",
                            "name": "student_workshop_user_3",
                            "path": "/",
                            "unique_id": "AIDAIKVBCDJINA2DP4HZI"
                        },
                        "meta": {},
                        "tainted": false
                    },
                    "deposed": [],
                    "provider": "module.account10.provider.aws"
                },
                "aws_iam_user.workshop_user_.4": {
                    "type": "aws_iam_user",
                    "depends_on": [],
                    "primary": {
                        "id": "student_workshop_user_4",
                        "attributes": {
                            "arn": "arn:aws:iam::563634950677:user/student_workshop_user_4",
                            "force_destroy": "true",
                            "id": "student_workshop_user_4",
                            "name": "student_workshop_user_4",
                            "path": "/",
                            "unique_id": "AIDAIPIMX63JPP5WAAQ7Q"
                        },
                        "meta": {},
                        "tainted": false
                    },
                    "deposed": [],
                    "provider": "module.account10.provider.aws"
                },
                "aws_iam_user_login_profile.workshop_user_profile.0": {
                    "type": "aws_iam_user_login_profile",
                    "depends_on": [
                        "aws_iam_user.workshop_user_",
                        "aws_iam_user.workshop_user_.*"
                    ],
                    "primary": {
                        "id": "student_workshop_user_0",
                        "attributes": {
                            "encrypted_password": "wcFMA0OgZCE4709nARAAEt5AnZavVEo3gZSKgQ54jwVr9GYOz/ge1KFv+t1TDrPf/qpGV+Un1ndY3GGYSxWss/suzwM95QjzL2tBIz6faHucw9+pWr47wPNPKHiV4GfKS0GTbD4OeSriHGo9bHEZuSWoIrmz3Zelt4YcxqjGqhfFyujvwss7/2XAvKH5bVOwjiS6LetrUW8WCdLXKHbcH1Lm24l3IFMD7MNlf6i4/6AtDnoLPpdsYbXEphnWWYJxJLdKkGJlBHRTSpOB9HLJeogHSE9lsCBiri8p/no5E6eHt6Yqir7hOScuq4APK3RgpOzuXgEhXyPkMYt4lGeThTX+6IgLhZgNZRyR7cmcvGsyzUbtzpjgwJt6A4Ce+D+vtqJgXB9wYLNlG9RqjRxP/iBky3geAqHdXvABSSSwD8P1ryXqaI7dvRrJRnSlEqaiHCX6fdiOP7sdEIVc21rVcPE+9uJnaQZigXtf9x2ChvKjQOVh2pRB+tCB29FXZs3/04LNCuXqeAOZl1MHyk+eRE67W2V0/tPhHTESxidntevV1huyXNbc4hFGqTu18vWuR5+B/u/5gXmrfWuZ0pRW5yys6Oi5r3kcVEBmZgeEG5Las71/+oeMkMji9YCvIJziFm2Cjsn4rBFk0nFaFlqKzUWifI66+pSBbAA08WU0rntvaab2qrj99fUsJBiiavjS4AHkvihHrOPSsF4ouL/s6JhC/eFYeOCb4I/h9w/gDOIZDWGr4PPi5ZiZ2+C24HngNuRsQVjW8Eavka4GBjEvPtmm4mSd1nXhHXYA",
                            "id": "student_workshop_user_0",
                            "key_fingerprint": "48e741fcf30ed563de23c3d02517b91d9d22507e",
                            "password_length": "5",
                            "password_reset_required": "false",
                            "pgp_key": "keybase:nubbthedestroyer",
                            "user": "student_workshop_user_0"
                        },
                        "meta": {},
                        "tainted": false
                    },
                    "deposed": [],
                    "provider": "module.account10.provider.aws"
                },
                "aws_iam_user_login_profile.workshop_user_profile.1": {
                    "type": "aws_iam_user_login_profile",
                    "depends_on": [
                        "aws_iam_user.workshop_user_",
                        "aws_iam_user.workshop_user_.*"
                    ],
                    "primary": {
                        "id": "student_workshop_user_1",
                        "attributes": {
                            "encrypted_password": "wcFMA0OgZCE4709nARAARfoS/lmCWech9WKQp/PwY6MGwYpsgfoegDmn1E2DnCKqW50V2zErYFw/EV7Watx8yhhd8tVtP+0LSLXrWgTWsSu2XYpHzp6oj28ZbilzPuCoesafRN6CQjLlsJV3tx0ssvL8HzkLF7rr5YxZytyOrFbkwH4u9Mm/Ph24PCSrYpVaYFeSKrXV+SiZAXp1QOeGhEk4zYXruP/hEpcIa/5XniwDgDj8tvWnPoJwbq1d+LaN/xwRWXVIdaJDtrCCuqGTlO1kUTo8QVsmVksNBH1QjsSIQSa6VYHBm7MTjV9FBgMHTRwFc9aF0S+2HKUpIpKcY3JCZIZ76hGB2jKduzWqkEz2FAoEJbvL+UOQZzdUbUVy6aBj1XmlUmZUDKS6MoMFdZBNUqhEfoSwwbADzCLUECJYdwsUwMlRAqNamvDxl5bUQAFZ20FJ/kDavEzJNjAK4JqwKphMA0v+AUkiCC2ao9nPjyHTHmRRYSkZaZn6c7kdIFqlIYgMwZbT99ExsHf3pIVjYvjQrSEd7OksYAIqmdt8bWPlZB6o6ALJNfsQnM4fMUTomAEVYNS21MrkzocqQnxUXVlrGp1vfa6Ut2eHWpvY/wFZhaZ52VviaR2fYO0k6O7oKl94sLrHS0rt2EiazaeikP9UDxn0v+HIIDhLbSSa+hcK0oyI6ewrpg+tvR7S4AHk089McCKXzEDXVEokGmaDLuEbruC94GfhzUvgi+ILFqpM4DviRuA79+Db4GfgUOROBMU0JuKw0ApH3WYLG3xK4ui/29fhw9cA",
                            "id": "student_workshop_user_1",
                            "key_fingerprint": "48e741fcf30ed563de23c3d02517b91d9d22507e",
                            "password_length": "5",
                            "password_reset_required": "false",
                            "pgp_key": "keybase:nubbthedestroyer",
                            "user": "student_workshop_user_1"
                        },
                        "meta": {},
                        "tainted": false
                    },
                    "deposed": [],
                    "provider": "module.account10.provider.aws"
                },
                "aws_iam_user_login_profile.workshop_user_profile.2": {
                    "type": "aws_iam_user_login_profile",
                    "depends_on": [
                        "aws_iam_user.workshop_user_",
                        "aws_iam_user.workshop_user_.*"
                    ],
                    "primary": {
                        "id": "student_workshop_user_2",
                        "attributes": {
                            "encrypted_password": "wcFMA0OgZCE4709nARAAn8yeOQwZgY3cK11jjov8trWrofZuLRkkxh5iWJUeY6jZPCsJJf8osR+qteT9ScvIlhfTThJvkOL6adR0hoM7hbvfYUWiws1vxDlAMzYSxhSTKRCcqQtC41ezhyIPMDaF2lNk40lb7z3IeppxWvxpI9XNhLtmFDjw/bPgb9syAaAmamb57c2QAGA9VToOQlgkvqYxNj3rafHCkme8mKplmTqPqxcWhwjx0CO6RrhD9pFPa0DcQmWCQg/OxwcHm9xgcIBcY1yw3R4F6GyiA941nIG1lzwyEgIVPD4xjtt1k2SqglIYOwZaej1YlxNviyCWH6qAsEHJA4n5LYUXxiJNE9kln4Qyn/2uWX+8djzypcQPTjFnjD8nCQLSX6p4jrhLA6ghRWzzoAKMoTjeFHt6yShs8JeVfGjUBF5GYi1f73y7nAR/qkFIa8F9aK/pxp6lBCVZ0xTKxyL/bx6gu/CCCucKgRFDcfi2Upmm3M43P0Ceuu2LOsg/O8CgmK8ATXMyuvHJellotdeM3kdz72mtU3gciLgF7BrXv3C3SosaFJD/IqeVjWRHeiAfSYBZCkZkzmUQSCzsQ74Q32xzALG83zpWLT3+SEhDYAbew5f7ZoA4jRny30FjD1FnV4YOplhkccYLi95I2JjJNby9w1KjR4h31VyR7GzDvB3NP0/5XEjS4AHkIzB7cbHuBFWj+O3/euE+kuGADOCb4GPhptPgiOKU/ZLG4O/iQ7xBGOBR4DbgfeRIB1JWEcoUOZWBAetBcbp/4k00bejhj00A",
                            "id": "student_workshop_user_2",
                            "key_fingerprint": "48e741fcf30ed563de23c3d02517b91d9d22507e",
                            "password_length": "5",
                            "password_reset_required": "false",
                            "pgp_key": "keybase:nubbthedestroyer",
                            "user": "student_workshop_user_2"
                        },
                        "meta": {},
                        "tainted": false
                    },
                    "deposed": [],
                    "provider": "module.account10.provider.aws"
                },
                "aws_iam_user_login_profile.workshop_user_profile.3": {
                    "type": "aws_iam_user_login_profile",
                    "depends_on": [
                        "aws_iam_user.workshop_user_",
                        "aws_iam_user.workshop_user_.*"
                    ],
                    "primary": {
                        "id": "student_workshop_user_3",
                        "attributes": {
                            "encrypted_password": "wcFMA0OgZCE4709nARAAOjlHDctMLZCl4o8qVbkpBZHIzfVxElCBq8sNYXn2XvfbfvEMhNMghLCYqa6XUI1Pjn9xVw+cMpL6mF16rPDu/XuUcdhM6gITm0mnDDBbUDLYwWe+89viYx7hgvlLaxNF8H0FTcnF5gZZD2wZYzbEF7scf3F6HE+gX7bQ+gRq0CKJx9oMStolKeVtlAQUGs25R5J2ikbTbCRtB9M6kg2rDwndDSZZ6n+bD/mf2fPW9m/Ii1ioyIWu3VpI7j8qbuRneHV0MBmaY6Wu14R2eL7tXt1lzArU/H8vZiepvbowVprHTmukpMB31p53ptXRcOO4LmqCnUmVj8IoZ+rDIsWaA59A1U3ysumbRvZnWYAwQzKlbXRAIVgvYV3RctufSSjMauqiGbP7B9VKBhJQawsBRLKXUlqlLgUZaU6svMKIkkF0RJNkzaTpm6tlGxCCXJftQoHhXAZKV0ZaZ3UQAU5/7mNyKZQiohVgkkRAp1gDy4LcvtQXnK/kQSSmXl65nzuH7r6ybACLKoePT0lqS6cpicdrfoOuVoyoUTrdkJbevNVu4t7zRmyqBgobqiMpJpPX0pJMT3y0deKrUkoq3HyCTGlAXd3a/WA1yu5IyGl6JLoj7GPRATNIu99zqcVLAarfSOfMi5gqqIqv7qrgVmsK8WIfZe4XODgEhUtEd1ws43TS4AHkVR/APwJ+9w0DrP2Gq78bKuGCPODS4E/hGVzgs+LYYnYc4LLiQtTnEOB74APgT+RFjQuIQxTg+3nL+CCm8BZL4rS7CwPhFycA",
                            "id": "student_workshop_user_3",
                            "key_fingerprint": "48e741fcf30ed563de23c3d02517b91d9d22507e",
                            "password_length": "5",
                            "password_reset_required": "false",
                            "pgp_key": "keybase:nubbthedestroyer",
                            "user": "student_workshop_user_3"
                        },
                        "meta": {},
                        "tainted": false
                    },
                    "deposed": [],
                    "provider": "module.account10.provider.aws"
                },
                "aws_iam_user_login_profile.workshop_user_profile.4": {
                    "type": "aws_iam_user_login_profile",
                    "depends_on": [
                        "aws_iam_user.workshop_user_",
                        "aws_iam_user.workshop_user_.*"
                    ],
                    "primary": {
                        "id": "student_workshop_user_4",
                        "attributes": {
                            "encrypted_password": "wcFMA0OgZCE4709nARAAVJ/Zx0F/Q3mYaCpyLQKb+R4FN33T4bUUArSMY12oW6QQHcz47Z16suSpKwzydl3lIYtcU6uaUHU9jKzTr7NLEH6zRzEJJfO2gnT44R0i1ilkoSnM5RQYJTLbava1AZV48MxMsrQzZ0n9TvQqg+fLt7w9bNoenr8YjPgAqXnX6QVbPJB3tgXF9C3jeHX7fQ2/74QwPtyCjgaOi0Yz5pPx82Lhj1Iy6YRI1m7dCwex70EUUJvJ44lTNKGwh72oXQAM6o2UXYCC0Q4TkYo60U0ZoIuxyL/SbXDzaGbuOTknDS01MjmcL+fJOJPOGQosOQnKdygStXw/C4DlU27Sht2JLGuLjQyPijX0bHnl4OSj+FMEwMdlHK1b/mDv+v+KYbkIRnlhqnuPp/HyNQuesDxD69HfIr5rdQhtNk9m4xDy1kF71JjX1zlJG0CqCtQX0sjmDaab1owaRFto0wktelR5d9xM3haHyQbEaNNTuTsHFzGELfhGypfRz6dEcfK8GvRLbZjkBsw/Cvso+qUJ4cPFqD84Ka7/HpHf8ZIkNyMj/EjiJjBy+T3hVCjG5YBtF1/lMFRSyVqyF2LVXveIW+GoXXJRy47E5deNVo+7avex+0Ny17PU2hQnBVEZwGtQ4YDlqDQi0hnPSrI0ah6YCf2cq8QcOFdfnT/0Q+gg7jEwIXvS4AHkA1JIgVrrbh5/0gBqrN+WWeFCSODP4H7hPTDgW+KaV9/64BzicqTwz+AP4MTgCeTTxtIHrz5WxoAHJeM4B8nX4kzsyWnh99oA",
                            "id": "student_workshop_user_4",
                            "key_fingerprint": "48e741fcf30ed563de23c3d02517b91d9d22507e",
                            "password_length": "5",
                            "password_reset_required": "false",
                            "pgp_key": "keybase:nubbthedestroyer",
                            "user": "student_workshop_user_4"
                        },
                        "meta": {},
                        "tainted": false
                    },
                    "deposed": [],
                    "provider": "module.account10.provider.aws"
                },
                "aws_iam_user_policy.workshop_user_pol_.0": {
                    "type": "aws_iam_user_policy",
                    "depends_on": [
                        "aws_iam_user.workshop_user_.*"
                    ],
                    "primary": {
                        "id": "student_workshop_user_0:student_workshop_user_pol_0",
                        "attributes": {
                            "id": "student_workshop_user_0:student_workshop_user_pol_0",
                            "name": "student_workshop_user_pol_0",
                            "policy": "{\n  \"Version\": \"2012-10-17\",\n  \"Statement\": [\n    {\n      \"Action\": [\n        \"*\"\n      ],\n      \"Effect\": \"Allow\",\n      \"Resource\": \"*\"\n    }\n  ]\n}\n",
                            "user": "student_workshop_user_0"
                        },
                        "meta": {},
                        "tainted": false
                    },
                    "deposed": [],
                    "provider": "module.account10.provider.aws"
                },
                "aws_iam_user_policy.workshop_user_pol_.1": {
                    "type": "aws_iam_user_policy",
                    "depends_on": [
                        "aws_iam_user.workshop_user_.*"
                    ],
                    "primary": {
                        "id": "student_workshop_user_1:student_workshop_user_pol_1",
                        "attributes": {
                            "id": "student_workshop_user_1:student_workshop_user_pol_1",
                            "name": "student_workshop_user_pol_1",
                            "policy": "{\n  \"Version\": \"2012-10-17\",\n  \"Statement\": [\n    {\n      \"Action\": [\n        \"*\"\n      ],\n      \"Effect\": \"Allow\",\n      \"Resource\": \"*\"\n    }\n  ]\n}\n",
                            "user": "student_workshop_user_1"
                        },
                        "meta": {},
                        "tainted": false
                    },
                    "deposed": [],
                    "provider": "module.account10.provider.aws"
                },
                "aws_iam_user_policy.workshop_user_pol_.2": {
                    "type": "aws_iam_user_policy",
                    "depends_on": [
                        "aws_iam_user.workshop_user_.*"
                    ],
                    "primary": {
                        "id": "student_workshop_user_2:student_workshop_user_pol_2",
                        "attributes": {
                            "id": "student_workshop_user_2:student_workshop_user_pol_2",
                            "name": "student_workshop_user_pol_2",
                            "policy": "{\n  \"Version\": \"2012-10-17\",\n  \"Statement\": [\n    {\n      \"Action\": [\n        \"*\"\n      ],\n      \"Effect\": \"Allow\",\n      \"Resource\": \"*\"\n    }\n  ]\n}\n",
                            "user": "student_workshop_user_2"
                        },
                        "meta": {},
                        "tainted": false
                    },
                    "deposed": [],
                    "provider": "module.account10.provider.aws"
                },
                "aws_iam_user_policy.workshop_user_pol_.3": {
                    "type": "aws_iam_user_policy",
                    "depends_on": [
                        "aws_iam_user.workshop_user_.*"
                    ],
                    "primary": {
                        "id": "student_workshop_user_3:student_workshop_user_pol_3",
                        "attributes": {
                            "id": "student_workshop_user_3:student_workshop_user_pol_3",
                            "name": "student_workshop_user_pol_3",
                            "policy": "{\n  \"Version\": \"2012-10-17\",\n  \"Statement\": [\n    {\n      \"Action\": [\n        \"*\"\n      ],\n      \"Effect\": \"Allow\",\n      \"Resource\": \"*\"\n    }\n  ]\n}\n",
                            "user": "student_workshop_user_3"
                        },
                        "meta": {},
                        "tainted": false
                    },
                    "deposed": [],
                    "provider": "module.account10.provider.aws"
                },
                "aws_iam_user_policy.workshop_user_pol_.4": {
                    "type": "aws_iam_user_policy",
                    "depends_on": [
                        "aws_iam_user.workshop_user_.*"
                    ],
                    "primary": {
                        "id": "student_workshop_user_4:student_workshop_user_pol_4",
                        "attributes": {
                            "id": "student_workshop_user_4:student_workshop_user_pol_4",
                            "name": "student_workshop_user_pol_4",
                            "policy": "{\n  \"Version\": \"2012-10-17\",\n  \"Statement\": [\n    {\n      \"Action\": [\n        \"*\"\n      ],\n      \"Effect\": \"Allow\",\n      \"Resource\": \"*\"\n    }\n  ]\n}\n",
                            "user": "student_workshop_user_4"
                        },
                        "meta": {},
                        "tainted": false
                    },
                    "deposed": [],
                    "provider": "module.account10.provider.aws"
                }
            },
            "depends_on": []
        }
    ]
}
